{
  "version": 4,
  "terraform_version": "1.1.9",
  "serial": 0,
  "lineage": "ec31bf81-73e5-914f-4a58-6ba9fd5ca5e1",
  "outputs": {},
  "resources": [
    {
      "mode": "managed",
      "type": "aws_alb_target_group",
      "name": "LXoZC",
      "provider": "provider[\"registry.terraform.io/hashicorp/aws\"]",
      "instances": [
        {
          "schema_version": 0,
          "attributes": {
            "arn": "arn:aws:elasticloadbalancing:us-east-1:484375727565:targetgroup/bert-inference-tg-backfill/5c301962ff1bf6c0",
            "arn_suffix": "targetgroup/bert-inference-tg-backfill/5c301962ff1bf6c0",
            "connection_termination": null,
            "deregistration_delay": "30",
            "health_check": [
              {
                "enabled": true,
                "healthy_threshold": 2,
                "interval": 10,
                "matcher": "200",
                "path": "/health_check",
                "port": "80",
                "protocol": "HTTP",
                "timeout": 5,
                "unhealthy_threshold": 3
              }
            ],
            "id": "arn:aws:elasticloadbalancing:us-east-1:484375727565:targetgroup/bert-inference-tg-backfill/5c301962ff1bf6c0",
            "lambda_multi_value_headers_enabled": null,
            "load_balancing_algorithm_type": "round_robin",
            "name": "bert-inference-tg-backfill",
            "name_prefix": null,
            "port": 80,
            "preserve_client_ip": null,
            "protocol": "HTTP",
            "protocol_version": "HTTP1",
            "proxy_protocol_v2": null,
            "slow_start": 0,
            "stickiness": [
              {
                "cookie_duration": 86400,
                "cookie_name": "",
                "enabled": false,
                "type": "lb_cookie"
              }
            ],
            "tags": {
              "Billing": "data",
              "Billing-Detail": "bert_nlp_backfill",
              "Description": "Target Group for Bert NLP",
              "ManagedBy": "Terraform",
              "Name": "bert_inference_tg"
            },
            "tags_all": {
              "Billing": "data",
              "Billing-Detail": "bert_nlp_backfill",
              "Description": "Target Group for Bert NLP",
              "ManagedBy": "Terraform",
              "Name": "bert_inference_tg"
            },
            "target_type": "ip",
            "vpc_id": "vpc-8e992de8"
          },
          "sensitive_attributes": [],
          "private": "eyJzY2hlbWFfdmVyc2lvbiI6MH0="
        }
      ]
    },
    {
      "mode": "managed",
      "type": "aws_alb_target_group",
      "name": "XjQJc",
      "provider": "provider[\"registry.terraform.io/hashicorp/aws\"]",
      "instances": [
        {
          "schema_version": 0,
          "attributes": {
            "arn": "arn:aws:elasticloadbalancing:us-east-1:484375727565:targetgroup/bert-inference-tg-v1-gpu-2/6497d313ee987175",
            "arn_suffix": "targetgroup/bert-inference-tg-v1-gpu-2/6497d313ee987175",
            "connection_termination": null,
            "deregistration_delay": "30",
            "health_check": [
              {
                "enabled": true,
                "healthy_threshold": 2,
                "interval": 10,
                "matcher": "200",
                "path": "/health_check",
                "port": "80",
                "protocol": "HTTP",
                "timeout": 5,
                "unhealthy_threshold": 3
              }
            ],
            "id": "arn:aws:elasticloadbalancing:us-east-1:484375727565:targetgroup/bert-inference-tg-v1-gpu-2/6497d313ee987175",
            "lambda_multi_value_headers_enabled": null,
            "load_balancing_algorithm_type": "round_robin",
            "name": "bert-inference-tg-v1-gpu-2",
            "name_prefix": null,
            "port": 80,
            "preserve_client_ip": null,
            "protocol": "HTTP",
            "protocol_version": "HTTP1",
            "proxy_protocol_v2": null,
            "slow_start": 0,
            "stickiness": [
              {
                "cookie_duration": 86400,
                "cookie_name": "",
                "enabled": false,
                "type": "lb_cookie"
              }
            ],
            "tags": {
              "Billing": "data",
              "Billing-Detail": "bert_nlp",
              "Description": "Target Group for Bert NLP",
              "ManagedBy": "Terraform",
              "Name": "bert_inference_tg"
            },
            "tags_all": {
              "Billing": "data",
              "Billing-Detail": "bert_nlp",
              "Description": "Target Group for Bert NLP",
              "ManagedBy": "Terraform",
              "Name": "bert_inference_tg"
            },
            "target_type": "ip",
            "vpc_id": "vpc-8e992de8"
          },
          "sensitive_attributes": [],
          "private": "eyJzY2hlbWFfdmVyc2lvbiI6MH0="
        }
      ]
    },
    {
      "mode": "managed",
      "type": "aws_alb_target_group",
      "name": "airpr_extractor_light4j",
      "provider": "provider[\"registry.terraform.io/hashicorp/aws\"]",
      "instances": [
        {
          "schema_version": 0,
          "attributes": {
            "arn": "arn:aws:elasticloadbalancing:us-east-1:484375727565:targetgroup/airpr-extractor-light4j/7990b4ac46940dfb",
            "arn_suffix": "targetgroup/airpr-extractor-light4j/7990b4ac46940dfb",
            "connection_termination": null,
            "deregistration_delay": "300",
            "health_check": [
              {
                "enabled": true,
                "healthy_threshold": 2,
                "interval": 30,
                "matcher": "401",
                "path": "/api/ping",
                "port": "80",
                "protocol": "HTTP",
                "timeout": 25,
                "unhealthy_threshold": 10
              }
            ],
            "id": "arn:aws:elasticloadbalancing:us-east-1:484375727565:targetgroup/airpr-extractor-light4j/7990b4ac46940dfb",
            "lambda_multi_value_headers_enabled": null,
            "load_balancing_algorithm_type": "round_robin",
            "name": "airpr-extractor-light4j",
            "name_prefix": null,
            "port": 80,
            "preserve_client_ip": null,
            "protocol": "HTTP",
            "protocol_version": "HTTP1",
            "proxy_protocol_v2": null,
            "slow_start": 0,
            "stickiness": [
              {
                "cookie_duration": 86400,
                "cookie_name": "",
                "enabled": false,
                "type": "lb_cookie"
              }
            ],
            "tags": {
              "Billing": "Extractor",
              "Name": "airpr-extractor-light4j",
              "ServiceName": "airpr-extractor-light4j"
            },
            "tags_all": {
              "Billing": "Extractor",
              "Name": "airpr-extractor-light4j",
              "ServiceName": "airpr-extractor-light4j"
            },
            "target_type": "instance",
            "vpc_id": "vpc-8e992de8"
          },
          "sensitive_attributes": [],
          "private": "eyJzY2hlbWFfdmVyc2lvbiI6MH0="
        }
      ]
    },
    {
      "mode": "managed",
      "type": "aws_alb_target_group",
      "name": "airpr_extractor_light4j_external",
      "provider": "provider[\"registry.terraform.io/hashicorp/aws\"]",
      "instances": [
        {
          "schema_version": 0,
          "attributes": {
            "arn": "arn:aws:elasticloadbalancing:us-east-1:484375727565:targetgroup/airpr-extractor-light4j-external/b78f3a1b2f7bb452",
            "arn_suffix": "targetgroup/airpr-extractor-light4j-external/b78f3a1b2f7bb452",
            "connection_termination": null,
            "deregistration_delay": "300",
            "health_check": [
              {
                "enabled": true,
                "healthy_threshold": 2,
                "interval": 30,
                "matcher": "401",
                "path": "/api/ping",
                "port": "80",
                "protocol": "HTTP",
                "timeout": 25,
                "unhealthy_threshold": 10
              }
            ],
            "id": "arn:aws:elasticloadbalancing:us-east-1:484375727565:targetgroup/airpr-extractor-light4j-external/b78f3a1b2f7bb452",
            "lambda_multi_value_headers_enabled": null,
            "load_balancing_algorithm_type": "round_robin",
            "name": "airpr-extractor-light4j-external",
            "name_prefix": null,
            "port": 80,
            "preserve_client_ip": null,
            "protocol": "HTTP",
            "protocol_version": "HTTP1",
            "proxy_protocol_v2": null,
            "slow_start": 0,
            "stickiness": [
              {
                "cookie_duration": 86400,
                "cookie_name": "",
                "enabled": false,
                "type": "lb_cookie"
              }
            ],
            "tags": {
              "Billing": "Extractor",
              "Name": "airpr-extractor-light4j-external",
              "ServiceName": "airpr-extractor-light4j-external"
            },
            "tags_all": {
              "Billing": "Extractor",
              "Name": "airpr-extractor-light4j-external",
              "ServiceName": "airpr-extractor-light4j-external"
            },
            "target_type": "instance",
            "vpc_id": "vpc-8e992de8"
          },
          "sensitive_attributes": [],
          "private": "eyJzY2hlbWFfdmVyc2lvbiI6MH0="
        }
      ]
    },
    {
      "mode": "managed",
      "type": "aws_alb_target_group",
      "name": "airpr_extractor_light4j_internal",
      "provider": "provider[\"registry.terraform.io/hashicorp/aws\"]",
      "instances": [
        {
          "schema_version": 0,
          "attributes": {
            "arn": "arn:aws:elasticloadbalancing:us-east-1:484375727565:targetgroup/airpr-extractor-light4j-internal/3243f63e36724e39",
            "arn_suffix": "targetgroup/airpr-extractor-light4j-internal/3243f63e36724e39",
            "connection_termination": null,
            "deregistration_delay": "300",
            "health_check": [
              {
                "enabled": true,
                "healthy_threshold": 2,
                "interval": 30,
                "matcher": "401",
                "path": "/api/ping",
                "port": "80",
                "protocol": "HTTP",
                "timeout": 25,
                "unhealthy_threshold": 10
              }
            ],
            "id": "arn:aws:elasticloadbalancing:us-east-1:484375727565:targetgroup/airpr-extractor-light4j-internal/3243f63e36724e39",
            "lambda_multi_value_headers_enabled": null,
            "load_balancing_algorithm_type": "round_robin",
            "name": "airpr-extractor-light4j-internal",
            "name_prefix": null,
            "port": 80,
            "preserve_client_ip": null,
            "protocol": "HTTP",
            "protocol_version": "HTTP1",
            "proxy_protocol_v2": null,
            "slow_start": 0,
            "stickiness": [
              {
                "cookie_duration": 86400,
                "cookie_name": "",
                "enabled": false,
                "type": "lb_cookie"
              }
            ],
            "tags": {
              "Billing": "Extractor",
              "Name": "airpr-extractor-light4j-internal",
              "ServiceName": "airpr-extractor-light4j-internal"
            },
            "tags_all": {
              "Billing": "Extractor",
              "Name": "airpr-extractor-light4j-internal",
              "ServiceName": "airpr-extractor-light4j-internal"
            },
            "target_type": "instance",
            "vpc_id": "vpc-8e992de8"
          },
          "sensitive_attributes": [],
          "private": "eyJzY2hlbWFfdmVyc2lvbiI6MH0="
        }
      ]
    },
    {
      "mode": "managed",
      "type": "aws_alb_target_group",
      "name": "arn_aws_elasticloadbalancing_us_east_1_484375727565_targetgroup_1e32677d_005bf6d6b895b81d121_a3916b939d6e5c8d",
      "provider": "provider[\"registry.terraform.io/hashicorp/aws\"]",
      "instances": [
        {
          "schema_version": 0,
          "attributes": {
            "arn": "arn:aws:elasticloadbalancing:us-east-1:484375727565:targetgroup/1e32677d-005bf6d6b895b81d121/a3916b939d6e5c8d",
            "arn_suffix": "targetgroup/1e32677d-005bf6d6b895b81d121/a3916b939d6e5c8d",
            "connection_termination": null,
            "deregistration_delay": "300",
            "health_check": [
              {
                "enabled": true,
                "healthy_threshold": 2,
                "interval": 15,
                "matcher": "200",
                "path": "/ping",
                "port": "traffic-port",
                "protocol": "HTTP",
                "timeout": 5,
                "unhealthy_threshold": 2
              }
            ],
            "id": "arn:aws:elasticloadbalancing:us-east-1:484375727565:targetgroup/1e32677d-005bf6d6b895b81d121/a3916b939d6e5c8d",
            "lambda_multi_value_headers_enabled": null,
            "load_balancing_algorithm_type": "round_robin",
            "name": "1e32677d-005bf6d6b895b81d121",
            "name_prefix": null,
            "port": 1,
            "preserve_client_ip": null,
            "protocol": "HTTP",
            "protocol_version": "HTTP1",
            "proxy_protocol_v2": null,
            "slow_start": 0,
            "stickiness": [
              {
                "cookie_duration": 86400,
                "cookie_name": "",
                "enabled": false,
                "type": "lb_cookie"
              }
            ],
            "tags": {
              "elbv2.k8s.aws/cluster": "eks-data-prod-3",
              "ingress.k8s.aws/cluster": "eks-data-prod-3",
              "ingress.k8s.aws/resource": "default/prod-3-ingress-ner-inf-alb:80",
              "ingress.k8s.aws/stack": "default/prod-3-ingress",
              "kubernetes.io/cluster/eks-data-prod-3": "owned",
              "kubernetes.io/ingress-name": "prod-3-ingress",
              "kubernetes.io/namespace": "default",
              "kubernetes.io/service-name": "ner-inf-alb",
              "kubernetes.io/service-port": "80"
            },
            "tags_all": {
              "elbv2.k8s.aws/cluster": "eks-data-prod-3",
              "ingress.k8s.aws/cluster": "eks-data-prod-3",
              "ingress.k8s.aws/resource": "default/prod-3-ingress-ner-inf-alb:80",
              "ingress.k8s.aws/stack": "default/prod-3-ingress",
              "kubernetes.io/cluster/eks-data-prod-3": "owned",
              "kubernetes.io/ingress-name": "prod-3-ingress",
              "kubernetes.io/namespace": "default",
              "kubernetes.io/service-name": "ner-inf-alb",
              "kubernetes.io/service-port": "80"
            },
            "target_type": "ip",
            "vpc_id": "vpc-8e992de8"
          },
          "sensitive_attributes": [],
          "private": "eyJzY2hlbWFfdmVyc2lvbiI6MH0="
        }
      ]
    },
    {
      "mode": "managed",
      "type": "aws_alb_target_group",
      "name": "arn_aws_elasticloadbalancing_us_east_1_484375727565_targetgroup_1e32677d_0ed5dce3a02873c5ebf_de9a9125cb5f991a",
      "provider": "provider[\"registry.terraform.io/hashicorp/aws\"]",
      "instances": [
        {
          "schema_version": 0,
          "attributes": {
            "arn": "arn:aws:elasticloadbalancing:us-east-1:484375727565:targetgroup/1e32677d-0ed5dce3a02873c5ebf/de9a9125cb5f991a",
            "arn_suffix": "targetgroup/1e32677d-0ed5dce3a02873c5ebf/de9a9125cb5f991a",
            "connection_termination": null,
            "deregistration_delay": "300",
            "health_check": [
              {
                "enabled": true,
                "healthy_threshold": 2,
                "interval": 15,
                "matcher": "200",
                "path": "/health_check",
                "port": "traffic-port",
                "protocol": "HTTP",
                "timeout": 5,
                "unhealthy_threshold": 2
              }
            ],
            "id": "arn:aws:elasticloadbalancing:us-east-1:484375727565:targetgroup/1e32677d-0ed5dce3a02873c5ebf/de9a9125cb5f991a",
            "lambda_multi_value_headers_enabled": null,
            "load_balancing_algorithm_type": "round_robin",
            "name": "1e32677d-0ed5dce3a02873c5ebf",
            "name_prefix": null,
            "port": 1,
            "preserve_client_ip": null,
            "protocol": "HTTP",
            "protocol_version": "HTTP1",
            "proxy_protocol_v2": null,
            "slow_start": 0,
            "stickiness": [
              {
                "cookie_duration": 86400,
                "cookie_name": "",
                "enabled": false,
                "type": "lb_cookie"
              }
            ],
            "tags": {
              "elbv2.k8s.aws/cluster": "eks-data-prod-3",
              "ingress.k8s.aws/cluster": "eks-data-prod-3",
              "ingress.k8s.aws/resource": "default/prod-3-ingress-trie-alb:80",
              "ingress.k8s.aws/stack": "default/prod-3-ingress",
              "kubernetes.io/cluster/eks-data-prod-3": "owned",
              "kubernetes.io/ingress-name": "prod-3-ingress",
              "kubernetes.io/namespace": "default",
              "kubernetes.io/service-name": "trie-alb",
              "kubernetes.io/service-port": "80"
            },
            "tags_all": {
              "elbv2.k8s.aws/cluster": "eks-data-prod-3",
              "ingress.k8s.aws/cluster": "eks-data-prod-3",
              "ingress.k8s.aws/resource": "default/prod-3-ingress-trie-alb:80",
              "ingress.k8s.aws/stack": "default/prod-3-ingress",
              "kubernetes.io/cluster/eks-data-prod-3": "owned",
              "kubernetes.io/ingress-name": "prod-3-ingress",
              "kubernetes.io/namespace": "default",
              "kubernetes.io/service-name": "trie-alb",
              "kubernetes.io/service-port": "80"
            },
            "target_type": "ip",
            "vpc_id": "vpc-8e992de8"
          },
          "sensitive_attributes": [],
          "private": "eyJzY2hlbWFfdmVyc2lvbiI6MH0="
        }
      ]
    },
    {
      "mode": "managed",
      "type": "aws_alb_target_group",
      "name": "arn_aws_elasticloadbalancing_us_east_1_484375727565_targetgroup_1e32677d_473d5ab1a93408a75f2_a107ee8a5126a0f2",
      "provider": "provider[\"registry.terraform.io/hashicorp/aws\"]",
      "instances": [
        {
          "schema_version": 0,
          "attributes": {
            "arn": "arn:aws:elasticloadbalancing:us-east-1:484375727565:targetgroup/1e32677d-473d5ab1a93408a75f2/a107ee8a5126a0f2",
            "arn_suffix": "targetgroup/1e32677d-473d5ab1a93408a75f2/a107ee8a5126a0f2",
            "connection_termination": null,
            "deregistration_delay": "300",
            "health_check": [
              {
                "enabled": true,
                "healthy_threshold": 2,
                "interval": 15,
                "matcher": "200",
                "path": "/health_check",
                "port": "traffic-port",
                "protocol": "HTTP",
                "timeout": 5,
                "unhealthy_threshold": 2
              }
            ],
            "id": "arn:aws:elasticloadbalancing:us-east-1:484375727565:targetgroup/1e32677d-473d5ab1a93408a75f2/a107ee8a5126a0f2",
            "lambda_multi_value_headers_enabled": null,
            "load_balancing_algorithm_type": "round_robin",
            "name": "1e32677d-473d5ab1a93408a75f2",
            "name_prefix": null,
            "port": 1,
            "preserve_client_ip": null,
            "protocol": "HTTP",
            "protocol_version": "HTTP1",
            "proxy_protocol_v2": null,
            "slow_start": 0,
            "stickiness": [
              {
                "cookie_duration": 86400,
                "cookie_name": "",
                "enabled": false,
                "type": "lb_cookie"
              }
            ],
            "tags": {
              "elbv2.k8s.aws/cluster": "eks-data-prod-3",
              "ingress.k8s.aws/cluster": "eks-data-prod-3",
              "ingress.k8s.aws/resource": "default/prod-3-ingress-lsh-alb:80",
              "ingress.k8s.aws/stack": "default/prod-3-ingress",
              "kubernetes.io/cluster/eks-data-prod-3": "owned",
              "kubernetes.io/ingress-name": "prod-3-ingress",
              "kubernetes.io/namespace": "default",
              "kubernetes.io/service-name": "lsh-alb",
              "kubernetes.io/service-port": "80"
            },
            "tags_all": {
              "elbv2.k8s.aws/cluster": "eks-data-prod-3",
              "ingress.k8s.aws/cluster": "eks-data-prod-3",
              "ingress.k8s.aws/resource": "default/prod-3-ingress-lsh-alb:80",
              "ingress.k8s.aws/stack": "default/prod-3-ingress",
              "kubernetes.io/cluster/eks-data-prod-3": "owned",
              "kubernetes.io/ingress-name": "prod-3-ingress",
              "kubernetes.io/namespace": "default",
              "kubernetes.io/service-name": "lsh-alb",
              "kubernetes.io/service-port": "80"
            },
            "target_type": "ip",
            "vpc_id": "vpc-8e992de8"
          },
          "sensitive_attributes": [],
          "private": "eyJzY2hlbWFfdmVyc2lvbiI6MH0="
        }
      ]
    },
    {
      "mode": "managed",
      "type": "aws_alb_target_group",
      "name": "arn_aws_elasticloadbalancing_us_east_1_484375727565_targetgroup_1e32677d_4bd018b06f38add2368_bbe90c7441c649fb",
      "provider": "provider[\"registry.terraform.io/hashicorp/aws\"]",
      "instances": [
        {
          "schema_version": 0,
          "attributes": {
            "arn": "arn:aws:elasticloadbalancing:us-east-1:484375727565:targetgroup/1e32677d-4bd018b06f38add2368/bbe90c7441c649fb",
            "arn_suffix": "targetgroup/1e32677d-4bd018b06f38add2368/bbe90c7441c649fb",
            "connection_termination": null,
            "deregistration_delay": "300",
            "health_check": [
              {
                "enabled": true,
                "healthy_threshold": 2,
                "interval": 15,
                "matcher": "200",
                "path": "/ping",
                "port": "traffic-port",
                "protocol": "HTTP",
                "timeout": 5,
                "unhealthy_threshold": 2
              }
            ],
            "id": "arn:aws:elasticloadbalancing:us-east-1:484375727565:targetgroup/1e32677d-4bd018b06f38add2368/bbe90c7441c649fb",
            "lambda_multi_value_headers_enabled": null,
            "load_balancing_algorithm_type": "round_robin",
            "name": "1e32677d-4bd018b06f38add2368",
            "name_prefix": null,
            "port": 1,
            "preserve_client_ip": null,
            "protocol": "HTTP",
            "protocol_version": "HTTP1",
            "proxy_protocol_v2": null,
            "slow_start": 0,
            "stickiness": [
              {
                "cookie_duration": 86400,
                "cookie_name": "",
                "enabled": false,
                "type": "lb_cookie"
              }
            ],
            "tags": {
              "elbv2.k8s.aws/cluster": "eks-data-prod-3",
              "ingress.k8s.aws/cluster": "eks-data-prod-3",
              "ingress.k8s.aws/resource": "default/prod-3-ingress-ner2-inf-alb:80",
              "ingress.k8s.aws/stack": "default/prod-3-ingress",
              "kubernetes.io/cluster/eks-data-prod-3": "owned",
              "kubernetes.io/ingress-name": "prod-3-ingress",
              "kubernetes.io/namespace": "default",
              "kubernetes.io/service-name": "ner2-inf-alb",
              "kubernetes.io/service-port": "80"
            },
            "tags_all": {
              "elbv2.k8s.aws/cluster": "eks-data-prod-3",
              "ingress.k8s.aws/cluster": "eks-data-prod-3",
              "ingress.k8s.aws/resource": "default/prod-3-ingress-ner2-inf-alb:80",
              "ingress.k8s.aws/stack": "default/prod-3-ingress",
              "kubernetes.io/cluster/eks-data-prod-3": "owned",
              "kubernetes.io/ingress-name": "prod-3-ingress",
              "kubernetes.io/namespace": "default",
              "kubernetes.io/service-name": "ner2-inf-alb",
              "kubernetes.io/service-port": "80"
            },
            "target_type": "ip",
            "vpc_id": "vpc-8e992de8"
          },
          "sensitive_attributes": [],
          "private": "eyJzY2hlbWFfdmVyc2lvbiI6MH0="
        }
      ]
    },
    {
      "mode": "managed",
      "type": "aws_alb_target_group",
      "name": "arn_aws_elasticloadbalancing_us_east_1_484375727565_targetgroup_1e32677d_a3fb53f6b2308086847_a5fefa851a0b5092",
      "provider": "provider[\"registry.terraform.io/hashicorp/aws\"]",
      "instances": [
        {
          "schema_version": 0,
          "attributes": {
            "arn": "arn:aws:elasticloadbalancing:us-east-1:484375727565:targetgroup/1e32677d-a3fb53f6b2308086847/a5fefa851a0b5092",
            "arn_suffix": "targetgroup/1e32677d-a3fb53f6b2308086847/a5fefa851a0b5092",
            "connection_termination": null,
            "deregistration_delay": "300",
            "health_check": [
              {
                "enabled": true,
                "healthy_threshold": 2,
                "interval": 15,
                "matcher": "200",
                "path": "/health_check",
                "port": "traffic-port",
                "protocol": "HTTP",
                "timeout": 5,
                "unhealthy_threshold": 2
              }
            ],
            "id": "arn:aws:elasticloadbalancing:us-east-1:484375727565:targetgroup/1e32677d-a3fb53f6b2308086847/a5fefa851a0b5092",
            "lambda_multi_value_headers_enabled": null,
            "load_balancing_algorithm_type": "round_robin",
            "name": "1e32677d-a3fb53f6b2308086847",
            "name_prefix": null,
            "port": 1,
            "preserve_client_ip": null,
            "protocol": "HTTP",
            "protocol_version": "HTTP1",
            "proxy_protocol_v2": null,
            "slow_start": 0,
            "stickiness": [
              {
                "cookie_duration": 86400,
                "cookie_name": "",
                "enabled": false,
                "type": "lb_cookie"
              }
            ],
            "tags": {
              "elbv2.k8s.aws/cluster": "eks-data-prod-3",
              "ingress.k8s.aws/cluster": "eks-data-prod-3",
              "ingress.k8s.aws/resource": "default/prod-3-ingress-sent-tokenize-alb:80",
              "ingress.k8s.aws/stack": "default/prod-3-ingress",
              "kubernetes.io/cluster/eks-data-prod-3": "owned",
              "kubernetes.io/ingress-name": "prod-3-ingress",
              "kubernetes.io/namespace": "default",
              "kubernetes.io/service-name": "sent-tokenize-alb",
              "kubernetes.io/service-port": "80"
            },
            "tags_all": {
              "elbv2.k8s.aws/cluster": "eks-data-prod-3",
              "ingress.k8s.aws/cluster": "eks-data-prod-3",
              "ingress.k8s.aws/resource": "default/prod-3-ingress-sent-tokenize-alb:80",
              "ingress.k8s.aws/stack": "default/prod-3-ingress",
              "kubernetes.io/cluster/eks-data-prod-3": "owned",
              "kubernetes.io/ingress-name": "prod-3-ingress",
              "kubernetes.io/namespace": "default",
              "kubernetes.io/service-name": "sent-tokenize-alb",
              "kubernetes.io/service-port": "80"
            },
            "target_type": "ip",
            "vpc_id": "vpc-8e992de8"
          },
          "sensitive_attributes": [],
          "private": "eyJzY2hlbWFfdmVyc2lvbiI6MH0="
        }
      ]
    },
    {
      "mode": "managed",
      "type": "aws_alb_target_group",
      "name": "arn_aws_elasticloadbalancing_us_east_1_484375727565_targetgroup_1e32677d_ae365eaa600dd532b25_f93f5029132924be",
      "provider": "provider[\"registry.terraform.io/hashicorp/aws\"]",
      "instances": [
        {
          "schema_version": 0,
          "attributes": {
            "arn": "arn:aws:elasticloadbalancing:us-east-1:484375727565:targetgroup/1e32677d-ae365eaa600dd532b25/f93f5029132924be",
            "arn_suffix": "targetgroup/1e32677d-ae365eaa600dd532b25/f93f5029132924be",
            "connection_termination": null,
            "deregistration_delay": "300",
            "health_check": [
              {
                "enabled": true,
                "healthy_threshold": 2,
                "interval": 15,
                "matcher": "200",
                "path": "/ping",
                "port": "traffic-port",
                "protocol": "HTTP",
                "timeout": 5,
                "unhealthy_threshold": 2
              }
            ],
            "id": "arn:aws:elasticloadbalancing:us-east-1:484375727565:targetgroup/1e32677d-ae365eaa600dd532b25/f93f5029132924be",
            "lambda_multi_value_headers_enabled": null,
            "load_balancing_algorithm_type": "round_robin",
            "name": "1e32677d-ae365eaa600dd532b25",
            "name_prefix": null,
            "port": 1,
            "preserve_client_ip": null,
            "protocol": "HTTP",
            "protocol_version": "HTTP1",
            "proxy_protocol_v2": null,
            "slow_start": 0,
            "stickiness": [
              {
                "cookie_duration": 86400,
                "cookie_name": "",
                "enabled": false,
                "type": "lb_cookie"
              }
            ],
            "tags": {
              "elbv2.k8s.aws/cluster": "eks-data-prod-3",
              "ingress.k8s.aws/cluster": "eks-data-prod-3",
              "ingress.k8s.aws/resource": "default/prod-3-ingress-sent-inf-alb:80",
              "ingress.k8s.aws/stack": "default/prod-3-ingress",
              "kubernetes.io/cluster/eks-data-prod-3": "owned",
              "kubernetes.io/ingress-name": "prod-3-ingress",
              "kubernetes.io/namespace": "default",
              "kubernetes.io/service-name": "sent-inf-alb",
              "kubernetes.io/service-port": "80"
            },
            "tags_all": {
              "elbv2.k8s.aws/cluster": "eks-data-prod-3",
              "ingress.k8s.aws/cluster": "eks-data-prod-3",
              "ingress.k8s.aws/resource": "default/prod-3-ingress-sent-inf-alb:80",
              "ingress.k8s.aws/stack": "default/prod-3-ingress",
              "kubernetes.io/cluster/eks-data-prod-3": "owned",
              "kubernetes.io/ingress-name": "prod-3-ingress",
              "kubernetes.io/namespace": "default",
              "kubernetes.io/service-name": "sent-inf-alb",
              "kubernetes.io/service-port": "80"
            },
            "target_type": "ip",
            "vpc_id": "vpc-8e992de8"
          },
          "sensitive_attributes": [],
          "private": "eyJzY2hlbWFfdmVyc2lvbiI6MH0="
        }
      ]
    },
    {
      "mode": "managed",
      "type": "aws_alb_target_group",
      "name": "arn_aws_elasticloadbalancing_us_east_1_484375727565_targetgroup_1e32677d_dbac5f0cb2a0a1d88ae_feeab4933b48ee75",
      "provider": "provider[\"registry.terraform.io/hashicorp/aws\"]",
      "instances": [
        {
          "schema_version": 0,
          "attributes": {
            "arn": "arn:aws:elasticloadbalancing:us-east-1:484375727565:targetgroup/1e32677d-dbac5f0cb2a0a1d88ae/feeab4933b48ee75",
            "arn_suffix": "targetgroup/1e32677d-dbac5f0cb2a0a1d88ae/feeab4933b48ee75",
            "connection_termination": null,
            "deregistration_delay": "300",
            "health_check": [
              {
                "enabled": true,
                "healthy_threshold": 2,
                "interval": 15,
                "matcher": "200",
                "path": "/health_check",
                "port": "traffic-port",
                "protocol": "HTTP",
                "timeout": 5,
                "unhealthy_threshold": 2
              }
            ],
            "id": "arn:aws:elasticloadbalancing:us-east-1:484375727565:targetgroup/1e32677d-dbac5f0cb2a0a1d88ae/feeab4933b48ee75",
            "lambda_multi_value_headers_enabled": null,
            "load_balancing_algorithm_type": "round_robin",
            "name": "1e32677d-dbac5f0cb2a0a1d88ae",
            "name_prefix": null,
            "port": 1,
            "preserve_client_ip": null,
            "protocol": "HTTP",
            "protocol_version": "HTTP1",
            "proxy_protocol_v2": null,
            "slow_start": 0,
            "stickiness": [
              {
                "cookie_duration": 86400,
                "cookie_name": "",
                "enabled": false,
                "type": "lb_cookie"
              }
            ],
            "tags": {
              "elbv2.k8s.aws/cluster": "eks-data-prod-3",
              "ingress.k8s.aws/cluster": "eks-data-prod-3",
              "ingress.k8s.aws/resource": "default/prod-3-ingress-genre-alb:80",
              "ingress.k8s.aws/stack": "default/prod-3-ingress",
              "kubernetes.io/cluster/eks-data-prod-3": "owned",
              "kubernetes.io/ingress-name": "prod-3-ingress",
              "kubernetes.io/namespace": "default",
              "kubernetes.io/service-name": "genre-alb",
              "kubernetes.io/service-port": "80"
            },
            "tags_all": {
              "elbv2.k8s.aws/cluster": "eks-data-prod-3",
              "ingress.k8s.aws/cluster": "eks-data-prod-3",
              "ingress.k8s.aws/resource": "default/prod-3-ingress-genre-alb:80",
              "ingress.k8s.aws/stack": "default/prod-3-ingress",
              "kubernetes.io/cluster/eks-data-prod-3": "owned",
              "kubernetes.io/ingress-name": "prod-3-ingress",
              "kubernetes.io/namespace": "default",
              "kubernetes.io/service-name": "genre-alb",
              "kubernetes.io/service-port": "80"
            },
            "target_type": "ip",
            "vpc_id": "vpc-8e992de8"
          },
          "sensitive_attributes": [],
          "private": "eyJzY2hlbWFfdmVyc2lvbiI6MH0="
        }
      ]
    },
    {
      "mode": "managed",
      "type": "aws_alb_target_group",
      "name": "arn_aws_elasticloadbalancing_us_east_1_484375727565_targetgroup_ac126a33_3153585015027dbaf70_af00bbd076e3fb91",
      "provider": "provider[\"registry.terraform.io/hashicorp/aws\"]",
      "instances": [
        {
          "schema_version": 0,
          "attributes": {
            "arn": "arn:aws:elasticloadbalancing:us-east-1:484375727565:targetgroup/ac126a33-3153585015027dbaf70/af00bbd076e3fb91",
            "arn_suffix": "targetgroup/ac126a33-3153585015027dbaf70/af00bbd076e3fb91",
            "connection_termination": null,
            "deregistration_delay": "300",
            "health_check": [
              {
                "enabled": true,
                "healthy_threshold": 2,
                "interval": 15,
                "matcher": "200",
                "path": "/",
                "port": "traffic-port",
                "protocol": "HTTP",
                "timeout": 5,
                "unhealthy_threshold": 2
              }
            ],
            "id": "arn:aws:elasticloadbalancing:us-east-1:484375727565:targetgroup/ac126a33-3153585015027dbaf70/af00bbd076e3fb91",
            "lambda_multi_value_headers_enabled": null,
            "load_balancing_algorithm_type": "round_robin",
            "name": "ac126a33-3153585015027dbaf70",
            "name_prefix": null,
            "port": 1,
            "preserve_client_ip": null,
            "protocol": "HTTPS",
            "protocol_version": "HTTP1",
            "proxy_protocol_v2": null,
            "slow_start": 0,
            "stickiness": [
              {
                "cookie_duration": 86400,
                "cookie_name": "",
                "enabled": false,
                "type": "lb_cookie"
              }
            ],
            "tags": {
              "ingress.k8s.aws/cluster": "eks-data-dev-3",
              "ingress.k8s.aws/resource": "argocd/dev3-argocd-ingress-argogrpc:443",
              "ingress.k8s.aws/stack": "argocd/dev3-argocd-ingress",
              "kubernetes.io/cluster/eks-data-dev-3": "owned",
              "kubernetes.io/ingress-name": "dev3-argocd-ingress",
              "kubernetes.io/namespace": "argocd",
              "kubernetes.io/service-name": "argogrpc",
              "kubernetes.io/service-port": "443"
            },
            "tags_all": {
              "ingress.k8s.aws/cluster": "eks-data-dev-3",
              "ingress.k8s.aws/resource": "argocd/dev3-argocd-ingress-argogrpc:443",
              "ingress.k8s.aws/stack": "argocd/dev3-argocd-ingress",
              "kubernetes.io/cluster/eks-data-dev-3": "owned",
              "kubernetes.io/ingress-name": "dev3-argocd-ingress",
              "kubernetes.io/namespace": "argocd",
              "kubernetes.io/service-name": "argogrpc",
              "kubernetes.io/service-port": "443"
            },
            "target_type": "ip",
            "vpc_id": "vpc-8e992de8"
          },
          "sensitive_attributes": [],
          "private": "eyJzY2hlbWFfdmVyc2lvbiI6MH0="
        }
      ]
    },
    {
      "mode": "managed",
      "type": "aws_alb_target_group",
      "name": "arn_aws_elasticloadbalancing_us_east_1_484375727565_targetgroup_ac126a33_3a60693406e68564c7d_1ecd431fb6d27d3c",
      "provider": "provider[\"registry.terraform.io/hashicorp/aws\"]",
      "instances": [
        {
          "schema_version": 0,
          "attributes": {
            "arn": "arn:aws:elasticloadbalancing:us-east-1:484375727565:targetgroup/ac126a33-3a60693406e68564c7d/1ecd431fb6d27d3c",
            "arn_suffix": "targetgroup/ac126a33-3a60693406e68564c7d/1ecd431fb6d27d3c",
            "connection_termination": null,
            "deregistration_delay": "300",
            "health_check": [
              {
                "enabled": true,
                "healthy_threshold": 2,
                "interval": 15,
                "matcher": "200",
                "path": "/ping",
                "port": "traffic-port",
                "protocol": "HTTP",
                "timeout": 5,
                "unhealthy_threshold": 2
              }
            ],
            "id": "arn:aws:elasticloadbalancing:us-east-1:484375727565:targetgroup/ac126a33-3a60693406e68564c7d/1ecd431fb6d27d3c",
            "lambda_multi_value_headers_enabled": null,
            "load_balancing_algorithm_type": "round_robin",
            "name": "ac126a33-3a60693406e68564c7d",
            "name_prefix": null,
            "port": 1,
            "preserve_client_ip": null,
            "protocol": "HTTP",
            "protocol_version": "HTTP1",
            "proxy_protocol_v2": null,
            "slow_start": 0,
            "stickiness": [
              {
                "cookie_duration": 86400,
                "cookie_name": "",
                "enabled": false,
                "type": "lb_cookie"
              }
            ],
            "tags": {
              "ingress.k8s.aws/cluster": "eks-data-dev-3",
              "ingress.k8s.aws/resource": "default/dev-3-ingress-sent-inf-alb:80",
              "ingress.k8s.aws/stack": "default/dev-3-ingress",
              "kubernetes.io/cluster/eks-data-dev-3": "owned",
              "kubernetes.io/ingress-name": "dev-3-ingress",
              "kubernetes.io/namespace": "default",
              "kubernetes.io/service-name": "sent-inf-alb",
              "kubernetes.io/service-port": "80"
            },
            "tags_all": {
              "ingress.k8s.aws/cluster": "eks-data-dev-3",
              "ingress.k8s.aws/resource": "default/dev-3-ingress-sent-inf-alb:80",
              "ingress.k8s.aws/stack": "default/dev-3-ingress",
              "kubernetes.io/cluster/eks-data-dev-3": "owned",
              "kubernetes.io/ingress-name": "dev-3-ingress",
              "kubernetes.io/namespace": "default",
              "kubernetes.io/service-name": "sent-inf-alb",
              "kubernetes.io/service-port": "80"
            },
            "target_type": "ip",
            "vpc_id": "vpc-8e992de8"
          },
          "sensitive_attributes": [],
          "private": "eyJzY2hlbWFfdmVyc2lvbiI6MH0="
        }
      ]
    },
    {
      "mode": "managed",
      "type": "aws_alb_target_group",
      "name": "arn_aws_elasticloadbalancing_us_east_1_484375727565_targetgroup_ac126a33_52df734bd4b94905075_21f0183a7d3181c8",
      "provider": "provider[\"registry.terraform.io/hashicorp/aws\"]",
      "instances": [
        {
          "schema_version": 0,
          "attributes": {
            "arn": "arn:aws:elasticloadbalancing:us-east-1:484375727565:targetgroup/ac126a33-52df734bd4b94905075/21f0183a7d3181c8",
            "arn_suffix": "targetgroup/ac126a33-52df734bd4b94905075/21f0183a7d3181c8",
            "connection_termination": null,
            "deregistration_delay": "300",
            "health_check": [
              {
                "enabled": true,
                "healthy_threshold": 2,
                "interval": 15,
                "matcher": "200",
                "path": "/health_check",
                "port": "traffic-port",
                "protocol": "HTTP",
                "timeout": 5,
                "unhealthy_threshold": 2
              }
            ],
            "id": "arn:aws:elasticloadbalancing:us-east-1:484375727565:targetgroup/ac126a33-52df734bd4b94905075/21f0183a7d3181c8",
            "lambda_multi_value_headers_enabled": null,
            "load_balancing_algorithm_type": "round_robin",
            "name": "ac126a33-52df734bd4b94905075",
            "name_prefix": null,
            "port": 1,
            "preserve_client_ip": null,
            "protocol": "HTTP",
            "protocol_version": "HTTP1",
            "proxy_protocol_v2": null,
            "slow_start": 0,
            "stickiness": [
              {
                "cookie_duration": 86400,
                "cookie_name": "",
                "enabled": false,
                "type": "lb_cookie"
              }
            ],
            "tags": {
              "ingress.k8s.aws/cluster": "eks-data-dev-3",
              "ingress.k8s.aws/resource": "default/dev-3-ingress-lsh-alb:80",
              "ingress.k8s.aws/stack": "default/dev-3-ingress",
              "kubernetes.io/cluster/eks-data-dev-3": "owned",
              "kubernetes.io/ingress-name": "dev-3-ingress",
              "kubernetes.io/namespace": "default",
              "kubernetes.io/service-name": "lsh-alb",
              "kubernetes.io/service-port": "80"
            },
            "tags_all": {
              "ingress.k8s.aws/cluster": "eks-data-dev-3",
              "ingress.k8s.aws/resource": "default/dev-3-ingress-lsh-alb:80",
              "ingress.k8s.aws/stack": "default/dev-3-ingress",
              "kubernetes.io/cluster/eks-data-dev-3": "owned",
              "kubernetes.io/ingress-name": "dev-3-ingress",
              "kubernetes.io/namespace": "default",
              "kubernetes.io/service-name": "lsh-alb",
              "kubernetes.io/service-port": "80"
            },
            "target_type": "ip",
            "vpc_id": "vpc-8e992de8"
          },
          "sensitive_attributes": [],
          "private": "eyJzY2hlbWFfdmVyc2lvbiI6MH0="
        }
      ]
    },
    {
      "mode": "managed",
      "type": "aws_alb_target_group",
      "name": "arn_aws_elasticloadbalancing_us_east_1_484375727565_targetgroup_ac126a33_58f5bf1ff04dd9bcbb6_73571f22c8be18fe",
      "provider": "provider[\"registry.terraform.io/hashicorp/aws\"]",
      "instances": [
        {
          "schema_version": 0,
          "attributes": {
            "arn": "arn:aws:elasticloadbalancing:us-east-1:484375727565:targetgroup/ac126a33-58f5bf1ff04dd9bcbb6/73571f22c8be18fe",
            "arn_suffix": "targetgroup/ac126a33-58f5bf1ff04dd9bcbb6/73571f22c8be18fe",
            "connection_termination": null,
            "deregistration_delay": "300",
            "health_check": [
              {
                "enabled": true,
                "healthy_threshold": 2,
                "interval": 15,
                "matcher": "200",
                "path": "/health_check",
                "port": "traffic-port",
                "protocol": "HTTP",
                "timeout": 5,
                "unhealthy_threshold": 2
              }
            ],
            "id": "arn:aws:elasticloadbalancing:us-east-1:484375727565:targetgroup/ac126a33-58f5bf1ff04dd9bcbb6/73571f22c8be18fe",
            "lambda_multi_value_headers_enabled": null,
            "load_balancing_algorithm_type": "round_robin",
            "name": "ac126a33-58f5bf1ff04dd9bcbb6",
            "name_prefix": null,
            "port": 1,
            "preserve_client_ip": null,
            "protocol": "HTTP",
            "protocol_version": "HTTP1",
            "proxy_protocol_v2": null,
            "slow_start": 0,
            "stickiness": [
              {
                "cookie_duration": 86400,
                "cookie_name": "",
                "enabled": false,
                "type": "lb_cookie"
              }
            ],
            "tags": {
              "ingress.k8s.aws/cluster": "eks-data-dev-3",
              "ingress.k8s.aws/resource": "default/dev-3-ingress-gpt3-alb:80",
              "ingress.k8s.aws/stack": "default/dev-3-ingress",
              "kubernetes.io/cluster/eks-data-dev-3": "owned",
              "kubernetes.io/ingress-name": "dev-3-ingress",
              "kubernetes.io/namespace": "default",
              "kubernetes.io/service-name": "gpt3-alb",
              "kubernetes.io/service-port": "80"
            },
            "tags_all": {
              "ingress.k8s.aws/cluster": "eks-data-dev-3",
              "ingress.k8s.aws/resource": "default/dev-3-ingress-gpt3-alb:80",
              "ingress.k8s.aws/stack": "default/dev-3-ingress",
              "kubernetes.io/cluster/eks-data-dev-3": "owned",
              "kubernetes.io/ingress-name": "dev-3-ingress",
              "kubernetes.io/namespace": "default",
              "kubernetes.io/service-name": "gpt3-alb",
              "kubernetes.io/service-port": "80"
            },
            "target_type": "ip",
            "vpc_id": "vpc-8e992de8"
          },
          "sensitive_attributes": [],
          "private": "eyJzY2hlbWFfdmVyc2lvbiI6MH0="
        }
      ]
    },
    {
      "mode": "managed",
      "type": "aws_alb_target_group",
      "name": "arn_aws_elasticloadbalancing_us_east_1_484375727565_targetgroup_ac126a33_5b786a1b985ee4210bc_83f8880fbc9b89f1",
      "provider": "provider[\"registry.terraform.io/hashicorp/aws\"]",
      "instances": [
        {
          "schema_version": 0,
          "attributes": {
            "arn": "arn:aws:elasticloadbalancing:us-east-1:484375727565:targetgroup/ac126a33-5b786a1b985ee4210bc/83f8880fbc9b89f1",
            "arn_suffix": "targetgroup/ac126a33-5b786a1b985ee4210bc/83f8880fbc9b89f1",
            "connection_termination": null,
            "deregistration_delay": "300",
            "health_check": [
              {
                "enabled": true,
                "healthy_threshold": 2,
                "interval": 15,
                "matcher": "200",
                "path": "/ping",
                "port": "traffic-port",
                "protocol": "HTTP",
                "timeout": 5,
                "unhealthy_threshold": 2
              }
            ],
            "id": "arn:aws:elasticloadbalancing:us-east-1:484375727565:targetgroup/ac126a33-5b786a1b985ee4210bc/83f8880fbc9b89f1",
            "lambda_multi_value_headers_enabled": null,
            "load_balancing_algorithm_type": "round_robin",
            "name": "ac126a33-5b786a1b985ee4210bc",
            "name_prefix": null,
            "port": 1,
            "preserve_client_ip": null,
            "protocol": "HTTP",
            "protocol_version": "HTTP1",
            "proxy_protocol_v2": null,
            "slow_start": 0,
            "stickiness": [
              {
                "cookie_duration": 86400,
                "cookie_name": "",
                "enabled": false,
                "type": "lb_cookie"
              }
            ],
            "tags": {
              "ingress.k8s.aws/cluster": "eks-data-dev-3",
              "ingress.k8s.aws/resource": "default/dev-3-ingress-textsum-inf-alb:80",
              "ingress.k8s.aws/stack": "default/dev-3-ingress",
              "kubernetes.io/cluster/eks-data-dev-3": "owned",
              "kubernetes.io/ingress-name": "dev-3-ingress",
              "kubernetes.io/namespace": "default",
              "kubernetes.io/service-name": "textsum-inf-alb",
              "kubernetes.io/service-port": "80"
            },
            "tags_all": {
              "ingress.k8s.aws/cluster": "eks-data-dev-3",
              "ingress.k8s.aws/resource": "default/dev-3-ingress-textsum-inf-alb:80",
              "ingress.k8s.aws/stack": "default/dev-3-ingress",
              "kubernetes.io/cluster/eks-data-dev-3": "owned",
              "kubernetes.io/ingress-name": "dev-3-ingress",
              "kubernetes.io/namespace": "default",
              "kubernetes.io/service-name": "textsum-inf-alb",
              "kubernetes.io/service-port": "80"
            },
            "target_type": "ip",
            "vpc_id": "vpc-8e992de8"
          },
          "sensitive_attributes": [],
          "private": "eyJzY2hlbWFfdmVyc2lvbiI6MH0="
        }
      ]
    },
    {
      "mode": "managed",
      "type": "aws_alb_target_group",
      "name": "arn_aws_elasticloadbalancing_us_east_1_484375727565_targetgroup_ac126a33_6af0e78cc3af9f93cc0_fc390c4761ee13fd",
      "provider": "provider[\"registry.terraform.io/hashicorp/aws\"]",
      "instances": [
        {
          "schema_version": 0,
          "attributes": {
            "arn": "arn:aws:elasticloadbalancing:us-east-1:484375727565:targetgroup/ac126a33-6af0e78cc3af9f93cc0/fc390c4761ee13fd",
            "arn_suffix": "targetgroup/ac126a33-6af0e78cc3af9f93cc0/fc390c4761ee13fd",
            "connection_termination": null,
            "deregistration_delay": "300",
            "health_check": [
              {
                "enabled": true,
                "healthy_threshold": 2,
                "interval": 15,
                "matcher": "200",
                "path": "/health_check",
                "port": "traffic-port",
                "protocol": "HTTP",
                "timeout": 5,
                "unhealthy_threshold": 2
              }
            ],
            "id": "arn:aws:elasticloadbalancing:us-east-1:484375727565:targetgroup/ac126a33-6af0e78cc3af9f93cc0/fc390c4761ee13fd",
            "lambda_multi_value_headers_enabled": null,
            "load_balancing_algorithm_type": "round_robin",
            "name": "ac126a33-6af0e78cc3af9f93cc0",
            "name_prefix": null,
            "port": 1,
            "preserve_client_ip": null,
            "protocol": "HTTP",
            "protocol_version": "HTTP1",
            "proxy_protocol_v2": null,
            "slow_start": 0,
            "stickiness": [
              {
                "cookie_duration": 86400,
                "cookie_name": "",
                "enabled": false,
                "type": "lb_cookie"
              }
            ],
            "tags": {
              "ingress.k8s.aws/cluster": "eks-data-dev-3",
              "ingress.k8s.aws/resource": "default/dev-3-ingress-keybert-inf-alb:80",
              "ingress.k8s.aws/stack": "default/dev-3-ingress",
              "kubernetes.io/cluster/eks-data-dev-3": "owned",
              "kubernetes.io/ingress-name": "dev-3-ingress",
              "kubernetes.io/namespace": "default",
              "kubernetes.io/service-name": "keybert-inf-alb",
              "kubernetes.io/service-port": "80"
            },
            "tags_all": {
              "ingress.k8s.aws/cluster": "eks-data-dev-3",
              "ingress.k8s.aws/resource": "default/dev-3-ingress-keybert-inf-alb:80",
              "ingress.k8s.aws/stack": "default/dev-3-ingress",
              "kubernetes.io/cluster/eks-data-dev-3": "owned",
              "kubernetes.io/ingress-name": "dev-3-ingress",
              "kubernetes.io/namespace": "default",
              "kubernetes.io/service-name": "keybert-inf-alb",
              "kubernetes.io/service-port": "80"
            },
            "target_type": "ip",
            "vpc_id": "vpc-8e992de8"
          },
          "sensitive_attributes": [],
          "private": "eyJzY2hlbWFfdmVyc2lvbiI6MH0="
        }
      ]
    },
    {
      "mode": "managed",
      "type": "aws_alb_target_group",
      "name": "arn_aws_elasticloadbalancing_us_east_1_484375727565_targetgroup_ac126a33_70deab3b94a8d8f6f8c_915c6e1b4f8a2b15",
      "provider": "provider[\"registry.terraform.io/hashicorp/aws\"]",
      "instances": [
        {
          "schema_version": 0,
          "attributes": {
            "arn": "arn:aws:elasticloadbalancing:us-east-1:484375727565:targetgroup/ac126a33-70deab3b94a8d8f6f8c/915c6e1b4f8a2b15",
            "arn_suffix": "targetgroup/ac126a33-70deab3b94a8d8f6f8c/915c6e1b4f8a2b15",
            "connection_termination": null,
            "deregistration_delay": "300",
            "health_check": [
              {
                "enabled": true,
                "healthy_threshold": 2,
                "interval": 15,
                "matcher": "200",
                "path": "/health_check",
                "port": "traffic-port",
                "protocol": "HTTP",
                "timeout": 5,
                "unhealthy_threshold": 2
              }
            ],
            "id": "arn:aws:elasticloadbalancing:us-east-1:484375727565:targetgroup/ac126a33-70deab3b94a8d8f6f8c/915c6e1b4f8a2b15",
            "lambda_multi_value_headers_enabled": null,
            "load_balancing_algorithm_type": "round_robin",
            "name": "ac126a33-70deab3b94a8d8f6f8c",
            "name_prefix": null,
            "port": 1,
            "preserve_client_ip": null,
            "protocol": "HTTP",
            "protocol_version": "HTTP1",
            "proxy_protocol_v2": null,
            "slow_start": 0,
            "stickiness": [
              {
                "cookie_duration": 86400,
                "cookie_name": "",
                "enabled": false,
                "type": "lb_cookie"
              }
            ],
            "tags": {
              "ingress.k8s.aws/cluster": "eks-data-dev-3",
              "ingress.k8s.aws/resource": "default/dev-3-ingress-minhash-alb:80",
              "ingress.k8s.aws/stack": "default/dev-3-ingress",
              "kubernetes.io/cluster/eks-data-dev-3": "owned",
              "kubernetes.io/ingress-name": "dev-3-ingress",
              "kubernetes.io/namespace": "default",
              "kubernetes.io/service-name": "minhash-alb",
              "kubernetes.io/service-port": "80"
            },
            "tags_all": {
              "ingress.k8s.aws/cluster": "eks-data-dev-3",
              "ingress.k8s.aws/resource": "default/dev-3-ingress-minhash-alb:80",
              "ingress.k8s.aws/stack": "default/dev-3-ingress",
              "kubernetes.io/cluster/eks-data-dev-3": "owned",
              "kubernetes.io/ingress-name": "dev-3-ingress",
              "kubernetes.io/namespace": "default",
              "kubernetes.io/service-name": "minhash-alb",
              "kubernetes.io/service-port": "80"
            },
            "target_type": "ip",
            "vpc_id": "vpc-8e992de8"
          },
          "sensitive_attributes": [],
          "private": "eyJzY2hlbWFfdmVyc2lvbiI6MH0="
        }
      ]
    },
    {
      "mode": "managed",
      "type": "aws_alb_target_group",
      "name": "arn_aws_elasticloadbalancing_us_east_1_484375727565_targetgroup_ac126a33_760c27d54e37e5cf529_6de40ab1f73e0cf2",
      "provider": "provider[\"registry.terraform.io/hashicorp/aws\"]",
      "instances": [
        {
          "schema_version": 0,
          "attributes": {
            "arn": "arn:aws:elasticloadbalancing:us-east-1:484375727565:targetgroup/ac126a33-760c27d54e37e5cf529/6de40ab1f73e0cf2",
            "arn_suffix": "targetgroup/ac126a33-760c27d54e37e5cf529/6de40ab1f73e0cf2",
            "connection_termination": null,
            "deregistration_delay": "300",
            "health_check": [
              {
                "enabled": true,
                "healthy_threshold": 2,
                "interval": 15,
                "matcher": "200",
                "path": "/ping",
                "port": "traffic-port",
                "protocol": "HTTP",
                "timeout": 5,
                "unhealthy_threshold": 2
              }
            ],
            "id": "arn:aws:elasticloadbalancing:us-east-1:484375727565:targetgroup/ac126a33-760c27d54e37e5cf529/6de40ab1f73e0cf2",
            "lambda_multi_value_headers_enabled": null,
            "load_balancing_algorithm_type": "round_robin",
            "name": "ac126a33-760c27d54e37e5cf529",
            "name_prefix": null,
            "port": 1,
            "preserve_client_ip": null,
            "protocol": "HTTP",
            "protocol_version": "HTTP1",
            "proxy_protocol_v2": null,
            "slow_start": 0,
            "stickiness": [
              {
                "cookie_duration": 86400,
                "cookie_name": "",
                "enabled": false,
                "type": "lb_cookie"
              }
            ],
            "tags": {
              "ingress.k8s.aws/cluster": "eks-data-dev-3",
              "ingress.k8s.aws/resource": "default/dev-3-ingress-ner-inf-alb:80",
              "ingress.k8s.aws/stack": "default/dev-3-ingress",
              "kubernetes.io/cluster/eks-data-dev-3": "owned",
              "kubernetes.io/ingress-name": "dev-3-ingress",
              "kubernetes.io/namespace": "default",
              "kubernetes.io/service-name": "ner-inf-alb",
              "kubernetes.io/service-port": "80"
            },
            "tags_all": {
              "ingress.k8s.aws/cluster": "eks-data-dev-3",
              "ingress.k8s.aws/resource": "default/dev-3-ingress-ner-inf-alb:80",
              "ingress.k8s.aws/stack": "default/dev-3-ingress",
              "kubernetes.io/cluster/eks-data-dev-3": "owned",
              "kubernetes.io/ingress-name": "dev-3-ingress",
              "kubernetes.io/namespace": "default",
              "kubernetes.io/service-name": "ner-inf-alb",
              "kubernetes.io/service-port": "80"
            },
            "target_type": "ip",
            "vpc_id": "vpc-8e992de8"
          },
          "sensitive_attributes": [],
          "private": "eyJzY2hlbWFfdmVyc2lvbiI6MH0="
        }
      ]
    },
    {
      "mode": "managed",
      "type": "aws_alb_target_group",
      "name": "arn_aws_elasticloadbalancing_us_east_1_484375727565_targetgroup_ac126a33_77f45a98a19cb423e08_a841d006f96e7dd4",
      "provider": "provider[\"registry.terraform.io/hashicorp/aws\"]",
      "instances": [
        {
          "schema_version": 0,
          "attributes": {
            "arn": "arn:aws:elasticloadbalancing:us-east-1:484375727565:targetgroup/ac126a33-77f45a98a19cb423e08/a841d006f96e7dd4",
            "arn_suffix": "targetgroup/ac126a33-77f45a98a19cb423e08/a841d006f96e7dd4",
            "connection_termination": null,
            "deregistration_delay": "300",
            "health_check": [
              {
                "enabled": true,
                "healthy_threshold": 2,
                "interval": 15,
                "matcher": "200",
                "path": "/ping",
                "port": "traffic-port",
                "protocol": "HTTP",
                "timeout": 5,
                "unhealthy_threshold": 2
              }
            ],
            "id": "arn:aws:elasticloadbalancing:us-east-1:484375727565:targetgroup/ac126a33-77f45a98a19cb423e08/a841d006f96e7dd4",
            "lambda_multi_value_headers_enabled": null,
            "load_balancing_algorithm_type": "round_robin",
            "name": "ac126a33-77f45a98a19cb423e08",
            "name_prefix": null,
            "port": 1,
            "preserve_client_ip": null,
            "protocol": "HTTP",
            "protocol_version": "HTTP1",
            "proxy_protocol_v2": null,
            "slow_start": 0,
            "stickiness": [
              {
                "cookie_duration": 86400,
                "cookie_name": "",
                "enabled": false,
                "type": "lb_cookie"
              }
            ],
            "tags": {
              "ingress.k8s.aws/cluster": "eks-data-dev-3",
              "ingress.k8s.aws/resource": "default/dev-3-ingress-sent-vodafone-inf-alb:80",
              "ingress.k8s.aws/stack": "default/dev-3-ingress",
              "kubernetes.io/cluster/eks-data-dev-3": "owned",
              "kubernetes.io/ingress-name": "dev-3-ingress",
              "kubernetes.io/namespace": "default",
              "kubernetes.io/service-name": "sent-vodafone-inf-alb",
              "kubernetes.io/service-port": "80"
            },
            "tags_all": {
              "ingress.k8s.aws/cluster": "eks-data-dev-3",
              "ingress.k8s.aws/resource": "default/dev-3-ingress-sent-vodafone-inf-alb:80",
              "ingress.k8s.aws/stack": "default/dev-3-ingress",
              "kubernetes.io/cluster/eks-data-dev-3": "owned",
              "kubernetes.io/ingress-name": "dev-3-ingress",
              "kubernetes.io/namespace": "default",
              "kubernetes.io/service-name": "sent-vodafone-inf-alb",
              "kubernetes.io/service-port": "80"
            },
            "target_type": "ip",
            "vpc_id": "vpc-8e992de8"
          },
          "sensitive_attributes": [],
          "private": "eyJzY2hlbWFfdmVyc2lvbiI6MH0="
        }
      ]
    },
    {
      "mode": "managed",
      "type": "aws_alb_target_group",
      "name": "arn_aws_elasticloadbalancing_us_east_1_484375727565_targetgroup_ac126a33_7d210e81518a0c7612c_d9af33cc9dd7cf31",
      "provider": "provider[\"registry.terraform.io/hashicorp/aws\"]",
      "instances": [
        {
          "schema_version": 0,
          "attributes": {
            "arn": "arn:aws:elasticloadbalancing:us-east-1:484375727565:targetgroup/ac126a33-7d210e81518a0c7612c/d9af33cc9dd7cf31",
            "arn_suffix": "targetgroup/ac126a33-7d210e81518a0c7612c/d9af33cc9dd7cf31",
            "connection_termination": null,
            "deregistration_delay": "300",
            "health_check": [
              {
                "enabled": true,
                "healthy_threshold": 2,
                "interval": 15,
                "matcher": "200",
                "path": "/health_check",
                "port": "traffic-port",
                "protocol": "HTTP",
                "timeout": 5,
                "unhealthy_threshold": 2
              }
            ],
            "id": "arn:aws:elasticloadbalancing:us-east-1:484375727565:targetgroup/ac126a33-7d210e81518a0c7612c/d9af33cc9dd7cf31",
            "lambda_multi_value_headers_enabled": null,
            "load_balancing_algorithm_type": "round_robin",
            "name": "ac126a33-7d210e81518a0c7612c",
            "name_prefix": null,
            "port": 1,
            "preserve_client_ip": null,
            "protocol": "HTTP",
            "protocol_version": "HTTP1",
            "proxy_protocol_v2": null,
            "slow_start": 0,
            "stickiness": [
              {
                "cookie_duration": 86400,
                "cookie_name": "",
                "enabled": false,
                "type": "lb_cookie"
              }
            ],
            "tags": {
              "ingress.k8s.aws/cluster": "eks-data-dev-3",
              "ingress.k8s.aws/resource": "default/dev-3-ingress-entity-fish-alb:80",
              "ingress.k8s.aws/stack": "default/dev-3-ingress",
              "kubernetes.io/cluster/eks-data-dev-3": "owned",
              "kubernetes.io/ingress-name": "dev-3-ingress",
              "kubernetes.io/namespace": "default",
              "kubernetes.io/service-name": "entity-fish-alb",
              "kubernetes.io/service-port": "80"
            },
            "tags_all": {
              "ingress.k8s.aws/cluster": "eks-data-dev-3",
              "ingress.k8s.aws/resource": "default/dev-3-ingress-entity-fish-alb:80",
              "ingress.k8s.aws/stack": "default/dev-3-ingress",
              "kubernetes.io/cluster/eks-data-dev-3": "owned",
              "kubernetes.io/ingress-name": "dev-3-ingress",
              "kubernetes.io/namespace": "default",
              "kubernetes.io/service-name": "entity-fish-alb",
              "kubernetes.io/service-port": "80"
            },
            "target_type": "ip",
            "vpc_id": "vpc-8e992de8"
          },
          "sensitive_attributes": [],
          "private": "eyJzY2hlbWFfdmVyc2lvbiI6MH0="
        }
      ]
    },
    {
      "mode": "managed",
      "type": "aws_alb_target_group",
      "name": "arn_aws_elasticloadbalancing_us_east_1_484375727565_targetgroup_ac126a33_9222513f2ba34aa4005_c957d1e8fd903b90",
      "provider": "provider[\"registry.terraform.io/hashicorp/aws\"]",
      "instances": [
        {
          "schema_version": 0,
          "attributes": {
            "arn": "arn:aws:elasticloadbalancing:us-east-1:484375727565:targetgroup/ac126a33-9222513f2ba34aa4005/c957d1e8fd903b90",
            "arn_suffix": "targetgroup/ac126a33-9222513f2ba34aa4005/c957d1e8fd903b90",
            "connection_termination": null,
            "deregistration_delay": "300",
            "health_check": [
              {
                "enabled": true,
                "healthy_threshold": 2,
                "interval": 15,
                "matcher": "200",
                "path": "/health_check",
                "port": "traffic-port",
                "protocol": "HTTP",
                "timeout": 5,
                "unhealthy_threshold": 2
              }
            ],
            "id": "arn:aws:elasticloadbalancing:us-east-1:484375727565:targetgroup/ac126a33-9222513f2ba34aa4005/c957d1e8fd903b90",
            "lambda_multi_value_headers_enabled": null,
            "load_balancing_algorithm_type": "round_robin",
            "name": "ac126a33-9222513f2ba34aa4005",
            "name_prefix": null,
            "port": 1,
            "preserve_client_ip": null,
            "protocol": "HTTP",
            "protocol_version": "HTTP1",
            "proxy_protocol_v2": null,
            "slow_start": 0,
            "stickiness": [
              {
                "cookie_duration": 86400,
                "cookie_name": "",
                "enabled": false,
                "type": "lb_cookie"
              }
            ],
            "tags": {
              "ingress.k8s.aws/cluster": "eks-data-dev-3",
              "ingress.k8s.aws/resource": "default/dev-3-ingress-sent-tokenize-alb:80",
              "ingress.k8s.aws/stack": "default/dev-3-ingress",
              "kubernetes.io/cluster/eks-data-dev-3": "owned",
              "kubernetes.io/ingress-name": "dev-3-ingress",
              "kubernetes.io/namespace": "default",
              "kubernetes.io/service-name": "sent-tokenize-alb",
              "kubernetes.io/service-port": "80"
            },
            "tags_all": {
              "ingress.k8s.aws/cluster": "eks-data-dev-3",
              "ingress.k8s.aws/resource": "default/dev-3-ingress-sent-tokenize-alb:80",
              "ingress.k8s.aws/stack": "default/dev-3-ingress",
              "kubernetes.io/cluster/eks-data-dev-3": "owned",
              "kubernetes.io/ingress-name": "dev-3-ingress",
              "kubernetes.io/namespace": "default",
              "kubernetes.io/service-name": "sent-tokenize-alb",
              "kubernetes.io/service-port": "80"
            },
            "target_type": "ip",
            "vpc_id": "vpc-8e992de8"
          },
          "sensitive_attributes": [],
          "private": "eyJzY2hlbWFfdmVyc2lvbiI6MH0="
        }
      ]
    },
    {
      "mode": "managed",
      "type": "aws_alb_target_group",
      "name": "arn_aws_elasticloadbalancing_us_east_1_484375727565_targetgroup_ac126a33_99bd928c3ae755f4d43_afdfdfb572427386",
      "provider": "provider[\"registry.terraform.io/hashicorp/aws\"]",
      "instances": [
        {
          "schema_version": 0,
          "attributes": {
            "arn": "arn:aws:elasticloadbalancing:us-east-1:484375727565:targetgroup/ac126a33-99bd928c3ae755f4d43/afdfdfb572427386",
            "arn_suffix": "targetgroup/ac126a33-99bd928c3ae755f4d43/afdfdfb572427386",
            "connection_termination": null,
            "deregistration_delay": "300",
            "health_check": [
              {
                "enabled": true,
                "healthy_threshold": 2,
                "interval": 15,
                "matcher": "200",
                "path": "/health_check",
                "port": "traffic-port",
                "protocol": "HTTP",
                "timeout": 5,
                "unhealthy_threshold": 2
              }
            ],
            "id": "arn:aws:elasticloadbalancing:us-east-1:484375727565:targetgroup/ac126a33-99bd928c3ae755f4d43/afdfdfb572427386",
            "lambda_multi_value_headers_enabled": null,
            "load_balancing_algorithm_type": "round_robin",
            "name": "ac126a33-99bd928c3ae755f4d43",
            "name_prefix": null,
            "port": 1,
            "preserve_client_ip": null,
            "protocol": "HTTP",
            "protocol_version": "HTTP1",
            "proxy_protocol_v2": null,
            "slow_start": 0,
            "stickiness": [
              {
                "cookie_duration": 86400,
                "cookie_name": "",
                "enabled": false,
                "type": "lb_cookie"
              }
            ],
            "tags": {
              "ingress.k8s.aws/cluster": "eks-data-dev-3",
              "ingress.k8s.aws/resource": "default/dev-3-ingress-iptc-inf-alb:80",
              "ingress.k8s.aws/stack": "default/dev-3-ingress",
              "kubernetes.io/cluster/eks-data-dev-3": "owned",
              "kubernetes.io/ingress-name": "dev-3-ingress",
              "kubernetes.io/namespace": "default",
              "kubernetes.io/service-name": "iptc-inf-alb",
              "kubernetes.io/service-port": "80"
            },
            "tags_all": {
              "ingress.k8s.aws/cluster": "eks-data-dev-3",
              "ingress.k8s.aws/resource": "default/dev-3-ingress-iptc-inf-alb:80",
              "ingress.k8s.aws/stack": "default/dev-3-ingress",
              "kubernetes.io/cluster/eks-data-dev-3": "owned",
              "kubernetes.io/ingress-name": "dev-3-ingress",
              "kubernetes.io/namespace": "default",
              "kubernetes.io/service-name": "iptc-inf-alb",
              "kubernetes.io/service-port": "80"
            },
            "target_type": "ip",
            "vpc_id": "vpc-8e992de8"
          },
          "sensitive_attributes": [],
          "private": "eyJzY2hlbWFfdmVyc2lvbiI6MH0="
        }
      ]
    },
    {
      "mode": "managed",
      "type": "aws_alb_target_group",
      "name": "arn_aws_elasticloadbalancing_us_east_1_484375727565_targetgroup_ac126a33_9ebc10267eec317fd66_529f4d02c5a8ba88",
      "provider": "provider[\"registry.terraform.io/hashicorp/aws\"]",
      "instances": [
        {
          "schema_version": 0,
          "attributes": {
            "arn": "arn:aws:elasticloadbalancing:us-east-1:484375727565:targetgroup/ac126a33-9ebc10267eec317fd66/529f4d02c5a8ba88",
            "arn_suffix": "targetgroup/ac126a33-9ebc10267eec317fd66/529f4d02c5a8ba88",
            "connection_termination": null,
            "deregistration_delay": "300",
            "health_check": [
              {
                "enabled": true,
                "healthy_threshold": 2,
                "interval": 15,
                "matcher": "200",
                "path": "/",
                "port": "traffic-port",
                "protocol": "HTTP",
                "timeout": 5,
                "unhealthy_threshold": 2
              }
            ],
            "id": "arn:aws:elasticloadbalancing:us-east-1:484375727565:targetgroup/ac126a33-9ebc10267eec317fd66/529f4d02c5a8ba88",
            "lambda_multi_value_headers_enabled": null,
            "load_balancing_algorithm_type": "round_robin",
            "name": "ac126a33-9ebc10267eec317fd66",
            "name_prefix": null,
            "port": 1,
            "preserve_client_ip": null,
            "protocol": "HTTP",
            "protocol_version": "HTTP1",
            "proxy_protocol_v2": null,
            "slow_start": 0,
            "stickiness": [
              {
                "cookie_duration": 86400,
                "cookie_name": "",
                "enabled": false,
                "type": "lb_cookie"
              }
            ],
            "tags": {
              "ingress.k8s.aws/cluster": "eks-data-dev-3",
              "ingress.k8s.aws/resource": "istio-system/dev3-istio-ingress-istio-ingressgateway:80",
              "ingress.k8s.aws/stack": "istio-system/dev3-istio-ingress",
              "kubernetes.io/cluster/eks-data-dev-3": "owned",
              "kubernetes.io/ingress-name": "dev3-istio-ingress",
              "kubernetes.io/namespace": "istio-system",
              "kubernetes.io/service-name": "istio-ingressgateway",
              "kubernetes.io/service-port": "80"
            },
            "tags_all": {
              "ingress.k8s.aws/cluster": "eks-data-dev-3",
              "ingress.k8s.aws/resource": "istio-system/dev3-istio-ingress-istio-ingressgateway:80",
              "ingress.k8s.aws/stack": "istio-system/dev3-istio-ingress",
              "kubernetes.io/cluster/eks-data-dev-3": "owned",
              "kubernetes.io/ingress-name": "dev3-istio-ingress",
              "kubernetes.io/namespace": "istio-system",
              "kubernetes.io/service-name": "istio-ingressgateway",
              "kubernetes.io/service-port": "80"
            },
            "target_type": "ip",
            "vpc_id": "vpc-8e992de8"
          },
          "sensitive_attributes": [],
          "private": "eyJzY2hlbWFfdmVyc2lvbiI6MH0="
        }
      ]
    },
    {
      "mode": "managed",
      "type": "aws_alb_target_group",
      "name": "arn_aws_elasticloadbalancing_us_east_1_484375727565_targetgroup_ac126a33_aa745e01d443555cd3d_50ea2cf665c82cf9",
      "provider": "provider[\"registry.terraform.io/hashicorp/aws\"]",
      "instances": [
        {
          "schema_version": 0,
          "attributes": {
            "arn": "arn:aws:elasticloadbalancing:us-east-1:484375727565:targetgroup/ac126a33-aa745e01d443555cd3d/50ea2cf665c82cf9",
            "arn_suffix": "targetgroup/ac126a33-aa745e01d443555cd3d/50ea2cf665c82cf9",
            "connection_termination": null,
            "deregistration_delay": "300",
            "health_check": [
              {
                "enabled": true,
                "healthy_threshold": 2,
                "interval": 15,
                "matcher": "200",
                "path": "/ping",
                "port": "traffic-port",
                "protocol": "HTTP",
                "timeout": 5,
                "unhealthy_threshold": 2
              }
            ],
            "id": "arn:aws:elasticloadbalancing:us-east-1:484375727565:targetgroup/ac126a33-aa745e01d443555cd3d/50ea2cf665c82cf9",
            "lambda_multi_value_headers_enabled": null,
            "load_balancing_algorithm_type": "round_robin",
            "name": "ac126a33-aa745e01d443555cd3d",
            "name_prefix": null,
            "port": 1,
            "preserve_client_ip": null,
            "protocol": "HTTP",
            "protocol_version": "HTTP1",
            "proxy_protocol_v2": null,
            "slow_start": 0,
            "stickiness": [
              {
                "cookie_duration": 86400,
                "cookie_name": "",
                "enabled": false,
                "type": "lb_cookie"
              }
            ],
            "tags": {
              "ingress.k8s.aws/cluster": "eks-data-dev-3",
              "ingress.k8s.aws/resource": "default/dev-3-ingress-sent2-inf-alb:80",
              "ingress.k8s.aws/stack": "default/dev-3-ingress",
              "kubernetes.io/cluster/eks-data-dev-3": "owned",
              "kubernetes.io/ingress-name": "dev-3-ingress",
              "kubernetes.io/namespace": "default",
              "kubernetes.io/service-name": "sent2-inf-alb",
              "kubernetes.io/service-port": "80"
            },
            "tags_all": {
              "ingress.k8s.aws/cluster": "eks-data-dev-3",
              "ingress.k8s.aws/resource": "default/dev-3-ingress-sent2-inf-alb:80",
              "ingress.k8s.aws/stack": "default/dev-3-ingress",
              "kubernetes.io/cluster/eks-data-dev-3": "owned",
              "kubernetes.io/ingress-name": "dev-3-ingress",
              "kubernetes.io/namespace": "default",
              "kubernetes.io/service-name": "sent2-inf-alb",
              "kubernetes.io/service-port": "80"
            },
            "target_type": "ip",
            "vpc_id": "vpc-8e992de8"
          },
          "sensitive_attributes": [],
          "private": "eyJzY2hlbWFfdmVyc2lvbiI6MH0="
        }
      ]
    },
    {
      "mode": "managed",
      "type": "aws_alb_target_group",
      "name": "arn_aws_elasticloadbalancing_us_east_1_484375727565_targetgroup_ac126a33_af2e78d73a8f911b6ad_60f54598323bfef5",
      "provider": "provider[\"registry.terraform.io/hashicorp/aws\"]",
      "instances": [
        {
          "schema_version": 0,
          "attributes": {
            "arn": "arn:aws:elasticloadbalancing:us-east-1:484375727565:targetgroup/ac126a33-af2e78d73a8f911b6ad/60f54598323bfef5",
            "arn_suffix": "targetgroup/ac126a33-af2e78d73a8f911b6ad/60f54598323bfef5",
            "connection_termination": null,
            "deregistration_delay": "300",
            "health_check": [
              {
                "enabled": true,
                "healthy_threshold": 2,
                "interval": 15,
                "matcher": "200",
                "path": "/",
                "port": "traffic-port",
                "protocol": "HTTP",
                "timeout": 5,
                "unhealthy_threshold": 2
              }
            ],
            "id": "arn:aws:elasticloadbalancing:us-east-1:484375727565:targetgroup/ac126a33-af2e78d73a8f911b6ad/60f54598323bfef5",
            "lambda_multi_value_headers_enabled": null,
            "load_balancing_algorithm_type": "round_robin",
            "name": "ac126a33-af2e78d73a8f911b6ad",
            "name_prefix": null,
            "port": 1,
            "preserve_client_ip": null,
            "protocol": "HTTP",
            "protocol_version": "HTTP1",
            "proxy_protocol_v2": null,
            "slow_start": 0,
            "stickiness": [
              {
                "cookie_duration": 86400,
                "cookie_name": "",
                "enabled": false,
                "type": "lb_cookie"
              }
            ],
            "tags": {
              "ingress.k8s.aws/cluster": "eks-data-dev-3",
              "ingress.k8s.aws/resource": "default/dev-3-ingress-entity-fish-docker-alb:80",
              "ingress.k8s.aws/stack": "default/dev-3-ingress",
              "kubernetes.io/cluster/eks-data-dev-3": "owned",
              "kubernetes.io/ingress-name": "dev-3-ingress",
              "kubernetes.io/namespace": "default",
              "kubernetes.io/service-name": "entity-fish-docker-alb",
              "kubernetes.io/service-port": "80"
            },
            "tags_all": {
              "ingress.k8s.aws/cluster": "eks-data-dev-3",
              "ingress.k8s.aws/resource": "default/dev-3-ingress-entity-fish-docker-alb:80",
              "ingress.k8s.aws/stack": "default/dev-3-ingress",
              "kubernetes.io/cluster/eks-data-dev-3": "owned",
              "kubernetes.io/ingress-name": "dev-3-ingress",
              "kubernetes.io/namespace": "default",
              "kubernetes.io/service-name": "entity-fish-docker-alb",
              "kubernetes.io/service-port": "80"
            },
            "target_type": "ip",
            "vpc_id": "vpc-8e992de8"
          },
          "sensitive_attributes": [],
          "private": "eyJzY2hlbWFfdmVyc2lvbiI6MH0="
        }
      ]
    },
    {
      "mode": "managed",
      "type": "aws_alb_target_group",
      "name": "arn_aws_elasticloadbalancing_us_east_1_484375727565_targetgroup_ac126a33_b103e89b55ab3d6eeee_59ac1a823d63aaaa",
      "provider": "provider[\"registry.terraform.io/hashicorp/aws\"]",
      "instances": [
        {
          "schema_version": 0,
          "attributes": {
            "arn": "arn:aws:elasticloadbalancing:us-east-1:484375727565:targetgroup/ac126a33-b103e89b55ab3d6eeee/59ac1a823d63aaaa",
            "arn_suffix": "targetgroup/ac126a33-b103e89b55ab3d6eeee/59ac1a823d63aaaa",
            "connection_termination": null,
            "deregistration_delay": "300",
            "health_check": [
              {
                "enabled": true,
                "healthy_threshold": 2,
                "interval": 15,
                "matcher": "200",
                "path": "/health_check",
                "port": "traffic-port",
                "protocol": "HTTP",
                "timeout": 5,
                "unhealthy_threshold": 2
              }
            ],
            "id": "arn:aws:elasticloadbalancing:us-east-1:484375727565:targetgroup/ac126a33-b103e89b55ab3d6eeee/59ac1a823d63aaaa",
            "lambda_multi_value_headers_enabled": null,
            "load_balancing_algorithm_type": "round_robin",
            "name": "ac126a33-b103e89b55ab3d6eeee",
            "name_prefix": null,
            "port": 1,
            "preserve_client_ip": null,
            "protocol": "HTTP",
            "protocol_version": "HTTP1",
            "proxy_protocol_v2": null,
            "slow_start": 0,
            "stickiness": [
              {
                "cookie_duration": 86400,
                "cookie_name": "",
                "enabled": false,
                "type": "lb_cookie"
              }
            ],
            "tags": {
              "ingress.k8s.aws/cluster": "eks-data-dev-3",
              "ingress.k8s.aws/resource": "default/dev-3-ingress-trie-alb:80",
              "ingress.k8s.aws/stack": "default/dev-3-ingress",
              "kubernetes.io/cluster/eks-data-dev-3": "owned",
              "kubernetes.io/ingress-name": "dev-3-ingress",
              "kubernetes.io/namespace": "default",
              "kubernetes.io/service-name": "trie-alb",
              "kubernetes.io/service-port": "80"
            },
            "tags_all": {
              "ingress.k8s.aws/cluster": "eks-data-dev-3",
              "ingress.k8s.aws/resource": "default/dev-3-ingress-trie-alb:80",
              "ingress.k8s.aws/stack": "default/dev-3-ingress",
              "kubernetes.io/cluster/eks-data-dev-3": "owned",
              "kubernetes.io/ingress-name": "dev-3-ingress",
              "kubernetes.io/namespace": "default",
              "kubernetes.io/service-name": "trie-alb",
              "kubernetes.io/service-port": "80"
            },
            "target_type": "ip",
            "vpc_id": "vpc-8e992de8"
          },
          "sensitive_attributes": [],
          "private": "eyJzY2hlbWFfdmVyc2lvbiI6MH0="
        }
      ]
    },
    {
      "mode": "managed",
      "type": "aws_alb_target_group",
      "name": "arn_aws_elasticloadbalancing_us_east_1_484375727565_targetgroup_ac126a33_c1a1b2d53f06e592692_50bd802f40317a14",
      "provider": "provider[\"registry.terraform.io/hashicorp/aws\"]",
      "instances": [
        {
          "schema_version": 0,
          "attributes": {
            "arn": "arn:aws:elasticloadbalancing:us-east-1:484375727565:targetgroup/ac126a33-c1a1b2d53f06e592692/50bd802f40317a14",
            "arn_suffix": "targetgroup/ac126a33-c1a1b2d53f06e592692/50bd802f40317a14",
            "connection_termination": null,
            "deregistration_delay": "300",
            "health_check": [
              {
                "enabled": true,
                "healthy_threshold": 2,
                "interval": 15,
                "matcher": "200",
                "path": "/health_check",
                "port": "traffic-port",
                "protocol": "HTTP",
                "timeout": 5,
                "unhealthy_threshold": 2
              }
            ],
            "id": "arn:aws:elasticloadbalancing:us-east-1:484375727565:targetgroup/ac126a33-c1a1b2d53f06e592692/50bd802f40317a14",
            "lambda_multi_value_headers_enabled": null,
            "load_balancing_algorithm_type": "round_robin",
            "name": "ac126a33-c1a1b2d53f06e592692",
            "name_prefix": null,
            "port": 1,
            "preserve_client_ip": null,
            "protocol": "HTTP",
            "protocol_version": "HTTP1",
            "proxy_protocol_v2": null,
            "slow_start": 0,
            "stickiness": [
              {
                "cookie_duration": 86400,
                "cookie_name": "",
                "enabled": false,
                "type": "lb_cookie"
              }
            ],
            "tags": {
              "ingress.k8s.aws/cluster": "eks-data-dev-3",
              "ingress.k8s.aws/resource": "default/dev-3-ingress-blink-alb:80",
              "ingress.k8s.aws/stack": "default/dev-3-ingress",
              "kubernetes.io/cluster/eks-data-dev-3": "owned",
              "kubernetes.io/ingress-name": "dev-3-ingress",
              "kubernetes.io/namespace": "default",
              "kubernetes.io/service-name": "blink-alb",
              "kubernetes.io/service-port": "80"
            },
            "tags_all": {
              "ingress.k8s.aws/cluster": "eks-data-dev-3",
              "ingress.k8s.aws/resource": "default/dev-3-ingress-blink-alb:80",
              "ingress.k8s.aws/stack": "default/dev-3-ingress",
              "kubernetes.io/cluster/eks-data-dev-3": "owned",
              "kubernetes.io/ingress-name": "dev-3-ingress",
              "kubernetes.io/namespace": "default",
              "kubernetes.io/service-name": "blink-alb",
              "kubernetes.io/service-port": "80"
            },
            "target_type": "ip",
            "vpc_id": "vpc-8e992de8"
          },
          "sensitive_attributes": [],
          "private": "eyJzY2hlbWFfdmVyc2lvbiI6MH0="
        }
      ]
    },
    {
      "mode": "managed",
      "type": "aws_alb_target_group",
      "name": "arn_aws_elasticloadbalancing_us_east_1_484375727565_targetgroup_ac126a33_c9c8b7743a052e0f9d4_25b4bec833795af2",
      "provider": "provider[\"registry.terraform.io/hashicorp/aws\"]",
      "instances": [
        {
          "schema_version": 0,
          "attributes": {
            "arn": "arn:aws:elasticloadbalancing:us-east-1:484375727565:targetgroup/ac126a33-c9c8b7743a052e0f9d4/25b4bec833795af2",
            "arn_suffix": "targetgroup/ac126a33-c9c8b7743a052e0f9d4/25b4bec833795af2",
            "connection_termination": null,
            "deregistration_delay": "300",
            "health_check": [
              {
                "enabled": true,
                "healthy_threshold": 2,
                "interval": 15,
                "matcher": "200",
                "path": "/ping",
                "port": "traffic-port",
                "protocol": "HTTP",
                "timeout": 5,
                "unhealthy_threshold": 2
              }
            ],
            "id": "arn:aws:elasticloadbalancing:us-east-1:484375727565:targetgroup/ac126a33-c9c8b7743a052e0f9d4/25b4bec833795af2",
            "lambda_multi_value_headers_enabled": null,
            "load_balancing_algorithm_type": "round_robin",
            "name": "ac126a33-c9c8b7743a052e0f9d4",
            "name_prefix": null,
            "port": 1,
            "preserve_client_ip": null,
            "protocol": "HTTP",
            "protocol_version": "HTTP1",
            "proxy_protocol_v2": null,
            "slow_start": 0,
            "stickiness": [
              {
                "cookie_duration": 86400,
                "cookie_name": "",
                "enabled": false,
                "type": "lb_cookie"
              }
            ],
            "tags": {
              "ingress.k8s.aws/cluster": "eks-data-dev-3",
              "ingress.k8s.aws/resource": "default/dev-3-ingress-dga-inf-alb:80",
              "ingress.k8s.aws/stack": "default/dev-3-ingress",
              "kubernetes.io/cluster/eks-data-dev-3": "owned",
              "kubernetes.io/ingress-name": "dev-3-ingress",
              "kubernetes.io/namespace": "default",
              "kubernetes.io/service-name": "dga-inf-alb",
              "kubernetes.io/service-port": "80"
            },
            "tags_all": {
              "ingress.k8s.aws/cluster": "eks-data-dev-3",
              "ingress.k8s.aws/resource": "default/dev-3-ingress-dga-inf-alb:80",
              "ingress.k8s.aws/stack": "default/dev-3-ingress",
              "kubernetes.io/cluster/eks-data-dev-3": "owned",
              "kubernetes.io/ingress-name": "dev-3-ingress",
              "kubernetes.io/namespace": "default",
              "kubernetes.io/service-name": "dga-inf-alb",
              "kubernetes.io/service-port": "80"
            },
            "target_type": "ip",
            "vpc_id": "vpc-8e992de8"
          },
          "sensitive_attributes": [],
          "private": "eyJzY2hlbWFfdmVyc2lvbiI6MH0="
        }
      ]
    },
    {
      "mode": "managed",
      "type": "aws_alb_target_group",
      "name": "arn_aws_elasticloadbalancing_us_east_1_484375727565_targetgroup_ac126a33_d3f59ba7db17aaa8a0b_dc776dfe3d2a0547",
      "provider": "provider[\"registry.terraform.io/hashicorp/aws\"]",
      "instances": [
        {
          "schema_version": 0,
          "attributes": {
            "arn": "arn:aws:elasticloadbalancing:us-east-1:484375727565:targetgroup/ac126a33-d3f59ba7db17aaa8a0b/dc776dfe3d2a0547",
            "arn_suffix": "targetgroup/ac126a33-d3f59ba7db17aaa8a0b/dc776dfe3d2a0547",
            "connection_termination": null,
            "deregistration_delay": "300",
            "health_check": [
              {
                "enabled": true,
                "healthy_threshold": 2,
                "interval": 15,
                "matcher": "200",
                "path": "/ping",
                "port": "traffic-port",
                "protocol": "HTTP",
                "timeout": 5,
                "unhealthy_threshold": 2
              }
            ],
            "id": "arn:aws:elasticloadbalancing:us-east-1:484375727565:targetgroup/ac126a33-d3f59ba7db17aaa8a0b/dc776dfe3d2a0547",
            "lambda_multi_value_headers_enabled": null,
            "load_balancing_algorithm_type": "round_robin",
            "name": "ac126a33-d3f59ba7db17aaa8a0b",
            "name_prefix": null,
            "port": 1,
            "preserve_client_ip": null,
            "protocol": "HTTP",
            "protocol_version": "HTTP1",
            "proxy_protocol_v2": null,
            "slow_start": 0,
            "stickiness": [
              {
                "cookie_duration": 86400,
                "cookie_name": "",
                "enabled": false,
                "type": "lb_cookie"
              }
            ],
            "tags": {
              "ingress.k8s.aws/cluster": "eks-data-dev-3",
              "ingress.k8s.aws/resource": "default/dev-3-ingress-ner2-inf-alb:80",
              "ingress.k8s.aws/stack": "default/dev-3-ingress",
              "kubernetes.io/cluster/eks-data-dev-3": "owned",
              "kubernetes.io/ingress-name": "dev-3-ingress",
              "kubernetes.io/namespace": "default",
              "kubernetes.io/service-name": "ner2-inf-alb",
              "kubernetes.io/service-port": "80"
            },
            "tags_all": {
              "ingress.k8s.aws/cluster": "eks-data-dev-3",
              "ingress.k8s.aws/resource": "default/dev-3-ingress-ner2-inf-alb:80",
              "ingress.k8s.aws/stack": "default/dev-3-ingress",
              "kubernetes.io/cluster/eks-data-dev-3": "owned",
              "kubernetes.io/ingress-name": "dev-3-ingress",
              "kubernetes.io/namespace": "default",
              "kubernetes.io/service-name": "ner2-inf-alb",
              "kubernetes.io/service-port": "80"
            },
            "target_type": "ip",
            "vpc_id": "vpc-8e992de8"
          },
          "sensitive_attributes": [],
          "private": "eyJzY2hlbWFfdmVyc2lvbiI6MH0="
        }
      ]
    },
    {
      "mode": "managed",
      "type": "aws_alb_target_group",
      "name": "arn_aws_elasticloadbalancing_us_east_1_484375727565_targetgroup_ac126a33_d4f20c41647dbda58ab_0a364e7dc0fb95ba",
      "provider": "provider[\"registry.terraform.io/hashicorp/aws\"]",
      "instances": [
        {
          "schema_version": 0,
          "attributes": {
            "arn": "arn:aws:elasticloadbalancing:us-east-1:484375727565:targetgroup/ac126a33-d4f20c41647dbda58ab/0a364e7dc0fb95ba",
            "arn_suffix": "targetgroup/ac126a33-d4f20c41647dbda58ab/0a364e7dc0fb95ba",
            "connection_termination": null,
            "deregistration_delay": "300",
            "health_check": [
              {
                "enabled": true,
                "healthy_threshold": 2,
                "interval": 15,
                "matcher": "200",
                "path": "/",
                "port": "traffic-port",
                "protocol": "HTTP",
                "timeout": 5,
                "unhealthy_threshold": 2
              }
            ],
            "id": "arn:aws:elasticloadbalancing:us-east-1:484375727565:targetgroup/ac126a33-d4f20c41647dbda58ab/0a364e7dc0fb95ba",
            "lambda_multi_value_headers_enabled": null,
            "load_balancing_algorithm_type": "round_robin",
            "name": "ac126a33-d4f20c41647dbda58ab",
            "name_prefix": null,
            "port": 1,
            "preserve_client_ip": null,
            "protocol": "HTTPS",
            "protocol_version": "HTTP1",
            "proxy_protocol_v2": null,
            "slow_start": 0,
            "stickiness": [
              {
                "cookie_duration": 86400,
                "cookie_name": "",
                "enabled": false,
                "type": "lb_cookie"
              }
            ],
            "tags": {
              "ingress.k8s.aws/cluster": "eks-data-dev-3",
              "ingress.k8s.aws/resource": "argocd/dev3-argocd-ingress-argocd-server:443",
              "ingress.k8s.aws/stack": "argocd/dev3-argocd-ingress",
              "kubernetes.io/cluster/eks-data-dev-3": "owned",
              "kubernetes.io/ingress-name": "dev3-argocd-ingress",
              "kubernetes.io/namespace": "argocd",
              "kubernetes.io/service-name": "argocd-server",
              "kubernetes.io/service-port": "443"
            },
            "tags_all": {
              "ingress.k8s.aws/cluster": "eks-data-dev-3",
              "ingress.k8s.aws/resource": "argocd/dev3-argocd-ingress-argocd-server:443",
              "ingress.k8s.aws/stack": "argocd/dev3-argocd-ingress",
              "kubernetes.io/cluster/eks-data-dev-3": "owned",
              "kubernetes.io/ingress-name": "dev3-argocd-ingress",
              "kubernetes.io/namespace": "argocd",
              "kubernetes.io/service-name": "argocd-server",
              "kubernetes.io/service-port": "443"
            },
            "target_type": "ip",
            "vpc_id": "vpc-8e992de8"
          },
          "sensitive_attributes": [],
          "private": "eyJzY2hlbWFfdmVyc2lvbiI6MH0="
        }
      ]
    },
    {
      "mode": "managed",
      "type": "aws_alb_target_group",
      "name": "arn_aws_elasticloadbalancing_us_east_1_484375727565_targetgroup_ac126a33_e094d528a6c47e3d6b4_c51994e018aaf266",
      "provider": "provider[\"registry.terraform.io/hashicorp/aws\"]",
      "instances": [
        {
          "schema_version": 0,
          "attributes": {
            "arn": "arn:aws:elasticloadbalancing:us-east-1:484375727565:targetgroup/ac126a33-e094d528a6c47e3d6b4/c51994e018aaf266",
            "arn_suffix": "targetgroup/ac126a33-e094d528a6c47e3d6b4/c51994e018aaf266",
            "connection_termination": null,
            "deregistration_delay": "300",
            "health_check": [
              {
                "enabled": true,
                "healthy_threshold": 2,
                "interval": 15,
                "matcher": "200",
                "path": "/health_check",
                "port": "traffic-port",
                "protocol": "HTTP",
                "timeout": 5,
                "unhealthy_threshold": 2
              }
            ],
            "id": "arn:aws:elasticloadbalancing:us-east-1:484375727565:targetgroup/ac126a33-e094d528a6c47e3d6b4/c51994e018aaf266",
            "lambda_multi_value_headers_enabled": null,
            "load_balancing_algorithm_type": "round_robin",
            "name": "ac126a33-e094d528a6c47e3d6b4",
            "name_prefix": null,
            "port": 1,
            "preserve_client_ip": null,
            "protocol": "HTTP",
            "protocol_version": "HTTP1",
            "proxy_protocol_v2": null,
            "slow_start": 0,
            "stickiness": [
              {
                "cookie_duration": 86400,
                "cookie_name": "",
                "enabled": false,
                "type": "lb_cookie"
              }
            ],
            "tags": {
              "ingress.k8s.aws/cluster": "eks-data-dev-3",
              "ingress.k8s.aws/resource": "default/dev-3-ingress-genre-alb:80",
              "ingress.k8s.aws/stack": "default/dev-3-ingress",
              "kubernetes.io/cluster/eks-data-dev-3": "owned",
              "kubernetes.io/ingress-name": "dev-3-ingress",
              "kubernetes.io/namespace": "default",
              "kubernetes.io/service-name": "genre-alb",
              "kubernetes.io/service-port": "80"
            },
            "tags_all": {
              "ingress.k8s.aws/cluster": "eks-data-dev-3",
              "ingress.k8s.aws/resource": "default/dev-3-ingress-genre-alb:80",
              "ingress.k8s.aws/stack": "default/dev-3-ingress",
              "kubernetes.io/cluster/eks-data-dev-3": "owned",
              "kubernetes.io/ingress-name": "dev-3-ingress",
              "kubernetes.io/namespace": "default",
              "kubernetes.io/service-name": "genre-alb",
              "kubernetes.io/service-port": "80"
            },
            "target_type": "ip",
            "vpc_id": "vpc-8e992de8"
          },
          "sensitive_attributes": [],
          "private": "eyJzY2hlbWFfdmVyc2lvbiI6MH0="
        }
      ]
    },
    {
      "mode": "managed",
      "type": "aws_alb_target_group",
      "name": "arn_aws_elasticloadbalancing_us_east_1_484375727565_targetgroup_ac126a33_fd314a1add5035c66a9_7e5999d300a60ecb",
      "provider": "provider[\"registry.terraform.io/hashicorp/aws\"]",
      "instances": [
        {
          "schema_version": 0,
          "attributes": {
            "arn": "arn:aws:elasticloadbalancing:us-east-1:484375727565:targetgroup/ac126a33-fd314a1add5035c66a9/7e5999d300a60ecb",
            "arn_suffix": "targetgroup/ac126a33-fd314a1add5035c66a9/7e5999d300a60ecb",
            "connection_termination": null,
            "deregistration_delay": "300",
            "health_check": [
              {
                "enabled": true,
                "healthy_threshold": 2,
                "interval": 15,
                "matcher": "200",
                "path": "/ping",
                "port": "traffic-port",
                "protocol": "HTTP",
                "timeout": 5,
                "unhealthy_threshold": 2
              }
            ],
            "id": "arn:aws:elasticloadbalancing:us-east-1:484375727565:targetgroup/ac126a33-fd314a1add5035c66a9/7e5999d300a60ecb",
            "lambda_multi_value_headers_enabled": null,
            "load_balancing_algorithm_type": "round_robin",
            "name": "ac126a33-fd314a1add5035c66a9",
            "name_prefix": null,
            "port": 1,
            "preserve_client_ip": null,
            "protocol": "HTTP",
            "protocol_version": "HTTP1",
            "proxy_protocol_v2": null,
            "slow_start": 0,
            "stickiness": [
              {
                "cookie_duration": 86400,
                "cookie_name": "",
                "enabled": false,
                "type": "lb_cookie"
              }
            ],
            "tags": {
              "ingress.k8s.aws/cluster": "eks-data-dev-3",
              "ingress.k8s.aws/resource": "default/dev-3-ingress-coref-resolution-alb:80",
              "ingress.k8s.aws/stack": "default/dev-3-ingress",
              "kubernetes.io/cluster/eks-data-dev-3": "owned",
              "kubernetes.io/ingress-name": "dev-3-ingress",
              "kubernetes.io/namespace": "default",
              "kubernetes.io/service-name": "coref-resolution-alb",
              "kubernetes.io/service-port": "80"
            },
            "tags_all": {
              "ingress.k8s.aws/cluster": "eks-data-dev-3",
              "ingress.k8s.aws/resource": "default/dev-3-ingress-coref-resolution-alb:80",
              "ingress.k8s.aws/stack": "default/dev-3-ingress",
              "kubernetes.io/cluster/eks-data-dev-3": "owned",
              "kubernetes.io/ingress-name": "dev-3-ingress",
              "kubernetes.io/namespace": "default",
              "kubernetes.io/service-name": "coref-resolution-alb",
              "kubernetes.io/service-port": "80"
            },
            "target_type": "ip",
            "vpc_id": "vpc-8e992de8"
          },
          "sensitive_attributes": [],
          "private": "eyJzY2hlbWFfdmVyc2lvbiI6MH0="
        }
      ]
    },
    {
      "mode": "managed",
      "type": "aws_alb_target_group",
      "name": "arn_aws_elasticloadbalancing_us_east_1_484375727565_targetgroup_airpr_extractor_light4j_int_r_28d8026f12bc09ec",
      "provider": "provider[\"registry.terraform.io/hashicorp/aws\"]",
      "instances": [
        {
          "schema_version": 0,
          "attributes": {
            "arn": "arn:aws:elasticloadbalancing:us-east-1:484375727565:targetgroup/airpr-extractor-light4j-int-r/28d8026f12bc09ec",
            "arn_suffix": "targetgroup/airpr-extractor-light4j-int-r/28d8026f12bc09ec",
            "connection_termination": null,
            "deregistration_delay": "300",
            "health_check": [
              {
                "enabled": true,
                "healthy_threshold": 5,
                "interval": 30,
                "matcher": "401",
                "path": "/api/ping",
                "port": "80",
                "protocol": "HTTP",
                "timeout": 5,
                "unhealthy_threshold": 2
              }
            ],
            "id": "arn:aws:elasticloadbalancing:us-east-1:484375727565:targetgroup/airpr-extractor-light4j-int-r/28d8026f12bc09ec",
            "lambda_multi_value_headers_enabled": null,
            "load_balancing_algorithm_type": "round_robin",
            "name": "airpr-extractor-light4j-int-r",
            "name_prefix": null,
            "port": 80,
            "preserve_client_ip": null,
            "protocol": "HTTP",
            "protocol_version": "HTTP1",
            "proxy_protocol_v2": null,
            "slow_start": 0,
            "stickiness": [
              {
                "cookie_duration": 86400,
                "cookie_name": "",
                "enabled": false,
                "type": "lb_cookie"
              }
            ],
            "tags": {},
            "tags_all": {},
            "target_type": "instance",
            "vpc_id": "vpc-8e992de8"
          },
          "sensitive_attributes": [],
          "private": "eyJzY2hlbWFfdmVyc2lvbiI6MH0="
        }
      ]
    },
    {
      "mode": "managed",
      "type": "aws_alb_target_group",
      "name": "arn_aws_elasticloadbalancing_us_east_1_484375727565_targetgroup_airpr_extractor_light4j_sl_22cdf61ea41150f6",
      "provider": "provider[\"registry.terraform.io/hashicorp/aws\"]",
      "instances": [
        {
          "schema_version": 0,
          "attributes": {
            "arn": "arn:aws:elasticloadbalancing:us-east-1:484375727565:targetgroup/airpr-extractor-light4j-sl/22cdf61ea41150f6",
            "arn_suffix": "targetgroup/airpr-extractor-light4j-sl/22cdf61ea41150f6",
            "connection_termination": null,
            "deregistration_delay": "300",
            "health_check": [
              {
                "enabled": true,
                "healthy_threshold": 5,
                "interval": 30,
                "matcher": "401",
                "path": "/api/ping",
                "port": "traffic-port",
                "protocol": "HTTP",
                "timeout": 5,
                "unhealthy_threshold": 2
              }
            ],
            "id": "arn:aws:elasticloadbalancing:us-east-1:484375727565:targetgroup/airpr-extractor-light4j-sl/22cdf61ea41150f6",
            "lambda_multi_value_headers_enabled": null,
            "load_balancing_algorithm_type": "round_robin",
            "name": "airpr-extractor-light4j-sl",
            "name_prefix": null,
            "port": 80,
            "preserve_client_ip": null,
            "protocol": "HTTP",
            "protocol_version": "HTTP1",
            "proxy_protocol_v2": null,
            "slow_start": 0,
            "stickiness": [
              {
                "cookie_duration": 86400,
                "cookie_name": "",
                "enabled": false,
                "type": "lb_cookie"
              }
            ],
            "tags": {},
            "tags_all": {},
            "target_type": "ip",
            "vpc_id": "vpc-8e992de8"
          },
          "sensitive_attributes": [],
          "private": "eyJzY2hlbWFfdmVyc2lvbiI6MH0="
        }
      ]
    },
    {
      "mode": "managed",
      "type": "aws_alb_target_group",
      "name": "arn_aws_elasticloadbalancing_us_east_1_484375727565_targetgroup_airpr_visitor_estimation_in_ab1fc3ba21164b50",
      "provider": "provider[\"registry.terraform.io/hashicorp/aws\"]",
      "instances": [
        {
          "schema_version": 0,
          "attributes": {
            "arn": "arn:aws:elasticloadbalancing:us-east-1:484375727565:targetgroup/airpr-visitor-estimation-in/ab1fc3ba21164b50",
            "arn_suffix": "targetgroup/airpr-visitor-estimation-in/ab1fc3ba21164b50",
            "connection_termination": null,
            "deregistration_delay": "300",
            "health_check": [
              {
                "enabled": true,
                "healthy_threshold": 2,
                "interval": 30,
                "matcher": "200",
                "path": "/",
                "port": "traffic-port",
                "protocol": "HTTP",
                "timeout": 5,
                "unhealthy_threshold": 2
              }
            ],
            "id": "arn:aws:elasticloadbalancing:us-east-1:484375727565:targetgroup/airpr-visitor-estimation-in/ab1fc3ba21164b50",
            "lambda_multi_value_headers_enabled": null,
            "load_balancing_algorithm_type": "round_robin",
            "name": "airpr-visitor-estimation-in",
            "name_prefix": null,
            "port": 80,
            "preserve_client_ip": null,
            "protocol": "HTTP",
            "protocol_version": "HTTP1",
            "proxy_protocol_v2": null,
            "slow_start": 0,
            "stickiness": [
              {
                "cookie_duration": 86400,
                "cookie_name": "",
                "enabled": false,
                "type": "lb_cookie"
              }
            ],
            "tags": {},
            "tags_all": {},
            "target_type": "ip",
            "vpc_id": "vpc-8e992de8"
          },
          "sensitive_attributes": [],
          "private": "eyJzY2hlbWFfdmVyc2lvbiI6MH0="
        }
      ]
    },
    {
      "mode": "managed",
      "type": "aws_alb_target_group",
      "name": "arn_aws_elasticloadbalancing_us_east_1_484375727565_targetgroup_analyst_es_5x_86ddec83520445eb",
      "provider": "provider[\"registry.terraform.io/hashicorp/aws\"]",
      "instances": [
        {
          "schema_version": 0,
          "attributes": {
            "arn": "arn:aws:elasticloadbalancing:us-east-1:484375727565:targetgroup/analyst-es-5x/86ddec83520445eb",
            "arn_suffix": "targetgroup/analyst-es-5x/86ddec83520445eb",
            "connection_termination": null,
            "deregistration_delay": "300",
            "health_check": [
              {
                "enabled": true,
                "healthy_threshold": 2,
                "interval": 20,
                "matcher": "200",
                "path": "/",
                "port": "9200",
                "protocol": "HTTP",
                "timeout": 10,
                "unhealthy_threshold": 3
              }
            ],
            "id": "arn:aws:elasticloadbalancing:us-east-1:484375727565:targetgroup/analyst-es-5x/86ddec83520445eb",
            "lambda_multi_value_headers_enabled": null,
            "load_balancing_algorithm_type": "round_robin",
            "name": "analyst-es-5x",
            "name_prefix": null,
            "port": 9200,
            "preserve_client_ip": null,
            "protocol": "HTTP",
            "protocol_version": "HTTP1",
            "proxy_protocol_v2": null,
            "slow_start": 0,
            "stickiness": [
              {
                "cookie_duration": 86400,
                "cookie_name": "",
                "enabled": false,
                "type": "lb_cookie"
              }
            ],
            "tags": {},
            "tags_all": {},
            "target_type": "instance",
            "vpc_id": "vpc-8e992de8"
          },
          "sensitive_attributes": [],
          "private": "eyJzY2hlbWFfdmVyc2lvbiI6MH0="
        }
      ]
    },
    {
      "mode": "managed",
      "type": "aws_alb_target_group",
      "name": "arn_aws_elasticloadbalancing_us_east_1_484375727565_targetgroup_analytics_es_5x_30d8eda4d7d7eeda",
      "provider": "provider[\"registry.terraform.io/hashicorp/aws\"]",
      "instances": [
        {
          "schema_version": 0,
          "attributes": {
            "arn": "arn:aws:elasticloadbalancing:us-east-1:484375727565:targetgroup/analytics-es-5x/30d8eda4d7d7eeda",
            "arn_suffix": "targetgroup/analytics-es-5x/30d8eda4d7d7eeda",
            "connection_termination": null,
            "deregistration_delay": "300",
            "health_check": [
              {
                "enabled": true,
                "healthy_threshold": 2,
                "interval": 15,
                "matcher": "200",
                "path": "/",
                "port": "9200",
                "protocol": "HTTP",
                "timeout": 10,
                "unhealthy_threshold": 3
              }
            ],
            "id": "arn:aws:elasticloadbalancing:us-east-1:484375727565:targetgroup/analytics-es-5x/30d8eda4d7d7eeda",
            "lambda_multi_value_headers_enabled": null,
            "load_balancing_algorithm_type": "round_robin",
            "name": "analytics-es-5x",
            "name_prefix": null,
            "port": 9200,
            "preserve_client_ip": null,
            "protocol": "HTTP",
            "protocol_version": "HTTP1",
            "proxy_protocol_v2": null,
            "slow_start": 0,
            "stickiness": [
              {
                "cookie_duration": 86400,
                "cookie_name": "",
                "enabled": false,
                "type": "lb_cookie"
              }
            ],
            "tags": {},
            "tags_all": {},
            "target_type": "instance",
            "vpc_id": "vpc-8e992de8"
          },
          "sensitive_attributes": [],
          "private": "eyJzY2hlbWFfdmVyc2lvbiI6MH0="
        }
      ]
    },
    {
      "mode": "managed",
      "type": "aws_alb_target_group",
      "name": "arn_aws_elasticloadbalancing_us_east_1_484375727565_targetgroup_analytics_es_6x_19bf24db8bb506fc",
      "provider": "provider[\"registry.terraform.io/hashicorp/aws\"]",
      "instances": [
        {
          "schema_version": 0,
          "attributes": {
            "arn": "arn:aws:elasticloadbalancing:us-east-1:484375727565:targetgroup/analytics-es-6x/19bf24db8bb506fc",
            "arn_suffix": "targetgroup/analytics-es-6x/19bf24db8bb506fc",
            "connection_termination": null,
            "deregistration_delay": "300",
            "health_check": [
              {
                "enabled": true,
                "healthy_threshold": 2,
                "interval": 20,
                "matcher": "200",
                "path": "/",
                "port": "9200",
                "protocol": "HTTP",
                "timeout": 10,
                "unhealthy_threshold": 3
              }
            ],
            "id": "arn:aws:elasticloadbalancing:us-east-1:484375727565:targetgroup/analytics-es-6x/19bf24db8bb506fc",
            "lambda_multi_value_headers_enabled": null,
            "load_balancing_algorithm_type": "round_robin",
            "name": "analytics-es-6x",
            "name_prefix": null,
            "port": 9200,
            "preserve_client_ip": null,
            "protocol": "HTTP",
            "protocol_version": "HTTP1",
            "proxy_protocol_v2": null,
            "slow_start": 0,
            "stickiness": [
              {
                "cookie_duration": 86400,
                "cookie_name": "",
                "enabled": false,
                "type": "lb_cookie"
              }
            ],
            "tags": {},
            "tags_all": {},
            "target_type": "instance",
            "vpc_id": "vpc-8e992de8"
          },
          "sensitive_attributes": [],
          "private": "eyJzY2hlbWFfdmVyc2lvbiI6MH0="
        }
      ]
    },
    {
      "mode": "managed",
      "type": "aws_alb_target_group",
      "name": "arn_aws_elasticloadbalancing_us_east_1_484375727565_targetgroup_awseb_e_t_awsebloa_1nbqqiydfq9fu_6168e72d139f6660",
      "provider": "provider[\"registry.terraform.io/hashicorp/aws\"]",
      "instances": [
        {
          "schema_version": 0,
          "attributes": {
            "arn": "arn:aws:elasticloadbalancing:us-east-1:484375727565:targetgroup/awseb-e-t-AWSEBLoa-1NBQQIYDFQ9FU/6168e72d139f6660",
            "arn_suffix": "targetgroup/awseb-e-t-AWSEBLoa-1NBQQIYDFQ9FU/6168e72d139f6660",
            "connection_termination": null,
            "deregistration_delay": "300",
            "health_check": [
              {
                "enabled": true,
                "healthy_threshold": 3,
                "interval": 10,
                "matcher": "200",
                "path": "/",
                "port": "80",
                "protocol": "HTTP",
                "timeout": 5,
                "unhealthy_threshold": 5
              }
            ],
            "id": "arn:aws:elasticloadbalancing:us-east-1:484375727565:targetgroup/awseb-e-t-AWSEBLoa-1NBQQIYDFQ9FU/6168e72d139f6660",
            "lambda_multi_value_headers_enabled": null,
            "load_balancing_algorithm_type": "round_robin",
            "name": "awseb-e-t-AWSEBLoa-1NBQQIYDFQ9FU",
            "name_prefix": null,
            "port": 80,
            "preserve_client_ip": null,
            "protocol": "HTTP",
            "protocol_version": "HTTP1",
            "proxy_protocol_v2": null,
            "slow_start": 0,
            "stickiness": [
              {
                "cookie_duration": 86400,
                "cookie_name": "",
                "enabled": false,
                "type": "lb_cookie"
              }
            ],
            "tags": {},
            "tags_all": {},
            "target_type": "instance",
            "vpc_id": "vpc-8e992de8"
          },
          "sensitive_attributes": [],
          "private": "eyJzY2hlbWFfdmVyc2lvbiI6MH0="
        }
      ]
    },
    {
      "mode": "managed",
      "type": "aws_alb_target_group",
      "name": "arn_aws_elasticloadbalancing_us_east_1_484375727565_targetgroup_cerebro_44003fc029dc2925",
      "provider": "provider[\"registry.terraform.io/hashicorp/aws\"]",
      "instances": [
        {
          "schema_version": 0,
          "attributes": {
            "arn": "arn:aws:elasticloadbalancing:us-east-1:484375727565:targetgroup/cerebro/44003fc029dc2925",
            "arn_suffix": "targetgroup/cerebro/44003fc029dc2925",
            "connection_termination": null,
            "deregistration_delay": "300",
            "health_check": [
              {
                "enabled": true,
                "healthy_threshold": 3,
                "interval": 30,
                "matcher": "200",
                "path": "/login",
                "port": "traffic-port",
                "protocol": "HTTP",
                "timeout": 5,
                "unhealthy_threshold": 3
              }
            ],
            "id": "arn:aws:elasticloadbalancing:us-east-1:484375727565:targetgroup/cerebro/44003fc029dc2925",
            "lambda_multi_value_headers_enabled": null,
            "load_balancing_algorithm_type": "round_robin",
            "name": "cerebro",
            "name_prefix": null,
            "port": 80,
            "preserve_client_ip": null,
            "protocol": "HTTP",
            "protocol_version": "HTTP1",
            "proxy_protocol_v2": null,
            "slow_start": 0,
            "stickiness": [
              {
                "cookie_duration": 86400,
                "cookie_name": "",
                "enabled": false,
                "type": "lb_cookie"
              }
            ],
            "tags": {},
            "tags_all": {},
            "target_type": "instance",
            "vpc_id": "vpc-a2450ec7"
          },
          "sensitive_attributes": [],
          "private": "eyJzY2hlbWFfdmVyc2lvbiI6MH0="
        }
      ]
    },
    {
      "mode": "managed",
      "type": "aws_alb_target_group",
      "name": "arn_aws_elasticloadbalancing_us_east_1_484375727565_targetgroup_crawler_es_5x_client_apps_tg_4c347dc6984837be",
      "provider": "provider[\"registry.terraform.io/hashicorp/aws\"]",
      "instances": [
        {
          "schema_version": 0,
          "attributes": {
            "arn": "arn:aws:elasticloadbalancing:us-east-1:484375727565:targetgroup/crawler-es-5x-client-apps-tg/4c347dc6984837be",
            "arn_suffix": "targetgroup/crawler-es-5x-client-apps-tg/4c347dc6984837be",
            "connection_termination": null,
            "deregistration_delay": "300",
            "health_check": [
              {
                "enabled": true,
                "healthy_threshold": 5,
                "interval": 60,
                "matcher": "200",
                "path": "/broadcast/_search",
                "port": "traffic-port",
                "protocol": "HTTP",
                "timeout": 59,
                "unhealthy_threshold": 2
              }
            ],
            "id": "arn:aws:elasticloadbalancing:us-east-1:484375727565:targetgroup/crawler-es-5x-client-apps-tg/4c347dc6984837be",
            "lambda_multi_value_headers_enabled": null,
            "load_balancing_algorithm_type": "round_robin",
            "name": "crawler-es-5x-client-apps-tg",
            "name_prefix": null,
            "port": 1,
            "preserve_client_ip": null,
            "protocol": "HTTP",
            "protocol_version": "HTTP1",
            "proxy_protocol_v2": null,
            "slow_start": 0,
            "stickiness": [
              {
                "cookie_duration": 86400,
                "cookie_name": "",
                "enabled": false,
                "type": "lb_cookie"
              }
            ],
            "tags": {},
            "tags_all": {},
            "target_type": "instance",
            "vpc_id": "vpc-8e992de8"
          },
          "sensitive_attributes": [],
          "private": "eyJzY2hlbWFfdmVyc2lvbiI6MH0="
        }
      ]
    },
    {
      "mode": "managed",
      "type": "aws_alb_target_group",
      "name": "arn_aws_elasticloadbalancing_us_east_1_484375727565_targetgroup_crawler_es_5x_client_b8f5bd0f878cdd9e",
      "provider": "provider[\"registry.terraform.io/hashicorp/aws\"]",
      "instances": [
        {
          "schema_version": 0,
          "attributes": {
            "arn": "arn:aws:elasticloadbalancing:us-east-1:484375727565:targetgroup/crawler-es-5x-client/b8f5bd0f878cdd9e",
            "arn_suffix": "targetgroup/crawler-es-5x-client/b8f5bd0f878cdd9e",
            "connection_termination": null,
            "deregistration_delay": "300",
            "health_check": [
              {
                "enabled": true,
                "healthy_threshold": 6,
                "interval": 60,
                "matcher": "200",
                "path": "/broadcast/_search",
                "port": "9200",
                "protocol": "HTTP",
                "timeout": 59,
                "unhealthy_threshold": 2
              }
            ],
            "id": "arn:aws:elasticloadbalancing:us-east-1:484375727565:targetgroup/crawler-es-5x-client/b8f5bd0f878cdd9e",
            "lambda_multi_value_headers_enabled": null,
            "load_balancing_algorithm_type": "round_robin",
            "name": "crawler-es-5x-client",
            "name_prefix": null,
            "port": 9200,
            "preserve_client_ip": null,
            "protocol": "HTTP",
            "protocol_version": "HTTP1",
            "proxy_protocol_v2": null,
            "slow_start": 0,
            "stickiness": [
              {
                "cookie_duration": 86400,
                "cookie_name": "",
                "enabled": false,
                "type": "lb_cookie"
              }
            ],
            "tags": {},
            "tags_all": {},
            "target_type": "instance",
            "vpc_id": "vpc-8e992de8"
          },
          "sensitive_attributes": [],
          "private": "eyJzY2hlbWFfdmVyc2lvbiI6MH0="
        }
      ]
    },
    {
      "mode": "managed",
      "type": "aws_alb_target_group",
      "name": "arn_aws_elasticloadbalancing_us_east_1_484375727565_targetgroup_crawler_es_5x_client_external_7ec87b03b81a9780",
      "provider": "provider[\"registry.terraform.io/hashicorp/aws\"]",
      "instances": [
        {
          "schema_version": 0,
          "attributes": {
            "arn": "arn:aws:elasticloadbalancing:us-east-1:484375727565:targetgroup/crawler-es-5x-client-external/7ec87b03b81a9780",
            "arn_suffix": "targetgroup/crawler-es-5x-client-external/7ec87b03b81a9780",
            "connection_termination": null,
            "deregistration_delay": "300",
            "health_check": [
              {
                "enabled": true,
                "healthy_threshold": 4,
                "interval": 60,
                "matcher": "200",
                "path": "/broadcast/_search",
                "port": "9200",
                "protocol": "HTTP",
                "timeout": 59,
                "unhealthy_threshold": 2
              }
            ],
            "id": "arn:aws:elasticloadbalancing:us-east-1:484375727565:targetgroup/crawler-es-5x-client-external/7ec87b03b81a9780",
            "lambda_multi_value_headers_enabled": null,
            "load_balancing_algorithm_type": "round_robin",
            "name": "crawler-es-5x-client-external",
            "name_prefix": null,
            "port": 9200,
            "preserve_client_ip": null,
            "protocol": "HTTP",
            "protocol_version": "HTTP1",
            "proxy_protocol_v2": null,
            "slow_start": 0,
            "stickiness": [
              {
                "cookie_duration": 86400,
                "cookie_name": "",
                "enabled": false,
                "type": "lb_cookie"
              }
            ],
            "tags": {},
            "tags_all": {},
            "target_type": "instance",
            "vpc_id": "vpc-8e992de8"
          },
          "sensitive_attributes": [],
          "private": "eyJzY2hlbWFfdmVyc2lvbiI6MH0="
        }
      ]
    },
    {
      "mode": "managed",
      "type": "aws_alb_target_group",
      "name": "arn_aws_elasticloadbalancing_us_east_1_484375727565_targetgroup_crawler_es_5x_e38e4860a7fdfac3",
      "provider": "provider[\"registry.terraform.io/hashicorp/aws\"]",
      "instances": [
        {
          "schema_version": 0,
          "attributes": {
            "arn": "arn:aws:elasticloadbalancing:us-east-1:484375727565:targetgroup/crawler-es-5x/e38e4860a7fdfac3",
            "arn_suffix": "targetgroup/crawler-es-5x/e38e4860a7fdfac3",
            "connection_termination": null,
            "deregistration_delay": "300",
            "health_check": [
              {
                "enabled": true,
                "healthy_threshold": 3,
                "interval": 60,
                "matcher": "200",
                "path": "/crawler-recent/_search",
                "port": "9200",
                "protocol": "HTTP",
                "timeout": 59,
                "unhealthy_threshold": 3
              }
            ],
            "id": "arn:aws:elasticloadbalancing:us-east-1:484375727565:targetgroup/crawler-es-5x/e38e4860a7fdfac3",
            "lambda_multi_value_headers_enabled": null,
            "load_balancing_algorithm_type": "round_robin",
            "name": "crawler-es-5x",
            "name_prefix": null,
            "port": 9200,
            "preserve_client_ip": null,
            "protocol": "HTTP",
            "protocol_version": "HTTP1",
            "proxy_protocol_v2": null,
            "slow_start": 0,
            "stickiness": [
              {
                "cookie_duration": 86400,
                "cookie_name": "",
                "enabled": false,
                "type": "lb_cookie"
              }
            ],
            "tags": {},
            "tags_all": {},
            "target_type": "instance",
            "vpc_id": "vpc-8e992de8"
          },
          "sensitive_attributes": [],
          "private": "eyJzY2hlbWFfdmVyc2lvbiI6MH0="
        }
      ]
    },
    {
      "mode": "managed",
      "type": "aws_alb_target_group",
      "name": "arn_aws_elasticloadbalancing_us_east_1_484375727565_targetgroup_crawler_es_5x_prod_tg_a7eb1c0fafaa8f36",
      "provider": "provider[\"registry.terraform.io/hashicorp/aws\"]",
      "instances": [
        {
          "schema_version": 0,
          "attributes": {
            "arn": "arn:aws:elasticloadbalancing:us-east-1:484375727565:targetgroup/crawler-es-5x-prod-tg/a7eb1c0fafaa8f36",
            "arn_suffix": "targetgroup/crawler-es-5x-prod-tg/a7eb1c0fafaa8f36",
            "connection_termination": null,
            "deregistration_delay": "300",
            "health_check": [
              {
                "enabled": true,
                "healthy_threshold": 5,
                "interval": 60,
                "matcher": "200",
                "path": "/broadcast/_search",
                "port": "traffic-port",
                "protocol": "HTTP",
                "timeout": 59,
                "unhealthy_threshold": 2
              }
            ],
            "id": "arn:aws:elasticloadbalancing:us-east-1:484375727565:targetgroup/crawler-es-5x-prod-tg/a7eb1c0fafaa8f36",
            "lambda_multi_value_headers_enabled": null,
            "load_balancing_algorithm_type": "round_robin",
            "name": "crawler-es-5x-prod-tg",
            "name_prefix": null,
            "port": 9200,
            "preserve_client_ip": null,
            "protocol": "HTTP",
            "protocol_version": "HTTP1",
            "proxy_protocol_v2": null,
            "slow_start": 0,
            "stickiness": [
              {
                "cookie_duration": 86400,
                "cookie_name": "",
                "enabled": false,
                "type": "lb_cookie"
              }
            ],
            "tags": {},
            "tags_all": {},
            "target_type": "instance",
            "vpc_id": "vpc-8e992de8"
          },
          "sensitive_attributes": [],
          "private": "eyJzY2hlbWFfdmVyc2lvbiI6MH0="
        }
      ]
    },
    {
      "mode": "managed",
      "type": "aws_alb_target_group",
      "name": "arn_aws_elasticloadbalancing_us_east_1_484375727565_targetgroup_crawler_es_6x_e199539b3fef0122",
      "provider": "provider[\"registry.terraform.io/hashicorp/aws\"]",
      "instances": [
        {
          "schema_version": 0,
          "attributes": {
            "arn": "arn:aws:elasticloadbalancing:us-east-1:484375727565:targetgroup/crawler-es-6x/e199539b3fef0122",
            "arn_suffix": "targetgroup/crawler-es-6x/e199539b3fef0122",
            "connection_termination": null,
            "deregistration_delay": "300",
            "health_check": [
              {
                "enabled": true,
                "healthy_threshold": 2,
                "interval": 60,
                "matcher": "200",
                "path": "/",
                "port": "9200",
                "protocol": "HTTP",
                "timeout": 59,
                "unhealthy_threshold": 3
              }
            ],
            "id": "arn:aws:elasticloadbalancing:us-east-1:484375727565:targetgroup/crawler-es-6x/e199539b3fef0122",
            "lambda_multi_value_headers_enabled": null,
            "load_balancing_algorithm_type": "round_robin",
            "name": "crawler-es-6x",
            "name_prefix": null,
            "port": 9200,
            "preserve_client_ip": null,
            "protocol": "HTTP",
            "protocol_version": "HTTP1",
            "proxy_protocol_v2": null,
            "slow_start": 0,
            "stickiness": [
              {
                "cookie_duration": 86400,
                "cookie_name": "",
                "enabled": false,
                "type": "lb_cookie"
              }
            ],
            "tags": {},
            "tags_all": {},
            "target_type": "instance",
            "vpc_id": "vpc-8e992de8"
          },
          "sensitive_attributes": [],
          "private": "eyJzY2hlbWFfdmVyc2lvbiI6MH0="
        }
      ]
    },
    {
      "mode": "managed",
      "type": "aws_alb_target_group",
      "name": "arn_aws_elasticloadbalancing_us_east_1_484375727565_targetgroup_crawler_es_client_3701de8785773646",
      "provider": "provider[\"registry.terraform.io/hashicorp/aws\"]",
      "instances": [
        {
          "schema_version": 0,
          "attributes": {
            "arn": "arn:aws:elasticloadbalancing:us-east-1:484375727565:targetgroup/crawler-es-client/3701de8785773646",
            "arn_suffix": "targetgroup/crawler-es-client/3701de8785773646",
            "connection_termination": null,
            "deregistration_delay": "300",
            "health_check": [
              {
                "enabled": true,
                "healthy_threshold": 2,
                "interval": 60,
                "matcher": "200",
                "path": "/",
                "port": "9200",
                "protocol": "HTTP",
                "timeout": 59,
                "unhealthy_threshold": 5
              }
            ],
            "id": "arn:aws:elasticloadbalancing:us-east-1:484375727565:targetgroup/crawler-es-client/3701de8785773646",
            "lambda_multi_value_headers_enabled": null,
            "load_balancing_algorithm_type": "round_robin",
            "name": "crawler-es-client",
            "name_prefix": null,
            "port": 9200,
            "preserve_client_ip": null,
            "protocol": "HTTP",
            "protocol_version": "HTTP1",
            "proxy_protocol_v2": null,
            "slow_start": 0,
            "stickiness": [
              {
                "cookie_duration": 86400,
                "cookie_name": "",
                "enabled": false,
                "type": "lb_cookie"
              }
            ],
            "tags": {},
            "tags_all": {},
            "target_type": "instance",
            "vpc_id": "vpc-a2450ec7"
          },
          "sensitive_attributes": [],
          "private": "eyJzY2hlbWFfdmVyc2lvbiI6MH0="
        }
      ]
    },
    {
      "mode": "managed",
      "type": "aws_alb_target_group",
      "name": "arn_aws_elasticloadbalancing_us_east_1_484375727565_targetgroup_crawler_es_master_health_check_c79135d15f5f056a",
      "provider": "provider[\"registry.terraform.io/hashicorp/aws\"]",
      "instances": [
        {
          "schema_version": 0,
          "attributes": {
            "arn": "arn:aws:elasticloadbalancing:us-east-1:484375727565:targetgroup/Crawler-es-master-health-check/c79135d15f5f056a",
            "arn_suffix": "targetgroup/Crawler-es-master-health-check/c79135d15f5f056a",
            "connection_termination": null,
            "deregistration_delay": "300",
            "health_check": [
              {
                "enabled": true,
                "healthy_threshold": 3,
                "interval": 30,
                "matcher": "200",
                "path": "/crawler-recent/_search",
                "port": "9200",
                "protocol": "HTTP",
                "timeout": 29,
                "unhealthy_threshold": 2
              }
            ],
            "id": "arn:aws:elasticloadbalancing:us-east-1:484375727565:targetgroup/Crawler-es-master-health-check/c79135d15f5f056a",
            "lambda_multi_value_headers_enabled": null,
            "load_balancing_algorithm_type": "round_robin",
            "name": "Crawler-es-master-health-check",
            "name_prefix": null,
            "port": 9200,
            "preserve_client_ip": null,
            "protocol": "HTTP",
            "protocol_version": "HTTP1",
            "proxy_protocol_v2": null,
            "slow_start": 0,
            "stickiness": [
              {
                "cookie_duration": 86400,
                "cookie_name": "",
                "enabled": false,
                "type": "lb_cookie"
              }
            ],
            "tags": {
              "Billing": "Crawler",
              "Billing-details": "Crawler-master-health"
            },
            "tags_all": {
              "Billing": "Crawler",
              "Billing-details": "Crawler-master-health"
            },
            "target_type": "instance",
            "vpc_id": "vpc-8e992de8"
          },
          "sensitive_attributes": [],
          "private": "eyJzY2hlbWFfdmVyc2lvbiI6MH0="
        }
      ]
    },
    {
      "mode": "managed",
      "type": "aws_alb_target_group",
      "name": "arn_aws_elasticloadbalancing_us_east_1_484375727565_targetgroup_crawler_percolates_5x_86fef6459504b7b1",
      "provider": "provider[\"registry.terraform.io/hashicorp/aws\"]",
      "instances": [
        {
          "schema_version": 0,
          "attributes": {
            "arn": "arn:aws:elasticloadbalancing:us-east-1:484375727565:targetgroup/crawler-percolates-5x/86fef6459504b7b1",
            "arn_suffix": "targetgroup/crawler-percolates-5x/86fef6459504b7b1",
            "connection_termination": null,
            "deregistration_delay": "30",
            "health_check": [
              {
                "enabled": true,
                "healthy_threshold": 2,
                "interval": 20,
                "matcher": "200",
                "path": "/",
                "port": "9200",
                "protocol": "HTTP",
                "timeout": 18,
                "unhealthy_threshold": 4
              }
            ],
            "id": "arn:aws:elasticloadbalancing:us-east-1:484375727565:targetgroup/crawler-percolates-5x/86fef6459504b7b1",
            "lambda_multi_value_headers_enabled": null,
            "load_balancing_algorithm_type": "least_outstanding_requests",
            "name": "crawler-percolates-5x",
            "name_prefix": null,
            "port": 9200,
            "preserve_client_ip": null,
            "protocol": "HTTP",
            "protocol_version": "HTTP1",
            "proxy_protocol_v2": null,
            "slow_start": 0,
            "stickiness": [
              {
                "cookie_duration": 86400,
                "cookie_name": "",
                "enabled": false,
                "type": "lb_cookie"
              }
            ],
            "tags": {},
            "tags_all": {},
            "target_type": "instance",
            "vpc_id": "vpc-8e992de8"
          },
          "sensitive_attributes": [],
          "private": "eyJzY2hlbWFfdmVyc2lvbiI6MH0="
        }
      ]
    },
    {
      "mode": "managed",
      "type": "aws_alb_target_group",
      "name": "arn_aws_elasticloadbalancing_us_east_1_484375727565_targetgroup_crawler_percolates_fe_5x_e286814ecab26c00",
      "provider": "provider[\"registry.terraform.io/hashicorp/aws\"]",
      "instances": [
        {
          "schema_version": 0,
          "attributes": {
            "arn": "arn:aws:elasticloadbalancing:us-east-1:484375727565:targetgroup/crawler-percolates-fe-5x/e286814ecab26c00",
            "arn_suffix": "targetgroup/crawler-percolates-fe-5x/e286814ecab26c00",
            "connection_termination": null,
            "deregistration_delay": "300",
            "health_check": [
              {
                "enabled": true,
                "healthy_threshold": 2,
                "interval": 20,
                "matcher": "200",
                "path": "/",
                "port": "9200",
                "protocol": "HTTP",
                "timeout": 10,
                "unhealthy_threshold": 3
              }
            ],
            "id": "arn:aws:elasticloadbalancing:us-east-1:484375727565:targetgroup/crawler-percolates-fe-5x/e286814ecab26c00",
            "lambda_multi_value_headers_enabled": null,
            "load_balancing_algorithm_type": "round_robin",
            "name": "crawler-percolates-fe-5x",
            "name_prefix": null,
            "port": 9200,
            "preserve_client_ip": null,
            "protocol": "HTTP",
            "protocol_version": "HTTP1",
            "proxy_protocol_v2": null,
            "slow_start": 0,
            "stickiness": [
              {
                "cookie_duration": 86400,
                "cookie_name": "",
                "enabled": false,
                "type": "lb_cookie"
              }
            ],
            "tags": {},
            "tags_all": {},
            "target_type": "instance",
            "vpc_id": "vpc-8e992de8"
          },
          "sensitive_attributes": [],
          "private": "eyJzY2hlbWFfdmVyc2lvbiI6MH0="
        }
      ]
    },
    {
      "mode": "managed",
      "type": "aws_alb_target_group",
      "name": "arn_aws_elasticloadbalancing_us_east_1_484375727565_targetgroup_crawler_prod_es_6x_6e3338061ac5c780",
      "provider": "provider[\"registry.terraform.io/hashicorp/aws\"]",
      "instances": [
        {
          "schema_version": 0,
          "attributes": {
            "arn": "arn:aws:elasticloadbalancing:us-east-1:484375727565:targetgroup/crawler-prod-es-6x/6e3338061ac5c780",
            "arn_suffix": "targetgroup/crawler-prod-es-6x/6e3338061ac5c780",
            "connection_termination": null,
            "deregistration_delay": "300",
            "health_check": [
              {
                "enabled": true,
                "healthy_threshold": 2,
                "interval": 60,
                "matcher": "200",
                "path": "/",
                "port": "9200",
                "protocol": "HTTP",
                "timeout": 59,
                "unhealthy_threshold": 3
              }
            ],
            "id": "arn:aws:elasticloadbalancing:us-east-1:484375727565:targetgroup/crawler-prod-es-6x/6e3338061ac5c780",
            "lambda_multi_value_headers_enabled": null,
            "load_balancing_algorithm_type": "round_robin",
            "name": "crawler-prod-es-6x",
            "name_prefix": null,
            "port": 9200,
            "preserve_client_ip": null,
            "protocol": "HTTP",
            "protocol_version": "HTTP1",
            "proxy_protocol_v2": null,
            "slow_start": 0,
            "stickiness": [
              {
                "cookie_duration": 86400,
                "cookie_name": "",
                "enabled": false,
                "type": "lb_cookie"
              }
            ],
            "tags": {},
            "tags_all": {},
            "target_type": "instance",
            "vpc_id": "vpc-8e992de8"
          },
          "sensitive_attributes": [],
          "private": "eyJzY2hlbWFfdmVyc2lvbiI6MH0="
        }
      ]
    },
    {
      "mode": "managed",
      "type": "aws_alb_target_group",
      "name": "arn_aws_elasticloadbalancing_us_east_1_484375727565_targetgroup_ec73704e_376504958c1a5495477_642bd7c910cfe10c",
      "provider": "provider[\"registry.terraform.io/hashicorp/aws\"]",
      "instances": [
        {
          "schema_version": 0,
          "attributes": {
            "arn": "arn:aws:elasticloadbalancing:us-east-1:484375727565:targetgroup/ec73704e-376504958c1a5495477/642bd7c910cfe10c",
            "arn_suffix": "targetgroup/ec73704e-376504958c1a5495477/642bd7c910cfe10c",
            "connection_termination": null,
            "deregistration_delay": "300",
            "health_check": [
              {
                "enabled": true,
                "healthy_threshold": 2,
                "interval": 15,
                "matcher": "200",
                "path": "/v1/models/bert_sentiment",
                "port": "traffic-port",
                "protocol": "HTTP",
                "timeout": 5,
                "unhealthy_threshold": 2
              }
            ],
            "id": "arn:aws:elasticloadbalancing:us-east-1:484375727565:targetgroup/ec73704e-376504958c1a5495477/642bd7c910cfe10c",
            "lambda_multi_value_headers_enabled": null,
            "load_balancing_algorithm_type": "round_robin",
            "name": "ec73704e-376504958c1a5495477",
            "name_prefix": null,
            "port": 1,
            "preserve_client_ip": null,
            "protocol": "HTTP",
            "protocol_version": "HTTP1",
            "proxy_protocol_v2": null,
            "slow_start": 0,
            "stickiness": [
              {
                "cookie_duration": 86400,
                "cookie_name": "",
                "enabled": false,
                "type": "lb_cookie"
              }
            ],
            "tags": {
              "ingress.k8s.aws/cluster": "eks-data-prod-main-2",
              "ingress.k8s.aws/resource": "dev/dev-ingress-sentiment-tensorflow-alb:8501",
              "ingress.k8s.aws/stack": "dev/dev-ingress",
              "kubernetes.io/cluster/eks-data-prod-main-2": "owned",
              "kubernetes.io/ingress-name": "dev-ingress",
              "kubernetes.io/namespace": "dev",
              "kubernetes.io/service-name": "sentiment-tensorflow-alb",
              "kubernetes.io/service-port": "8501"
            },
            "tags_all": {
              "ingress.k8s.aws/cluster": "eks-data-prod-main-2",
              "ingress.k8s.aws/resource": "dev/dev-ingress-sentiment-tensorflow-alb:8501",
              "ingress.k8s.aws/stack": "dev/dev-ingress",
              "kubernetes.io/cluster/eks-data-prod-main-2": "owned",
              "kubernetes.io/ingress-name": "dev-ingress",
              "kubernetes.io/namespace": "dev",
              "kubernetes.io/service-name": "sentiment-tensorflow-alb",
              "kubernetes.io/service-port": "8501"
            },
            "target_type": "instance",
            "vpc_id": "vpc-8e992de8"
          },
          "sensitive_attributes": [],
          "private": "eyJzY2hlbWFfdmVyc2lvbiI6MH0="
        }
      ]
    },
    {
      "mode": "managed",
      "type": "aws_alb_target_group",
      "name": "arn_aws_elasticloadbalancing_us_east_1_484375727565_targetgroup_eks_data_prod_external_ae77efafde975ad1",
      "provider": "provider[\"registry.terraform.io/hashicorp/aws\"]",
      "instances": [
        {
          "schema_version": 0,
          "attributes": {
            "arn": "arn:aws:elasticloadbalancing:us-east-1:484375727565:targetgroup/eks-data-prod-external/ae77efafde975ad1",
            "arn_suffix": "targetgroup/eks-data-prod-external/ae77efafde975ad1",
            "connection_termination": false,
            "deregistration_delay": "300",
            "health_check": [
              {
                "enabled": true,
                "healthy_threshold": 3,
                "interval": 30,
                "matcher": "200-399",
                "path": "/health_check",
                "port": "443",
                "protocol": "HTTPS",
                "timeout": 10,
                "unhealthy_threshold": 3
              }
            ],
            "id": "arn:aws:elasticloadbalancing:us-east-1:484375727565:targetgroup/eks-data-prod-external/ae77efafde975ad1",
            "lambda_multi_value_headers_enabled": null,
            "load_balancing_algorithm_type": null,
            "name": "eks-data-prod-external",
            "name_prefix": null,
            "port": 80,
            "preserve_client_ip": "true",
            "protocol": "TCP",
            "protocol_version": null,
            "proxy_protocol_v2": false,
            "slow_start": null,
            "stickiness": [
              {
                "cookie_duration": 0,
                "cookie_name": "",
                "enabled": false,
                "type": "source_ip"
              }
            ],
            "tags": {},
            "tags_all": {},
            "target_type": "alb",
            "vpc_id": "vpc-8e992de8"
          },
          "sensitive_attributes": [],
          "private": "eyJzY2hlbWFfdmVyc2lvbiI6MH0="
        }
      ]
    },
    {
      "mode": "managed",
      "type": "aws_alb_target_group",
      "name": "arn_aws_elasticloadbalancing_us_east_1_484375727565_targetgroup_eks_data_prod_external_ssl_5057b81a56be1b8c",
      "provider": "provider[\"registry.terraform.io/hashicorp/aws\"]",
      "instances": [
        {
          "schema_version": 0,
          "attributes": {
            "arn": "arn:aws:elasticloadbalancing:us-east-1:484375727565:targetgroup/eks-data-prod-external-ssl/5057b81a56be1b8c",
            "arn_suffix": "targetgroup/eks-data-prod-external-ssl/5057b81a56be1b8c",
            "connection_termination": false,
            "deregistration_delay": "300",
            "health_check": [
              {
                "enabled": true,
                "healthy_threshold": 3,
                "interval": 30,
                "matcher": "200-399",
                "path": "/health_check",
                "port": "traffic-port",
                "protocol": "HTTPS",
                "timeout": 10,
                "unhealthy_threshold": 3
              }
            ],
            "id": "arn:aws:elasticloadbalancing:us-east-1:484375727565:targetgroup/eks-data-prod-external-ssl/5057b81a56be1b8c",
            "lambda_multi_value_headers_enabled": null,
            "load_balancing_algorithm_type": null,
            "name": "eks-data-prod-external-ssl",
            "name_prefix": null,
            "port": 443,
            "preserve_client_ip": "true",
            "protocol": "TCP",
            "protocol_version": null,
            "proxy_protocol_v2": false,
            "slow_start": null,
            "stickiness": [
              {
                "cookie_duration": 0,
                "cookie_name": "",
                "enabled": false,
                "type": "source_ip"
              }
            ],
            "tags": {},
            "tags_all": {},
            "target_type": "alb",
            "vpc_id": "vpc-8e992de8"
          },
          "sensitive_attributes": [],
          "private": "eyJzY2hlbWFfdmVyc2lvbiI6MH0="
        }
      ]
    },
    {
      "mode": "managed",
      "type": "aws_alb_target_group",
      "name": "arn_aws_elasticloadbalancing_us_east_1_484375727565_targetgroup_eks_data_prod_sentence_tokenize_3052e2108cf3dd47",
      "provider": "provider[\"registry.terraform.io/hashicorp/aws\"]",
      "instances": [
        {
          "schema_version": 0,
          "attributes": {
            "arn": "arn:aws:elasticloadbalancing:us-east-1:484375727565:targetgroup/eks-data-prod-sentence-tokenize/3052e2108cf3dd47",
            "arn_suffix": "targetgroup/eks-data-prod-sentence-tokenize/3052e2108cf3dd47",
            "connection_termination": null,
            "deregistration_delay": "300",
            "health_check": [
              {
                "enabled": true,
                "healthy_threshold": 5,
                "interval": 30,
                "matcher": "200",
                "path": "/",
                "port": "traffic-port",
                "protocol": "HTTP",
                "timeout": 5,
                "unhealthy_threshold": 2
              }
            ],
            "id": "arn:aws:elasticloadbalancing:us-east-1:484375727565:targetgroup/eks-data-prod-sentence-tokenize/3052e2108cf3dd47",
            "lambda_multi_value_headers_enabled": null,
            "load_balancing_algorithm_type": "round_robin",
            "name": "eks-data-prod-sentence-tokenize",
            "name_prefix": null,
            "port": 80,
            "preserve_client_ip": null,
            "protocol": "HTTP",
            "protocol_version": "HTTP1",
            "proxy_protocol_v2": null,
            "slow_start": 0,
            "stickiness": [
              {
                "cookie_duration": 86400,
                "cookie_name": "",
                "enabled": false,
                "type": "lb_cookie"
              }
            ],
            "tags": {
              "Billing": "data",
              "Billing-Detail": "eks_data_nlp"
            },
            "tags_all": {
              "Billing": "data",
              "Billing-Detail": "eks_data_nlp"
            },
            "target_type": "instance",
            "vpc_id": "vpc-0aa7ca510d59df28c"
          },
          "sensitive_attributes": [],
          "private": "eyJzY2hlbWFfdmVyc2lvbiI6MH0="
        }
      ]
    },
    {
      "mode": "managed",
      "type": "aws_alb_target_group",
      "name": "arn_aws_elasticloadbalancing_us_east_1_484375727565_targetgroup_elasticache_nudge_analyst_47e4068b8c6e7e98",
      "provider": "provider[\"registry.terraform.io/hashicorp/aws\"]",
      "instances": [
        {
          "schema_version": 0,
          "attributes": {
            "arn": "arn:aws:elasticloadbalancing:us-east-1:484375727565:targetgroup/elasticache-nudge-analyst/47e4068b8c6e7e98",
            "arn_suffix": "targetgroup/elasticache-nudge-analyst/47e4068b8c6e7e98",
            "connection_termination": false,
            "deregistration_delay": "300",
            "health_check": [
              {
                "enabled": true,
                "healthy_threshold": 3,
                "interval": 30,
                "matcher": "",
                "path": "",
                "port": "traffic-port",
                "protocol": "TCP",
                "timeout": 10,
                "unhealthy_threshold": 3
              }
            ],
            "id": "arn:aws:elasticloadbalancing:us-east-1:484375727565:targetgroup/elasticache-nudge-analyst/47e4068b8c6e7e98",
            "lambda_multi_value_headers_enabled": null,
            "load_balancing_algorithm_type": null,
            "name": "elasticache-nudge-analyst",
            "name_prefix": null,
            "port": 6379,
            "preserve_client_ip": "false",
            "protocol": "TCP",
            "protocol_version": null,
            "proxy_protocol_v2": false,
            "slow_start": null,
            "stickiness": [
              {
                "cookie_duration": 0,
                "cookie_name": "",
                "enabled": false,
                "type": "source_ip"
              }
            ],
            "tags": {
              "Billing": "Analyst"
            },
            "tags_all": {
              "Billing": "Analyst"
            },
            "target_type": "ip",
            "vpc_id": "vpc-8e992de8"
          },
          "sensitive_attributes": [],
          "private": "eyJzY2hlbWFfdmVyc2lvbiI6MH0="
        }
      ]
    },
    {
      "mode": "managed",
      "type": "aws_alb_target_group",
      "name": "arn_aws_elasticloadbalancing_us_east_1_484375727565_targetgroup_f03c0651_019f6f9d49a94f6d97a_8e87eaba4f13ee71",
      "provider": "provider[\"registry.terraform.io/hashicorp/aws\"]",
      "instances": [
        {
          "schema_version": 0,
          "attributes": {
            "arn": "arn:aws:elasticloadbalancing:us-east-1:484375727565:targetgroup/f03c0651-019f6f9d49a94f6d97a/8e87eaba4f13ee71",
            "arn_suffix": "targetgroup/f03c0651-019f6f9d49a94f6d97a/8e87eaba4f13ee71",
            "connection_termination": null,
            "deregistration_delay": "300",
            "health_check": [
              {
                "enabled": true,
                "healthy_threshold": 2,
                "interval": 15,
                "matcher": "200",
                "path": "/health_check",
                "port": "traffic-port",
                "protocol": "HTTP",
                "timeout": 5,
                "unhealthy_threshold": 2
              }
            ],
            "id": "arn:aws:elasticloadbalancing:us-east-1:484375727565:targetgroup/f03c0651-019f6f9d49a94f6d97a/8e87eaba4f13ee71",
            "lambda_multi_value_headers_enabled": null,
            "load_balancing_algorithm_type": "round_robin",
            "name": "f03c0651-019f6f9d49a94f6d97a",
            "name_prefix": null,
            "port": 1,
            "preserve_client_ip": null,
            "protocol": "HTTP",
            "protocol_version": "HTTP1",
            "proxy_protocol_v2": null,
            "slow_start": 0,
            "stickiness": [
              {
                "cookie_duration": 86400,
                "cookie_name": "",
                "enabled": false,
                "type": "lb_cookie"
              }
            ],
            "tags": {
              "ingress.k8s.aws/cluster": "eks-data-prod-1",
              "ingress.k8s.aws/resource": "default/prod-1-ingress-genre-alb:80",
              "ingress.k8s.aws/stack": "default/prod-1-ingress",
              "kubernetes.io/cluster/eks-data-prod-1": "owned",
              "kubernetes.io/ingress-name": "prod-1-ingress",
              "kubernetes.io/namespace": "default",
              "kubernetes.io/service-name": "genre-alb",
              "kubernetes.io/service-port": "80"
            },
            "tags_all": {
              "ingress.k8s.aws/cluster": "eks-data-prod-1",
              "ingress.k8s.aws/resource": "default/prod-1-ingress-genre-alb:80",
              "ingress.k8s.aws/stack": "default/prod-1-ingress",
              "kubernetes.io/cluster/eks-data-prod-1": "owned",
              "kubernetes.io/ingress-name": "prod-1-ingress",
              "kubernetes.io/namespace": "default",
              "kubernetes.io/service-name": "genre-alb",
              "kubernetes.io/service-port": "80"
            },
            "target_type": "ip",
            "vpc_id": "vpc-8e992de8"
          },
          "sensitive_attributes": [],
          "private": "eyJzY2hlbWFfdmVyc2lvbiI6MH0="
        }
      ]
    },
    {
      "mode": "managed",
      "type": "aws_alb_target_group",
      "name": "arn_aws_elasticloadbalancing_us_east_1_484375727565_targetgroup_f03c0651_326cb0b9908915988da_09908afda0258f99",
      "provider": "provider[\"registry.terraform.io/hashicorp/aws\"]",
      "instances": [
        {
          "schema_version": 0,
          "attributes": {
            "arn": "arn:aws:elasticloadbalancing:us-east-1:484375727565:targetgroup/f03c0651-326cb0b9908915988da/09908afda0258f99",
            "arn_suffix": "targetgroup/f03c0651-326cb0b9908915988da/09908afda0258f99",
            "connection_termination": null,
            "deregistration_delay": "300",
            "health_check": [
              {
                "enabled": true,
                "healthy_threshold": 2,
                "interval": 15,
                "matcher": "200",
                "path": "/ping",
                "port": "traffic-port",
                "protocol": "HTTP",
                "timeout": 5,
                "unhealthy_threshold": 2
              }
            ],
            "id": "arn:aws:elasticloadbalancing:us-east-1:484375727565:targetgroup/f03c0651-326cb0b9908915988da/09908afda0258f99",
            "lambda_multi_value_headers_enabled": null,
            "load_balancing_algorithm_type": "round_robin",
            "name": "f03c0651-326cb0b9908915988da",
            "name_prefix": null,
            "port": 1,
            "preserve_client_ip": null,
            "protocol": "HTTP",
            "protocol_version": "HTTP1",
            "proxy_protocol_v2": null,
            "slow_start": 0,
            "stickiness": [
              {
                "cookie_duration": 86400,
                "cookie_name": "",
                "enabled": false,
                "type": "lb_cookie"
              }
            ],
            "tags": {
              "ingress.k8s.aws/cluster": "eks-data-prod-1",
              "ingress.k8s.aws/resource": "default/prod-1-ingress-sent2-inf-alb:80",
              "ingress.k8s.aws/stack": "default/prod-1-ingress",
              "kubernetes.io/cluster/eks-data-prod-1": "owned",
              "kubernetes.io/ingress-name": "prod-1-ingress",
              "kubernetes.io/namespace": "default",
              "kubernetes.io/service-name": "sent2-inf-alb",
              "kubernetes.io/service-port": "80"
            },
            "tags_all": {
              "ingress.k8s.aws/cluster": "eks-data-prod-1",
              "ingress.k8s.aws/resource": "default/prod-1-ingress-sent2-inf-alb:80",
              "ingress.k8s.aws/stack": "default/prod-1-ingress",
              "kubernetes.io/cluster/eks-data-prod-1": "owned",
              "kubernetes.io/ingress-name": "prod-1-ingress",
              "kubernetes.io/namespace": "default",
              "kubernetes.io/service-name": "sent2-inf-alb",
              "kubernetes.io/service-port": "80"
            },
            "target_type": "ip",
            "vpc_id": "vpc-8e992de8"
          },
          "sensitive_attributes": [],
          "private": "eyJzY2hlbWFfdmVyc2lvbiI6MH0="
        }
      ]
    },
    {
      "mode": "managed",
      "type": "aws_alb_target_group",
      "name": "arn_aws_elasticloadbalancing_us_east_1_484375727565_targetgroup_f03c0651_4816c1fdc113d8234ea_69140bb49ef0529e",
      "provider": "provider[\"registry.terraform.io/hashicorp/aws\"]",
      "instances": [
        {
          "schema_version": 0,
          "attributes": {
            "arn": "arn:aws:elasticloadbalancing:us-east-1:484375727565:targetgroup/f03c0651-4816c1fdc113d8234ea/69140bb49ef0529e",
            "arn_suffix": "targetgroup/f03c0651-4816c1fdc113d8234ea/69140bb49ef0529e",
            "connection_termination": null,
            "deregistration_delay": "300",
            "health_check": [
              {
                "enabled": true,
                "healthy_threshold": 2,
                "interval": 15,
                "matcher": "200",
                "path": "/health_check",
                "port": "traffic-port",
                "protocol": "HTTP",
                "timeout": 5,
                "unhealthy_threshold": 2
              }
            ],
            "id": "arn:aws:elasticloadbalancing:us-east-1:484375727565:targetgroup/f03c0651-4816c1fdc113d8234ea/69140bb49ef0529e",
            "lambda_multi_value_headers_enabled": null,
            "load_balancing_algorithm_type": "round_robin",
            "name": "f03c0651-4816c1fdc113d8234ea",
            "name_prefix": null,
            "port": 1,
            "preserve_client_ip": null,
            "protocol": "HTTP",
            "protocol_version": "HTTP1",
            "proxy_protocol_v2": null,
            "slow_start": 0,
            "stickiness": [
              {
                "cookie_duration": 86400,
                "cookie_name": "",
                "enabled": false,
                "type": "lb_cookie"
              }
            ],
            "tags": {
              "ingress.k8s.aws/cluster": "eks-data-prod-1",
              "ingress.k8s.aws/resource": "default/prod-1-ingress-gpt3-alb:80",
              "ingress.k8s.aws/stack": "default/prod-1-ingress",
              "kubernetes.io/cluster/eks-data-prod-1": "owned",
              "kubernetes.io/ingress-name": "prod-1-ingress",
              "kubernetes.io/namespace": "default",
              "kubernetes.io/service-name": "gpt3-alb",
              "kubernetes.io/service-port": "80"
            },
            "tags_all": {
              "ingress.k8s.aws/cluster": "eks-data-prod-1",
              "ingress.k8s.aws/resource": "default/prod-1-ingress-gpt3-alb:80",
              "ingress.k8s.aws/stack": "default/prod-1-ingress",
              "kubernetes.io/cluster/eks-data-prod-1": "owned",
              "kubernetes.io/ingress-name": "prod-1-ingress",
              "kubernetes.io/namespace": "default",
              "kubernetes.io/service-name": "gpt3-alb",
              "kubernetes.io/service-port": "80"
            },
            "target_type": "ip",
            "vpc_id": "vpc-8e992de8"
          },
          "sensitive_attributes": [],
          "private": "eyJzY2hlbWFfdmVyc2lvbiI6MH0="
        }
      ]
    },
    {
      "mode": "managed",
      "type": "aws_alb_target_group",
      "name": "arn_aws_elasticloadbalancing_us_east_1_484375727565_targetgroup_f03c0651_4a9b77f4576a0df03d9_bd07750cb7e16e82",
      "provider": "provider[\"registry.terraform.io/hashicorp/aws\"]",
      "instances": [
        {
          "schema_version": 0,
          "attributes": {
            "arn": "arn:aws:elasticloadbalancing:us-east-1:484375727565:targetgroup/f03c0651-4a9b77f4576a0df03d9/bd07750cb7e16e82",
            "arn_suffix": "targetgroup/f03c0651-4a9b77f4576a0df03d9/bd07750cb7e16e82",
            "connection_termination": null,
            "deregistration_delay": "300",
            "health_check": [
              {
                "enabled": true,
                "healthy_threshold": 2,
                "interval": 15,
                "matcher": "200",
                "path": "/health_check",
                "port": "traffic-port",
                "protocol": "HTTP",
                "timeout": 5,
                "unhealthy_threshold": 2
              }
            ],
            "id": "arn:aws:elasticloadbalancing:us-east-1:484375727565:targetgroup/f03c0651-4a9b77f4576a0df03d9/bd07750cb7e16e82",
            "lambda_multi_value_headers_enabled": null,
            "load_balancing_algorithm_type": "round_robin",
            "name": "f03c0651-4a9b77f4576a0df03d9",
            "name_prefix": null,
            "port": 1,
            "preserve_client_ip": null,
            "protocol": "HTTP",
            "protocol_version": "HTTP1",
            "proxy_protocol_v2": null,
            "slow_start": 0,
            "stickiness": [
              {
                "cookie_duration": 86400,
                "cookie_name": "",
                "enabled": false,
                "type": "lb_cookie"
              }
            ],
            "tags": {
              "ingress.k8s.aws/cluster": "eks-data-prod-1",
              "ingress.k8s.aws/resource": "default/prod-1-ingress-trie-alb:80",
              "ingress.k8s.aws/stack": "default/prod-1-ingress",
              "kubernetes.io/cluster/eks-data-prod-1": "owned",
              "kubernetes.io/ingress-name": "prod-1-ingress",
              "kubernetes.io/namespace": "default",
              "kubernetes.io/service-name": "trie-alb",
              "kubernetes.io/service-port": "80"
            },
            "tags_all": {
              "ingress.k8s.aws/cluster": "eks-data-prod-1",
              "ingress.k8s.aws/resource": "default/prod-1-ingress-trie-alb:80",
              "ingress.k8s.aws/stack": "default/prod-1-ingress",
              "kubernetes.io/cluster/eks-data-prod-1": "owned",
              "kubernetes.io/ingress-name": "prod-1-ingress",
              "kubernetes.io/namespace": "default",
              "kubernetes.io/service-name": "trie-alb",
              "kubernetes.io/service-port": "80"
            },
            "target_type": "ip",
            "vpc_id": "vpc-8e992de8"
          },
          "sensitive_attributes": [],
          "private": "eyJzY2hlbWFfdmVyc2lvbiI6MH0="
        }
      ]
    },
    {
      "mode": "managed",
      "type": "aws_alb_target_group",
      "name": "arn_aws_elasticloadbalancing_us_east_1_484375727565_targetgroup_f03c0651_4ce0c05e2cb65af99ee_32dc5f2788b94c6e",
      "provider": "provider[\"registry.terraform.io/hashicorp/aws\"]",
      "instances": [
        {
          "schema_version": 0,
          "attributes": {
            "arn": "arn:aws:elasticloadbalancing:us-east-1:484375727565:targetgroup/f03c0651-4ce0c05e2cb65af99ee/32dc5f2788b94c6e",
            "arn_suffix": "targetgroup/f03c0651-4ce0c05e2cb65af99ee/32dc5f2788b94c6e",
            "connection_termination": null,
            "deregistration_delay": "300",
            "health_check": [
              {
                "enabled": true,
                "healthy_threshold": 2,
                "interval": 15,
                "matcher": "200",
                "path": "/health_check",
                "port": "traffic-port",
                "protocol": "HTTP",
                "timeout": 5,
                "unhealthy_threshold": 2
              }
            ],
            "id": "arn:aws:elasticloadbalancing:us-east-1:484375727565:targetgroup/f03c0651-4ce0c05e2cb65af99ee/32dc5f2788b94c6e",
            "lambda_multi_value_headers_enabled": null,
            "load_balancing_algorithm_type": "round_robin",
            "name": "f03c0651-4ce0c05e2cb65af99ee",
            "name_prefix": null,
            "port": 1,
            "preserve_client_ip": null,
            "protocol": "HTTP",
            "protocol_version": "HTTP1",
            "proxy_protocol_v2": null,
            "slow_start": 0,
            "stickiness": [
              {
                "cookie_duration": 86400,
                "cookie_name": "",
                "enabled": false,
                "type": "lb_cookie"
              }
            ],
            "tags": {
              "ingress.k8s.aws/cluster": "eks-data-prod-1",
              "ingress.k8s.aws/resource": "default/prod-1-ingress-minhash-alb:80",
              "ingress.k8s.aws/stack": "default/prod-1-ingress",
              "kubernetes.io/cluster/eks-data-prod-1": "owned",
              "kubernetes.io/ingress-name": "prod-1-ingress",
              "kubernetes.io/namespace": "default",
              "kubernetes.io/service-name": "minhash-alb",
              "kubernetes.io/service-port": "80"
            },
            "tags_all": {
              "ingress.k8s.aws/cluster": "eks-data-prod-1",
              "ingress.k8s.aws/resource": "default/prod-1-ingress-minhash-alb:80",
              "ingress.k8s.aws/stack": "default/prod-1-ingress",
              "kubernetes.io/cluster/eks-data-prod-1": "owned",
              "kubernetes.io/ingress-name": "prod-1-ingress",
              "kubernetes.io/namespace": "default",
              "kubernetes.io/service-name": "minhash-alb",
              "kubernetes.io/service-port": "80"
            },
            "target_type": "ip",
            "vpc_id": "vpc-8e992de8"
          },
          "sensitive_attributes": [],
          "private": "eyJzY2hlbWFfdmVyc2lvbiI6MH0="
        }
      ]
    },
    {
      "mode": "managed",
      "type": "aws_alb_target_group",
      "name": "arn_aws_elasticloadbalancing_us_east_1_484375727565_targetgroup_f03c0651_51ac38e9eb3aa647768_9a04ef24f880f9d9",
      "provider": "provider[\"registry.terraform.io/hashicorp/aws\"]",
      "instances": [
        {
          "schema_version": 0,
          "attributes": {
            "arn": "arn:aws:elasticloadbalancing:us-east-1:484375727565:targetgroup/f03c0651-51ac38e9eb3aa647768/9a04ef24f880f9d9",
            "arn_suffix": "targetgroup/f03c0651-51ac38e9eb3aa647768/9a04ef24f880f9d9",
            "connection_termination": null,
            "deregistration_delay": "300",
            "health_check": [
              {
                "enabled": true,
                "healthy_threshold": 2,
                "interval": 15,
                "matcher": "200",
                "path": "/ping",
                "port": "traffic-port",
                "protocol": "HTTP",
                "timeout": 5,
                "unhealthy_threshold": 2
              }
            ],
            "id": "arn:aws:elasticloadbalancing:us-east-1:484375727565:targetgroup/f03c0651-51ac38e9eb3aa647768/9a04ef24f880f9d9",
            "lambda_multi_value_headers_enabled": null,
            "load_balancing_algorithm_type": "round_robin",
            "name": "f03c0651-51ac38e9eb3aa647768",
            "name_prefix": null,
            "port": 1,
            "preserve_client_ip": null,
            "protocol": "HTTP",
            "protocol_version": "HTTP1",
            "proxy_protocol_v2": null,
            "slow_start": 0,
            "stickiness": [
              {
                "cookie_duration": 86400,
                "cookie_name": "",
                "enabled": false,
                "type": "lb_cookie"
              }
            ],
            "tags": {
              "ingress.k8s.aws/cluster": "eks-data-prod-1",
              "ingress.k8s.aws/resource": "default/prod-1-ingress-coref-resolution-alb:80",
              "ingress.k8s.aws/stack": "default/prod-1-ingress",
              "kubernetes.io/cluster/eks-data-prod-1": "owned",
              "kubernetes.io/ingress-name": "prod-1-ingress",
              "kubernetes.io/namespace": "default",
              "kubernetes.io/service-name": "coref-resolution-alb",
              "kubernetes.io/service-port": "80"
            },
            "tags_all": {
              "ingress.k8s.aws/cluster": "eks-data-prod-1",
              "ingress.k8s.aws/resource": "default/prod-1-ingress-coref-resolution-alb:80",
              "ingress.k8s.aws/stack": "default/prod-1-ingress",
              "kubernetes.io/cluster/eks-data-prod-1": "owned",
              "kubernetes.io/ingress-name": "prod-1-ingress",
              "kubernetes.io/namespace": "default",
              "kubernetes.io/service-name": "coref-resolution-alb",
              "kubernetes.io/service-port": "80"
            },
            "target_type": "ip",
            "vpc_id": "vpc-8e992de8"
          },
          "sensitive_attributes": [],
          "private": "eyJzY2hlbWFfdmVyc2lvbiI6MH0="
        }
      ]
    },
    {
      "mode": "managed",
      "type": "aws_alb_target_group",
      "name": "arn_aws_elasticloadbalancing_us_east_1_484375727565_targetgroup_f03c0651_572e8cc49f9671cf629_be50c1ac20226965",
      "provider": "provider[\"registry.terraform.io/hashicorp/aws\"]",
      "instances": [
        {
          "schema_version": 0,
          "attributes": {
            "arn": "arn:aws:elasticloadbalancing:us-east-1:484375727565:targetgroup/f03c0651-572e8cc49f9671cf629/be50c1ac20226965",
            "arn_suffix": "targetgroup/f03c0651-572e8cc49f9671cf629/be50c1ac20226965",
            "connection_termination": null,
            "deregistration_delay": "300",
            "health_check": [
              {
                "enabled": true,
                "healthy_threshold": 2,
                "interval": 15,
                "matcher": "200",
                "path": "/ping",
                "port": "traffic-port",
                "protocol": "HTTP",
                "timeout": 5,
                "unhealthy_threshold": 2
              }
            ],
            "id": "arn:aws:elasticloadbalancing:us-east-1:484375727565:targetgroup/f03c0651-572e8cc49f9671cf629/be50c1ac20226965",
            "lambda_multi_value_headers_enabled": null,
            "load_balancing_algorithm_type": "round_robin",
            "name": "f03c0651-572e8cc49f9671cf629",
            "name_prefix": null,
            "port": 1,
            "preserve_client_ip": null,
            "protocol": "HTTP",
            "protocol_version": "HTTP1",
            "proxy_protocol_v2": null,
            "slow_start": 0,
            "stickiness": [
              {
                "cookie_duration": 86400,
                "cookie_name": "",
                "enabled": false,
                "type": "lb_cookie"
              }
            ],
            "tags": {
              "ingress.k8s.aws/cluster": "eks-data-prod-1",
              "ingress.k8s.aws/resource": "default/prod-1-ingress-sent-vodafone-inf-alb:80",
              "ingress.k8s.aws/stack": "default/prod-1-ingress",
              "kubernetes.io/cluster/eks-data-prod-1": "owned",
              "kubernetes.io/ingress-name": "prod-1-ingress",
              "kubernetes.io/namespace": "default",
              "kubernetes.io/service-name": "sent-vodafone-inf-alb",
              "kubernetes.io/service-port": "80"
            },
            "tags_all": {
              "ingress.k8s.aws/cluster": "eks-data-prod-1",
              "ingress.k8s.aws/resource": "default/prod-1-ingress-sent-vodafone-inf-alb:80",
              "ingress.k8s.aws/stack": "default/prod-1-ingress",
              "kubernetes.io/cluster/eks-data-prod-1": "owned",
              "kubernetes.io/ingress-name": "prod-1-ingress",
              "kubernetes.io/namespace": "default",
              "kubernetes.io/service-name": "sent-vodafone-inf-alb",
              "kubernetes.io/service-port": "80"
            },
            "target_type": "ip",
            "vpc_id": "vpc-8e992de8"
          },
          "sensitive_attributes": [],
          "private": "eyJzY2hlbWFfdmVyc2lvbiI6MH0="
        }
      ]
    },
    {
      "mode": "managed",
      "type": "aws_alb_target_group",
      "name": "arn_aws_elasticloadbalancing_us_east_1_484375727565_targetgroup_f03c0651_5804f2b5f95ba6a738e_afb86de7d12fcb54",
      "provider": "provider[\"registry.terraform.io/hashicorp/aws\"]",
      "instances": [
        {
          "schema_version": 0,
          "attributes": {
            "arn": "arn:aws:elasticloadbalancing:us-east-1:484375727565:targetgroup/f03c0651-5804f2b5f95ba6a738e/afb86de7d12fcb54",
            "arn_suffix": "targetgroup/f03c0651-5804f2b5f95ba6a738e/afb86de7d12fcb54",
            "connection_termination": null,
            "deregistration_delay": "300",
            "health_check": [
              {
                "enabled": true,
                "healthy_threshold": 2,
                "interval": 15,
                "matcher": "200",
                "path": "/ping",
                "port": "traffic-port",
                "protocol": "HTTP",
                "timeout": 5,
                "unhealthy_threshold": 2
              }
            ],
            "id": "arn:aws:elasticloadbalancing:us-east-1:484375727565:targetgroup/f03c0651-5804f2b5f95ba6a738e/afb86de7d12fcb54",
            "lambda_multi_value_headers_enabled": null,
            "load_balancing_algorithm_type": "round_robin",
            "name": "f03c0651-5804f2b5f95ba6a738e",
            "name_prefix": null,
            "port": 1,
            "preserve_client_ip": null,
            "protocol": "HTTP",
            "protocol_version": "HTTP1",
            "proxy_protocol_v2": null,
            "slow_start": 0,
            "stickiness": [
              {
                "cookie_duration": 86400,
                "cookie_name": "",
                "enabled": false,
                "type": "lb_cookie"
              }
            ],
            "tags": {
              "ingress.k8s.aws/cluster": "eks-data-prod-1",
              "ingress.k8s.aws/resource": "default/prod-1-ingress-ner-inf-alb:80",
              "ingress.k8s.aws/stack": "default/prod-1-ingress",
              "kubernetes.io/cluster/eks-data-prod-1": "owned",
              "kubernetes.io/ingress-name": "prod-1-ingress",
              "kubernetes.io/namespace": "default",
              "kubernetes.io/service-name": "ner-inf-alb",
              "kubernetes.io/service-port": "80"
            },
            "tags_all": {
              "ingress.k8s.aws/cluster": "eks-data-prod-1",
              "ingress.k8s.aws/resource": "default/prod-1-ingress-ner-inf-alb:80",
              "ingress.k8s.aws/stack": "default/prod-1-ingress",
              "kubernetes.io/cluster/eks-data-prod-1": "owned",
              "kubernetes.io/ingress-name": "prod-1-ingress",
              "kubernetes.io/namespace": "default",
              "kubernetes.io/service-name": "ner-inf-alb",
              "kubernetes.io/service-port": "80"
            },
            "target_type": "ip",
            "vpc_id": "vpc-8e992de8"
          },
          "sensitive_attributes": [],
          "private": "eyJzY2hlbWFfdmVyc2lvbiI6MH0="
        }
      ]
    },
    {
      "mode": "managed",
      "type": "aws_alb_target_group",
      "name": "arn_aws_elasticloadbalancing_us_east_1_484375727565_targetgroup_f03c0651_5f7dbea93a94033d3b6_fe45594bc88f58e9",
      "provider": "provider[\"registry.terraform.io/hashicorp/aws\"]",
      "instances": [
        {
          "schema_version": 0,
          "attributes": {
            "arn": "arn:aws:elasticloadbalancing:us-east-1:484375727565:targetgroup/f03c0651-5f7dbea93a94033d3b6/fe45594bc88f58e9",
            "arn_suffix": "targetgroup/f03c0651-5f7dbea93a94033d3b6/fe45594bc88f58e9",
            "connection_termination": null,
            "deregistration_delay": "300",
            "health_check": [
              {
                "enabled": true,
                "healthy_threshold": 2,
                "interval": 15,
                "matcher": "200",
                "path": "/ping",
                "port": "traffic-port",
                "protocol": "HTTP",
                "timeout": 5,
                "unhealthy_threshold": 2
              }
            ],
            "id": "arn:aws:elasticloadbalancing:us-east-1:484375727565:targetgroup/f03c0651-5f7dbea93a94033d3b6/fe45594bc88f58e9",
            "lambda_multi_value_headers_enabled": null,
            "load_balancing_algorithm_type": "round_robin",
            "name": "f03c0651-5f7dbea93a94033d3b6",
            "name_prefix": null,
            "port": 1,
            "preserve_client_ip": null,
            "protocol": "HTTP",
            "protocol_version": "HTTP1",
            "proxy_protocol_v2": null,
            "slow_start": 0,
            "stickiness": [
              {
                "cookie_duration": 86400,
                "cookie_name": "",
                "enabled": false,
                "type": "lb_cookie"
              }
            ],
            "tags": {
              "ingress.k8s.aws/cluster": "eks-data-prod-1",
              "ingress.k8s.aws/resource": "default/prod-1-ingress-textsum-inf-alb:80",
              "ingress.k8s.aws/stack": "default/prod-1-ingress",
              "kubernetes.io/cluster/eks-data-prod-1": "owned",
              "kubernetes.io/ingress-name": "prod-1-ingress",
              "kubernetes.io/namespace": "default",
              "kubernetes.io/service-name": "textsum-inf-alb",
              "kubernetes.io/service-port": "80"
            },
            "tags_all": {
              "ingress.k8s.aws/cluster": "eks-data-prod-1",
              "ingress.k8s.aws/resource": "default/prod-1-ingress-textsum-inf-alb:80",
              "ingress.k8s.aws/stack": "default/prod-1-ingress",
              "kubernetes.io/cluster/eks-data-prod-1": "owned",
              "kubernetes.io/ingress-name": "prod-1-ingress",
              "kubernetes.io/namespace": "default",
              "kubernetes.io/service-name": "textsum-inf-alb",
              "kubernetes.io/service-port": "80"
            },
            "target_type": "ip",
            "vpc_id": "vpc-8e992de8"
          },
          "sensitive_attributes": [],
          "private": "eyJzY2hlbWFfdmVyc2lvbiI6MH0="
        }
      ]
    },
    {
      "mode": "managed",
      "type": "aws_alb_target_group",
      "name": "arn_aws_elasticloadbalancing_us_east_1_484375727565_targetgroup_f03c0651_7580f1b096760a1a4ac_b62dff4bceaa5a66",
      "provider": "provider[\"registry.terraform.io/hashicorp/aws\"]",
      "instances": [
        {
          "schema_version": 0,
          "attributes": {
            "arn": "arn:aws:elasticloadbalancing:us-east-1:484375727565:targetgroup/f03c0651-7580f1b096760a1a4ac/b62dff4bceaa5a66",
            "arn_suffix": "targetgroup/f03c0651-7580f1b096760a1a4ac/b62dff4bceaa5a66",
            "connection_termination": null,
            "deregistration_delay": "300",
            "health_check": [
              {
                "enabled": true,
                "healthy_threshold": 2,
                "interval": 15,
                "matcher": "200",
                "path": "/health_check",
                "port": "traffic-port",
                "protocol": "HTTP",
                "timeout": 5,
                "unhealthy_threshold": 2
              }
            ],
            "id": "arn:aws:elasticloadbalancing:us-east-1:484375727565:targetgroup/f03c0651-7580f1b096760a1a4ac/b62dff4bceaa5a66",
            "lambda_multi_value_headers_enabled": null,
            "load_balancing_algorithm_type": "round_robin",
            "name": "f03c0651-7580f1b096760a1a4ac",
            "name_prefix": null,
            "port": 1,
            "preserve_client_ip": null,
            "protocol": "HTTP",
            "protocol_version": "HTTP1",
            "proxy_protocol_v2": null,
            "slow_start": 0,
            "stickiness": [
              {
                "cookie_duration": 86400,
                "cookie_name": "",
                "enabled": false,
                "type": "lb_cookie"
              }
            ],
            "tags": {
              "ingress.k8s.aws/cluster": "eks-data-prod-1",
              "ingress.k8s.aws/resource": "default/prod-1-ingress-keybert-inf-alb:80",
              "ingress.k8s.aws/stack": "default/prod-1-ingress",
              "kubernetes.io/cluster/eks-data-prod-1": "owned",
              "kubernetes.io/ingress-name": "prod-1-ingress",
              "kubernetes.io/namespace": "default",
              "kubernetes.io/service-name": "keybert-inf-alb",
              "kubernetes.io/service-port": "80"
            },
            "tags_all": {
              "ingress.k8s.aws/cluster": "eks-data-prod-1",
              "ingress.k8s.aws/resource": "default/prod-1-ingress-keybert-inf-alb:80",
              "ingress.k8s.aws/stack": "default/prod-1-ingress",
              "kubernetes.io/cluster/eks-data-prod-1": "owned",
              "kubernetes.io/ingress-name": "prod-1-ingress",
              "kubernetes.io/namespace": "default",
              "kubernetes.io/service-name": "keybert-inf-alb",
              "kubernetes.io/service-port": "80"
            },
            "target_type": "ip",
            "vpc_id": "vpc-8e992de8"
          },
          "sensitive_attributes": [],
          "private": "eyJzY2hlbWFfdmVyc2lvbiI6MH0="
        }
      ]
    },
    {
      "mode": "managed",
      "type": "aws_alb_target_group",
      "name": "arn_aws_elasticloadbalancing_us_east_1_484375727565_targetgroup_f03c0651_7fbc3972c004e33d4df_7dcc09b8b72da035",
      "provider": "provider[\"registry.terraform.io/hashicorp/aws\"]",
      "instances": [
        {
          "schema_version": 0,
          "attributes": {
            "arn": "arn:aws:elasticloadbalancing:us-east-1:484375727565:targetgroup/f03c0651-7fbc3972c004e33d4df/7dcc09b8b72da035",
            "arn_suffix": "targetgroup/f03c0651-7fbc3972c004e33d4df/7dcc09b8b72da035",
            "connection_termination": null,
            "deregistration_delay": "300",
            "health_check": [
              {
                "enabled": true,
                "healthy_threshold": 2,
                "interval": 15,
                "matcher": "200",
                "path": "/ping",
                "port": "traffic-port",
                "protocol": "HTTP",
                "timeout": 5,
                "unhealthy_threshold": 2
              }
            ],
            "id": "arn:aws:elasticloadbalancing:us-east-1:484375727565:targetgroup/f03c0651-7fbc3972c004e33d4df/7dcc09b8b72da035",
            "lambda_multi_value_headers_enabled": null,
            "load_balancing_algorithm_type": "round_robin",
            "name": "f03c0651-7fbc3972c004e33d4df",
            "name_prefix": null,
            "port": 1,
            "preserve_client_ip": null,
            "protocol": "HTTP",
            "protocol_version": "HTTP1",
            "proxy_protocol_v2": null,
            "slow_start": 0,
            "stickiness": [
              {
                "cookie_duration": 86400,
                "cookie_name": "",
                "enabled": false,
                "type": "lb_cookie"
              }
            ],
            "tags": {
              "ingress.k8s.aws/cluster": "eks-data-prod-1",
              "ingress.k8s.aws/resource": "default/prod-1-ingress-dga-inf-alb:80",
              "ingress.k8s.aws/stack": "default/prod-1-ingress",
              "kubernetes.io/cluster/eks-data-prod-1": "owned",
              "kubernetes.io/ingress-name": "prod-1-ingress",
              "kubernetes.io/namespace": "default",
              "kubernetes.io/service-name": "dga-inf-alb",
              "kubernetes.io/service-port": "80"
            },
            "tags_all": {
              "ingress.k8s.aws/cluster": "eks-data-prod-1",
              "ingress.k8s.aws/resource": "default/prod-1-ingress-dga-inf-alb:80",
              "ingress.k8s.aws/stack": "default/prod-1-ingress",
              "kubernetes.io/cluster/eks-data-prod-1": "owned",
              "kubernetes.io/ingress-name": "prod-1-ingress",
              "kubernetes.io/namespace": "default",
              "kubernetes.io/service-name": "dga-inf-alb",
              "kubernetes.io/service-port": "80"
            },
            "target_type": "ip",
            "vpc_id": "vpc-8e992de8"
          },
          "sensitive_attributes": [],
          "private": "eyJzY2hlbWFfdmVyc2lvbiI6MH0="
        }
      ]
    },
    {
      "mode": "managed",
      "type": "aws_alb_target_group",
      "name": "arn_aws_elasticloadbalancing_us_east_1_484375727565_targetgroup_f03c0651_838934c8ff2ce3bdd54_7e1392dd859121c0",
      "provider": "provider[\"registry.terraform.io/hashicorp/aws\"]",
      "instances": [
        {
          "schema_version": 0,
          "attributes": {
            "arn": "arn:aws:elasticloadbalancing:us-east-1:484375727565:targetgroup/f03c0651-838934c8ff2ce3bdd54/7e1392dd859121c0",
            "arn_suffix": "targetgroup/f03c0651-838934c8ff2ce3bdd54/7e1392dd859121c0",
            "connection_termination": null,
            "deregistration_delay": "300",
            "health_check": [
              {
                "enabled": true,
                "healthy_threshold": 2,
                "interval": 15,
                "matcher": "200",
                "path": "/ping",
                "port": "traffic-port",
                "protocol": "HTTP",
                "timeout": 5,
                "unhealthy_threshold": 2
              }
            ],
            "id": "arn:aws:elasticloadbalancing:us-east-1:484375727565:targetgroup/f03c0651-838934c8ff2ce3bdd54/7e1392dd859121c0",
            "lambda_multi_value_headers_enabled": null,
            "load_balancing_algorithm_type": "round_robin",
            "name": "f03c0651-838934c8ff2ce3bdd54",
            "name_prefix": null,
            "port": 1,
            "preserve_client_ip": null,
            "protocol": "HTTP",
            "protocol_version": "HTTP1",
            "proxy_protocol_v2": null,
            "slow_start": 0,
            "stickiness": [
              {
                "cookie_duration": 86400,
                "cookie_name": "",
                "enabled": false,
                "type": "lb_cookie"
              }
            ],
            "tags": {
              "ingress.k8s.aws/cluster": "eks-data-prod-1",
              "ingress.k8s.aws/resource": "default/prod-1-ingress-sent2-1-inf-alb:80",
              "ingress.k8s.aws/stack": "default/prod-1-ingress",
              "kubernetes.io/cluster/eks-data-prod-1": "owned",
              "kubernetes.io/ingress-name": "prod-1-ingress",
              "kubernetes.io/namespace": "default",
              "kubernetes.io/service-name": "sent2-1-inf-alb",
              "kubernetes.io/service-port": "80"
            },
            "tags_all": {
              "ingress.k8s.aws/cluster": "eks-data-prod-1",
              "ingress.k8s.aws/resource": "default/prod-1-ingress-sent2-1-inf-alb:80",
              "ingress.k8s.aws/stack": "default/prod-1-ingress",
              "kubernetes.io/cluster/eks-data-prod-1": "owned",
              "kubernetes.io/ingress-name": "prod-1-ingress",
              "kubernetes.io/namespace": "default",
              "kubernetes.io/service-name": "sent2-1-inf-alb",
              "kubernetes.io/service-port": "80"
            },
            "target_type": "ip",
            "vpc_id": "vpc-8e992de8"
          },
          "sensitive_attributes": [],
          "private": "eyJzY2hlbWFfdmVyc2lvbiI6MH0="
        }
      ]
    },
    {
      "mode": "managed",
      "type": "aws_alb_target_group",
      "name": "arn_aws_elasticloadbalancing_us_east_1_484375727565_targetgroup_f03c0651_84044b3e37007bb6499_48f68d6732b29207",
      "provider": "provider[\"registry.terraform.io/hashicorp/aws\"]",
      "instances": [
        {
          "schema_version": 0,
          "attributes": {
            "arn": "arn:aws:elasticloadbalancing:us-east-1:484375727565:targetgroup/f03c0651-84044b3e37007bb6499/48f68d6732b29207",
            "arn_suffix": "targetgroup/f03c0651-84044b3e37007bb6499/48f68d6732b29207",
            "connection_termination": null,
            "deregistration_delay": "300",
            "health_check": [
              {
                "enabled": true,
                "healthy_threshold": 2,
                "interval": 15,
                "matcher": "200",
                "path": "/health_check",
                "port": "traffic-port",
                "protocol": "HTTP",
                "timeout": 5,
                "unhealthy_threshold": 2
              }
            ],
            "id": "arn:aws:elasticloadbalancing:us-east-1:484375727565:targetgroup/f03c0651-84044b3e37007bb6499/48f68d6732b29207",
            "lambda_multi_value_headers_enabled": null,
            "load_balancing_algorithm_type": "round_robin",
            "name": "f03c0651-84044b3e37007bb6499",
            "name_prefix": null,
            "port": 1,
            "preserve_client_ip": null,
            "protocol": "HTTP",
            "protocol_version": "HTTP1",
            "proxy_protocol_v2": null,
            "slow_start": 0,
            "stickiness": [
              {
                "cookie_duration": 86400,
                "cookie_name": "",
                "enabled": false,
                "type": "lb_cookie"
              }
            ],
            "tags": {
              "ingress.k8s.aws/cluster": "eks-data-prod-1",
              "ingress.k8s.aws/resource": "default/prod-1-ingress-iptc-inf-alb:80",
              "ingress.k8s.aws/stack": "default/prod-1-ingress",
              "kubernetes.io/cluster/eks-data-prod-1": "owned",
              "kubernetes.io/ingress-name": "prod-1-ingress",
              "kubernetes.io/namespace": "default",
              "kubernetes.io/service-name": "iptc-inf-alb",
              "kubernetes.io/service-port": "80"
            },
            "tags_all": {
              "ingress.k8s.aws/cluster": "eks-data-prod-1",
              "ingress.k8s.aws/resource": "default/prod-1-ingress-iptc-inf-alb:80",
              "ingress.k8s.aws/stack": "default/prod-1-ingress",
              "kubernetes.io/cluster/eks-data-prod-1": "owned",
              "kubernetes.io/ingress-name": "prod-1-ingress",
              "kubernetes.io/namespace": "default",
              "kubernetes.io/service-name": "iptc-inf-alb",
              "kubernetes.io/service-port": "80"
            },
            "target_type": "ip",
            "vpc_id": "vpc-8e992de8"
          },
          "sensitive_attributes": [],
          "private": "eyJzY2hlbWFfdmVyc2lvbiI6MH0="
        }
      ]
    },
    {
      "mode": "managed",
      "type": "aws_alb_target_group",
      "name": "arn_aws_elasticloadbalancing_us_east_1_484375727565_targetgroup_f03c0651_95dff8f17c479485e91_a75141a3242ac617",
      "provider": "provider[\"registry.terraform.io/hashicorp/aws\"]",
      "instances": [
        {
          "schema_version": 0,
          "attributes": {
            "arn": "arn:aws:elasticloadbalancing:us-east-1:484375727565:targetgroup/f03c0651-95dff8f17c479485e91/a75141a3242ac617",
            "arn_suffix": "targetgroup/f03c0651-95dff8f17c479485e91/a75141a3242ac617",
            "connection_termination": null,
            "deregistration_delay": "300",
            "health_check": [
              {
                "enabled": true,
                "healthy_threshold": 2,
                "interval": 15,
                "matcher": "200",
                "path": "/ping",
                "port": "traffic-port",
                "protocol": "HTTP",
                "timeout": 5,
                "unhealthy_threshold": 2
              }
            ],
            "id": "arn:aws:elasticloadbalancing:us-east-1:484375727565:targetgroup/f03c0651-95dff8f17c479485e91/a75141a3242ac617",
            "lambda_multi_value_headers_enabled": null,
            "load_balancing_algorithm_type": "round_robin",
            "name": "f03c0651-95dff8f17c479485e91",
            "name_prefix": null,
            "port": 1,
            "preserve_client_ip": null,
            "protocol": "HTTP",
            "protocol_version": "HTTP1",
            "proxy_protocol_v2": null,
            "slow_start": 0,
            "stickiness": [
              {
                "cookie_duration": 86400,
                "cookie_name": "",
                "enabled": false,
                "type": "lb_cookie"
              }
            ],
            "tags": {
              "ingress.k8s.aws/cluster": "eks-data-prod-1",
              "ingress.k8s.aws/resource": "default/prod-1-ingress-sent-inf-alb:80",
              "ingress.k8s.aws/stack": "default/prod-1-ingress",
              "kubernetes.io/cluster/eks-data-prod-1": "owned",
              "kubernetes.io/ingress-name": "prod-1-ingress",
              "kubernetes.io/namespace": "default",
              "kubernetes.io/service-name": "sent-inf-alb",
              "kubernetes.io/service-port": "80"
            },
            "tags_all": {
              "ingress.k8s.aws/cluster": "eks-data-prod-1",
              "ingress.k8s.aws/resource": "default/prod-1-ingress-sent-inf-alb:80",
              "ingress.k8s.aws/stack": "default/prod-1-ingress",
              "kubernetes.io/cluster/eks-data-prod-1": "owned",
              "kubernetes.io/ingress-name": "prod-1-ingress",
              "kubernetes.io/namespace": "default",
              "kubernetes.io/service-name": "sent-inf-alb",
              "kubernetes.io/service-port": "80"
            },
            "target_type": "ip",
            "vpc_id": "vpc-8e992de8"
          },
          "sensitive_attributes": [],
          "private": "eyJzY2hlbWFfdmVyc2lvbiI6MH0="
        }
      ]
    },
    {
      "mode": "managed",
      "type": "aws_alb_target_group",
      "name": "arn_aws_elasticloadbalancing_us_east_1_484375727565_targetgroup_f03c0651_b34a49fdac6ec5a6296_0675c180ad7139b7",
      "provider": "provider[\"registry.terraform.io/hashicorp/aws\"]",
      "instances": [
        {
          "schema_version": 0,
          "attributes": {
            "arn": "arn:aws:elasticloadbalancing:us-east-1:484375727565:targetgroup/f03c0651-b34a49fdac6ec5a6296/0675c180ad7139b7",
            "arn_suffix": "targetgroup/f03c0651-b34a49fdac6ec5a6296/0675c180ad7139b7",
            "connection_termination": null,
            "deregistration_delay": "300",
            "health_check": [
              {
                "enabled": true,
                "healthy_threshold": 2,
                "interval": 15,
                "matcher": "200",
                "path": "/ping",
                "port": "traffic-port",
                "protocol": "HTTP",
                "timeout": 5,
                "unhealthy_threshold": 2
              }
            ],
            "id": "arn:aws:elasticloadbalancing:us-east-1:484375727565:targetgroup/f03c0651-b34a49fdac6ec5a6296/0675c180ad7139b7",
            "lambda_multi_value_headers_enabled": null,
            "load_balancing_algorithm_type": "round_robin",
            "name": "f03c0651-b34a49fdac6ec5a6296",
            "name_prefix": null,
            "port": 1,
            "preserve_client_ip": null,
            "protocol": "HTTP",
            "protocol_version": "HTTP1",
            "proxy_protocol_v2": null,
            "slow_start": 0,
            "stickiness": [
              {
                "cookie_duration": 86400,
                "cookie_name": "",
                "enabled": false,
                "type": "lb_cookie"
              }
            ],
            "tags": {
              "ingress.k8s.aws/cluster": "eks-data-prod-1",
              "ingress.k8s.aws/resource": "default/prod-1-ingress-ner2-inf-alb:80",
              "ingress.k8s.aws/stack": "default/prod-1-ingress",
              "kubernetes.io/cluster/eks-data-prod-1": "owned",
              "kubernetes.io/ingress-name": "prod-1-ingress",
              "kubernetes.io/namespace": "default",
              "kubernetes.io/service-name": "ner2-inf-alb",
              "kubernetes.io/service-port": "80"
            },
            "tags_all": {
              "ingress.k8s.aws/cluster": "eks-data-prod-1",
              "ingress.k8s.aws/resource": "default/prod-1-ingress-ner2-inf-alb:80",
              "ingress.k8s.aws/stack": "default/prod-1-ingress",
              "kubernetes.io/cluster/eks-data-prod-1": "owned",
              "kubernetes.io/ingress-name": "prod-1-ingress",
              "kubernetes.io/namespace": "default",
              "kubernetes.io/service-name": "ner2-inf-alb",
              "kubernetes.io/service-port": "80"
            },
            "target_type": "ip",
            "vpc_id": "vpc-8e992de8"
          },
          "sensitive_attributes": [],
          "private": "eyJzY2hlbWFfdmVyc2lvbiI6MH0="
        }
      ]
    },
    {
      "mode": "managed",
      "type": "aws_alb_target_group",
      "name": "arn_aws_elasticloadbalancing_us_east_1_484375727565_targetgroup_f03c0651_d1c94251b1ac58845f1_52c0bba7349ae076",
      "provider": "provider[\"registry.terraform.io/hashicorp/aws\"]",
      "instances": [
        {
          "schema_version": 0,
          "attributes": {
            "arn": "arn:aws:elasticloadbalancing:us-east-1:484375727565:targetgroup/f03c0651-d1c94251b1ac58845f1/52c0bba7349ae076",
            "arn_suffix": "targetgroup/f03c0651-d1c94251b1ac58845f1/52c0bba7349ae076",
            "connection_termination": null,
            "deregistration_delay": "300",
            "health_check": [
              {
                "enabled": true,
                "healthy_threshold": 2,
                "interval": 15,
                "matcher": "200",
                "path": "/health_check",
                "port": "traffic-port",
                "protocol": "HTTP",
                "timeout": 5,
                "unhealthy_threshold": 2
              }
            ],
            "id": "arn:aws:elasticloadbalancing:us-east-1:484375727565:targetgroup/f03c0651-d1c94251b1ac58845f1/52c0bba7349ae076",
            "lambda_multi_value_headers_enabled": null,
            "load_balancing_algorithm_type": "round_robin",
            "name": "f03c0651-d1c94251b1ac58845f1",
            "name_prefix": null,
            "port": 1,
            "preserve_client_ip": null,
            "protocol": "HTTP",
            "protocol_version": "HTTP1",
            "proxy_protocol_v2": null,
            "slow_start": 0,
            "stickiness": [
              {
                "cookie_duration": 86400,
                "cookie_name": "",
                "enabled": false,
                "type": "lb_cookie"
              }
            ],
            "tags": {
              "ingress.k8s.aws/cluster": "eks-data-prod-1",
              "ingress.k8s.aws/resource": "default/prod-1-ingress-blink-alb:80",
              "ingress.k8s.aws/stack": "default/prod-1-ingress",
              "kubernetes.io/cluster/eks-data-prod-1": "owned",
              "kubernetes.io/ingress-name": "prod-1-ingress",
              "kubernetes.io/namespace": "default",
              "kubernetes.io/service-name": "blink-alb",
              "kubernetes.io/service-port": "80"
            },
            "tags_all": {
              "ingress.k8s.aws/cluster": "eks-data-prod-1",
              "ingress.k8s.aws/resource": "default/prod-1-ingress-blink-alb:80",
              "ingress.k8s.aws/stack": "default/prod-1-ingress",
              "kubernetes.io/cluster/eks-data-prod-1": "owned",
              "kubernetes.io/ingress-name": "prod-1-ingress",
              "kubernetes.io/namespace": "default",
              "kubernetes.io/service-name": "blink-alb",
              "kubernetes.io/service-port": "80"
            },
            "target_type": "ip",
            "vpc_id": "vpc-8e992de8"
          },
          "sensitive_attributes": [],
          "private": "eyJzY2hlbWFfdmVyc2lvbiI6MH0="
        }
      ]
    },
    {
      "mode": "managed",
      "type": "aws_alb_target_group",
      "name": "arn_aws_elasticloadbalancing_us_east_1_484375727565_targetgroup_f03c0651_ecced7fbd957e657f38_b3879a575f815390",
      "provider": "provider[\"registry.terraform.io/hashicorp/aws\"]",
      "instances": [
        {
          "schema_version": 0,
          "attributes": {
            "arn": "arn:aws:elasticloadbalancing:us-east-1:484375727565:targetgroup/f03c0651-ecced7fbd957e657f38/b3879a575f815390",
            "arn_suffix": "targetgroup/f03c0651-ecced7fbd957e657f38/b3879a575f815390",
            "connection_termination": null,
            "deregistration_delay": "300",
            "health_check": [
              {
                "enabled": true,
                "healthy_threshold": 2,
                "interval": 15,
                "matcher": "200",
                "path": "/health_check",
                "port": "traffic-port",
                "protocol": "HTTP",
                "timeout": 5,
                "unhealthy_threshold": 2
              }
            ],
            "id": "arn:aws:elasticloadbalancing:us-east-1:484375727565:targetgroup/f03c0651-ecced7fbd957e657f38/b3879a575f815390",
            "lambda_multi_value_headers_enabled": null,
            "load_balancing_algorithm_type": "round_robin",
            "name": "f03c0651-ecced7fbd957e657f38",
            "name_prefix": null,
            "port": 1,
            "preserve_client_ip": null,
            "protocol": "HTTP",
            "protocol_version": "HTTP1",
            "proxy_protocol_v2": null,
            "slow_start": 0,
            "stickiness": [
              {
                "cookie_duration": 86400,
                "cookie_name": "",
                "enabled": false,
                "type": "lb_cookie"
              }
            ],
            "tags": {
              "ingress.k8s.aws/cluster": "eks-data-prod-1",
              "ingress.k8s.aws/resource": "default/prod-1-ingress-lsh-alb:80",
              "ingress.k8s.aws/stack": "default/prod-1-ingress",
              "kubernetes.io/cluster/eks-data-prod-1": "owned",
              "kubernetes.io/ingress-name": "prod-1-ingress",
              "kubernetes.io/namespace": "default",
              "kubernetes.io/service-name": "lsh-alb",
              "kubernetes.io/service-port": "80"
            },
            "tags_all": {
              "ingress.k8s.aws/cluster": "eks-data-prod-1",
              "ingress.k8s.aws/resource": "default/prod-1-ingress-lsh-alb:80",
              "ingress.k8s.aws/stack": "default/prod-1-ingress",
              "kubernetes.io/cluster/eks-data-prod-1": "owned",
              "kubernetes.io/ingress-name": "prod-1-ingress",
              "kubernetes.io/namespace": "default",
              "kubernetes.io/service-name": "lsh-alb",
              "kubernetes.io/service-port": "80"
            },
            "target_type": "ip",
            "vpc_id": "vpc-8e992de8"
          },
          "sensitive_attributes": [],
          "private": "eyJzY2hlbWFfdmVyc2lvbiI6MH0="
        }
      ]
    },
    {
      "mode": "managed",
      "type": "aws_alb_target_group",
      "name": "arn_aws_elasticloadbalancing_us_east_1_484375727565_targetgroup_f03c0651_f27230579caed51b127_3cf2220c44064db6",
      "provider": "provider[\"registry.terraform.io/hashicorp/aws\"]",
      "instances": [
        {
          "schema_version": 0,
          "attributes": {
            "arn": "arn:aws:elasticloadbalancing:us-east-1:484375727565:targetgroup/f03c0651-f27230579caed51b127/3cf2220c44064db6",
            "arn_suffix": "targetgroup/f03c0651-f27230579caed51b127/3cf2220c44064db6",
            "connection_termination": null,
            "deregistration_delay": "300",
            "health_check": [
              {
                "enabled": true,
                "healthy_threshold": 2,
                "interval": 15,
                "matcher": "200",
                "path": "/health_check",
                "port": "traffic-port",
                "protocol": "HTTP",
                "timeout": 5,
                "unhealthy_threshold": 2
              }
            ],
            "id": "arn:aws:elasticloadbalancing:us-east-1:484375727565:targetgroup/f03c0651-f27230579caed51b127/3cf2220c44064db6",
            "lambda_multi_value_headers_enabled": null,
            "load_balancing_algorithm_type": "round_robin",
            "name": "f03c0651-f27230579caed51b127",
            "name_prefix": null,
            "port": 1,
            "preserve_client_ip": null,
            "protocol": "HTTP",
            "protocol_version": "HTTP1",
            "proxy_protocol_v2": null,
            "slow_start": 0,
            "stickiness": [
              {
                "cookie_duration": 86400,
                "cookie_name": "",
                "enabled": false,
                "type": "lb_cookie"
              }
            ],
            "tags": {
              "ingress.k8s.aws/cluster": "eks-data-prod-1",
              "ingress.k8s.aws/resource": "default/prod-1-ingress-sent-tokenize-alb:80",
              "ingress.k8s.aws/stack": "default/prod-1-ingress",
              "kubernetes.io/cluster/eks-data-prod-1": "owned",
              "kubernetes.io/ingress-name": "prod-1-ingress",
              "kubernetes.io/namespace": "default",
              "kubernetes.io/service-name": "sent-tokenize-alb",
              "kubernetes.io/service-port": "80"
            },
            "tags_all": {
              "ingress.k8s.aws/cluster": "eks-data-prod-1",
              "ingress.k8s.aws/resource": "default/prod-1-ingress-sent-tokenize-alb:80",
              "ingress.k8s.aws/stack": "default/prod-1-ingress",
              "kubernetes.io/cluster/eks-data-prod-1": "owned",
              "kubernetes.io/ingress-name": "prod-1-ingress",
              "kubernetes.io/namespace": "default",
              "kubernetes.io/service-name": "sent-tokenize-alb",
              "kubernetes.io/service-port": "80"
            },
            "target_type": "ip",
            "vpc_id": "vpc-8e992de8"
          },
          "sensitive_attributes": [],
          "private": "eyJzY2hlbWFfdmVyc2lvbiI6MH0="
        }
      ]
    },
    {
      "mode": "managed",
      "type": "aws_alb_target_group",
      "name": "arn_aws_elasticloadbalancing_us_east_1_484375727565_targetgroup_k8s_default_blinkalb_12cfa07d75_135a581d135d6a09",
      "provider": "provider[\"registry.terraform.io/hashicorp/aws\"]",
      "instances": [
        {
          "schema_version": 0,
          "attributes": {
            "arn": "arn:aws:elasticloadbalancing:us-east-1:484375727565:targetgroup/k8s-default-blinkalb-12cfa07d75/135a581d135d6a09",
            "arn_suffix": "targetgroup/k8s-default-blinkalb-12cfa07d75/135a581d135d6a09",
            "connection_termination": null,
            "deregistration_delay": "300",
            "health_check": [
              {
                "enabled": true,
                "healthy_threshold": 2,
                "interval": 15,
                "matcher": "200",
                "path": "/health_check",
                "port": "traffic-port",
                "protocol": "HTTP",
                "timeout": 5,
                "unhealthy_threshold": 2
              }
            ],
            "id": "arn:aws:elasticloadbalancing:us-east-1:484375727565:targetgroup/k8s-default-blinkalb-12cfa07d75/135a581d135d6a09",
            "lambda_multi_value_headers_enabled": null,
            "load_balancing_algorithm_type": "round_robin",
            "name": "k8s-default-blinkalb-12cfa07d75",
            "name_prefix": null,
            "port": 80,
            "preserve_client_ip": null,
            "protocol": "HTTP",
            "protocol_version": "HTTP1",
            "proxy_protocol_v2": null,
            "slow_start": 0,
            "stickiness": [
              {
                "cookie_duration": 86400,
                "cookie_name": "",
                "enabled": false,
                "type": "lb_cookie"
              }
            ],
            "tags": {
              "elbv2.k8s.aws/cluster": "eks-data-prod-3",
              "ingress.k8s.aws/resource": "default/prod-3-ingress-blink-alb:80",
              "ingress.k8s.aws/stack": "default/prod-3-ingress"
            },
            "tags_all": {
              "elbv2.k8s.aws/cluster": "eks-data-prod-3",
              "ingress.k8s.aws/resource": "default/prod-3-ingress-blink-alb:80",
              "ingress.k8s.aws/stack": "default/prod-3-ingress"
            },
            "target_type": "ip",
            "vpc_id": "vpc-8e992de8"
          },
          "sensitive_attributes": [],
          "private": "eyJzY2hlbWFfdmVyc2lvbiI6MH0="
        }
      ]
    },
    {
      "mode": "managed",
      "type": "aws_alb_target_group",
      "name": "arn_aws_elasticloadbalancing_us_east_1_484375727565_targetgroup_k8s_default_blinkalb_dc5c3562f6_11d4039eb6b8c6e1",
      "provider": "provider[\"registry.terraform.io/hashicorp/aws\"]",
      "instances": [
        {
          "schema_version": 0,
          "attributes": {
            "arn": "arn:aws:elasticloadbalancing:us-east-1:484375727565:targetgroup/k8s-default-blinkalb-dc5c3562f6/11d4039eb6b8c6e1",
            "arn_suffix": "targetgroup/k8s-default-blinkalb-dc5c3562f6/11d4039eb6b8c6e1",
            "connection_termination": null,
            "deregistration_delay": "300",
            "health_check": [
              {
                "enabled": true,
                "healthy_threshold": 2,
                "interval": 15,
                "matcher": "200",
                "path": "/health_check",
                "port": "traffic-port",
                "protocol": "HTTP",
                "timeout": 5,
                "unhealthy_threshold": 2
              }
            ],
            "id": "arn:aws:elasticloadbalancing:us-east-1:484375727565:targetgroup/k8s-default-blinkalb-dc5c3562f6/11d4039eb6b8c6e1",
            "lambda_multi_value_headers_enabled": null,
            "load_balancing_algorithm_type": "round_robin",
            "name": "k8s-default-blinkalb-dc5c3562f6",
            "name_prefix": null,
            "port": 80,
            "preserve_client_ip": null,
            "protocol": "HTTP",
            "protocol_version": "HTTP1",
            "proxy_protocol_v2": null,
            "slow_start": 0,
            "stickiness": [
              {
                "cookie_duration": 86400,
                "cookie_name": "",
                "enabled": false,
                "type": "lb_cookie"
              }
            ],
            "tags": {
              "elbv2.k8s.aws/cluster": "eks-data-dev-2",
              "ingress.k8s.aws/resource": "default/dev-2-ingress-blink-alb:80",
              "ingress.k8s.aws/stack": "default/dev-2-ingress"
            },
            "tags_all": {
              "elbv2.k8s.aws/cluster": "eks-data-dev-2",
              "ingress.k8s.aws/resource": "default/dev-2-ingress-blink-alb:80",
              "ingress.k8s.aws/stack": "default/dev-2-ingress"
            },
            "target_type": "ip",
            "vpc_id": "vpc-8e992de8"
          },
          "sensitive_attributes": [],
          "private": "eyJzY2hlbWFfdmVyc2lvbiI6MH0="
        }
      ]
    },
    {
      "mode": "managed",
      "type": "aws_alb_target_group",
      "name": "arn_aws_elasticloadbalancing_us_east_1_484375727565_targetgroup_k8s_default_corefres_6361943703_b2d1951584c8e5b1",
      "provider": "provider[\"registry.terraform.io/hashicorp/aws\"]",
      "instances": [
        {
          "schema_version": 0,
          "attributes": {
            "arn": "arn:aws:elasticloadbalancing:us-east-1:484375727565:targetgroup/k8s-default-corefres-6361943703/b2d1951584c8e5b1",
            "arn_suffix": "targetgroup/k8s-default-corefres-6361943703/b2d1951584c8e5b1",
            "connection_termination": null,
            "deregistration_delay": "300",
            "health_check": [
              {
                "enabled": true,
                "healthy_threshold": 2,
                "interval": 15,
                "matcher": "200",
                "path": "/ping",
                "port": "traffic-port",
                "protocol": "HTTP",
                "timeout": 5,
                "unhealthy_threshold": 2
              }
            ],
            "id": "arn:aws:elasticloadbalancing:us-east-1:484375727565:targetgroup/k8s-default-corefres-6361943703/b2d1951584c8e5b1",
            "lambda_multi_value_headers_enabled": null,
            "load_balancing_algorithm_type": "round_robin",
            "name": "k8s-default-corefres-6361943703",
            "name_prefix": null,
            "port": 8080,
            "preserve_client_ip": null,
            "protocol": "HTTP",
            "protocol_version": "HTTP1",
            "proxy_protocol_v2": null,
            "slow_start": 0,
            "stickiness": [
              {
                "cookie_duration": 86400,
                "cookie_name": "",
                "enabled": false,
                "type": "lb_cookie"
              }
            ],
            "tags": {
              "elbv2.k8s.aws/cluster": "eks-data-dev-2",
              "ingress.k8s.aws/resource": "default/dev-2-ingress-coref-resolution-alb:80",
              "ingress.k8s.aws/stack": "default/dev-2-ingress"
            },
            "tags_all": {
              "elbv2.k8s.aws/cluster": "eks-data-dev-2",
              "ingress.k8s.aws/resource": "default/dev-2-ingress-coref-resolution-alb:80",
              "ingress.k8s.aws/stack": "default/dev-2-ingress"
            },
            "target_type": "ip",
            "vpc_id": "vpc-8e992de8"
          },
          "sensitive_attributes": [],
          "private": "eyJzY2hlbWFfdmVyc2lvbiI6MH0="
        }
      ]
    },
    {
      "mode": "managed",
      "type": "aws_alb_target_group",
      "name": "arn_aws_elasticloadbalancing_us_east_1_484375727565_targetgroup_k8s_default_corefres_e7443c15ee_c94146faa53d301c",
      "provider": "provider[\"registry.terraform.io/hashicorp/aws\"]",
      "instances": [
        {
          "schema_version": 0,
          "attributes": {
            "arn": "arn:aws:elasticloadbalancing:us-east-1:484375727565:targetgroup/k8s-default-corefres-e7443c15ee/c94146faa53d301c",
            "arn_suffix": "targetgroup/k8s-default-corefres-e7443c15ee/c94146faa53d301c",
            "connection_termination": null,
            "deregistration_delay": "300",
            "health_check": [
              {
                "enabled": true,
                "healthy_threshold": 2,
                "interval": 15,
                "matcher": "200",
                "path": "/ping",
                "port": "traffic-port",
                "protocol": "HTTP",
                "timeout": 5,
                "unhealthy_threshold": 2
              }
            ],
            "id": "arn:aws:elasticloadbalancing:us-east-1:484375727565:targetgroup/k8s-default-corefres-e7443c15ee/c94146faa53d301c",
            "lambda_multi_value_headers_enabled": null,
            "load_balancing_algorithm_type": "round_robin",
            "name": "k8s-default-corefres-e7443c15ee",
            "name_prefix": null,
            "port": 8080,
            "preserve_client_ip": null,
            "protocol": "HTTP",
            "protocol_version": "HTTP1",
            "proxy_protocol_v2": null,
            "slow_start": 0,
            "stickiness": [
              {
                "cookie_duration": 86400,
                "cookie_name": "",
                "enabled": false,
                "type": "lb_cookie"
              }
            ],
            "tags": {
              "elbv2.k8s.aws/cluster": "eks-data-prod-3",
              "ingress.k8s.aws/resource": "default/prod-3-ingress-coref-resolution-alb:80",
              "ingress.k8s.aws/stack": "default/prod-3-ingress"
            },
            "tags_all": {
              "elbv2.k8s.aws/cluster": "eks-data-prod-3",
              "ingress.k8s.aws/resource": "default/prod-3-ingress-coref-resolution-alb:80",
              "ingress.k8s.aws/stack": "default/prod-3-ingress"
            },
            "target_type": "ip",
            "vpc_id": "vpc-8e992de8"
          },
          "sensitive_attributes": [],
          "private": "eyJzY2hlbWFfdmVyc2lvbiI6MH0="
        }
      ]
    },
    {
      "mode": "managed",
      "type": "aws_alb_target_group",
      "name": "arn_aws_elasticloadbalancing_us_east_1_484375727565_targetgroup_k8s_default_dgainfal_518b933de8_a956697885a156e8",
      "provider": "provider[\"registry.terraform.io/hashicorp/aws\"]",
      "instances": [
        {
          "schema_version": 0,
          "attributes": {
            "arn": "arn:aws:elasticloadbalancing:us-east-1:484375727565:targetgroup/k8s-default-dgainfal-518b933de8/a956697885a156e8",
            "arn_suffix": "targetgroup/k8s-default-dgainfal-518b933de8/a956697885a156e8",
            "connection_termination": null,
            "deregistration_delay": "300",
            "health_check": [
              {
                "enabled": true,
                "healthy_threshold": 2,
                "interval": 15,
                "matcher": "200",
                "path": "/ping",
                "port": "traffic-port",
                "protocol": "HTTP",
                "timeout": 5,
                "unhealthy_threshold": 2
              }
            ],
            "id": "arn:aws:elasticloadbalancing:us-east-1:484375727565:targetgroup/k8s-default-dgainfal-518b933de8/a956697885a156e8",
            "lambda_multi_value_headers_enabled": null,
            "load_balancing_algorithm_type": "round_robin",
            "name": "k8s-default-dgainfal-518b933de8",
            "name_prefix": null,
            "port": 8080,
            "preserve_client_ip": null,
            "protocol": "HTTP",
            "protocol_version": "HTTP1",
            "proxy_protocol_v2": null,
            "slow_start": 0,
            "stickiness": [
              {
                "cookie_duration": 86400,
                "cookie_name": "",
                "enabled": false,
                "type": "lb_cookie"
              }
            ],
            "tags": {
              "elbv2.k8s.aws/cluster": "eks-data-dev-2",
              "ingress.k8s.aws/resource": "default/dev-2-ingress-dga-inf-alb:80",
              "ingress.k8s.aws/stack": "default/dev-2-ingress"
            },
            "tags_all": {
              "elbv2.k8s.aws/cluster": "eks-data-dev-2",
              "ingress.k8s.aws/resource": "default/dev-2-ingress-dga-inf-alb:80",
              "ingress.k8s.aws/stack": "default/dev-2-ingress"
            },
            "target_type": "ip",
            "vpc_id": "vpc-8e992de8"
          },
          "sensitive_attributes": [],
          "private": "eyJzY2hlbWFfdmVyc2lvbiI6MH0="
        }
      ]
    },
    {
      "mode": "managed",
      "type": "aws_alb_target_group",
      "name": "arn_aws_elasticloadbalancing_us_east_1_484375727565_targetgroup_k8s_default_dgainfal_ce246919bd_743d81873234f6e0",
      "provider": "provider[\"registry.terraform.io/hashicorp/aws\"]",
      "instances": [
        {
          "schema_version": 0,
          "attributes": {
            "arn": "arn:aws:elasticloadbalancing:us-east-1:484375727565:targetgroup/k8s-default-dgainfal-ce246919bd/743d81873234f6e0",
            "arn_suffix": "targetgroup/k8s-default-dgainfal-ce246919bd/743d81873234f6e0",
            "connection_termination": null,
            "deregistration_delay": "300",
            "health_check": [
              {
                "enabled": true,
                "healthy_threshold": 2,
                "interval": 15,
                "matcher": "200",
                "path": "/ping",
                "port": "traffic-port",
                "protocol": "HTTP",
                "timeout": 5,
                "unhealthy_threshold": 2
              }
            ],
            "id": "arn:aws:elasticloadbalancing:us-east-1:484375727565:targetgroup/k8s-default-dgainfal-ce246919bd/743d81873234f6e0",
            "lambda_multi_value_headers_enabled": null,
            "load_balancing_algorithm_type": "round_robin",
            "name": "k8s-default-dgainfal-ce246919bd",
            "name_prefix": null,
            "port": 8080,
            "preserve_client_ip": null,
            "protocol": "HTTP",
            "protocol_version": "HTTP1",
            "proxy_protocol_v2": null,
            "slow_start": 0,
            "stickiness": [
              {
                "cookie_duration": 86400,
                "cookie_name": "",
                "enabled": false,
                "type": "lb_cookie"
              }
            ],
            "tags": {
              "elbv2.k8s.aws/cluster": "eks-data-prod-3",
              "ingress.k8s.aws/resource": "default/prod-3-ingress-dga-inf-alb:80",
              "ingress.k8s.aws/stack": "default/prod-3-ingress"
            },
            "tags_all": {
              "elbv2.k8s.aws/cluster": "eks-data-prod-3",
              "ingress.k8s.aws/resource": "default/prod-3-ingress-dga-inf-alb:80",
              "ingress.k8s.aws/stack": "default/prod-3-ingress"
            },
            "target_type": "ip",
            "vpc_id": "vpc-8e992de8"
          },
          "sensitive_attributes": [],
          "private": "eyJzY2hlbWFfdmVyc2lvbiI6MH0="
        }
      ]
    },
    {
      "mode": "managed",
      "type": "aws_alb_target_group",
      "name": "arn_aws_elasticloadbalancing_us_east_1_484375727565_targetgroup_k8s_default_entityfi_0fb739f322_b27b98d9572538a0",
      "provider": "provider[\"registry.terraform.io/hashicorp/aws\"]",
      "instances": [
        {
          "schema_version": 0,
          "attributes": {
            "arn": "arn:aws:elasticloadbalancing:us-east-1:484375727565:targetgroup/k8s-default-entityfi-0fb739f322/b27b98d9572538a0",
            "arn_suffix": "targetgroup/k8s-default-entityfi-0fb739f322/b27b98d9572538a0",
            "connection_termination": null,
            "deregistration_delay": "300",
            "health_check": [
              {
                "enabled": true,
                "healthy_threshold": 2,
                "interval": 15,
                "matcher": "200",
                "path": "/",
                "port": "traffic-port",
                "protocol": "HTTP",
                "timeout": 5,
                "unhealthy_threshold": 2
              }
            ],
            "id": "arn:aws:elasticloadbalancing:us-east-1:484375727565:targetgroup/k8s-default-entityfi-0fb739f322/b27b98d9572538a0",
            "lambda_multi_value_headers_enabled": null,
            "load_balancing_algorithm_type": "round_robin",
            "name": "k8s-default-entityfi-0fb739f322",
            "name_prefix": null,
            "port": 8090,
            "preserve_client_ip": null,
            "protocol": "HTTP",
            "protocol_version": "HTTP1",
            "proxy_protocol_v2": null,
            "slow_start": 0,
            "stickiness": [
              {
                "cookie_duration": 86400,
                "cookie_name": "",
                "enabled": false,
                "type": "lb_cookie"
              }
            ],
            "tags": {
              "elbv2.k8s.aws/cluster": "eks-data-prod-3",
              "ingress.k8s.aws/resource": "default/prod-3-ingress-entity-fish-docker-alb:80",
              "ingress.k8s.aws/stack": "default/prod-3-ingress"
            },
            "tags_all": {
              "elbv2.k8s.aws/cluster": "eks-data-prod-3",
              "ingress.k8s.aws/resource": "default/prod-3-ingress-entity-fish-docker-alb:80",
              "ingress.k8s.aws/stack": "default/prod-3-ingress"
            },
            "target_type": "ip",
            "vpc_id": "vpc-8e992de8"
          },
          "sensitive_attributes": [],
          "private": "eyJzY2hlbWFfdmVyc2lvbiI6MH0="
        }
      ]
    },
    {
      "mode": "managed",
      "type": "aws_alb_target_group",
      "name": "arn_aws_elasticloadbalancing_us_east_1_484375727565_targetgroup_k8s_default_entityfi_38bedc7021_0a76fdd3b576e3b9",
      "provider": "provider[\"registry.terraform.io/hashicorp/aws\"]",
      "instances": [
        {
          "schema_version": 0,
          "attributes": {
            "arn": "arn:aws:elasticloadbalancing:us-east-1:484375727565:targetgroup/k8s-default-entityfi-38bedc7021/0a76fdd3b576e3b9",
            "arn_suffix": "targetgroup/k8s-default-entityfi-38bedc7021/0a76fdd3b576e3b9",
            "connection_termination": null,
            "deregistration_delay": "300",
            "health_check": [
              {
                "enabled": true,
                "healthy_threshold": 2,
                "interval": 15,
                "matcher": "200",
                "path": "/",
                "port": "traffic-port",
                "protocol": "HTTP",
                "timeout": 5,
                "unhealthy_threshold": 2
              }
            ],
            "id": "arn:aws:elasticloadbalancing:us-east-1:484375727565:targetgroup/k8s-default-entityfi-38bedc7021/0a76fdd3b576e3b9",
            "lambda_multi_value_headers_enabled": null,
            "load_balancing_algorithm_type": "round_robin",
            "name": "k8s-default-entityfi-38bedc7021",
            "name_prefix": null,
            "port": 8091,
            "preserve_client_ip": null,
            "protocol": "HTTP",
            "protocol_version": "HTTP1",
            "proxy_protocol_v2": null,
            "slow_start": 0,
            "stickiness": [
              {
                "cookie_duration": 86400,
                "cookie_name": "",
                "enabled": false,
                "type": "lb_cookie"
              }
            ],
            "tags": {
              "elbv2.k8s.aws/cluster": "eks-data-dev-2",
              "ingress.k8s.aws/resource": "default/dev-2-ingress-entity-fish-docker-alb:81",
              "ingress.k8s.aws/stack": "default/dev-2-ingress"
            },
            "tags_all": {
              "elbv2.k8s.aws/cluster": "eks-data-dev-2",
              "ingress.k8s.aws/resource": "default/dev-2-ingress-entity-fish-docker-alb:81",
              "ingress.k8s.aws/stack": "default/dev-2-ingress"
            },
            "target_type": "ip",
            "vpc_id": "vpc-8e992de8"
          },
          "sensitive_attributes": [],
          "private": "eyJzY2hlbWFfdmVyc2lvbiI6MH0="
        }
      ]
    },
    {
      "mode": "managed",
      "type": "aws_alb_target_group",
      "name": "arn_aws_elasticloadbalancing_us_east_1_484375727565_targetgroup_k8s_default_entityfi_8401f9940f_a9bc9bfd03d8c4d1",
      "provider": "provider[\"registry.terraform.io/hashicorp/aws\"]",
      "instances": [
        {
          "schema_version": 0,
          "attributes": {
            "arn": "arn:aws:elasticloadbalancing:us-east-1:484375727565:targetgroup/k8s-default-entityfi-8401f9940f/a9bc9bfd03d8c4d1",
            "arn_suffix": "targetgroup/k8s-default-entityfi-8401f9940f/a9bc9bfd03d8c4d1",
            "connection_termination": null,
            "deregistration_delay": "300",
            "health_check": [
              {
                "enabled": true,
                "healthy_threshold": 2,
                "interval": 15,
                "matcher": "200",
                "path": "/health_check",
                "port": "traffic-port",
                "protocol": "HTTP",
                "timeout": 5,
                "unhealthy_threshold": 2
              }
            ],
            "id": "arn:aws:elasticloadbalancing:us-east-1:484375727565:targetgroup/k8s-default-entityfi-8401f9940f/a9bc9bfd03d8c4d1",
            "lambda_multi_value_headers_enabled": null,
            "load_balancing_algorithm_type": "round_robin",
            "name": "k8s-default-entityfi-8401f9940f",
            "name_prefix": null,
            "port": 80,
            "preserve_client_ip": null,
            "protocol": "HTTP",
            "protocol_version": "HTTP1",
            "proxy_protocol_v2": null,
            "slow_start": 0,
            "stickiness": [
              {
                "cookie_duration": 86400,
                "cookie_name": "",
                "enabled": false,
                "type": "lb_cookie"
              }
            ],
            "tags": {
              "elbv2.k8s.aws/cluster": "eks-data-prod-3",
              "ingress.k8s.aws/resource": "default/prod-3-ingress-entity-fish-alb:80",
              "ingress.k8s.aws/stack": "default/prod-3-ingress"
            },
            "tags_all": {
              "elbv2.k8s.aws/cluster": "eks-data-prod-3",
              "ingress.k8s.aws/resource": "default/prod-3-ingress-entity-fish-alb:80",
              "ingress.k8s.aws/stack": "default/prod-3-ingress"
            },
            "target_type": "ip",
            "vpc_id": "vpc-8e992de8"
          },
          "sensitive_attributes": [],
          "private": "eyJzY2hlbWFfdmVyc2lvbiI6MH0="
        }
      ]
    },
    {
      "mode": "managed",
      "type": "aws_alb_target_group",
      "name": "arn_aws_elasticloadbalancing_us_east_1_484375727565_targetgroup_k8s_default_entityfi_c6970e2ab9_925fdba9dc4ab2e7",
      "provider": "provider[\"registry.terraform.io/hashicorp/aws\"]",
      "instances": [
        {
          "schema_version": 0,
          "attributes": {
            "arn": "arn:aws:elasticloadbalancing:us-east-1:484375727565:targetgroup/k8s-default-entityfi-c6970e2ab9/925fdba9dc4ab2e7",
            "arn_suffix": "targetgroup/k8s-default-entityfi-c6970e2ab9/925fdba9dc4ab2e7",
            "connection_termination": null,
            "deregistration_delay": "300",
            "health_check": [
              {
                "enabled": true,
                "healthy_threshold": 2,
                "interval": 15,
                "matcher": "200",
                "path": "/health_check",
                "port": "traffic-port",
                "protocol": "HTTP",
                "timeout": 5,
                "unhealthy_threshold": 2
              }
            ],
            "id": "arn:aws:elasticloadbalancing:us-east-1:484375727565:targetgroup/k8s-default-entityfi-c6970e2ab9/925fdba9dc4ab2e7",
            "lambda_multi_value_headers_enabled": null,
            "load_balancing_algorithm_type": "round_robin",
            "name": "k8s-default-entityfi-c6970e2ab9",
            "name_prefix": null,
            "port": 80,
            "preserve_client_ip": null,
            "protocol": "HTTP",
            "protocol_version": "HTTP1",
            "proxy_protocol_v2": null,
            "slow_start": 0,
            "stickiness": [
              {
                "cookie_duration": 86400,
                "cookie_name": "",
                "enabled": false,
                "type": "lb_cookie"
              }
            ],
            "tags": {
              "elbv2.k8s.aws/cluster": "eks-data-dev-2",
              "ingress.k8s.aws/resource": "default/dev-2-ingress-entity-fish-alb:80",
              "ingress.k8s.aws/stack": "default/dev-2-ingress"
            },
            "tags_all": {
              "elbv2.k8s.aws/cluster": "eks-data-dev-2",
              "ingress.k8s.aws/resource": "default/dev-2-ingress-entity-fish-alb:80",
              "ingress.k8s.aws/stack": "default/dev-2-ingress"
            },
            "target_type": "ip",
            "vpc_id": "vpc-8e992de8"
          },
          "sensitive_attributes": [],
          "private": "eyJzY2hlbWFfdmVyc2lvbiI6MH0="
        }
      ]
    },
    {
      "mode": "managed",
      "type": "aws_alb_target_group",
      "name": "arn_aws_elasticloadbalancing_us_east_1_484375727565_targetgroup_k8s_default_entityfi_c7935019be_5fa909e5ece491d0",
      "provider": "provider[\"registry.terraform.io/hashicorp/aws\"]",
      "instances": [
        {
          "schema_version": 0,
          "attributes": {
            "arn": "arn:aws:elasticloadbalancing:us-east-1:484375727565:targetgroup/k8s-default-entityfi-c7935019be/5fa909e5ece491d0",
            "arn_suffix": "targetgroup/k8s-default-entityfi-c7935019be/5fa909e5ece491d0",
            "connection_termination": null,
            "deregistration_delay": "300",
            "health_check": [
              {
                "enabled": true,
                "healthy_threshold": 2,
                "interval": 15,
                "matcher": "200",
                "path": "/",
                "port": "traffic-port",
                "protocol": "HTTP",
                "timeout": 5,
                "unhealthy_threshold": 2
              }
            ],
            "id": "arn:aws:elasticloadbalancing:us-east-1:484375727565:targetgroup/k8s-default-entityfi-c7935019be/5fa909e5ece491d0",
            "lambda_multi_value_headers_enabled": null,
            "load_balancing_algorithm_type": "round_robin",
            "name": "k8s-default-entityfi-c7935019be",
            "name_prefix": null,
            "port": 8091,
            "preserve_client_ip": null,
            "protocol": "HTTP",
            "protocol_version": "HTTP1",
            "proxy_protocol_v2": null,
            "slow_start": 0,
            "stickiness": [
              {
                "cookie_duration": 86400,
                "cookie_name": "",
                "enabled": false,
                "type": "lb_cookie"
              }
            ],
            "tags": {
              "elbv2.k8s.aws/cluster": "eks-data-prod-3",
              "ingress.k8s.aws/resource": "default/prod-3-ingress-entity-fish-docker-alb:81",
              "ingress.k8s.aws/stack": "default/prod-3-ingress"
            },
            "tags_all": {
              "elbv2.k8s.aws/cluster": "eks-data-prod-3",
              "ingress.k8s.aws/resource": "default/prod-3-ingress-entity-fish-docker-alb:81",
              "ingress.k8s.aws/stack": "default/prod-3-ingress"
            },
            "target_type": "ip",
            "vpc_id": "vpc-8e992de8"
          },
          "sensitive_attributes": [],
          "private": "eyJzY2hlbWFfdmVyc2lvbiI6MH0="
        }
      ]
    },
    {
      "mode": "managed",
      "type": "aws_alb_target_group",
      "name": "arn_aws_elasticloadbalancing_us_east_1_484375727565_targetgroup_k8s_default_entityfi_f58af7d23e_e57b50ae6f43b40b",
      "provider": "provider[\"registry.terraform.io/hashicorp/aws\"]",
      "instances": [
        {
          "schema_version": 0,
          "attributes": {
            "arn": "arn:aws:elasticloadbalancing:us-east-1:484375727565:targetgroup/k8s-default-entityfi-f58af7d23e/e57b50ae6f43b40b",
            "arn_suffix": "targetgroup/k8s-default-entityfi-f58af7d23e/e57b50ae6f43b40b",
            "connection_termination": null,
            "deregistration_delay": "300",
            "health_check": [
              {
                "enabled": true,
                "healthy_threshold": 2,
                "interval": 15,
                "matcher": "200",
                "path": "/",
                "port": "traffic-port",
                "protocol": "HTTP",
                "timeout": 5,
                "unhealthy_threshold": 2
              }
            ],
            "id": "arn:aws:elasticloadbalancing:us-east-1:484375727565:targetgroup/k8s-default-entityfi-f58af7d23e/e57b50ae6f43b40b",
            "lambda_multi_value_headers_enabled": null,
            "load_balancing_algorithm_type": "round_robin",
            "name": "k8s-default-entityfi-f58af7d23e",
            "name_prefix": null,
            "port": 8090,
            "preserve_client_ip": null,
            "protocol": "HTTP",
            "protocol_version": "HTTP1",
            "proxy_protocol_v2": null,
            "slow_start": 0,
            "stickiness": [
              {
                "cookie_duration": 86400,
                "cookie_name": "",
                "enabled": false,
                "type": "lb_cookie"
              }
            ],
            "tags": {
              "elbv2.k8s.aws/cluster": "eks-data-dev-2",
              "ingress.k8s.aws/resource": "default/dev-2-ingress-entity-fish-docker-alb:80",
              "ingress.k8s.aws/stack": "default/dev-2-ingress"
            },
            "tags_all": {
              "elbv2.k8s.aws/cluster": "eks-data-dev-2",
              "ingress.k8s.aws/resource": "default/dev-2-ingress-entity-fish-docker-alb:80",
              "ingress.k8s.aws/stack": "default/dev-2-ingress"
            },
            "target_type": "ip",
            "vpc_id": "vpc-8e992de8"
          },
          "sensitive_attributes": [],
          "private": "eyJzY2hlbWFfdmVyc2lvbiI6MH0="
        }
      ]
    },
    {
      "mode": "managed",
      "type": "aws_alb_target_group",
      "name": "arn_aws_elasticloadbalancing_us_east_1_484375727565_targetgroup_k8s_default_genrealb_f4e78e2a9b_63924b3cdad96029",
      "provider": "provider[\"registry.terraform.io/hashicorp/aws\"]",
      "instances": [
        {
          "schema_version": 0,
          "attributes": {
            "arn": "arn:aws:elasticloadbalancing:us-east-1:484375727565:targetgroup/k8s-default-genrealb-f4e78e2a9b/63924b3cdad96029",
            "arn_suffix": "targetgroup/k8s-default-genrealb-f4e78e2a9b/63924b3cdad96029",
            "connection_termination": null,
            "deregistration_delay": "300",
            "health_check": [
              {
                "enabled": true,
                "healthy_threshold": 2,
                "interval": 15,
                "matcher": "200",
                "path": "/health_check",
                "port": "traffic-port",
                "protocol": "HTTP",
                "timeout": 5,
                "unhealthy_threshold": 2
              }
            ],
            "id": "arn:aws:elasticloadbalancing:us-east-1:484375727565:targetgroup/k8s-default-genrealb-f4e78e2a9b/63924b3cdad96029",
            "lambda_multi_value_headers_enabled": null,
            "load_balancing_algorithm_type": "round_robin",
            "name": "k8s-default-genrealb-f4e78e2a9b",
            "name_prefix": null,
            "port": 80,
            "preserve_client_ip": null,
            "protocol": "HTTP",
            "protocol_version": "HTTP1",
            "proxy_protocol_v2": null,
            "slow_start": 0,
            "stickiness": [
              {
                "cookie_duration": 86400,
                "cookie_name": "",
                "enabled": false,
                "type": "lb_cookie"
              }
            ],
            "tags": {
              "elbv2.k8s.aws/cluster": "eks-data-dev-2",
              "ingress.k8s.aws/resource": "default/dev-2-ingress-genre-alb:80",
              "ingress.k8s.aws/stack": "default/dev-2-ingress"
            },
            "tags_all": {
              "elbv2.k8s.aws/cluster": "eks-data-dev-2",
              "ingress.k8s.aws/resource": "default/dev-2-ingress-genre-alb:80",
              "ingress.k8s.aws/stack": "default/dev-2-ingress"
            },
            "target_type": "ip",
            "vpc_id": "vpc-8e992de8"
          },
          "sensitive_attributes": [],
          "private": "eyJzY2hlbWFfdmVyc2lvbiI6MH0="
        }
      ]
    },
    {
      "mode": "managed",
      "type": "aws_alb_target_group",
      "name": "arn_aws_elasticloadbalancing_us_east_1_484375727565_targetgroup_k8s_default_gpt3alb_01f0d905a9_0fb10e0dd7cc17fb",
      "provider": "provider[\"registry.terraform.io/hashicorp/aws\"]",
      "instances": [
        {
          "schema_version": 0,
          "attributes": {
            "arn": "arn:aws:elasticloadbalancing:us-east-1:484375727565:targetgroup/k8s-default-gpt3alb-01f0d905a9/0fb10e0dd7cc17fb",
            "arn_suffix": "targetgroup/k8s-default-gpt3alb-01f0d905a9/0fb10e0dd7cc17fb",
            "connection_termination": null,
            "deregistration_delay": "300",
            "health_check": [
              {
                "enabled": true,
                "healthy_threshold": 2,
                "interval": 15,
                "matcher": "200",
                "path": "/health_check",
                "port": "traffic-port",
                "protocol": "HTTP",
                "timeout": 5,
                "unhealthy_threshold": 2
              }
            ],
            "id": "arn:aws:elasticloadbalancing:us-east-1:484375727565:targetgroup/k8s-default-gpt3alb-01f0d905a9/0fb10e0dd7cc17fb",
            "lambda_multi_value_headers_enabled": null,
            "load_balancing_algorithm_type": "round_robin",
            "name": "k8s-default-gpt3alb-01f0d905a9",
            "name_prefix": null,
            "port": 80,
            "preserve_client_ip": null,
            "protocol": "HTTP",
            "protocol_version": "HTTP1",
            "proxy_protocol_v2": null,
            "slow_start": 0,
            "stickiness": [
              {
                "cookie_duration": 86400,
                "cookie_name": "",
                "enabled": false,
                "type": "lb_cookie"
              }
            ],
            "tags": {
              "elbv2.k8s.aws/cluster": "eks-data-prod-3",
              "ingress.k8s.aws/resource": "default/prod-3-ingress-gpt3-alb:80",
              "ingress.k8s.aws/stack": "default/prod-3-ingress"
            },
            "tags_all": {
              "elbv2.k8s.aws/cluster": "eks-data-prod-3",
              "ingress.k8s.aws/resource": "default/prod-3-ingress-gpt3-alb:80",
              "ingress.k8s.aws/stack": "default/prod-3-ingress"
            },
            "target_type": "ip",
            "vpc_id": "vpc-8e992de8"
          },
          "sensitive_attributes": [],
          "private": "eyJzY2hlbWFfdmVyc2lvbiI6MH0="
        }
      ]
    },
    {
      "mode": "managed",
      "type": "aws_alb_target_group",
      "name": "arn_aws_elasticloadbalancing_us_east_1_484375727565_targetgroup_k8s_default_gpt3alb_c5b3b91a2b_cb860c58c6e686c4",
      "provider": "provider[\"registry.terraform.io/hashicorp/aws\"]",
      "instances": [
        {
          "schema_version": 0,
          "attributes": {
            "arn": "arn:aws:elasticloadbalancing:us-east-1:484375727565:targetgroup/k8s-default-gpt3alb-c5b3b91a2b/cb860c58c6e686c4",
            "arn_suffix": "targetgroup/k8s-default-gpt3alb-c5b3b91a2b/cb860c58c6e686c4",
            "connection_termination": null,
            "deregistration_delay": "300",
            "health_check": [
              {
                "enabled": true,
                "healthy_threshold": 2,
                "interval": 15,
                "matcher": "200",
                "path": "/health_check",
                "port": "traffic-port",
                "protocol": "HTTP",
                "timeout": 5,
                "unhealthy_threshold": 2
              }
            ],
            "id": "arn:aws:elasticloadbalancing:us-east-1:484375727565:targetgroup/k8s-default-gpt3alb-c5b3b91a2b/cb860c58c6e686c4",
            "lambda_multi_value_headers_enabled": null,
            "load_balancing_algorithm_type": "round_robin",
            "name": "k8s-default-gpt3alb-c5b3b91a2b",
            "name_prefix": null,
            "port": 80,
            "preserve_client_ip": null,
            "protocol": "HTTP",
            "protocol_version": "HTTP1",
            "proxy_protocol_v2": null,
            "slow_start": 0,
            "stickiness": [
              {
                "cookie_duration": 86400,
                "cookie_name": "",
                "enabled": false,
                "type": "lb_cookie"
              }
            ],
            "tags": {
              "elbv2.k8s.aws/cluster": "eks-data-dev-2",
              "ingress.k8s.aws/resource": "default/dev-2-ingress-gpt3-alb:80",
              "ingress.k8s.aws/stack": "default/dev-2-ingress"
            },
            "tags_all": {
              "elbv2.k8s.aws/cluster": "eks-data-dev-2",
              "ingress.k8s.aws/resource": "default/dev-2-ingress-gpt3-alb:80",
              "ingress.k8s.aws/stack": "default/dev-2-ingress"
            },
            "target_type": "ip",
            "vpc_id": "vpc-8e992de8"
          },
          "sensitive_attributes": [],
          "private": "eyJzY2hlbWFfdmVyc2lvbiI6MH0="
        }
      ]
    },
    {
      "mode": "managed",
      "type": "aws_alb_target_group",
      "name": "arn_aws_elasticloadbalancing_us_east_1_484375727565_targetgroup_k8s_default_iptcinfa_14affd4029_bd67011cb35b3c7b",
      "provider": "provider[\"registry.terraform.io/hashicorp/aws\"]",
      "instances": [
        {
          "schema_version": 0,
          "attributes": {
            "arn": "arn:aws:elasticloadbalancing:us-east-1:484375727565:targetgroup/k8s-default-iptcinfa-14affd4029/bd67011cb35b3c7b",
            "arn_suffix": "targetgroup/k8s-default-iptcinfa-14affd4029/bd67011cb35b3c7b",
            "connection_termination": null,
            "deregistration_delay": "300",
            "health_check": [
              {
                "enabled": true,
                "healthy_threshold": 2,
                "interval": 15,
                "matcher": "200",
                "path": "/health_check",
                "port": "traffic-port",
                "protocol": "HTTP",
                "timeout": 5,
                "unhealthy_threshold": 2
              }
            ],
            "id": "arn:aws:elasticloadbalancing:us-east-1:484375727565:targetgroup/k8s-default-iptcinfa-14affd4029/bd67011cb35b3c7b",
            "lambda_multi_value_headers_enabled": null,
            "load_balancing_algorithm_type": "round_robin",
            "name": "k8s-default-iptcinfa-14affd4029",
            "name_prefix": null,
            "port": 80,
            "preserve_client_ip": null,
            "protocol": "HTTP",
            "protocol_version": "HTTP1",
            "proxy_protocol_v2": null,
            "slow_start": 0,
            "stickiness": [
              {
                "cookie_duration": 86400,
                "cookie_name": "",
                "enabled": false,
                "type": "lb_cookie"
              }
            ],
            "tags": {
              "elbv2.k8s.aws/cluster": "eks-data-prod-3",
              "ingress.k8s.aws/resource": "default/prod-3-ingress-iptc-inf-alb:80",
              "ingress.k8s.aws/stack": "default/prod-3-ingress"
            },
            "tags_all": {
              "elbv2.k8s.aws/cluster": "eks-data-prod-3",
              "ingress.k8s.aws/resource": "default/prod-3-ingress-iptc-inf-alb:80",
              "ingress.k8s.aws/stack": "default/prod-3-ingress"
            },
            "target_type": "ip",
            "vpc_id": "vpc-8e992de8"
          },
          "sensitive_attributes": [],
          "private": "eyJzY2hlbWFfdmVyc2lvbiI6MH0="
        }
      ]
    },
    {
      "mode": "managed",
      "type": "aws_alb_target_group",
      "name": "arn_aws_elasticloadbalancing_us_east_1_484375727565_targetgroup_k8s_default_iptcinfa_18bc168e56_029437ce9e1865b1",
      "provider": "provider[\"registry.terraform.io/hashicorp/aws\"]",
      "instances": [
        {
          "schema_version": 0,
          "attributes": {
            "arn": "arn:aws:elasticloadbalancing:us-east-1:484375727565:targetgroup/k8s-default-iptcinfa-18bc168e56/029437ce9e1865b1",
            "arn_suffix": "targetgroup/k8s-default-iptcinfa-18bc168e56/029437ce9e1865b1",
            "connection_termination": null,
            "deregistration_delay": "300",
            "health_check": [
              {
                "enabled": true,
                "healthy_threshold": 2,
                "interval": 15,
                "matcher": "200",
                "path": "/health_check",
                "port": "traffic-port",
                "protocol": "HTTP",
                "timeout": 5,
                "unhealthy_threshold": 2
              }
            ],
            "id": "arn:aws:elasticloadbalancing:us-east-1:484375727565:targetgroup/k8s-default-iptcinfa-18bc168e56/029437ce9e1865b1",
            "lambda_multi_value_headers_enabled": null,
            "load_balancing_algorithm_type": "round_robin",
            "name": "k8s-default-iptcinfa-18bc168e56",
            "name_prefix": null,
            "port": 80,
            "preserve_client_ip": null,
            "protocol": "HTTP",
            "protocol_version": "HTTP1",
            "proxy_protocol_v2": null,
            "slow_start": 0,
            "stickiness": [
              {
                "cookie_duration": 86400,
                "cookie_name": "",
                "enabled": false,
                "type": "lb_cookie"
              }
            ],
            "tags": {
              "elbv2.k8s.aws/cluster": "eks-data-dev-2",
              "ingress.k8s.aws/resource": "default/dev-2-ingress-iptc-inf-alb:80",
              "ingress.k8s.aws/stack": "default/dev-2-ingress"
            },
            "tags_all": {
              "elbv2.k8s.aws/cluster": "eks-data-dev-2",
              "ingress.k8s.aws/resource": "default/dev-2-ingress-iptc-inf-alb:80",
              "ingress.k8s.aws/stack": "default/dev-2-ingress"
            },
            "target_type": "ip",
            "vpc_id": "vpc-8e992de8"
          },
          "sensitive_attributes": [],
          "private": "eyJzY2hlbWFfdmVyc2lvbiI6MH0="
        }
      ]
    },
    {
      "mode": "managed",
      "type": "aws_alb_target_group",
      "name": "arn_aws_elasticloadbalancing_us_east_1_484375727565_targetgroup_k8s_default_keyberti_1e50565144_76680de4c3389f05",
      "provider": "provider[\"registry.terraform.io/hashicorp/aws\"]",
      "instances": [
        {
          "schema_version": 0,
          "attributes": {
            "arn": "arn:aws:elasticloadbalancing:us-east-1:484375727565:targetgroup/k8s-default-keyberti-1e50565144/76680de4c3389f05",
            "arn_suffix": "targetgroup/k8s-default-keyberti-1e50565144/76680de4c3389f05",
            "connection_termination": null,
            "deregistration_delay": "300",
            "health_check": [
              {
                "enabled": true,
                "healthy_threshold": 2,
                "interval": 15,
                "matcher": "200",
                "path": "/health_check",
                "port": "traffic-port",
                "protocol": "HTTP",
                "timeout": 5,
                "unhealthy_threshold": 2
              }
            ],
            "id": "arn:aws:elasticloadbalancing:us-east-1:484375727565:targetgroup/k8s-default-keyberti-1e50565144/76680de4c3389f05",
            "lambda_multi_value_headers_enabled": null,
            "load_balancing_algorithm_type": "round_robin",
            "name": "k8s-default-keyberti-1e50565144",
            "name_prefix": null,
            "port": 80,
            "preserve_client_ip": null,
            "protocol": "HTTP",
            "protocol_version": "HTTP1",
            "proxy_protocol_v2": null,
            "slow_start": 0,
            "stickiness": [
              {
                "cookie_duration": 86400,
                "cookie_name": "",
                "enabled": false,
                "type": "lb_cookie"
              }
            ],
            "tags": {
              "elbv2.k8s.aws/cluster": "eks-data-prod-3",
              "ingress.k8s.aws/resource": "default/prod-3-ingress-keybert-inf-alb:80",
              "ingress.k8s.aws/stack": "default/prod-3-ingress"
            },
            "tags_all": {
              "elbv2.k8s.aws/cluster": "eks-data-prod-3",
              "ingress.k8s.aws/resource": "default/prod-3-ingress-keybert-inf-alb:80",
              "ingress.k8s.aws/stack": "default/prod-3-ingress"
            },
            "target_type": "ip",
            "vpc_id": "vpc-8e992de8"
          },
          "sensitive_attributes": [],
          "private": "eyJzY2hlbWFfdmVyc2lvbiI6MH0="
        }
      ]
    },
    {
      "mode": "managed",
      "type": "aws_alb_target_group",
      "name": "arn_aws_elasticloadbalancing_us_east_1_484375727565_targetgroup_k8s_default_keyberti_b5177217da_fc55c8aaea4d1315",
      "provider": "provider[\"registry.terraform.io/hashicorp/aws\"]",
      "instances": [
        {
          "schema_version": 0,
          "attributes": {
            "arn": "arn:aws:elasticloadbalancing:us-east-1:484375727565:targetgroup/k8s-default-keyberti-b5177217da/fc55c8aaea4d1315",
            "arn_suffix": "targetgroup/k8s-default-keyberti-b5177217da/fc55c8aaea4d1315",
            "connection_termination": null,
            "deregistration_delay": "300",
            "health_check": [
              {
                "enabled": true,
                "healthy_threshold": 2,
                "interval": 15,
                "matcher": "200",
                "path": "/health_check",
                "port": "traffic-port",
                "protocol": "HTTP",
                "timeout": 5,
                "unhealthy_threshold": 2
              }
            ],
            "id": "arn:aws:elasticloadbalancing:us-east-1:484375727565:targetgroup/k8s-default-keyberti-b5177217da/fc55c8aaea4d1315",
            "lambda_multi_value_headers_enabled": null,
            "load_balancing_algorithm_type": "round_robin",
            "name": "k8s-default-keyberti-b5177217da",
            "name_prefix": null,
            "port": 80,
            "preserve_client_ip": null,
            "protocol": "HTTP",
            "protocol_version": "HTTP1",
            "proxy_protocol_v2": null,
            "slow_start": 0,
            "stickiness": [
              {
                "cookie_duration": 86400,
                "cookie_name": "",
                "enabled": false,
                "type": "lb_cookie"
              }
            ],
            "tags": {
              "elbv2.k8s.aws/cluster": "eks-data-dev-2",
              "ingress.k8s.aws/resource": "default/dev-2-ingress-keybert-inf-alb:80",
              "ingress.k8s.aws/stack": "default/dev-2-ingress"
            },
            "tags_all": {
              "elbv2.k8s.aws/cluster": "eks-data-dev-2",
              "ingress.k8s.aws/resource": "default/dev-2-ingress-keybert-inf-alb:80",
              "ingress.k8s.aws/stack": "default/dev-2-ingress"
            },
            "target_type": "ip",
            "vpc_id": "vpc-8e992de8"
          },
          "sensitive_attributes": [],
          "private": "eyJzY2hlbWFfdmVyc2lvbiI6MH0="
        }
      ]
    },
    {
      "mode": "managed",
      "type": "aws_alb_target_group",
      "name": "arn_aws_elasticloadbalancing_us_east_1_484375727565_targetgroup_k8s_default_lshalb_01ed4560f7_71ffb11f200da61c",
      "provider": "provider[\"registry.terraform.io/hashicorp/aws\"]",
      "instances": [
        {
          "schema_version": 0,
          "attributes": {
            "arn": "arn:aws:elasticloadbalancing:us-east-1:484375727565:targetgroup/k8s-default-lshalb-01ed4560f7/71ffb11f200da61c",
            "arn_suffix": "targetgroup/k8s-default-lshalb-01ed4560f7/71ffb11f200da61c",
            "connection_termination": null,
            "deregistration_delay": "300",
            "health_check": [
              {
                "enabled": true,
                "healthy_threshold": 2,
                "interval": 15,
                "matcher": "200",
                "path": "/health_check",
                "port": "traffic-port",
                "protocol": "HTTP",
                "timeout": 5,
                "unhealthy_threshold": 2
              }
            ],
            "id": "arn:aws:elasticloadbalancing:us-east-1:484375727565:targetgroup/k8s-default-lshalb-01ed4560f7/71ffb11f200da61c",
            "lambda_multi_value_headers_enabled": null,
            "load_balancing_algorithm_type": "round_robin",
            "name": "k8s-default-lshalb-01ed4560f7",
            "name_prefix": null,
            "port": 80,
            "preserve_client_ip": null,
            "protocol": "HTTP",
            "protocol_version": "HTTP1",
            "proxy_protocol_v2": null,
            "slow_start": 0,
            "stickiness": [
              {
                "cookie_duration": 86400,
                "cookie_name": "",
                "enabled": false,
                "type": "lb_cookie"
              }
            ],
            "tags": {
              "elbv2.k8s.aws/cluster": "eks-data-dev-2",
              "ingress.k8s.aws/resource": "default/dev-2-ingress-lsh-alb:80",
              "ingress.k8s.aws/stack": "default/dev-2-ingress"
            },
            "tags_all": {
              "elbv2.k8s.aws/cluster": "eks-data-dev-2",
              "ingress.k8s.aws/resource": "default/dev-2-ingress-lsh-alb:80",
              "ingress.k8s.aws/stack": "default/dev-2-ingress"
            },
            "target_type": "ip",
            "vpc_id": "vpc-8e992de8"
          },
          "sensitive_attributes": [],
          "private": "eyJzY2hlbWFfdmVyc2lvbiI6MH0="
        }
      ]
    },
    {
      "mode": "managed",
      "type": "aws_alb_target_group",
      "name": "arn_aws_elasticloadbalancing_us_east_1_484375727565_targetgroup_k8s_default_minhasha_8da94dcf87_679be626ec0dcdc0",
      "provider": "provider[\"registry.terraform.io/hashicorp/aws\"]",
      "instances": [
        {
          "schema_version": 0,
          "attributes": {
            "arn": "arn:aws:elasticloadbalancing:us-east-1:484375727565:targetgroup/k8s-default-minhasha-8da94dcf87/679be626ec0dcdc0",
            "arn_suffix": "targetgroup/k8s-default-minhasha-8da94dcf87/679be626ec0dcdc0",
            "connection_termination": null,
            "deregistration_delay": "300",
            "health_check": [
              {
                "enabled": true,
                "healthy_threshold": 2,
                "interval": 15,
                "matcher": "200",
                "path": "/health_check",
                "port": "traffic-port",
                "protocol": "HTTP",
                "timeout": 5,
                "unhealthy_threshold": 2
              }
            ],
            "id": "arn:aws:elasticloadbalancing:us-east-1:484375727565:targetgroup/k8s-default-minhasha-8da94dcf87/679be626ec0dcdc0",
            "lambda_multi_value_headers_enabled": null,
            "load_balancing_algorithm_type": "round_robin",
            "name": "k8s-default-minhasha-8da94dcf87",
            "name_prefix": null,
            "port": 80,
            "preserve_client_ip": null,
            "protocol": "HTTP",
            "protocol_version": "HTTP1",
            "proxy_protocol_v2": null,
            "slow_start": 0,
            "stickiness": [
              {
                "cookie_duration": 86400,
                "cookie_name": "",
                "enabled": false,
                "type": "lb_cookie"
              }
            ],
            "tags": {
              "elbv2.k8s.aws/cluster": "eks-data-dev-2",
              "ingress.k8s.aws/resource": "default/dev-2-ingress-minhash-alb:80",
              "ingress.k8s.aws/stack": "default/dev-2-ingress"
            },
            "tags_all": {
              "elbv2.k8s.aws/cluster": "eks-data-dev-2",
              "ingress.k8s.aws/resource": "default/dev-2-ingress-minhash-alb:80",
              "ingress.k8s.aws/stack": "default/dev-2-ingress"
            },
            "target_type": "ip",
            "vpc_id": "vpc-8e992de8"
          },
          "sensitive_attributes": [],
          "private": "eyJzY2hlbWFfdmVyc2lvbiI6MH0="
        }
      ]
    },
    {
      "mode": "managed",
      "type": "aws_alb_target_group",
      "name": "arn_aws_elasticloadbalancing_us_east_1_484375727565_targetgroup_k8s_default_minhasha_b2fb241b15_50d535abbf363411",
      "provider": "provider[\"registry.terraform.io/hashicorp/aws\"]",
      "instances": [
        {
          "schema_version": 0,
          "attributes": {
            "arn": "arn:aws:elasticloadbalancing:us-east-1:484375727565:targetgroup/k8s-default-minhasha-b2fb241b15/50d535abbf363411",
            "arn_suffix": "targetgroup/k8s-default-minhasha-b2fb241b15/50d535abbf363411",
            "connection_termination": null,
            "deregistration_delay": "300",
            "health_check": [
              {
                "enabled": true,
                "healthy_threshold": 2,
                "interval": 15,
                "matcher": "200",
                "path": "/health_check",
                "port": "traffic-port",
                "protocol": "HTTP",
                "timeout": 5,
                "unhealthy_threshold": 2
              }
            ],
            "id": "arn:aws:elasticloadbalancing:us-east-1:484375727565:targetgroup/k8s-default-minhasha-b2fb241b15/50d535abbf363411",
            "lambda_multi_value_headers_enabled": null,
            "load_balancing_algorithm_type": "round_robin",
            "name": "k8s-default-minhasha-b2fb241b15",
            "name_prefix": null,
            "port": 80,
            "preserve_client_ip": null,
            "protocol": "HTTP",
            "protocol_version": "HTTP1",
            "proxy_protocol_v2": null,
            "slow_start": 0,
            "stickiness": [
              {
                "cookie_duration": 86400,
                "cookie_name": "",
                "enabled": false,
                "type": "lb_cookie"
              }
            ],
            "tags": {
              "elbv2.k8s.aws/cluster": "eks-data-prod-3",
              "ingress.k8s.aws/resource": "default/prod-3-ingress-minhash-alb:80",
              "ingress.k8s.aws/stack": "default/prod-3-ingress"
            },
            "tags_all": {
              "elbv2.k8s.aws/cluster": "eks-data-prod-3",
              "ingress.k8s.aws/resource": "default/prod-3-ingress-minhash-alb:80",
              "ingress.k8s.aws/stack": "default/prod-3-ingress"
            },
            "target_type": "ip",
            "vpc_id": "vpc-8e992de8"
          },
          "sensitive_attributes": [],
          "private": "eyJzY2hlbWFfdmVyc2lvbiI6MH0="
        }
      ]
    },
    {
      "mode": "managed",
      "type": "aws_alb_target_group",
      "name": "arn_aws_elasticloadbalancing_us_east_1_484375727565_targetgroup_k8s_default_ner2infa_3655c8dd97_50c59e26d44573a7",
      "provider": "provider[\"registry.terraform.io/hashicorp/aws\"]",
      "instances": [
        {
          "schema_version": 0,
          "attributes": {
            "arn": "arn:aws:elasticloadbalancing:us-east-1:484375727565:targetgroup/k8s-default-ner2infa-3655c8dd97/50c59e26d44573a7",
            "arn_suffix": "targetgroup/k8s-default-ner2infa-3655c8dd97/50c59e26d44573a7",
            "connection_termination": null,
            "deregistration_delay": "300",
            "health_check": [
              {
                "enabled": true,
                "healthy_threshold": 2,
                "interval": 15,
                "matcher": "200",
                "path": "/ping",
                "port": "traffic-port",
                "protocol": "HTTP",
                "timeout": 5,
                "unhealthy_threshold": 2
              }
            ],
            "id": "arn:aws:elasticloadbalancing:us-east-1:484375727565:targetgroup/k8s-default-ner2infa-3655c8dd97/50c59e26d44573a7",
            "lambda_multi_value_headers_enabled": null,
            "load_balancing_algorithm_type": "round_robin",
            "name": "k8s-default-ner2infa-3655c8dd97",
            "name_prefix": null,
            "port": 8080,
            "preserve_client_ip": null,
            "protocol": "HTTP",
            "protocol_version": "HTTP1",
            "proxy_protocol_v2": null,
            "slow_start": 0,
            "stickiness": [
              {
                "cookie_duration": 86400,
                "cookie_name": "",
                "enabled": false,
                "type": "lb_cookie"
              }
            ],
            "tags": {
              "elbv2.k8s.aws/cluster": "eks-data-dev-2",
              "ingress.k8s.aws/resource": "default/dev-2-ingress-ner2-inf-alb:80",
              "ingress.k8s.aws/stack": "default/dev-2-ingress"
            },
            "tags_all": {
              "elbv2.k8s.aws/cluster": "eks-data-dev-2",
              "ingress.k8s.aws/resource": "default/dev-2-ingress-ner2-inf-alb:80",
              "ingress.k8s.aws/stack": "default/dev-2-ingress"
            },
            "target_type": "ip",
            "vpc_id": "vpc-8e992de8"
          },
          "sensitive_attributes": [],
          "private": "eyJzY2hlbWFfdmVyc2lvbiI6MH0="
        }
      ]
    },
    {
      "mode": "managed",
      "type": "aws_alb_target_group",
      "name": "arn_aws_elasticloadbalancing_us_east_1_484375727565_targetgroup_k8s_default_nerinfal_bb94b77401_ad98d56ea7360da5",
      "provider": "provider[\"registry.terraform.io/hashicorp/aws\"]",
      "instances": [
        {
          "schema_version": 0,
          "attributes": {
            "arn": "arn:aws:elasticloadbalancing:us-east-1:484375727565:targetgroup/k8s-default-nerinfal-bb94b77401/ad98d56ea7360da5",
            "arn_suffix": "targetgroup/k8s-default-nerinfal-bb94b77401/ad98d56ea7360da5",
            "connection_termination": null,
            "deregistration_delay": "300",
            "health_check": [
              {
                "enabled": true,
                "healthy_threshold": 2,
                "interval": 15,
                "matcher": "200",
                "path": "/ping",
                "port": "traffic-port",
                "protocol": "HTTP",
                "timeout": 5,
                "unhealthy_threshold": 2
              }
            ],
            "id": "arn:aws:elasticloadbalancing:us-east-1:484375727565:targetgroup/k8s-default-nerinfal-bb94b77401/ad98d56ea7360da5",
            "lambda_multi_value_headers_enabled": null,
            "load_balancing_algorithm_type": "round_robin",
            "name": "k8s-default-nerinfal-bb94b77401",
            "name_prefix": null,
            "port": 8080,
            "preserve_client_ip": null,
            "protocol": "HTTP",
            "protocol_version": "HTTP1",
            "proxy_protocol_v2": null,
            "slow_start": 0,
            "stickiness": [
              {
                "cookie_duration": 86400,
                "cookie_name": "",
                "enabled": false,
                "type": "lb_cookie"
              }
            ],
            "tags": {
              "elbv2.k8s.aws/cluster": "eks-data-dev-2",
              "ingress.k8s.aws/resource": "default/dev-2-ingress-ner-inf-alb:80",
              "ingress.k8s.aws/stack": "default/dev-2-ingress"
            },
            "tags_all": {
              "elbv2.k8s.aws/cluster": "eks-data-dev-2",
              "ingress.k8s.aws/resource": "default/dev-2-ingress-ner-inf-alb:80",
              "ingress.k8s.aws/stack": "default/dev-2-ingress"
            },
            "target_type": "ip",
            "vpc_id": "vpc-8e992de8"
          },
          "sensitive_attributes": [],
          "private": "eyJzY2hlbWFfdmVyc2lvbiI6MH0="
        }
      ]
    },
    {
      "mode": "managed",
      "type": "aws_alb_target_group",
      "name": "arn_aws_elasticloadbalancing_us_east_1_484375727565_targetgroup_k8s_default_nsfwclas_227699d31b_66c583eaebf88637",
      "provider": "provider[\"registry.terraform.io/hashicorp/aws\"]",
      "instances": [
        {
          "schema_version": 0,
          "attributes": {
            "arn": "arn:aws:elasticloadbalancing:us-east-1:484375727565:targetgroup/k8s-default-nsfwclas-227699d31b/66c583eaebf88637",
            "arn_suffix": "targetgroup/k8s-default-nsfwclas-227699d31b/66c583eaebf88637",
            "connection_termination": null,
            "deregistration_delay": "300",
            "health_check": [
              {
                "enabled": true,
                "healthy_threshold": 2,
                "interval": 15,
                "matcher": "200",
                "path": "/ping",
                "port": "traffic-port",
                "protocol": "HTTP",
                "timeout": 5,
                "unhealthy_threshold": 2
              }
            ],
            "id": "arn:aws:elasticloadbalancing:us-east-1:484375727565:targetgroup/k8s-default-nsfwclas-227699d31b/66c583eaebf88637",
            "lambda_multi_value_headers_enabled": null,
            "load_balancing_algorithm_type": "round_robin",
            "name": "k8s-default-nsfwclas-227699d31b",
            "name_prefix": null,
            "port": 8080,
            "preserve_client_ip": null,
            "protocol": "HTTP",
            "protocol_version": "HTTP1",
            "proxy_protocol_v2": null,
            "slow_start": 0,
            "stickiness": [
              {
                "cookie_duration": 86400,
                "cookie_name": "",
                "enabled": false,
                "type": "lb_cookie"
              }
            ],
            "tags": {
              "elbv2.k8s.aws/cluster": "eks-data-prod-3",
              "ingress.k8s.aws/resource": "default/prod-3-ingress-nsfw-classifier-alb:80",
              "ingress.k8s.aws/stack": "default/prod-3-ingress"
            },
            "tags_all": {
              "elbv2.k8s.aws/cluster": "eks-data-prod-3",
              "ingress.k8s.aws/resource": "default/prod-3-ingress-nsfw-classifier-alb:80",
              "ingress.k8s.aws/stack": "default/prod-3-ingress"
            },
            "target_type": "ip",
            "vpc_id": "vpc-8e992de8"
          },
          "sensitive_attributes": [],
          "private": "eyJzY2hlbWFfdmVyc2lvbiI6MH0="
        }
      ]
    },
    {
      "mode": "managed",
      "type": "aws_alb_target_group",
      "name": "arn_aws_elasticloadbalancing_us_east_1_484375727565_targetgroup_k8s_default_nsfwclas_44d1a8e590_9b4fbc979e39188e",
      "provider": "provider[\"registry.terraform.io/hashicorp/aws\"]",
      "instances": [
        {
          "schema_version": 0,
          "attributes": {
            "arn": "arn:aws:elasticloadbalancing:us-east-1:484375727565:targetgroup/k8s-default-nsfwclas-44d1a8e590/9b4fbc979e39188e",
            "arn_suffix": "targetgroup/k8s-default-nsfwclas-44d1a8e590/9b4fbc979e39188e",
            "connection_termination": null,
            "deregistration_delay": "300",
            "health_check": [
              {
                "enabled": true,
                "healthy_threshold": 2,
                "interval": 15,
                "matcher": "200",
                "path": "/ping",
                "port": "traffic-port",
                "protocol": "HTTP",
                "timeout": 5,
                "unhealthy_threshold": 2
              }
            ],
            "id": "arn:aws:elasticloadbalancing:us-east-1:484375727565:targetgroup/k8s-default-nsfwclas-44d1a8e590/9b4fbc979e39188e",
            "lambda_multi_value_headers_enabled": null,
            "load_balancing_algorithm_type": "round_robin",
            "name": "k8s-default-nsfwclas-44d1a8e590",
            "name_prefix": null,
            "port": 8080,
            "preserve_client_ip": null,
            "protocol": "HTTP",
            "protocol_version": "HTTP1",
            "proxy_protocol_v2": null,
            "slow_start": 0,
            "stickiness": [
              {
                "cookie_duration": 86400,
                "cookie_name": "",
                "enabled": false,
                "type": "lb_cookie"
              }
            ],
            "tags": {
              "elbv2.k8s.aws/cluster": "eks-data-dev-2",
              "ingress.k8s.aws/resource": "default/dev-2-ingress-nsfw-classifier-alb:80",
              "ingress.k8s.aws/stack": "default/dev-2-ingress"
            },
            "tags_all": {
              "elbv2.k8s.aws/cluster": "eks-data-dev-2",
              "ingress.k8s.aws/resource": "default/dev-2-ingress-nsfw-classifier-alb:80",
              "ingress.k8s.aws/stack": "default/dev-2-ingress"
            },
            "target_type": "ip",
            "vpc_id": "vpc-8e992de8"
          },
          "sensitive_attributes": [],
          "private": "eyJzY2hlbWFfdmVyc2lvbiI6MH0="
        }
      ]
    },
    {
      "mode": "managed",
      "type": "aws_alb_target_group",
      "name": "arn_aws_elasticloadbalancing_us_east_1_484375727565_targetgroup_k8s_default_sent21in_436df70b8d_ee369a139bb75fb7",
      "provider": "provider[\"registry.terraform.io/hashicorp/aws\"]",
      "instances": [
        {
          "schema_version": 0,
          "attributes": {
            "arn": "arn:aws:elasticloadbalancing:us-east-1:484375727565:targetgroup/k8s-default-sent21in-436df70b8d/ee369a139bb75fb7",
            "arn_suffix": "targetgroup/k8s-default-sent21in-436df70b8d/ee369a139bb75fb7",
            "connection_termination": null,
            "deregistration_delay": "300",
            "health_check": [
              {
                "enabled": true,
                "healthy_threshold": 2,
                "interval": 15,
                "matcher": "200",
                "path": "/ping",
                "port": "traffic-port",
                "protocol": "HTTP",
                "timeout": 5,
                "unhealthy_threshold": 2
              }
            ],
            "id": "arn:aws:elasticloadbalancing:us-east-1:484375727565:targetgroup/k8s-default-sent21in-436df70b8d/ee369a139bb75fb7",
            "lambda_multi_value_headers_enabled": null,
            "load_balancing_algorithm_type": "round_robin",
            "name": "k8s-default-sent21in-436df70b8d",
            "name_prefix": null,
            "port": 8080,
            "preserve_client_ip": null,
            "protocol": "HTTP",
            "protocol_version": "HTTP1",
            "proxy_protocol_v2": null,
            "slow_start": 0,
            "stickiness": [
              {
                "cookie_duration": 86400,
                "cookie_name": "",
                "enabled": false,
                "type": "lb_cookie"
              }
            ],
            "tags": {
              "elbv2.k8s.aws/cluster": "eks-data-prod-3",
              "ingress.k8s.aws/resource": "default/prod-3-ingress-sent2-1-inf-alb:80",
              "ingress.k8s.aws/stack": "default/prod-3-ingress"
            },
            "tags_all": {
              "elbv2.k8s.aws/cluster": "eks-data-prod-3",
              "ingress.k8s.aws/resource": "default/prod-3-ingress-sent2-1-inf-alb:80",
              "ingress.k8s.aws/stack": "default/prod-3-ingress"
            },
            "target_type": "ip",
            "vpc_id": "vpc-8e992de8"
          },
          "sensitive_attributes": [],
          "private": "eyJzY2hlbWFfdmVyc2lvbiI6MH0="
        }
      ]
    },
    {
      "mode": "managed",
      "type": "aws_alb_target_group",
      "name": "arn_aws_elasticloadbalancing_us_east_1_484375727565_targetgroup_k8s_default_sent21in_be26090430_02f04d6c0178351e",
      "provider": "provider[\"registry.terraform.io/hashicorp/aws\"]",
      "instances": [
        {
          "schema_version": 0,
          "attributes": {
            "arn": "arn:aws:elasticloadbalancing:us-east-1:484375727565:targetgroup/k8s-default-sent21in-be26090430/02f04d6c0178351e",
            "arn_suffix": "targetgroup/k8s-default-sent21in-be26090430/02f04d6c0178351e",
            "connection_termination": null,
            "deregistration_delay": "300",
            "health_check": [
              {
                "enabled": true,
                "healthy_threshold": 2,
                "interval": 15,
                "matcher": "200",
                "path": "/ping",
                "port": "traffic-port",
                "protocol": "HTTP",
                "timeout": 5,
                "unhealthy_threshold": 2
              }
            ],
            "id": "arn:aws:elasticloadbalancing:us-east-1:484375727565:targetgroup/k8s-default-sent21in-be26090430/02f04d6c0178351e",
            "lambda_multi_value_headers_enabled": null,
            "load_balancing_algorithm_type": "round_robin",
            "name": "k8s-default-sent21in-be26090430",
            "name_prefix": null,
            "port": 8080,
            "preserve_client_ip": null,
            "protocol": "HTTP",
            "protocol_version": "HTTP1",
            "proxy_protocol_v2": null,
            "slow_start": 0,
            "stickiness": [
              {
                "cookie_duration": 86400,
                "cookie_name": "",
                "enabled": false,
                "type": "lb_cookie"
              }
            ],
            "tags": {
              "elbv2.k8s.aws/cluster": "eks-data-dev-2",
              "ingress.k8s.aws/resource": "default/dev-2-ingress-sent2-1-inf-alb:80",
              "ingress.k8s.aws/stack": "default/dev-2-ingress"
            },
            "tags_all": {
              "elbv2.k8s.aws/cluster": "eks-data-dev-2",
              "ingress.k8s.aws/resource": "default/dev-2-ingress-sent2-1-inf-alb:80",
              "ingress.k8s.aws/stack": "default/dev-2-ingress"
            },
            "target_type": "ip",
            "vpc_id": "vpc-8e992de8"
          },
          "sensitive_attributes": [],
          "private": "eyJzY2hlbWFfdmVyc2lvbiI6MH0="
        }
      ]
    },
    {
      "mode": "managed",
      "type": "aws_alb_target_group",
      "name": "arn_aws_elasticloadbalancing_us_east_1_484375727565_targetgroup_k8s_default_sent2inf_5d9e044878_700506d061ee4ce0",
      "provider": "provider[\"registry.terraform.io/hashicorp/aws\"]",
      "instances": [
        {
          "schema_version": 0,
          "attributes": {
            "arn": "arn:aws:elasticloadbalancing:us-east-1:484375727565:targetgroup/k8s-default-sent2inf-5d9e044878/700506d061ee4ce0",
            "arn_suffix": "targetgroup/k8s-default-sent2inf-5d9e044878/700506d061ee4ce0",
            "connection_termination": null,
            "deregistration_delay": "300",
            "health_check": [
              {
                "enabled": true,
                "healthy_threshold": 2,
                "interval": 15,
                "matcher": "200",
                "path": "/ping",
                "port": "traffic-port",
                "protocol": "HTTP",
                "timeout": 5,
                "unhealthy_threshold": 2
              }
            ],
            "id": "arn:aws:elasticloadbalancing:us-east-1:484375727565:targetgroup/k8s-default-sent2inf-5d9e044878/700506d061ee4ce0",
            "lambda_multi_value_headers_enabled": null,
            "load_balancing_algorithm_type": "round_robin",
            "name": "k8s-default-sent2inf-5d9e044878",
            "name_prefix": null,
            "port": 8080,
            "preserve_client_ip": null,
            "protocol": "HTTP",
            "protocol_version": "HTTP1",
            "proxy_protocol_v2": null,
            "slow_start": 0,
            "stickiness": [
              {
                "cookie_duration": 86400,
                "cookie_name": "",
                "enabled": false,
                "type": "lb_cookie"
              }
            ],
            "tags": {
              "elbv2.k8s.aws/cluster": "eks-data-dev-2",
              "ingress.k8s.aws/resource": "default/dev-2-ingress-sent2-inf-alb:80",
              "ingress.k8s.aws/stack": "default/dev-2-ingress"
            },
            "tags_all": {
              "elbv2.k8s.aws/cluster": "eks-data-dev-2",
              "ingress.k8s.aws/resource": "default/dev-2-ingress-sent2-inf-alb:80",
              "ingress.k8s.aws/stack": "default/dev-2-ingress"
            },
            "target_type": "ip",
            "vpc_id": "vpc-8e992de8"
          },
          "sensitive_attributes": [],
          "private": "eyJzY2hlbWFfdmVyc2lvbiI6MH0="
        }
      ]
    },
    {
      "mode": "managed",
      "type": "aws_alb_target_group",
      "name": "arn_aws_elasticloadbalancing_us_east_1_484375727565_targetgroup_k8s_default_sent2inf_93a69b2cd1_051c5a10f822baed",
      "provider": "provider[\"registry.terraform.io/hashicorp/aws\"]",
      "instances": [
        {
          "schema_version": 0,
          "attributes": {
            "arn": "arn:aws:elasticloadbalancing:us-east-1:484375727565:targetgroup/k8s-default-sent2inf-93a69b2cd1/051c5a10f822baed",
            "arn_suffix": "targetgroup/k8s-default-sent2inf-93a69b2cd1/051c5a10f822baed",
            "connection_termination": null,
            "deregistration_delay": "300",
            "health_check": [
              {
                "enabled": true,
                "healthy_threshold": 2,
                "interval": 15,
                "matcher": "200",
                "path": "/ping",
                "port": "traffic-port",
                "protocol": "HTTP",
                "timeout": 5,
                "unhealthy_threshold": 2
              }
            ],
            "id": "arn:aws:elasticloadbalancing:us-east-1:484375727565:targetgroup/k8s-default-sent2inf-93a69b2cd1/051c5a10f822baed",
            "lambda_multi_value_headers_enabled": null,
            "load_balancing_algorithm_type": "round_robin",
            "name": "k8s-default-sent2inf-93a69b2cd1",
            "name_prefix": null,
            "port": 8080,
            "preserve_client_ip": null,
            "protocol": "HTTP",
            "protocol_version": "HTTP1",
            "proxy_protocol_v2": null,
            "slow_start": 0,
            "stickiness": [
              {
                "cookie_duration": 86400,
                "cookie_name": "",
                "enabled": false,
                "type": "lb_cookie"
              }
            ],
            "tags": {
              "elbv2.k8s.aws/cluster": "eks-data-prod-3",
              "ingress.k8s.aws/resource": "default/prod-3-ingress-sent2-inf-alb:80",
              "ingress.k8s.aws/stack": "default/prod-3-ingress"
            },
            "tags_all": {
              "elbv2.k8s.aws/cluster": "eks-data-prod-3",
              "ingress.k8s.aws/resource": "default/prod-3-ingress-sent2-inf-alb:80",
              "ingress.k8s.aws/stack": "default/prod-3-ingress"
            },
            "target_type": "ip",
            "vpc_id": "vpc-8e992de8"
          },
          "sensitive_attributes": [],
          "private": "eyJzY2hlbWFfdmVyc2lvbiI6MH0="
        }
      ]
    },
    {
      "mode": "managed",
      "type": "aws_alb_target_group",
      "name": "arn_aws_elasticloadbalancing_us_east_1_484375727565_targetgroup_k8s_default_sentinfa_00b4b16ad1_0a3af7a87f2ce80a",
      "provider": "provider[\"registry.terraform.io/hashicorp/aws\"]",
      "instances": [
        {
          "schema_version": 0,
          "attributes": {
            "arn": "arn:aws:elasticloadbalancing:us-east-1:484375727565:targetgroup/k8s-default-sentinfa-00b4b16ad1/0a3af7a87f2ce80a",
            "arn_suffix": "targetgroup/k8s-default-sentinfa-00b4b16ad1/0a3af7a87f2ce80a",
            "connection_termination": null,
            "deregistration_delay": "300",
            "health_check": [
              {
                "enabled": true,
                "healthy_threshold": 2,
                "interval": 15,
                "matcher": "200",
                "path": "/ping",
                "port": "traffic-port",
                "protocol": "HTTP",
                "timeout": 5,
                "unhealthy_threshold": 2
              }
            ],
            "id": "arn:aws:elasticloadbalancing:us-east-1:484375727565:targetgroup/k8s-default-sentinfa-00b4b16ad1/0a3af7a87f2ce80a",
            "lambda_multi_value_headers_enabled": null,
            "load_balancing_algorithm_type": "round_robin",
            "name": "k8s-default-sentinfa-00b4b16ad1",
            "name_prefix": null,
            "port": 8080,
            "preserve_client_ip": null,
            "protocol": "HTTP",
            "protocol_version": "HTTP1",
            "proxy_protocol_v2": null,
            "slow_start": 0,
            "stickiness": [
              {
                "cookie_duration": 86400,
                "cookie_name": "",
                "enabled": false,
                "type": "lb_cookie"
              }
            ],
            "tags": {
              "elbv2.k8s.aws/cluster": "eks-data-dev-2",
              "ingress.k8s.aws/resource": "default/dev-2-ingress-sent-inf-alb:80",
              "ingress.k8s.aws/stack": "default/dev-2-ingress"
            },
            "tags_all": {
              "elbv2.k8s.aws/cluster": "eks-data-dev-2",
              "ingress.k8s.aws/resource": "default/dev-2-ingress-sent-inf-alb:80",
              "ingress.k8s.aws/stack": "default/dev-2-ingress"
            },
            "target_type": "ip",
            "vpc_id": "vpc-8e992de8"
          },
          "sensitive_attributes": [],
          "private": "eyJzY2hlbWFfdmVyc2lvbiI6MH0="
        }
      ]
    },
    {
      "mode": "managed",
      "type": "aws_alb_target_group",
      "name": "arn_aws_elasticloadbalancing_us_east_1_484375727565_targetgroup_k8s_default_senttoke_8b04d24b9a_b8431ff6b35a7ea9",
      "provider": "provider[\"registry.terraform.io/hashicorp/aws\"]",
      "instances": [
        {
          "schema_version": 0,
          "attributes": {
            "arn": "arn:aws:elasticloadbalancing:us-east-1:484375727565:targetgroup/k8s-default-senttoke-8b04d24b9a/b8431ff6b35a7ea9",
            "arn_suffix": "targetgroup/k8s-default-senttoke-8b04d24b9a/b8431ff6b35a7ea9",
            "connection_termination": null,
            "deregistration_delay": "300",
            "health_check": [
              {
                "enabled": true,
                "healthy_threshold": 2,
                "interval": 15,
                "matcher": "200",
                "path": "/health_check",
                "port": "traffic-port",
                "protocol": "HTTP",
                "timeout": 5,
                "unhealthy_threshold": 2
              }
            ],
            "id": "arn:aws:elasticloadbalancing:us-east-1:484375727565:targetgroup/k8s-default-senttoke-8b04d24b9a/b8431ff6b35a7ea9",
            "lambda_multi_value_headers_enabled": null,
            "load_balancing_algorithm_type": "round_robin",
            "name": "k8s-default-senttoke-8b04d24b9a",
            "name_prefix": null,
            "port": 80,
            "preserve_client_ip": null,
            "protocol": "HTTP",
            "protocol_version": "HTTP1",
            "proxy_protocol_v2": null,
            "slow_start": 0,
            "stickiness": [
              {
                "cookie_duration": 86400,
                "cookie_name": "",
                "enabled": false,
                "type": "lb_cookie"
              }
            ],
            "tags": {
              "elbv2.k8s.aws/cluster": "eks-data-dev-2",
              "ingress.k8s.aws/resource": "default/dev-2-ingress-sent-tokenize-alb:80",
              "ingress.k8s.aws/stack": "default/dev-2-ingress"
            },
            "tags_all": {
              "elbv2.k8s.aws/cluster": "eks-data-dev-2",
              "ingress.k8s.aws/resource": "default/dev-2-ingress-sent-tokenize-alb:80",
              "ingress.k8s.aws/stack": "default/dev-2-ingress"
            },
            "target_type": "ip",
            "vpc_id": "vpc-8e992de8"
          },
          "sensitive_attributes": [],
          "private": "eyJzY2hlbWFfdmVyc2lvbiI6MH0="
        }
      ]
    },
    {
      "mode": "managed",
      "type": "aws_alb_target_group",
      "name": "arn_aws_elasticloadbalancing_us_east_1_484375727565_targetgroup_k8s_default_sentvoda_4045d4caa2_f6809093f09f3985",
      "provider": "provider[\"registry.terraform.io/hashicorp/aws\"]",
      "instances": [
        {
          "schema_version": 0,
          "attributes": {
            "arn": "arn:aws:elasticloadbalancing:us-east-1:484375727565:targetgroup/k8s-default-sentvoda-4045d4caa2/f6809093f09f3985",
            "arn_suffix": "targetgroup/k8s-default-sentvoda-4045d4caa2/f6809093f09f3985",
            "connection_termination": null,
            "deregistration_delay": "300",
            "health_check": [
              {
                "enabled": true,
                "healthy_threshold": 2,
                "interval": 15,
                "matcher": "200",
                "path": "/ping",
                "port": "traffic-port",
                "protocol": "HTTP",
                "timeout": 5,
                "unhealthy_threshold": 2
              }
            ],
            "id": "arn:aws:elasticloadbalancing:us-east-1:484375727565:targetgroup/k8s-default-sentvoda-4045d4caa2/f6809093f09f3985",
            "lambda_multi_value_headers_enabled": null,
            "load_balancing_algorithm_type": "round_robin",
            "name": "k8s-default-sentvoda-4045d4caa2",
            "name_prefix": null,
            "port": 8080,
            "preserve_client_ip": null,
            "protocol": "HTTP",
            "protocol_version": "HTTP1",
            "proxy_protocol_v2": null,
            "slow_start": 0,
            "stickiness": [
              {
                "cookie_duration": 86400,
                "cookie_name": "",
                "enabled": false,
                "type": "lb_cookie"
              }
            ],
            "tags": {
              "elbv2.k8s.aws/cluster": "eks-data-dev-2",
              "ingress.k8s.aws/resource": "default/dev-2-ingress-sent-vodafone-inf-alb:80",
              "ingress.k8s.aws/stack": "default/dev-2-ingress"
            },
            "tags_all": {
              "elbv2.k8s.aws/cluster": "eks-data-dev-2",
              "ingress.k8s.aws/resource": "default/dev-2-ingress-sent-vodafone-inf-alb:80",
              "ingress.k8s.aws/stack": "default/dev-2-ingress"
            },
            "target_type": "ip",
            "vpc_id": "vpc-8e992de8"
          },
          "sensitive_attributes": [],
          "private": "eyJzY2hlbWFfdmVyc2lvbiI6MH0="
        }
      ]
    },
    {
      "mode": "managed",
      "type": "aws_alb_target_group",
      "name": "arn_aws_elasticloadbalancing_us_east_1_484375727565_targetgroup_k8s_default_sentvoda_9cb30ac02f_bfdff61f05dfeef0",
      "provider": "provider[\"registry.terraform.io/hashicorp/aws\"]",
      "instances": [
        {
          "schema_version": 0,
          "attributes": {
            "arn": "arn:aws:elasticloadbalancing:us-east-1:484375727565:targetgroup/k8s-default-sentvoda-9cb30ac02f/bfdff61f05dfeef0",
            "arn_suffix": "targetgroup/k8s-default-sentvoda-9cb30ac02f/bfdff61f05dfeef0",
            "connection_termination": null,
            "deregistration_delay": "300",
            "health_check": [
              {
                "enabled": true,
                "healthy_threshold": 2,
                "interval": 15,
                "matcher": "200",
                "path": "/ping",
                "port": "traffic-port",
                "protocol": "HTTP",
                "timeout": 5,
                "unhealthy_threshold": 2
              }
            ],
            "id": "arn:aws:elasticloadbalancing:us-east-1:484375727565:targetgroup/k8s-default-sentvoda-9cb30ac02f/bfdff61f05dfeef0",
            "lambda_multi_value_headers_enabled": null,
            "load_balancing_algorithm_type": "round_robin",
            "name": "k8s-default-sentvoda-9cb30ac02f",
            "name_prefix": null,
            "port": 8080,
            "preserve_client_ip": null,
            "protocol": "HTTP",
            "protocol_version": "HTTP1",
            "proxy_protocol_v2": null,
            "slow_start": 0,
            "stickiness": [
              {
                "cookie_duration": 86400,
                "cookie_name": "",
                "enabled": false,
                "type": "lb_cookie"
              }
            ],
            "tags": {
              "elbv2.k8s.aws/cluster": "eks-data-prod-3",
              "ingress.k8s.aws/resource": "default/prod-3-ingress-sent-vodafone-inf-alb:80",
              "ingress.k8s.aws/stack": "default/prod-3-ingress"
            },
            "tags_all": {
              "elbv2.k8s.aws/cluster": "eks-data-prod-3",
              "ingress.k8s.aws/resource": "default/prod-3-ingress-sent-vodafone-inf-alb:80",
              "ingress.k8s.aws/stack": "default/prod-3-ingress"
            },
            "target_type": "ip",
            "vpc_id": "vpc-8e992de8"
          },
          "sensitive_attributes": [],
          "private": "eyJzY2hlbWFfdmVyc2lvbiI6MH0="
        }
      ]
    },
    {
      "mode": "managed",
      "type": "aws_alb_target_group",
      "name": "arn_aws_elasticloadbalancing_us_east_1_484375727565_targetgroup_k8s_default_textsumb_094bae5326_d2ea52d6f4530873",
      "provider": "provider[\"registry.terraform.io/hashicorp/aws\"]",
      "instances": [
        {
          "schema_version": 0,
          "attributes": {
            "arn": "arn:aws:elasticloadbalancing:us-east-1:484375727565:targetgroup/k8s-default-textsumb-094bae5326/d2ea52d6f4530873",
            "arn_suffix": "targetgroup/k8s-default-textsumb-094bae5326/d2ea52d6f4530873",
            "connection_termination": null,
            "deregistration_delay": "300",
            "health_check": [
              {
                "enabled": true,
                "healthy_threshold": 2,
                "interval": 15,
                "matcher": "200",
                "path": "/",
                "port": "traffic-port",
                "protocol": "HTTP",
                "timeout": 5,
                "unhealthy_threshold": 2
              }
            ],
            "id": "arn:aws:elasticloadbalancing:us-east-1:484375727565:targetgroup/k8s-default-textsumb-094bae5326/d2ea52d6f4530873",
            "lambda_multi_value_headers_enabled": null,
            "load_balancing_algorithm_type": "round_robin",
            "name": "k8s-default-textsumb-094bae5326",
            "name_prefix": null,
            "port": 8080,
            "preserve_client_ip": null,
            "protocol": "HTTP",
            "protocol_version": "HTTP1",
            "proxy_protocol_v2": null,
            "slow_start": 0,
            "stickiness": [
              {
                "cookie_duration": 86400,
                "cookie_name": "",
                "enabled": false,
                "type": "lb_cookie"
              }
            ],
            "tags": {
              "elbv2.k8s.aws/cluster": "eks-data-dev-2",
              "ingress.k8s.aws/resource": "default/dev-2-ingress-textsum-bart-es-inf2:80",
              "ingress.k8s.aws/stack": "default/dev-2-ingress"
            },
            "tags_all": {
              "elbv2.k8s.aws/cluster": "eks-data-dev-2",
              "ingress.k8s.aws/resource": "default/dev-2-ingress-textsum-bart-es-inf2:80",
              "ingress.k8s.aws/stack": "default/dev-2-ingress"
            },
            "target_type": "ip",
            "vpc_id": "vpc-8e992de8"
          },
          "sensitive_attributes": [],
          "private": "eyJzY2hlbWFfdmVyc2lvbiI6MH0="
        }
      ]
    },
    {
      "mode": "managed",
      "type": "aws_alb_target_group",
      "name": "arn_aws_elasticloadbalancing_us_east_1_484375727565_targetgroup_k8s_default_textsumb_1bf43d2114_8bf22008fb6475ad",
      "provider": "provider[\"registry.terraform.io/hashicorp/aws\"]",
      "instances": [
        {
          "schema_version": 0,
          "attributes": {
            "arn": "arn:aws:elasticloadbalancing:us-east-1:484375727565:targetgroup/k8s-default-textsumb-1bf43d2114/8bf22008fb6475ad",
            "arn_suffix": "targetgroup/k8s-default-textsumb-1bf43d2114/8bf22008fb6475ad",
            "connection_termination": null,
            "deregistration_delay": "300",
            "health_check": [
              {
                "enabled": true,
                "healthy_threshold": 2,
                "interval": 15,
                "matcher": "200",
                "path": "/",
                "port": "traffic-port",
                "protocol": "HTTP",
                "timeout": 5,
                "unhealthy_threshold": 2
              }
            ],
            "id": "arn:aws:elasticloadbalancing:us-east-1:484375727565:targetgroup/k8s-default-textsumb-1bf43d2114/8bf22008fb6475ad",
            "lambda_multi_value_headers_enabled": null,
            "load_balancing_algorithm_type": "round_robin",
            "name": "k8s-default-textsumb-1bf43d2114",
            "name_prefix": null,
            "port": 8080,
            "preserve_client_ip": null,
            "protocol": "HTTP",
            "protocol_version": "HTTP1",
            "proxy_protocol_v2": null,
            "slow_start": 0,
            "stickiness": [
              {
                "cookie_duration": 86400,
                "cookie_name": "",
                "enabled": false,
                "type": "lb_cookie"
              }
            ],
            "tags": {
              "elbv2.k8s.aws/cluster": "eks-data-prod-3",
              "ingress.k8s.aws/resource": "default/prod-3-ingress-textsum-brio-inf2:80",
              "ingress.k8s.aws/stack": "default/prod-3-ingress"
            },
            "tags_all": {
              "elbv2.k8s.aws/cluster": "eks-data-prod-3",
              "ingress.k8s.aws/resource": "default/prod-3-ingress-textsum-brio-inf2:80",
              "ingress.k8s.aws/stack": "default/prod-3-ingress"
            },
            "target_type": "ip",
            "vpc_id": "vpc-8e992de8"
          },
          "sensitive_attributes": [],
          "private": "eyJzY2hlbWFfdmVyc2lvbiI6MH0="
        }
      ]
    },
    {
      "mode": "managed",
      "type": "aws_alb_target_group",
      "name": "arn_aws_elasticloadbalancing_us_east_1_484375727565_targetgroup_k8s_default_textsumb_220e1b26d0_85336ce7c80aabb9",
      "provider": "provider[\"registry.terraform.io/hashicorp/aws\"]",
      "instances": [
        {
          "schema_version": 0,
          "attributes": {
            "arn": "arn:aws:elasticloadbalancing:us-east-1:484375727565:targetgroup/k8s-default-textsumb-220e1b26d0/85336ce7c80aabb9",
            "arn_suffix": "targetgroup/k8s-default-textsumb-220e1b26d0/85336ce7c80aabb9",
            "connection_termination": null,
            "deregistration_delay": "300",
            "health_check": [
              {
                "enabled": true,
                "healthy_threshold": 2,
                "interval": 15,
                "matcher": "200",
                "path": "/",
                "port": "traffic-port",
                "protocol": "HTTP",
                "timeout": 5,
                "unhealthy_threshold": 2
              }
            ],
            "id": "arn:aws:elasticloadbalancing:us-east-1:484375727565:targetgroup/k8s-default-textsumb-220e1b26d0/85336ce7c80aabb9",
            "lambda_multi_value_headers_enabled": null,
            "load_balancing_algorithm_type": "round_robin",
            "name": "k8s-default-textsumb-220e1b26d0",
            "name_prefix": null,
            "port": 8080,
            "preserve_client_ip": null,
            "protocol": "HTTP",
            "protocol_version": "HTTP1",
            "proxy_protocol_v2": null,
            "slow_start": 0,
            "stickiness": [
              {
                "cookie_duration": 86400,
                "cookie_name": "",
                "enabled": false,
                "type": "lb_cookie"
              }
            ],
            "tags": {
              "elbv2.k8s.aws/cluster": "eks-data-dev-2",
              "ingress.k8s.aws/resource": "default/dev-2-ingress-textsum-bart-it-fanpage-inf2:80",
              "ingress.k8s.aws/stack": "default/dev-2-ingress"
            },
            "tags_all": {
              "elbv2.k8s.aws/cluster": "eks-data-dev-2",
              "ingress.k8s.aws/resource": "default/dev-2-ingress-textsum-bart-it-fanpage-inf2:80",
              "ingress.k8s.aws/stack": "default/dev-2-ingress"
            },
            "target_type": "ip",
            "vpc_id": "vpc-8e992de8"
          },
          "sensitive_attributes": [],
          "private": "eyJzY2hlbWFfdmVyc2lvbiI6MH0="
        }
      ]
    },
    {
      "mode": "managed",
      "type": "aws_alb_target_group",
      "name": "arn_aws_elasticloadbalancing_us_east_1_484375727565_targetgroup_k8s_default_textsumb_768daae2b0_dc1719d7cd9c9b98",
      "provider": "provider[\"registry.terraform.io/hashicorp/aws\"]",
      "instances": [
        {
          "schema_version": 0,
          "attributes": {
            "arn": "arn:aws:elasticloadbalancing:us-east-1:484375727565:targetgroup/k8s-default-textsumb-768daae2b0/dc1719d7cd9c9b98",
            "arn_suffix": "targetgroup/k8s-default-textsumb-768daae2b0/dc1719d7cd9c9b98",
            "connection_termination": null,
            "deregistration_delay": "300",
            "health_check": [
              {
                "enabled": true,
                "healthy_threshold": 2,
                "interval": 15,
                "matcher": "200",
                "path": "/",
                "port": "traffic-port",
                "protocol": "HTTP",
                "timeout": 5,
                "unhealthy_threshold": 2
              }
            ],
            "id": "arn:aws:elasticloadbalancing:us-east-1:484375727565:targetgroup/k8s-default-textsumb-768daae2b0/dc1719d7cd9c9b98",
            "lambda_multi_value_headers_enabled": null,
            "load_balancing_algorithm_type": "round_robin",
            "name": "k8s-default-textsumb-768daae2b0",
            "name_prefix": null,
            "port": 8080,
            "preserve_client_ip": null,
            "protocol": "HTTP",
            "protocol_version": "HTTP1",
            "proxy_protocol_v2": null,
            "slow_start": 0,
            "stickiness": [
              {
                "cookie_duration": 86400,
                "cookie_name": "",
                "enabled": false,
                "type": "lb_cookie"
              }
            ],
            "tags": {
              "elbv2.k8s.aws/cluster": "eks-data-prod-3",
              "ingress.k8s.aws/resource": "default/prod-3-ingress-textsum-bart-latest-inf2:80",
              "ingress.k8s.aws/stack": "default/prod-3-ingress"
            },
            "tags_all": {
              "elbv2.k8s.aws/cluster": "eks-data-prod-3",
              "ingress.k8s.aws/resource": "default/prod-3-ingress-textsum-bart-latest-inf2:80",
              "ingress.k8s.aws/stack": "default/prod-3-ingress"
            },
            "target_type": "ip",
            "vpc_id": "vpc-8e992de8"
          },
          "sensitive_attributes": [],
          "private": "eyJzY2hlbWFfdmVyc2lvbiI6MH0="
        }
      ]
    },
    {
      "mode": "managed",
      "type": "aws_alb_target_group",
      "name": "arn_aws_elasticloadbalancing_us_east_1_484375727565_targetgroup_k8s_default_textsumb_8f3c855bd9_2f75b8a0d5555678",
      "provider": "provider[\"registry.terraform.io/hashicorp/aws\"]",
      "instances": [
        {
          "schema_version": 0,
          "attributes": {
            "arn": "arn:aws:elasticloadbalancing:us-east-1:484375727565:targetgroup/k8s-default-textsumb-8f3c855bd9/2f75b8a0d5555678",
            "arn_suffix": "targetgroup/k8s-default-textsumb-8f3c855bd9/2f75b8a0d5555678",
            "connection_termination": null,
            "deregistration_delay": "300",
            "health_check": [
              {
                "enabled": true,
                "healthy_threshold": 2,
                "interval": 15,
                "matcher": "200",
                "path": "/",
                "port": "traffic-port",
                "protocol": "HTTP",
                "timeout": 5,
                "unhealthy_threshold": 2
              }
            ],
            "id": "arn:aws:elasticloadbalancing:us-east-1:484375727565:targetgroup/k8s-default-textsumb-8f3c855bd9/2f75b8a0d5555678",
            "lambda_multi_value_headers_enabled": null,
            "load_balancing_algorithm_type": "round_robin",
            "name": "k8s-default-textsumb-8f3c855bd9",
            "name_prefix": null,
            "port": 8080,
            "preserve_client_ip": null,
            "protocol": "HTTP",
            "protocol_version": "HTTP1",
            "proxy_protocol_v2": null,
            "slow_start": 0,
            "stickiness": [
              {
                "cookie_duration": 86400,
                "cookie_name": "",
                "enabled": false,
                "type": "lb_cookie"
              }
            ],
            "tags": {
              "elbv2.k8s.aws/cluster": "eks-data-dev-2",
              "ingress.k8s.aws/resource": "default/dev-2-ingress-textsum-bart-latest-inf2:80",
              "ingress.k8s.aws/stack": "default/dev-2-ingress"
            },
            "tags_all": {
              "elbv2.k8s.aws/cluster": "eks-data-dev-2",
              "ingress.k8s.aws/resource": "default/dev-2-ingress-textsum-bart-latest-inf2:80",
              "ingress.k8s.aws/stack": "default/dev-2-ingress"
            },
            "target_type": "ip",
            "vpc_id": "vpc-8e992de8"
          },
          "sensitive_attributes": [],
          "private": "eyJzY2hlbWFfdmVyc2lvbiI6MH0="
        }
      ]
    },
    {
      "mode": "managed",
      "type": "aws_alb_target_group",
      "name": "arn_aws_elasticloadbalancing_us_east_1_484375727565_targetgroup_k8s_default_textsumb_c043032bf1_af303d5a1c39dc44",
      "provider": "provider[\"registry.terraform.io/hashicorp/aws\"]",
      "instances": [
        {
          "schema_version": 0,
          "attributes": {
            "arn": "arn:aws:elasticloadbalancing:us-east-1:484375727565:targetgroup/k8s-default-textsumb-c043032bf1/af303d5a1c39dc44",
            "arn_suffix": "targetgroup/k8s-default-textsumb-c043032bf1/af303d5a1c39dc44",
            "connection_termination": null,
            "deregistration_delay": "300",
            "health_check": [
              {
                "enabled": true,
                "healthy_threshold": 2,
                "interval": 15,
                "matcher": "200",
                "path": "/",
                "port": "traffic-port",
                "protocol": "HTTP",
                "timeout": 5,
                "unhealthy_threshold": 2
              }
            ],
            "id": "arn:aws:elasticloadbalancing:us-east-1:484375727565:targetgroup/k8s-default-textsumb-c043032bf1/af303d5a1c39dc44",
            "lambda_multi_value_headers_enabled": null,
            "load_balancing_algorithm_type": "round_robin",
            "name": "k8s-default-textsumb-c043032bf1",
            "name_prefix": null,
            "port": 8080,
            "preserve_client_ip": null,
            "protocol": "HTTP",
            "protocol_version": "HTTP1",
            "proxy_protocol_v2": null,
            "slow_start": 0,
            "stickiness": [
              {
                "cookie_duration": 86400,
                "cookie_name": "",
                "enabled": false,
                "type": "lb_cookie"
              }
            ],
            "tags": {
              "elbv2.k8s.aws/cluster": "eks-data-prod-3",
              "ingress.k8s.aws/resource": "default/prod-3-ingress-textsum-bart-es-inf2:80",
              "ingress.k8s.aws/stack": "default/prod-3-ingress"
            },
            "tags_all": {
              "elbv2.k8s.aws/cluster": "eks-data-prod-3",
              "ingress.k8s.aws/resource": "default/prod-3-ingress-textsum-bart-es-inf2:80",
              "ingress.k8s.aws/stack": "default/prod-3-ingress"
            },
            "target_type": "ip",
            "vpc_id": "vpc-8e992de8"
          },
          "sensitive_attributes": [],
          "private": "eyJzY2hlbWFfdmVyc2lvbiI6MH0="
        }
      ]
    },
    {
      "mode": "managed",
      "type": "aws_alb_target_group",
      "name": "arn_aws_elasticloadbalancing_us_east_1_484375727565_targetgroup_k8s_default_textsumb_c516c243bb_d720b73c8378523d",
      "provider": "provider[\"registry.terraform.io/hashicorp/aws\"]",
      "instances": [
        {
          "schema_version": 0,
          "attributes": {
            "arn": "arn:aws:elasticloadbalancing:us-east-1:484375727565:targetgroup/k8s-default-textsumb-c516c243bb/d720b73c8378523d",
            "arn_suffix": "targetgroup/k8s-default-textsumb-c516c243bb/d720b73c8378523d",
            "connection_termination": null,
            "deregistration_delay": "300",
            "health_check": [
              {
                "enabled": true,
                "healthy_threshold": 2,
                "interval": 15,
                "matcher": "200",
                "path": "/",
                "port": "traffic-port",
                "protocol": "HTTP",
                "timeout": 5,
                "unhealthy_threshold": 2
              }
            ],
            "id": "arn:aws:elasticloadbalancing:us-east-1:484375727565:targetgroup/k8s-default-textsumb-c516c243bb/d720b73c8378523d",
            "lambda_multi_value_headers_enabled": null,
            "load_balancing_algorithm_type": "round_robin",
            "name": "k8s-default-textsumb-c516c243bb",
            "name_prefix": null,
            "port": 8080,
            "preserve_client_ip": null,
            "protocol": "HTTP",
            "protocol_version": "HTTP1",
            "proxy_protocol_v2": null,
            "slow_start": 0,
            "stickiness": [
              {
                "cookie_duration": 86400,
                "cookie_name": "",
                "enabled": false,
                "type": "lb_cookie"
              }
            ],
            "tags": {
              "elbv2.k8s.aws/cluster": "eks-data-dev-2",
              "ingress.k8s.aws/resource": "default/dev-2-ingress-textsum-bart-ca-inf2:80",
              "ingress.k8s.aws/stack": "default/dev-2-ingress"
            },
            "tags_all": {
              "elbv2.k8s.aws/cluster": "eks-data-dev-2",
              "ingress.k8s.aws/resource": "default/dev-2-ingress-textsum-bart-ca-inf2:80",
              "ingress.k8s.aws/stack": "default/dev-2-ingress"
            },
            "target_type": "ip",
            "vpc_id": "vpc-8e992de8"
          },
          "sensitive_attributes": [],
          "private": "eyJzY2hlbWFfdmVyc2lvbiI6MH0="
        }
      ]
    },
    {
      "mode": "managed",
      "type": "aws_alb_target_group",
      "name": "arn_aws_elasticloadbalancing_us_east_1_484375727565_targetgroup_k8s_default_textsumb_d7a3b0446c_91bb8a0ee970ffbd",
      "provider": "provider[\"registry.terraform.io/hashicorp/aws\"]",
      "instances": [
        {
          "schema_version": 0,
          "attributes": {
            "arn": "arn:aws:elasticloadbalancing:us-east-1:484375727565:targetgroup/k8s-default-textsumb-d7a3b0446c/91bb8a0ee970ffbd",
            "arn_suffix": "targetgroup/k8s-default-textsumb-d7a3b0446c/91bb8a0ee970ffbd",
            "connection_termination": null,
            "deregistration_delay": "300",
            "health_check": [
              {
                "enabled": true,
                "healthy_threshold": 2,
                "interval": 15,
                "matcher": "200",
                "path": "/",
                "port": "traffic-port",
                "protocol": "HTTP",
                "timeout": 5,
                "unhealthy_threshold": 2
              }
            ],
            "id": "arn:aws:elasticloadbalancing:us-east-1:484375727565:targetgroup/k8s-default-textsumb-d7a3b0446c/91bb8a0ee970ffbd",
            "lambda_multi_value_headers_enabled": null,
            "load_balancing_algorithm_type": "round_robin",
            "name": "k8s-default-textsumb-d7a3b0446c",
            "name_prefix": null,
            "port": 8080,
            "preserve_client_ip": null,
            "protocol": "HTTP",
            "protocol_version": "HTTP1",
            "proxy_protocol_v2": null,
            "slow_start": 0,
            "stickiness": [
              {
                "cookie_duration": 86400,
                "cookie_name": "",
                "enabled": false,
                "type": "lb_cookie"
              }
            ],
            "tags": {
              "elbv2.k8s.aws/cluster": "eks-data-dev-2",
              "ingress.k8s.aws/resource": "default/dev-2-ingress-textsum-brio-inf2:80",
              "ingress.k8s.aws/stack": "default/dev-2-ingress"
            },
            "tags_all": {
              "elbv2.k8s.aws/cluster": "eks-data-dev-2",
              "ingress.k8s.aws/resource": "default/dev-2-ingress-textsum-brio-inf2:80",
              "ingress.k8s.aws/stack": "default/dev-2-ingress"
            },
            "target_type": "ip",
            "vpc_id": "vpc-8e992de8"
          },
          "sensitive_attributes": [],
          "private": "eyJzY2hlbWFfdmVyc2lvbiI6MH0="
        }
      ]
    },
    {
      "mode": "managed",
      "type": "aws_alb_target_group",
      "name": "arn_aws_elasticloadbalancing_us_east_1_484375727565_targetgroup_k8s_default_textsumb_dfcf3170b6_7455d041347d51eb",
      "provider": "provider[\"registry.terraform.io/hashicorp/aws\"]",
      "instances": [
        {
          "schema_version": 0,
          "attributes": {
            "arn": "arn:aws:elasticloadbalancing:us-east-1:484375727565:targetgroup/k8s-default-textsumb-dfcf3170b6/7455d041347d51eb",
            "arn_suffix": "targetgroup/k8s-default-textsumb-dfcf3170b6/7455d041347d51eb",
            "connection_termination": null,
            "deregistration_delay": "300",
            "health_check": [
              {
                "enabled": true,
                "healthy_threshold": 2,
                "interval": 15,
                "matcher": "200",
                "path": "/",
                "port": "traffic-port",
                "protocol": "HTTP",
                "timeout": 5,
                "unhealthy_threshold": 2
              }
            ],
            "id": "arn:aws:elasticloadbalancing:us-east-1:484375727565:targetgroup/k8s-default-textsumb-dfcf3170b6/7455d041347d51eb",
            "lambda_multi_value_headers_enabled": null,
            "load_balancing_algorithm_type": "round_robin",
            "name": "k8s-default-textsumb-dfcf3170b6",
            "name_prefix": null,
            "port": 8080,
            "preserve_client_ip": null,
            "protocol": "HTTP",
            "protocol_version": "HTTP1",
            "proxy_protocol_v2": null,
            "slow_start": 0,
            "stickiness": [
              {
                "cookie_duration": 86400,
                "cookie_name": "",
                "enabled": false,
                "type": "lb_cookie"
              }
            ],
            "tags": {
              "elbv2.k8s.aws/cluster": "eks-data-prod-3",
              "ingress.k8s.aws/resource": "default/prod-3-ingress-textsum-bart-ca-inf2:80",
              "ingress.k8s.aws/stack": "default/prod-3-ingress"
            },
            "tags_all": {
              "elbv2.k8s.aws/cluster": "eks-data-prod-3",
              "ingress.k8s.aws/resource": "default/prod-3-ingress-textsum-bart-ca-inf2:80",
              "ingress.k8s.aws/stack": "default/prod-3-ingress"
            },
            "target_type": "ip",
            "vpc_id": "vpc-8e992de8"
          },
          "sensitive_attributes": [],
          "private": "eyJzY2hlbWFfdmVyc2lvbiI6MH0="
        }
      ]
    },
    {
      "mode": "managed",
      "type": "aws_alb_target_group",
      "name": "arn_aws_elasticloadbalancing_us_east_1_484375727565_targetgroup_k8s_default_textsumb_f36583a253_284a45616e7cf1af",
      "provider": "provider[\"registry.terraform.io/hashicorp/aws\"]",
      "instances": [
        {
          "schema_version": 0,
          "attributes": {
            "arn": "arn:aws:elasticloadbalancing:us-east-1:484375727565:targetgroup/k8s-default-textsumb-f36583a253/284a45616e7cf1af",
            "arn_suffix": "targetgroup/k8s-default-textsumb-f36583a253/284a45616e7cf1af",
            "connection_termination": null,
            "deregistration_delay": "300",
            "health_check": [
              {
                "enabled": true,
                "healthy_threshold": 2,
                "interval": 15,
                "matcher": "200",
                "path": "/",
                "port": "traffic-port",
                "protocol": "HTTP",
                "timeout": 5,
                "unhealthy_threshold": 2
              }
            ],
            "id": "arn:aws:elasticloadbalancing:us-east-1:484375727565:targetgroup/k8s-default-textsumb-f36583a253/284a45616e7cf1af",
            "lambda_multi_value_headers_enabled": null,
            "load_balancing_algorithm_type": "round_robin",
            "name": "k8s-default-textsumb-f36583a253",
            "name_prefix": null,
            "port": 8080,
            "preserve_client_ip": null,
            "protocol": "HTTP",
            "protocol_version": "HTTP1",
            "proxy_protocol_v2": null,
            "slow_start": 0,
            "stickiness": [
              {
                "cookie_duration": 86400,
                "cookie_name": "",
                "enabled": false,
                "type": "lb_cookie"
              }
            ],
            "tags": {
              "elbv2.k8s.aws/cluster": "eks-data-prod-3",
              "ingress.k8s.aws/resource": "default/prod-3-ingress-textsum-bart-it-fanpage-inf2:80",
              "ingress.k8s.aws/stack": "default/prod-3-ingress"
            },
            "tags_all": {
              "elbv2.k8s.aws/cluster": "eks-data-prod-3",
              "ingress.k8s.aws/resource": "default/prod-3-ingress-textsum-bart-it-fanpage-inf2:80",
              "ingress.k8s.aws/stack": "default/prod-3-ingress"
            },
            "target_type": "ip",
            "vpc_id": "vpc-8e992de8"
          },
          "sensitive_attributes": [],
          "private": "eyJzY2hlbWFfdmVyc2lvbiI6MH0="
        }
      ]
    },
    {
      "mode": "managed",
      "type": "aws_alb_target_group",
      "name": "arn_aws_elasticloadbalancing_us_east_1_484375727565_targetgroup_k8s_default_textsumc_2cc6424f98_01ee837787f21e08",
      "provider": "provider[\"registry.terraform.io/hashicorp/aws\"]",
      "instances": [
        {
          "schema_version": 0,
          "attributes": {
            "arn": "arn:aws:elasticloadbalancing:us-east-1:484375727565:targetgroup/k8s-default-textsumc-2cc6424f98/01ee837787f21e08",
            "arn_suffix": "targetgroup/k8s-default-textsumc-2cc6424f98/01ee837787f21e08",
            "connection_termination": null,
            "deregistration_delay": "300",
            "health_check": [
              {
                "enabled": true,
                "healthy_threshold": 2,
                "interval": 15,
                "matcher": "200",
                "path": "/health_check",
                "port": "traffic-port",
                "protocol": "HTTP",
                "timeout": 5,
                "unhealthy_threshold": 2
              }
            ],
            "id": "arn:aws:elasticloadbalancing:us-east-1:484375727565:targetgroup/k8s-default-textsumc-2cc6424f98/01ee837787f21e08",
            "lambda_multi_value_headers_enabled": null,
            "load_balancing_algorithm_type": "round_robin",
            "name": "k8s-default-textsumc-2cc6424f98",
            "name_prefix": null,
            "port": 80,
            "preserve_client_ip": null,
            "protocol": "HTTP",
            "protocol_version": "HTTP1",
            "proxy_protocol_v2": null,
            "slow_start": 0,
            "stickiness": [
              {
                "cookie_duration": 86400,
                "cookie_name": "",
                "enabled": false,
                "type": "lb_cookie"
              }
            ],
            "tags": {
              "elbv2.k8s.aws/cluster": "eks-data-prod-3",
              "ingress.k8s.aws/resource": "default/prod-3-ingress-textsum-client-alb:80",
              "ingress.k8s.aws/stack": "default/prod-3-ingress"
            },
            "tags_all": {
              "elbv2.k8s.aws/cluster": "eks-data-prod-3",
              "ingress.k8s.aws/resource": "default/prod-3-ingress-textsum-client-alb:80",
              "ingress.k8s.aws/stack": "default/prod-3-ingress"
            },
            "target_type": "ip",
            "vpc_id": "vpc-8e992de8"
          },
          "sensitive_attributes": [],
          "private": "eyJzY2hlbWFfdmVyc2lvbiI6MH0="
        }
      ]
    },
    {
      "mode": "managed",
      "type": "aws_alb_target_group",
      "name": "arn_aws_elasticloadbalancing_us_east_1_484375727565_targetgroup_k8s_default_textsumc_b15a7a7719_d722e3ef0a0466e5",
      "provider": "provider[\"registry.terraform.io/hashicorp/aws\"]",
      "instances": [
        {
          "schema_version": 0,
          "attributes": {
            "arn": "arn:aws:elasticloadbalancing:us-east-1:484375727565:targetgroup/k8s-default-textsumc-b15a7a7719/d722e3ef0a0466e5",
            "arn_suffix": "targetgroup/k8s-default-textsumc-b15a7a7719/d722e3ef0a0466e5",
            "connection_termination": null,
            "deregistration_delay": "300",
            "health_check": [
              {
                "enabled": true,
                "healthy_threshold": 2,
                "interval": 15,
                "matcher": "200",
                "path": "/health_check",
                "port": "traffic-port",
                "protocol": "HTTP",
                "timeout": 5,
                "unhealthy_threshold": 2
              }
            ],
            "id": "arn:aws:elasticloadbalancing:us-east-1:484375727565:targetgroup/k8s-default-textsumc-b15a7a7719/d722e3ef0a0466e5",
            "lambda_multi_value_headers_enabled": null,
            "load_balancing_algorithm_type": "round_robin",
            "name": "k8s-default-textsumc-b15a7a7719",
            "name_prefix": null,
            "port": 80,
            "preserve_client_ip": null,
            "protocol": "HTTP",
            "protocol_version": "HTTP1",
            "proxy_protocol_v2": null,
            "slow_start": 0,
            "stickiness": [
              {
                "cookie_duration": 86400,
                "cookie_name": "",
                "enabled": false,
                "type": "lb_cookie"
              }
            ],
            "tags": {
              "elbv2.k8s.aws/cluster": "eks-data-dev-2",
              "ingress.k8s.aws/resource": "default/dev-2-ingress-textsum-client-alb:80",
              "ingress.k8s.aws/stack": "default/dev-2-ingress"
            },
            "tags_all": {
              "elbv2.k8s.aws/cluster": "eks-data-dev-2",
              "ingress.k8s.aws/resource": "default/dev-2-ingress-textsum-client-alb:80",
              "ingress.k8s.aws/stack": "default/dev-2-ingress"
            },
            "target_type": "ip",
            "vpc_id": "vpc-8e992de8"
          },
          "sensitive_attributes": [],
          "private": "eyJzY2hlbWFfdmVyc2lvbiI6MH0="
        }
      ]
    },
    {
      "mode": "managed",
      "type": "aws_alb_target_group",
      "name": "arn_aws_elasticloadbalancing_us_east_1_484375727565_targetgroup_k8s_default_textsumd_8716f1305c_e767bce370ab6bac",
      "provider": "provider[\"registry.terraform.io/hashicorp/aws\"]",
      "instances": [
        {
          "schema_version": 0,
          "attributes": {
            "arn": "arn:aws:elasticloadbalancing:us-east-1:484375727565:targetgroup/k8s-default-textsumd-8716f1305c/e767bce370ab6bac",
            "arn_suffix": "targetgroup/k8s-default-textsumd-8716f1305c/e767bce370ab6bac",
            "connection_termination": null,
            "deregistration_delay": "300",
            "health_check": [
              {
                "enabled": true,
                "healthy_threshold": 2,
                "interval": 15,
                "matcher": "200",
                "path": "/",
                "port": "traffic-port",
                "protocol": "HTTP",
                "timeout": 5,
                "unhealthy_threshold": 2
              }
            ],
            "id": "arn:aws:elasticloadbalancing:us-east-1:484375727565:targetgroup/k8s-default-textsumd-8716f1305c/e767bce370ab6bac",
            "lambda_multi_value_headers_enabled": null,
            "load_balancing_algorithm_type": "round_robin",
            "name": "k8s-default-textsumd-8716f1305c",
            "name_prefix": null,
            "port": 8080,
            "preserve_client_ip": null,
            "protocol": "HTTP",
            "protocol_version": "HTTP1",
            "proxy_protocol_v2": null,
            "slow_start": 0,
            "stickiness": [
              {
                "cookie_duration": 86400,
                "cookie_name": "",
                "enabled": false,
                "type": "lb_cookie"
              }
            ],
            "tags": {
              "elbv2.k8s.aws/cluster": "eks-data-dev-2",
              "ingress.k8s.aws/resource": "default/dev-2-ingress-textsum-deltalm-inf2:80",
              "ingress.k8s.aws/stack": "default/dev-2-ingress"
            },
            "tags_all": {
              "elbv2.k8s.aws/cluster": "eks-data-dev-2",
              "ingress.k8s.aws/resource": "default/dev-2-ingress-textsum-deltalm-inf2:80",
              "ingress.k8s.aws/stack": "default/dev-2-ingress"
            },
            "target_type": "ip",
            "vpc_id": "vpc-8e992de8"
          },
          "sensitive_attributes": [],
          "private": "eyJzY2hlbWFfdmVyc2lvbiI6MH0="
        }
      ]
    },
    {
      "mode": "managed",
      "type": "aws_alb_target_group",
      "name": "arn_aws_elasticloadbalancing_us_east_1_484375727565_targetgroup_k8s_default_textsumd_8ec4abb725_98a414adeb302ef2",
      "provider": "provider[\"registry.terraform.io/hashicorp/aws\"]",
      "instances": [
        {
          "schema_version": 0,
          "attributes": {
            "arn": "arn:aws:elasticloadbalancing:us-east-1:484375727565:targetgroup/k8s-default-textsumd-8ec4abb725/98a414adeb302ef2",
            "arn_suffix": "targetgroup/k8s-default-textsumd-8ec4abb725/98a414adeb302ef2",
            "connection_termination": null,
            "deregistration_delay": "300",
            "health_check": [
              {
                "enabled": true,
                "healthy_threshold": 2,
                "interval": 15,
                "matcher": "200",
                "path": "/",
                "port": "traffic-port",
                "protocol": "HTTP",
                "timeout": 5,
                "unhealthy_threshold": 2
              }
            ],
            "id": "arn:aws:elasticloadbalancing:us-east-1:484375727565:targetgroup/k8s-default-textsumd-8ec4abb725/98a414adeb302ef2",
            "lambda_multi_value_headers_enabled": null,
            "load_balancing_algorithm_type": "round_robin",
            "name": "k8s-default-textsumd-8ec4abb725",
            "name_prefix": null,
            "port": 8080,
            "preserve_client_ip": null,
            "protocol": "HTTP",
            "protocol_version": "HTTP1",
            "proxy_protocol_v2": null,
            "slow_start": 0,
            "stickiness": [
              {
                "cookie_duration": 86400,
                "cookie_name": "",
                "enabled": false,
                "type": "lb_cookie"
              }
            ],
            "tags": {
              "elbv2.k8s.aws/cluster": "eks-data-prod-3",
              "ingress.k8s.aws/resource": "default/prod-3-ingress-textsum-deltalm-inf2:80",
              "ingress.k8s.aws/stack": "default/prod-3-ingress"
            },
            "tags_all": {
              "elbv2.k8s.aws/cluster": "eks-data-prod-3",
              "ingress.k8s.aws/resource": "default/prod-3-ingress-textsum-deltalm-inf2:80",
              "ingress.k8s.aws/stack": "default/prod-3-ingress"
            },
            "target_type": "ip",
            "vpc_id": "vpc-8e992de8"
          },
          "sensitive_attributes": [],
          "private": "eyJzY2hlbWFfdmVyc2lvbiI6MH0="
        }
      ]
    },
    {
      "mode": "managed",
      "type": "aws_alb_target_group",
      "name": "arn_aws_elasticloadbalancing_us_east_1_484375727565_targetgroup_k8s_default_textsumi_9cebbd3424_1d9aa70e2db4aa84",
      "provider": "provider[\"registry.terraform.io/hashicorp/aws\"]",
      "instances": [
        {
          "schema_version": 0,
          "attributes": {
            "arn": "arn:aws:elasticloadbalancing:us-east-1:484375727565:targetgroup/k8s-default-textsumi-9cebbd3424/1d9aa70e2db4aa84",
            "arn_suffix": "targetgroup/k8s-default-textsumi-9cebbd3424/1d9aa70e2db4aa84",
            "connection_termination": null,
            "deregistration_delay": "300",
            "health_check": [
              {
                "enabled": true,
                "healthy_threshold": 2,
                "interval": 15,
                "matcher": "200",
                "path": "/ping",
                "port": "traffic-port",
                "protocol": "HTTP",
                "timeout": 5,
                "unhealthy_threshold": 2
              }
            ],
            "id": "arn:aws:elasticloadbalancing:us-east-1:484375727565:targetgroup/k8s-default-textsumi-9cebbd3424/1d9aa70e2db4aa84",
            "lambda_multi_value_headers_enabled": null,
            "load_balancing_algorithm_type": "round_robin",
            "name": "k8s-default-textsumi-9cebbd3424",
            "name_prefix": null,
            "port": 8080,
            "preserve_client_ip": null,
            "protocol": "HTTP",
            "protocol_version": "HTTP1",
            "proxy_protocol_v2": null,
            "slow_start": 0,
            "stickiness": [
              {
                "cookie_duration": 86400,
                "cookie_name": "",
                "enabled": false,
                "type": "lb_cookie"
              }
            ],
            "tags": {
              "elbv2.k8s.aws/cluster": "eks-data-prod-3",
              "ingress.k8s.aws/resource": "default/prod-3-ingress-textsum-inf-alb:80",
              "ingress.k8s.aws/stack": "default/prod-3-ingress"
            },
            "tags_all": {
              "elbv2.k8s.aws/cluster": "eks-data-prod-3",
              "ingress.k8s.aws/resource": "default/prod-3-ingress-textsum-inf-alb:80",
              "ingress.k8s.aws/stack": "default/prod-3-ingress"
            },
            "target_type": "ip",
            "vpc_id": "vpc-8e992de8"
          },
          "sensitive_attributes": [],
          "private": "eyJzY2hlbWFfdmVyc2lvbiI6MH0="
        }
      ]
    },
    {
      "mode": "managed",
      "type": "aws_alb_target_group",
      "name": "arn_aws_elasticloadbalancing_us_east_1_484375727565_targetgroup_k8s_default_textsumi_ee7fe2c25f_5fbbaaab12387a91",
      "provider": "provider[\"registry.terraform.io/hashicorp/aws\"]",
      "instances": [
        {
          "schema_version": 0,
          "attributes": {
            "arn": "arn:aws:elasticloadbalancing:us-east-1:484375727565:targetgroup/k8s-default-textsumi-ee7fe2c25f/5fbbaaab12387a91",
            "arn_suffix": "targetgroup/k8s-default-textsumi-ee7fe2c25f/5fbbaaab12387a91",
            "connection_termination": null,
            "deregistration_delay": "300",
            "health_check": [
              {
                "enabled": true,
                "healthy_threshold": 2,
                "interval": 15,
                "matcher": "200",
                "path": "/ping",
                "port": "traffic-port",
                "protocol": "HTTP",
                "timeout": 5,
                "unhealthy_threshold": 2
              }
            ],
            "id": "arn:aws:elasticloadbalancing:us-east-1:484375727565:targetgroup/k8s-default-textsumi-ee7fe2c25f/5fbbaaab12387a91",
            "lambda_multi_value_headers_enabled": null,
            "load_balancing_algorithm_type": "round_robin",
            "name": "k8s-default-textsumi-ee7fe2c25f",
            "name_prefix": null,
            "port": 8080,
            "preserve_client_ip": null,
            "protocol": "HTTP",
            "protocol_version": "HTTP1",
            "proxy_protocol_v2": null,
            "slow_start": 0,
            "stickiness": [
              {
                "cookie_duration": 86400,
                "cookie_name": "",
                "enabled": false,
                "type": "lb_cookie"
              }
            ],
            "tags": {
              "elbv2.k8s.aws/cluster": "eks-data-dev-2",
              "ingress.k8s.aws/resource": "default/dev-2-ingress-textsum-inf-alb:80",
              "ingress.k8s.aws/stack": "default/dev-2-ingress"
            },
            "tags_all": {
              "elbv2.k8s.aws/cluster": "eks-data-dev-2",
              "ingress.k8s.aws/resource": "default/dev-2-ingress-textsum-inf-alb:80",
              "ingress.k8s.aws/stack": "default/dev-2-ingress"
            },
            "target_type": "ip",
            "vpc_id": "vpc-8e992de8"
          },
          "sensitive_attributes": [],
          "private": "eyJzY2hlbWFfdmVyc2lvbiI6MH0="
        }
      ]
    },
    {
      "mode": "managed",
      "type": "aws_alb_target_group",
      "name": "arn_aws_elasticloadbalancing_us_east_1_484375727565_targetgroup_k8s_default_textsumm_1ce3dd9976_13a5566221dd06e2",
      "provider": "provider[\"registry.terraform.io/hashicorp/aws\"]",
      "instances": [
        {
          "schema_version": 0,
          "attributes": {
            "arn": "arn:aws:elasticloadbalancing:us-east-1:484375727565:targetgroup/k8s-default-textsumm-1ce3dd9976/13a5566221dd06e2",
            "arn_suffix": "targetgroup/k8s-default-textsumm-1ce3dd9976/13a5566221dd06e2",
            "connection_termination": null,
            "deregistration_delay": "300",
            "health_check": [
              {
                "enabled": true,
                "healthy_threshold": 2,
                "interval": 15,
                "matcher": "200",
                "path": "/",
                "port": "traffic-port",
                "protocol": "HTTP",
                "timeout": 5,
                "unhealthy_threshold": 2
              }
            ],
            "id": "arn:aws:elasticloadbalancing:us-east-1:484375727565:targetgroup/k8s-default-textsumm-1ce3dd9976/13a5566221dd06e2",
            "lambda_multi_value_headers_enabled": null,
            "load_balancing_algorithm_type": "round_robin",
            "name": "k8s-default-textsumm-1ce3dd9976",
            "name_prefix": null,
            "port": 8080,
            "preserve_client_ip": null,
            "protocol": "HTTP",
            "protocol_version": "HTTP1",
            "proxy_protocol_v2": null,
            "slow_start": 0,
            "stickiness": [
              {
                "cookie_duration": 86400,
                "cookie_name": "",
                "enabled": false,
                "type": "lb_cookie"
              }
            ],
            "tags": {
              "elbv2.k8s.aws/cluster": "eks-data-prod-3",
              "ingress.k8s.aws/resource": "default/prod-3-ingress-textsum-mbart-inf2:80",
              "ingress.k8s.aws/stack": "default/prod-3-ingress"
            },
            "tags_all": {
              "elbv2.k8s.aws/cluster": "eks-data-prod-3",
              "ingress.k8s.aws/resource": "default/prod-3-ingress-textsum-mbart-inf2:80",
              "ingress.k8s.aws/stack": "default/prod-3-ingress"
            },
            "target_type": "ip",
            "vpc_id": "vpc-8e992de8"
          },
          "sensitive_attributes": [],
          "private": "eyJzY2hlbWFfdmVyc2lvbiI6MH0="
        }
      ]
    },
    {
      "mode": "managed",
      "type": "aws_alb_target_group",
      "name": "arn_aws_elasticloadbalancing_us_east_1_484375727565_targetgroup_k8s_default_textsumm_4fdec02116_5d09c3b946a9f931",
      "provider": "provider[\"registry.terraform.io/hashicorp/aws\"]",
      "instances": [
        {
          "schema_version": 0,
          "attributes": {
            "arn": "arn:aws:elasticloadbalancing:us-east-1:484375727565:targetgroup/k8s-default-textsumm-4fdec02116/5d09c3b946a9f931",
            "arn_suffix": "targetgroup/k8s-default-textsumm-4fdec02116/5d09c3b946a9f931",
            "connection_termination": null,
            "deregistration_delay": "300",
            "health_check": [
              {
                "enabled": true,
                "healthy_threshold": 2,
                "interval": 15,
                "matcher": "200",
                "path": "/",
                "port": "traffic-port",
                "protocol": "HTTP",
                "timeout": 5,
                "unhealthy_threshold": 2
              }
            ],
            "id": "arn:aws:elasticloadbalancing:us-east-1:484375727565:targetgroup/k8s-default-textsumm-4fdec02116/5d09c3b946a9f931",
            "lambda_multi_value_headers_enabled": null,
            "load_balancing_algorithm_type": "round_robin",
            "name": "k8s-default-textsumm-4fdec02116",
            "name_prefix": null,
            "port": 8080,
            "preserve_client_ip": null,
            "protocol": "HTTP",
            "protocol_version": "HTTP1",
            "proxy_protocol_v2": null,
            "slow_start": 0,
            "stickiness": [
              {
                "cookie_duration": 86400,
                "cookie_name": "",
                "enabled": false,
                "type": "lb_cookie"
              }
            ],
            "tags": {
              "elbv2.k8s.aws/cluster": "eks-data-dev-2",
              "ingress.k8s.aws/resource": "default/dev-2-ingress-textsum-mbart-inf2:80",
              "ingress.k8s.aws/stack": "default/dev-2-ingress"
            },
            "tags_all": {
              "elbv2.k8s.aws/cluster": "eks-data-dev-2",
              "ingress.k8s.aws/resource": "default/dev-2-ingress-textsum-mbart-inf2:80",
              "ingress.k8s.aws/stack": "default/dev-2-ingress"
            },
            "target_type": "ip",
            "vpc_id": "vpc-8e992de8"
          },
          "sensitive_attributes": [],
          "private": "eyJzY2hlbWFfdmVyc2lvbiI6MH0="
        }
      ]
    },
    {
      "mode": "managed",
      "type": "aws_alb_target_group",
      "name": "arn_aws_elasticloadbalancing_us_east_1_484375727565_targetgroup_k8s_default_textsumn_0543d9441a_f65e60dfe8fa85b3",
      "provider": "provider[\"registry.terraform.io/hashicorp/aws\"]",
      "instances": [
        {
          "schema_version": 0,
          "attributes": {
            "arn": "arn:aws:elasticloadbalancing:us-east-1:484375727565:targetgroup/k8s-default-textsumn-0543d9441a/f65e60dfe8fa85b3",
            "arn_suffix": "targetgroup/k8s-default-textsumn-0543d9441a/f65e60dfe8fa85b3",
            "connection_termination": null,
            "deregistration_delay": "300",
            "health_check": [
              {
                "enabled": true,
                "healthy_threshold": 2,
                "interval": 15,
                "matcher": "200",
                "path": "/",
                "port": "traffic-port",
                "protocol": "HTTP",
                "timeout": 5,
                "unhealthy_threshold": 2
              }
            ],
            "id": "arn:aws:elasticloadbalancing:us-east-1:484375727565:targetgroup/k8s-default-textsumn-0543d9441a/f65e60dfe8fa85b3",
            "lambda_multi_value_headers_enabled": null,
            "load_balancing_algorithm_type": "round_robin",
            "name": "k8s-default-textsumn-0543d9441a",
            "name_prefix": null,
            "port": 8080,
            "preserve_client_ip": null,
            "protocol": "HTTP",
            "protocol_version": "HTTP1",
            "proxy_protocol_v2": null,
            "slow_start": 0,
            "stickiness": [
              {
                "cookie_duration": 86400,
                "cookie_name": "",
                "enabled": false,
                "type": "lb_cookie"
              }
            ],
            "tags": {
              "elbv2.k8s.aws/cluster": "eks-data-prod-3",
              "ingress.k8s.aws/resource": "default/prod-3-ingress-textsum-nasca-inf2:80",
              "ingress.k8s.aws/stack": "default/prod-3-ingress"
            },
            "tags_all": {
              "elbv2.k8s.aws/cluster": "eks-data-prod-3",
              "ingress.k8s.aws/resource": "default/prod-3-ingress-textsum-nasca-inf2:80",
              "ingress.k8s.aws/stack": "default/prod-3-ingress"
            },
            "target_type": "ip",
            "vpc_id": "vpc-8e992de8"
          },
          "sensitive_attributes": [],
          "private": "eyJzY2hlbWFfdmVyc2lvbiI6MH0="
        }
      ]
    },
    {
      "mode": "managed",
      "type": "aws_alb_target_group",
      "name": "arn_aws_elasticloadbalancing_us_east_1_484375727565_targetgroup_k8s_default_textsumn_9ba9f7ddf5_ad349f4c5ae8ffc8",
      "provider": "provider[\"registry.terraform.io/hashicorp/aws\"]",
      "instances": [
        {
          "schema_version": 0,
          "attributes": {
            "arn": "arn:aws:elasticloadbalancing:us-east-1:484375727565:targetgroup/k8s-default-textsumn-9ba9f7ddf5/ad349f4c5ae8ffc8",
            "arn_suffix": "targetgroup/k8s-default-textsumn-9ba9f7ddf5/ad349f4c5ae8ffc8",
            "connection_termination": null,
            "deregistration_delay": "300",
            "health_check": [
              {
                "enabled": true,
                "healthy_threshold": 2,
                "interval": 15,
                "matcher": "200",
                "path": "/",
                "port": "traffic-port",
                "protocol": "HTTP",
                "timeout": 5,
                "unhealthy_threshold": 2
              }
            ],
            "id": "arn:aws:elasticloadbalancing:us-east-1:484375727565:targetgroup/k8s-default-textsumn-9ba9f7ddf5/ad349f4c5ae8ffc8",
            "lambda_multi_value_headers_enabled": null,
            "load_balancing_algorithm_type": "round_robin",
            "name": "k8s-default-textsumn-9ba9f7ddf5",
            "name_prefix": null,
            "port": 8080,
            "preserve_client_ip": null,
            "protocol": "HTTP",
            "protocol_version": "HTTP1",
            "proxy_protocol_v2": null,
            "slow_start": 0,
            "stickiness": [
              {
                "cookie_duration": 86400,
                "cookie_name": "",
                "enabled": false,
                "type": "lb_cookie"
              }
            ],
            "tags": {
              "elbv2.k8s.aws/cluster": "eks-data-dev-2",
              "ingress.k8s.aws/resource": "default/dev-2-ingress-textsum-nasca-inf2:80",
              "ingress.k8s.aws/stack": "default/dev-2-ingress"
            },
            "tags_all": {
              "elbv2.k8s.aws/cluster": "eks-data-dev-2",
              "ingress.k8s.aws/resource": "default/dev-2-ingress-textsum-nasca-inf2:80",
              "ingress.k8s.aws/stack": "default/dev-2-ingress"
            },
            "target_type": "ip",
            "vpc_id": "vpc-8e992de8"
          },
          "sensitive_attributes": [],
          "private": "eyJzY2hlbWFfdmVyc2lvbiI6MH0="
        }
      ]
    },
    {
      "mode": "managed",
      "type": "aws_alb_target_group",
      "name": "arn_aws_elasticloadbalancing_us_east_1_484375727565_targetgroup_k8s_default_triealb_573fb3dd3b_cf8e8927688abb83",
      "provider": "provider[\"registry.terraform.io/hashicorp/aws\"]",
      "instances": [
        {
          "schema_version": 0,
          "attributes": {
            "arn": "arn:aws:elasticloadbalancing:us-east-1:484375727565:targetgroup/k8s-default-triealb-573fb3dd3b/cf8e8927688abb83",
            "arn_suffix": "targetgroup/k8s-default-triealb-573fb3dd3b/cf8e8927688abb83",
            "connection_termination": null,
            "deregistration_delay": "300",
            "health_check": [
              {
                "enabled": true,
                "healthy_threshold": 2,
                "interval": 15,
                "matcher": "200",
                "path": "/health_check",
                "port": "traffic-port",
                "protocol": "HTTP",
                "timeout": 5,
                "unhealthy_threshold": 2
              }
            ],
            "id": "arn:aws:elasticloadbalancing:us-east-1:484375727565:targetgroup/k8s-default-triealb-573fb3dd3b/cf8e8927688abb83",
            "lambda_multi_value_headers_enabled": null,
            "load_balancing_algorithm_type": "round_robin",
            "name": "k8s-default-triealb-573fb3dd3b",
            "name_prefix": null,
            "port": 80,
            "preserve_client_ip": null,
            "protocol": "HTTP",
            "protocol_version": "HTTP1",
            "proxy_protocol_v2": null,
            "slow_start": 0,
            "stickiness": [
              {
                "cookie_duration": 86400,
                "cookie_name": "",
                "enabled": false,
                "type": "lb_cookie"
              }
            ],
            "tags": {
              "elbv2.k8s.aws/cluster": "eks-data-dev-2",
              "ingress.k8s.aws/resource": "default/dev-2-ingress-trie-alb:80",
              "ingress.k8s.aws/stack": "default/dev-2-ingress"
            },
            "tags_all": {
              "elbv2.k8s.aws/cluster": "eks-data-dev-2",
              "ingress.k8s.aws/resource": "default/dev-2-ingress-trie-alb:80",
              "ingress.k8s.aws/stack": "default/dev-2-ingress"
            },
            "target_type": "ip",
            "vpc_id": "vpc-8e992de8"
          },
          "sensitive_attributes": [],
          "private": "eyJzY2hlbWFfdmVyc2lvbiI6MH0="
        }
      ]
    },
    {
      "mode": "managed",
      "type": "aws_alb_target_group",
      "name": "arn_aws_elasticloadbalancing_us_east_1_484375727565_targetgroup_k8s_ingressn_nginxing_84e7cb73fe_201f0ea654165b19",
      "provider": "provider[\"registry.terraform.io/hashicorp/aws\"]",
      "instances": [
        {
          "schema_version": 0,
          "attributes": {
            "arn": "arn:aws:elasticloadbalancing:us-east-1:484375727565:targetgroup/k8s-ingressn-nginxing-84e7cb73fe/201f0ea654165b19",
            "arn_suffix": "targetgroup/k8s-ingressn-nginxing-84e7cb73fe/201f0ea654165b19",
            "connection_termination": false,
            "deregistration_delay": "300",
            "health_check": [
              {
                "enabled": true,
                "healthy_threshold": 3,
                "interval": 10,
                "matcher": "",
                "path": "",
                "port": "traffic-port",
                "protocol": "TCP",
                "timeout": 10,
                "unhealthy_threshold": 3
              }
            ],
            "id": "arn:aws:elasticloadbalancing:us-east-1:484375727565:targetgroup/k8s-ingressn-nginxing-84e7cb73fe/201f0ea654165b19",
            "lambda_multi_value_headers_enabled": null,
            "load_balancing_algorithm_type": null,
            "name": "k8s-ingressn-nginxing-84e7cb73fe",
            "name_prefix": null,
            "port": 1,
            "preserve_client_ip": "false",
            "protocol": "TCP",
            "protocol_version": null,
            "proxy_protocol_v2": true,
            "slow_start": null,
            "stickiness": [
              {
                "cookie_duration": 0,
                "cookie_name": "",
                "enabled": false,
                "type": "source_ip"
              }
            ],
            "tags": {
              "elbv2.k8s.aws/cluster": "onclusive-production",
              "service.k8s.aws/resource": "ingress-nginx/nginx-ingress-ingress-nginx-controller:80",
              "service.k8s.aws/stack": "ingress-nginx/nginx-ingress-ingress-nginx-controller"
            },
            "tags_all": {
              "elbv2.k8s.aws/cluster": "onclusive-production",
              "service.k8s.aws/resource": "ingress-nginx/nginx-ingress-ingress-nginx-controller:80",
              "service.k8s.aws/stack": "ingress-nginx/nginx-ingress-ingress-nginx-controller"
            },
            "target_type": "ip",
            "vpc_id": "vpc-09b2e6e3b5c92678f"
          },
          "sensitive_attributes": [],
          "private": "eyJzY2hlbWFfdmVyc2lvbiI6MH0="
        }
      ]
    },
    {
      "mode": "managed",
      "type": "aws_alb_target_group",
      "name": "arn_aws_elasticloadbalancing_us_east_1_484375727565_targetgroup_k8s_ingressn_nginxing_d437bd584c_106d40c5a1306f62",
      "provider": "provider[\"registry.terraform.io/hashicorp/aws\"]",
      "instances": [
        {
          "schema_version": 0,
          "attributes": {
            "arn": "arn:aws:elasticloadbalancing:us-east-1:484375727565:targetgroup/k8s-ingressn-nginxing-d437bd584c/106d40c5a1306f62",
            "arn_suffix": "targetgroup/k8s-ingressn-nginxing-d437bd584c/106d40c5a1306f62",
            "connection_termination": false,
            "deregistration_delay": "300",
            "health_check": [
              {
                "enabled": true,
                "healthy_threshold": 3,
                "interval": 10,
                "matcher": "",
                "path": "",
                "port": "traffic-port",
                "protocol": "TCP",
                "timeout": 10,
                "unhealthy_threshold": 3
              }
            ],
            "id": "arn:aws:elasticloadbalancing:us-east-1:484375727565:targetgroup/k8s-ingressn-nginxing-d437bd584c/106d40c5a1306f62",
            "lambda_multi_value_headers_enabled": null,
            "load_balancing_algorithm_type": null,
            "name": "k8s-ingressn-nginxing-d437bd584c",
            "name_prefix": null,
            "port": 1,
            "preserve_client_ip": "false",
            "protocol": "TCP",
            "protocol_version": null,
            "proxy_protocol_v2": true,
            "slow_start": null,
            "stickiness": [
              {
                "cookie_duration": 0,
                "cookie_name": "",
                "enabled": false,
                "type": "source_ip"
              }
            ],
            "tags": {
              "elbv2.k8s.aws/cluster": "onclusive-production",
              "service.k8s.aws/resource": "ingress-nginx/nginx-ingress-ingress-nginx-controller:443",
              "service.k8s.aws/stack": "ingress-nginx/nginx-ingress-ingress-nginx-controller"
            },
            "tags_all": {
              "elbv2.k8s.aws/cluster": "onclusive-production",
              "service.k8s.aws/resource": "ingress-nginx/nginx-ingress-ingress-nginx-controller:443",
              "service.k8s.aws/stack": "ingress-nginx/nginx-ingress-ingress-nginx-controller"
            },
            "target_type": "ip",
            "vpc_id": "vpc-09b2e6e3b5c92678f"
          },
          "sensitive_attributes": [],
          "private": "eyJzY2hlbWFfdmVyc2lvbiI6MH0="
        }
      ]
    },
    {
      "mode": "managed",
      "type": "aws_alb_target_group",
      "name": "arn_aws_elasticloadbalancing_us_east_1_484375727565_targetgroup_k8s_istiosys_istioing_929f751ef3_85458b164b55eeb0",
      "provider": "provider[\"registry.terraform.io/hashicorp/aws\"]",
      "instances": [
        {
          "schema_version": 0,
          "attributes": {
            "arn": "arn:aws:elasticloadbalancing:us-east-1:484375727565:targetgroup/k8s-istiosys-istioing-929f751ef3/85458b164b55eeb0",
            "arn_suffix": "targetgroup/k8s-istiosys-istioing-929f751ef3/85458b164b55eeb0",
            "connection_termination": null,
            "deregistration_delay": "300",
            "health_check": [
              {
                "enabled": true,
                "healthy_threshold": 2,
                "interval": 15,
                "matcher": "200",
                "path": "/",
                "port": "traffic-port",
                "protocol": "HTTP",
                "timeout": 5,
                "unhealthy_threshold": 2
              }
            ],
            "id": "arn:aws:elasticloadbalancing:us-east-1:484375727565:targetgroup/k8s-istiosys-istioing-929f751ef3/85458b164b55eeb0",
            "lambda_multi_value_headers_enabled": null,
            "load_balancing_algorithm_type": "round_robin",
            "name": "k8s-istiosys-istioing-929f751ef3",
            "name_prefix": null,
            "port": 30168,
            "preserve_client_ip": null,
            "protocol": "HTTP",
            "protocol_version": "HTTP1",
            "proxy_protocol_v2": null,
            "slow_start": 0,
            "stickiness": [
              {
                "cookie_duration": 86400,
                "cookie_name": "",
                "enabled": false,
                "type": "lb_cookie"
              }
            ],
            "tags": {
              "elbv2.k8s.aws/cluster": "eks-ml-ops",
              "ingress.k8s.aws/resource": "istio-system/istio-ingress-istio-ingressgateway:80",
              "ingress.k8s.aws/stack": "istio-system/istio-ingress"
            },
            "tags_all": {
              "elbv2.k8s.aws/cluster": "eks-ml-ops",
              "ingress.k8s.aws/resource": "istio-system/istio-ingress-istio-ingressgateway:80",
              "ingress.k8s.aws/stack": "istio-system/istio-ingress"
            },
            "target_type": "instance",
            "vpc_id": "vpc-8e992de8"
          },
          "sensitive_attributes": [],
          "private": "eyJzY2hlbWFfdmVyc2lvbiI6MH0="
        }
      ]
    },
    {
      "mode": "managed",
      "type": "aws_alb_target_group",
      "name": "arn_aws_elasticloadbalancing_us_east_1_484375727565_targetgroup_k8s_prod_ingressg_1311dce736_ed0e0f45875a8ec2",
      "provider": "provider[\"registry.terraform.io/hashicorp/aws\"]",
      "instances": [
        {
          "schema_version": 0,
          "attributes": {
            "arn": "arn:aws:elasticloadbalancing:us-east-1:484375727565:targetgroup/k8s-prod-ingressg-1311dce736/ed0e0f45875a8ec2",
            "arn_suffix": "targetgroup/k8s-prod-ingressg-1311dce736/ed0e0f45875a8ec2",
            "connection_termination": false,
            "deregistration_delay": "300",
            "health_check": [
              {
                "enabled": true,
                "healthy_threshold": 3,
                "interval": 30,
                "matcher": "",
                "path": "",
                "port": "31201",
                "protocol": "TCP",
                "timeout": 10,
                "unhealthy_threshold": 3
              }
            ],
            "id": "arn:aws:elasticloadbalancing:us-east-1:484375727565:targetgroup/k8s-prod-ingressg-1311dce736/ed0e0f45875a8ec2",
            "lambda_multi_value_headers_enabled": null,
            "load_balancing_algorithm_type": null,
            "name": "k8s-prod-ingressg-1311dce736",
            "name_prefix": null,
            "port": 31201,
            "preserve_client_ip": "true",
            "protocol": "TCP",
            "protocol_version": null,
            "proxy_protocol_v2": false,
            "slow_start": null,
            "stickiness": [
              {
                "cookie_duration": 0,
                "cookie_name": "",
                "enabled": false,
                "type": "source_ip"
              }
            ],
            "tags": {
              "kubernetes.io/cluster/eks-data-prod-main": "owned",
              "kubernetes.io/service-name": "prod/ingress-gw"
            },
            "tags_all": {
              "kubernetes.io/cluster/eks-data-prod-main": "owned",
              "kubernetes.io/service-name": "prod/ingress-gw"
            },
            "target_type": "instance",
            "vpc_id": "vpc-8e992de8"
          },
          "sensitive_attributes": [],
          "private": "eyJzY2hlbWFfdmVyc2lvbiI6MH0="
        }
      ]
    },
    {
      "mode": "managed",
      "type": "aws_alb_target_group",
      "name": "arn_aws_elasticloadbalancing_us_east_1_484375727565_targetgroup_lambda_176rokeaqz1f2lwshkuz_f95503cc54a4b84e",
      "provider": "provider[\"registry.terraform.io/hashicorp/aws\"]",
      "instances": [
        {
          "schema_version": 0,
          "attributes": {
            "arn": "arn:aws:elasticloadbalancing:us-east-1:484375727565:targetgroup/lambda-176rOkeaqZ1F2LWShKuz/f95503cc54a4b84e",
            "arn_suffix": "targetgroup/lambda-176rOkeaqZ1F2LWShKuz/f95503cc54a4b84e",
            "connection_termination": null,
            "deregistration_delay": null,
            "health_check": [
              {
                "enabled": false,
                "healthy_threshold": 5,
                "interval": 35,
                "matcher": "200",
                "path": "/",
                "port": "",
                "protocol": "",
                "timeout": 30,
                "unhealthy_threshold": 2
              }
            ],
            "id": "arn:aws:elasticloadbalancing:us-east-1:484375727565:targetgroup/lambda-176rOkeaqZ1F2LWShKuz/f95503cc54a4b84e",
            "lambda_multi_value_headers_enabled": false,
            "load_balancing_algorithm_type": null,
            "name": "lambda-176rOkeaqZ1F2LWShKuz",
            "name_prefix": null,
            "port": null,
            "preserve_client_ip": null,
            "protocol": null,
            "protocol_version": null,
            "proxy_protocol_v2": null,
            "slow_start": null,
            "stickiness": [
              {
                "cookie_duration": null,
                "cookie_name": null,
                "enabled": null,
                "type": null
              }
            ],
            "tags": {},
            "tags_all": {},
            "target_type": "lambda",
            "vpc_id": null
          },
          "sensitive_attributes": [],
          "private": "eyJzY2hlbWFfdmVyc2lvbiI6MH0="
        }
      ]
    },
    {
      "mode": "managed",
      "type": "aws_alb_target_group",
      "name": "arn_aws_elasticloadbalancing_us_east_1_484375727565_targetgroup_luminati_proxy_manager_elb_5de2124b5b8ad476",
      "provider": "provider[\"registry.terraform.io/hashicorp/aws\"]",
      "instances": [
        {
          "schema_version": 0,
          "attributes": {
            "arn": "arn:aws:elasticloadbalancing:us-east-1:484375727565:targetgroup/luminati-proxy-manager-elb/5de2124b5b8ad476",
            "arn_suffix": "targetgroup/luminati-proxy-manager-elb/5de2124b5b8ad476",
            "connection_termination": false,
            "deregistration_delay": "300",
            "health_check": [
              {
                "enabled": true,
                "healthy_threshold": 2,
                "interval": 30,
                "matcher": "",
                "path": "",
                "port": "24000",
                "protocol": "TCP",
                "timeout": 10,
                "unhealthy_threshold": 2
              }
            ],
            "id": "arn:aws:elasticloadbalancing:us-east-1:484375727565:targetgroup/luminati-proxy-manager-elb/5de2124b5b8ad476",
            "lambda_multi_value_headers_enabled": null,
            "load_balancing_algorithm_type": null,
            "name": "luminati-proxy-manager-elb",
            "name_prefix": null,
            "port": 22999,
            "preserve_client_ip": "true",
            "protocol": "TCP",
            "protocol_version": null,
            "proxy_protocol_v2": false,
            "slow_start": null,
            "stickiness": [
              {
                "cookie_duration": 0,
                "cookie_name": "",
                "enabled": false,
                "type": "source_ip"
              }
            ],
            "tags": {},
            "tags_all": {},
            "target_type": "instance",
            "vpc_id": "vpc-8e992de8"
          },
          "sensitive_attributes": [],
          "private": "eyJzY2hlbWFfdmVyc2lvbiI6MH0="
        }
      ]
    },
    {
      "mode": "managed",
      "type": "aws_alb_target_group",
      "name": "arn_aws_elasticloadbalancing_us_east_1_484375727565_targetgroup_luminati_proxy_manager_elb_app_81b178592c641668",
      "provider": "provider[\"registry.terraform.io/hashicorp/aws\"]",
      "instances": [
        {
          "schema_version": 0,
          "attributes": {
            "arn": "arn:aws:elasticloadbalancing:us-east-1:484375727565:targetgroup/luminati-proxy-manager-elb-app/81b178592c641668",
            "arn_suffix": "targetgroup/luminati-proxy-manager-elb-app/81b178592c641668",
            "connection_termination": null,
            "deregistration_delay": "300",
            "health_check": [
              {
                "enabled": true,
                "healthy_threshold": 2,
                "interval": 20,
                "matcher": "200",
                "path": "/",
                "port": "24000",
                "protocol": "HTTP",
                "timeout": 10,
                "unhealthy_threshold": 3
              }
            ],
            "id": "arn:aws:elasticloadbalancing:us-east-1:484375727565:targetgroup/luminati-proxy-manager-elb-app/81b178592c641668",
            "lambda_multi_value_headers_enabled": null,
            "load_balancing_algorithm_type": "round_robin",
            "name": "luminati-proxy-manager-elb-app",
            "name_prefix": null,
            "port": 22999,
            "preserve_client_ip": null,
            "protocol": "HTTP",
            "protocol_version": "HTTP1",
            "proxy_protocol_v2": null,
            "slow_start": 0,
            "stickiness": [
              {
                "cookie_duration": 86400,
                "cookie_name": "",
                "enabled": false,
                "type": "lb_cookie"
              }
            ],
            "tags": {},
            "tags_all": {},
            "target_type": "instance",
            "vpc_id": "vpc-8e992de8"
          },
          "sensitive_attributes": [],
          "private": "eyJzY2hlbWFfdmVyc2lvbiI6MH0="
        }
      ]
    },
    {
      "mode": "managed",
      "type": "aws_alb_target_group",
      "name": "arn_aws_elasticloadbalancing_us_east_1_484375727565_targetgroup_luminati_proxy_staging_elb_9fe2fc50262724ce",
      "provider": "provider[\"registry.terraform.io/hashicorp/aws\"]",
      "instances": [
        {
          "schema_version": 0,
          "attributes": {
            "arn": "arn:aws:elasticloadbalancing:us-east-1:484375727565:targetgroup/luminati-proxy-staging-elb/9fe2fc50262724ce",
            "arn_suffix": "targetgroup/luminati-proxy-staging-elb/9fe2fc50262724ce",
            "connection_termination": false,
            "deregistration_delay": "300",
            "health_check": [
              {
                "enabled": true,
                "healthy_threshold": 2,
                "interval": 30,
                "matcher": "",
                "path": "",
                "port": "24000",
                "protocol": "TCP",
                "timeout": 10,
                "unhealthy_threshold": 2
              }
            ],
            "id": "arn:aws:elasticloadbalancing:us-east-1:484375727565:targetgroup/luminati-proxy-staging-elb/9fe2fc50262724ce",
            "lambda_multi_value_headers_enabled": null,
            "load_balancing_algorithm_type": null,
            "name": "luminati-proxy-staging-elb",
            "name_prefix": null,
            "port": 22999,
            "preserve_client_ip": "true",
            "protocol": "TCP",
            "protocol_version": null,
            "proxy_protocol_v2": false,
            "slow_start": null,
            "stickiness": [
              {
                "cookie_duration": 0,
                "cookie_name": "",
                "enabled": false,
                "type": "source_ip"
              }
            ],
            "tags": {},
            "tags_all": {},
            "target_type": "instance",
            "vpc_id": "vpc-8e992de8"
          },
          "sensitive_attributes": [],
          "private": "eyJzY2hlbWFfdmVyc2lvbiI6MH0="
        }
      ]
    },
    {
      "mode": "managed",
      "type": "aws_alb_target_group",
      "name": "arn_aws_elasticloadbalancing_us_east_1_484375727565_targetgroup_monitoring_es_5x_11fd9b64dc4b90a9",
      "provider": "provider[\"registry.terraform.io/hashicorp/aws\"]",
      "instances": [
        {
          "schema_version": 0,
          "attributes": {
            "arn": "arn:aws:elasticloadbalancing:us-east-1:484375727565:targetgroup/monitoring-es-5x/11fd9b64dc4b90a9",
            "arn_suffix": "targetgroup/monitoring-es-5x/11fd9b64dc4b90a9",
            "connection_termination": null,
            "deregistration_delay": "300",
            "health_check": [
              {
                "enabled": true,
                "healthy_threshold": 2,
                "interval": 15,
                "matcher": "200",
                "path": "/",
                "port": "9200",
                "protocol": "HTTP",
                "timeout": 10,
                "unhealthy_threshold": 3
              }
            ],
            "id": "arn:aws:elasticloadbalancing:us-east-1:484375727565:targetgroup/monitoring-es-5x/11fd9b64dc4b90a9",
            "lambda_multi_value_headers_enabled": null,
            "load_balancing_algorithm_type": "round_robin",
            "name": "monitoring-es-5x",
            "name_prefix": null,
            "port": 9200,
            "preserve_client_ip": null,
            "protocol": "HTTP",
            "protocol_version": "HTTP1",
            "proxy_protocol_v2": null,
            "slow_start": 0,
            "stickiness": [
              {
                "cookie_duration": 86400,
                "cookie_name": "",
                "enabled": false,
                "type": "lb_cookie"
              }
            ],
            "tags": {},
            "tags_all": {},
            "target_type": "instance",
            "vpc_id": "vpc-8e992de8"
          },
          "sensitive_attributes": [],
          "private": "eyJzY2hlbWFfdmVyc2lvbiI6MH0="
        }
      ]
    },
    {
      "mode": "managed",
      "type": "aws_alb_target_group",
      "name": "arn_aws_elasticloadbalancing_us_east_1_484375727565_targetgroup_onclusive_data_streaming_1_tg_8d645bd021500227",
      "provider": "provider[\"registry.terraform.io/hashicorp/aws\"]",
      "instances": [
        {
          "schema_version": 0,
          "attributes": {
            "arn": "arn:aws:elasticloadbalancing:us-east-1:484375727565:targetgroup/onclusive-data-streaming-1-tg/8d645bd021500227",
            "arn_suffix": "targetgroup/onclusive-data-streaming-1-tg/8d645bd021500227",
            "connection_termination": false,
            "deregistration_delay": "300",
            "health_check": [
              {
                "enabled": true,
                "healthy_threshold": 3,
                "interval": 30,
                "matcher": "",
                "path": "",
                "port": "traffic-port",
                "protocol": "TCP",
                "timeout": 10,
                "unhealthy_threshold": 3
              }
            ],
            "id": "arn:aws:elasticloadbalancing:us-east-1:484375727565:targetgroup/onclusive-data-streaming-1-tg/8d645bd021500227",
            "lambda_multi_value_headers_enabled": null,
            "load_balancing_algorithm_type": null,
            "name": "onclusive-data-streaming-1-tg",
            "name_prefix": null,
            "port": 9092,
            "preserve_client_ip": "false",
            "protocol": "TCP",
            "protocol_version": null,
            "proxy_protocol_v2": false,
            "slow_start": null,
            "stickiness": [
              {
                "cookie_duration": 0,
                "cookie_name": "",
                "enabled": false,
                "type": "source_ip"
              }
            ],
            "tags": {
              "Billing": "CRAWLER"
            },
            "tags_all": {
              "Billing": "CRAWLER"
            },
            "target_type": "ip",
            "vpc_id": "vpc-0324ee1c5ba324c3d"
          },
          "sensitive_attributes": [],
          "private": "eyJzY2hlbWFfdmVyc2lvbiI6MH0="
        }
      ]
    },
    {
      "mode": "managed",
      "type": "aws_alb_target_group",
      "name": "arn_aws_elasticloadbalancing_us_east_1_484375727565_targetgroup_onclusive_data_streaming_2_tg_371a19447e3bbea4",
      "provider": "provider[\"registry.terraform.io/hashicorp/aws\"]",
      "instances": [
        {
          "schema_version": 0,
          "attributes": {
            "arn": "arn:aws:elasticloadbalancing:us-east-1:484375727565:targetgroup/onclusive-data-streaming-2-tg/371a19447e3bbea4",
            "arn_suffix": "targetgroup/onclusive-data-streaming-2-tg/371a19447e3bbea4",
            "connection_termination": false,
            "deregistration_delay": "300",
            "health_check": [
              {
                "enabled": true,
                "healthy_threshold": 3,
                "interval": 30,
                "matcher": "",
                "path": "",
                "port": "traffic-port",
                "protocol": "TCP",
                "timeout": 10,
                "unhealthy_threshold": 3
              }
            ],
            "id": "arn:aws:elasticloadbalancing:us-east-1:484375727565:targetgroup/onclusive-data-streaming-2-tg/371a19447e3bbea4",
            "lambda_multi_value_headers_enabled": null,
            "load_balancing_algorithm_type": null,
            "name": "onclusive-data-streaming-2-tg",
            "name_prefix": null,
            "port": 9092,
            "preserve_client_ip": "false",
            "protocol": "TCP",
            "protocol_version": null,
            "proxy_protocol_v2": false,
            "slow_start": null,
            "stickiness": [
              {
                "cookie_duration": 0,
                "cookie_name": "",
                "enabled": false,
                "type": "source_ip"
              }
            ],
            "tags": {
              "Billing": "CRAWLER"
            },
            "tags_all": {
              "Billing": "CRAWLER"
            },
            "target_type": "ip",
            "vpc_id": "vpc-0324ee1c5ba324c3d"
          },
          "sensitive_attributes": [],
          "private": "eyJzY2hlbWFfdmVyc2lvbiI6MH0="
        }
      ]
    },
    {
      "mode": "managed",
      "type": "aws_alb_target_group",
      "name": "arn_aws_elasticloadbalancing_us_east_1_484375727565_targetgroup_pixel_east_1_5b05c9aa345129bd",
      "provider": "provider[\"registry.terraform.io/hashicorp/aws\"]",
      "instances": [
        {
          "schema_version": 0,
          "attributes": {
            "arn": "arn:aws:elasticloadbalancing:us-east-1:484375727565:targetgroup/pixel-east-1/5b05c9aa345129bd",
            "arn_suffix": "targetgroup/pixel-east-1/5b05c9aa345129bd",
            "connection_termination": null,
            "deregistration_delay": "300",
            "health_check": [
              {
                "enabled": true,
                "healthy_threshold": 5,
                "interval": 30,
                "matcher": "200",
                "path": "/debug",
                "port": "traffic-port",
                "protocol": "HTTP",
                "timeout": 5,
                "unhealthy_threshold": 2
              }
            ],
            "id": "arn:aws:elasticloadbalancing:us-east-1:484375727565:targetgroup/pixel-east-1/5b05c9aa345129bd",
            "lambda_multi_value_headers_enabled": null,
            "load_balancing_algorithm_type": "round_robin",
            "name": "pixel-east-1",
            "name_prefix": null,
            "port": 80,
            "preserve_client_ip": null,
            "protocol": "HTTP",
            "protocol_version": "HTTP1",
            "proxy_protocol_v2": null,
            "slow_start": 0,
            "stickiness": [
              {
                "cookie_duration": 86400,
                "cookie_name": "",
                "enabled": false,
                "type": "lb_cookie"
              }
            ],
            "tags": {},
            "tags_all": {},
            "target_type": "instance",
            "vpc_id": "vpc-661e0802"
          },
          "sensitive_attributes": [],
          "private": "eyJzY2hlbWFfdmVyc2lvbiI6MH0="
        }
      ]
    },
    {
      "mode": "managed",
      "type": "aws_alb_target_group",
      "name": "arn_aws_elasticloadbalancing_us_east_1_484375727565_targetgroup_prod_crawler_master_f327df089948cb3a",
      "provider": "provider[\"registry.terraform.io/hashicorp/aws\"]",
      "instances": [
        {
          "schema_version": 0,
          "attributes": {
            "arn": "arn:aws:elasticloadbalancing:us-east-1:484375727565:targetgroup/prod-crawler-master/f327df089948cb3a",
            "arn_suffix": "targetgroup/prod-crawler-master/f327df089948cb3a",
            "connection_termination": null,
            "deregistration_delay": "300",
            "health_check": [
              {
                "enabled": true,
                "healthy_threshold": 5,
                "interval": 30,
                "matcher": "401",
                "path": "/api/run_dummy_task",
                "port": "80",
                "protocol": "HTTP",
                "timeout": 25,
                "unhealthy_threshold": 2
              }
            ],
            "id": "arn:aws:elasticloadbalancing:us-east-1:484375727565:targetgroup/prod-crawler-master/f327df089948cb3a",
            "lambda_multi_value_headers_enabled": null,
            "load_balancing_algorithm_type": "round_robin",
            "name": "prod-crawler-master",
            "name_prefix": null,
            "port": 80,
            "preserve_client_ip": null,
            "protocol": "HTTP",
            "protocol_version": "HTTP1",
            "proxy_protocol_v2": null,
            "slow_start": 0,
            "stickiness": [
              {
                "cookie_duration": 86400,
                "cookie_name": "",
                "enabled": false,
                "type": "lb_cookie"
              }
            ],
            "tags": {},
            "tags_all": {},
            "target_type": "ip",
            "vpc_id": "vpc-8e992de8"
          },
          "sensitive_attributes": [],
          "private": "eyJzY2hlbWFfdmVyc2lvbiI6MH0="
        }
      ]
    },
    {
      "mode": "managed",
      "type": "aws_alb_target_group",
      "name": "arn_aws_elasticloadbalancing_us_east_1_484375727565_targetgroup_selenium_hub_elb_d5e43dfda467950c",
      "provider": "provider[\"registry.terraform.io/hashicorp/aws\"]",
      "instances": [
        {
          "schema_version": 0,
          "attributes": {
            "arn": "arn:aws:elasticloadbalancing:us-east-1:484375727565:targetgroup/selenium-hub-elb/d5e43dfda467950c",
            "arn_suffix": "targetgroup/selenium-hub-elb/d5e43dfda467950c",
            "connection_termination": false,
            "deregistration_delay": "300",
            "health_check": [
              {
                "enabled": true,
                "healthy_threshold": 2,
                "interval": 30,
                "matcher": "",
                "path": "",
                "port": "4444",
                "protocol": "TCP",
                "timeout": 10,
                "unhealthy_threshold": 2
              }
            ],
            "id": "arn:aws:elasticloadbalancing:us-east-1:484375727565:targetgroup/selenium-hub-elb/d5e43dfda467950c",
            "lambda_multi_value_headers_enabled": null,
            "load_balancing_algorithm_type": null,
            "name": "selenium-hub-elb",
            "name_prefix": null,
            "port": 4444,
            "preserve_client_ip": "true",
            "protocol": "TCP",
            "protocol_version": null,
            "proxy_protocol_v2": false,
            "slow_start": null,
            "stickiness": [
              {
                "cookie_duration": 0,
                "cookie_name": "",
                "enabled": false,
                "type": "source_ip"
              }
            ],
            "tags": {},
            "tags_all": {},
            "target_type": "instance",
            "vpc_id": "vpc-8e992de8"
          },
          "sensitive_attributes": [],
          "private": "eyJzY2hlbWFfdmVyc2lvbiI6MH0="
        }
      ]
    },
    {
      "mode": "managed",
      "type": "aws_alb_target_group",
      "name": "arn_aws_elasticloadbalancing_us_east_1_484375727565_targetgroup_staging_es_5x_76a5423de128fa00",
      "provider": "provider[\"registry.terraform.io/hashicorp/aws\"]",
      "instances": [
        {
          "schema_version": 0,
          "attributes": {
            "arn": "arn:aws:elasticloadbalancing:us-east-1:484375727565:targetgroup/staging-es-5x/76a5423de128fa00",
            "arn_suffix": "targetgroup/staging-es-5x/76a5423de128fa00",
            "connection_termination": null,
            "deregistration_delay": "300",
            "health_check": [
              {
                "enabled": true,
                "healthy_threshold": 2,
                "interval": 60,
                "matcher": "200",
                "path": "/",
                "port": "9200",
                "protocol": "HTTP",
                "timeout": 59,
                "unhealthy_threshold": 2
              }
            ],
            "id": "arn:aws:elasticloadbalancing:us-east-1:484375727565:targetgroup/staging-es-5x/76a5423de128fa00",
            "lambda_multi_value_headers_enabled": null,
            "load_balancing_algorithm_type": "round_robin",
            "name": "staging-es-5x",
            "name_prefix": null,
            "port": 9200,
            "preserve_client_ip": null,
            "protocol": "HTTP",
            "protocol_version": "HTTP1",
            "proxy_protocol_v2": null,
            "slow_start": 0,
            "stickiness": [
              {
                "cookie_duration": 86400,
                "cookie_name": "",
                "enabled": false,
                "type": "lb_cookie"
              }
            ],
            "tags": {},
            "tags_all": {},
            "target_type": "instance",
            "vpc_id": "vpc-8e992de8"
          },
          "sensitive_attributes": [],
          "private": "eyJzY2hlbWFfdmVyc2lvbiI6MH0="
        }
      ]
    },
    {
      "mode": "managed",
      "type": "aws_alb_target_group",
      "name": "arn_aws_elasticloadbalancing_us_east_1_484375727565_targetgroup_twitter_search_dev_tg_adaff190b8ccc1ce",
      "provider": "provider[\"registry.terraform.io/hashicorp/aws\"]",
      "instances": [
        {
          "schema_version": 0,
          "attributes": {
            "arn": "arn:aws:elasticloadbalancing:us-east-1:484375727565:targetgroup/twitter-search-dev-tg/adaff190b8ccc1ce",
            "arn_suffix": "targetgroup/twitter-search-dev-tg/adaff190b8ccc1ce",
            "connection_termination": null,
            "deregistration_delay": null,
            "health_check": [
              {
                "enabled": false,
                "healthy_threshold": 5,
                "interval": 35,
                "matcher": "200",
                "path": "/",
                "port": "",
                "protocol": "",
                "timeout": 30,
                "unhealthy_threshold": 2
              }
            ],
            "id": "arn:aws:elasticloadbalancing:us-east-1:484375727565:targetgroup/twitter-search-dev-tg/adaff190b8ccc1ce",
            "lambda_multi_value_headers_enabled": false,
            "load_balancing_algorithm_type": null,
            "name": "twitter-search-dev-tg",
            "name_prefix": null,
            "port": null,
            "preserve_client_ip": null,
            "protocol": null,
            "protocol_version": null,
            "proxy_protocol_v2": null,
            "slow_start": null,
            "stickiness": [
              {
                "cookie_duration": null,
                "cookie_name": null,
                "enabled": null,
                "type": null
              }
            ],
            "tags": {},
            "tags_all": {},
            "target_type": "lambda",
            "vpc_id": null
          },
          "sensitive_attributes": [],
          "private": "eyJzY2hlbWFfdmVyc2lvbiI6MH0="
        }
      ]
    },
    {
      "mode": "managed",
      "type": "aws_alb_target_group",
      "name": "arn_aws_elasticloadbalancing_us_east_1_484375727565_targetgroup_twitter_search_tg_b4bfc8eea1da6080",
      "provider": "provider[\"registry.terraform.io/hashicorp/aws\"]",
      "instances": [
        {
          "schema_version": 0,
          "attributes": {
            "arn": "arn:aws:elasticloadbalancing:us-east-1:484375727565:targetgroup/twitter-search-tg/b4bfc8eea1da6080",
            "arn_suffix": "targetgroup/twitter-search-tg/b4bfc8eea1da6080",
            "connection_termination": null,
            "deregistration_delay": null,
            "health_check": [
              {
                "enabled": false,
                "healthy_threshold": 5,
                "interval": 35,
                "matcher": "200",
                "path": "/",
                "port": "",
                "protocol": "",
                "timeout": 30,
                "unhealthy_threshold": 2
              }
            ],
            "id": "arn:aws:elasticloadbalancing:us-east-1:484375727565:targetgroup/twitter-search-tg/b4bfc8eea1da6080",
            "lambda_multi_value_headers_enabled": false,
            "load_balancing_algorithm_type": null,
            "name": "twitter-search-tg",
            "name_prefix": null,
            "port": null,
            "preserve_client_ip": null,
            "protocol": null,
            "protocol_version": null,
            "proxy_protocol_v2": null,
            "slow_start": null,
            "stickiness": [
              {
                "cookie_duration": null,
                "cookie_name": null,
                "enabled": null,
                "type": null
              }
            ],
            "tags": {},
            "tags_all": {},
            "target_type": "lambda",
            "vpc_id": null
          },
          "sensitive_attributes": [],
          "private": "eyJzY2hlbWFfdmVyc2lvbiI6MH0="
        }
      ]
    },
    {
      "mode": "managed",
      "type": "aws_alb_target_group",
      "name": "arn_aws_elasticloadbalancing_us_east_1_484375727565_targetgroup_visitor_estimation_instances_36d7b9033d3dbab4",
      "provider": "provider[\"registry.terraform.io/hashicorp/aws\"]",
      "instances": [
        {
          "schema_version": 0,
          "attributes": {
            "arn": "arn:aws:elasticloadbalancing:us-east-1:484375727565:targetgroup/visitor-estimation-instances/36d7b9033d3dbab4",
            "arn_suffix": "targetgroup/visitor-estimation-instances/36d7b9033d3dbab4",
            "connection_termination": null,
            "deregistration_delay": "300",
            "health_check": [
              {
                "enabled": true,
                "healthy_threshold": 2,
                "interval": 30,
                "matcher": "200",
                "path": "/",
                "port": "80",
                "protocol": "HTTP",
                "timeout": 5,
                "unhealthy_threshold": 2
              }
            ],
            "id": "arn:aws:elasticloadbalancing:us-east-1:484375727565:targetgroup/visitor-estimation-instances/36d7b9033d3dbab4",
            "lambda_multi_value_headers_enabled": null,
            "load_balancing_algorithm_type": "round_robin",
            "name": "visitor-estimation-instances",
            "name_prefix": null,
            "port": 5000,
            "preserve_client_ip": null,
            "protocol": "HTTP",
            "protocol_version": "HTTP1",
            "proxy_protocol_v2": null,
            "slow_start": 0,
            "stickiness": [
              {
                "cookie_duration": 86400,
                "cookie_name": "",
                "enabled": false,
                "type": "lb_cookie"
              }
            ],
            "tags": {},
            "tags_all": {},
            "target_type": "ip",
            "vpc_id": "vpc-8e992de8"
          },
          "sensitive_attributes": [],
          "private": "eyJzY2hlbWFfdmVyc2lvbiI6MH0="
        }
      ]
    },
    {
      "mode": "managed",
      "type": "aws_alb_target_group",
      "name": "bert_inference_tg",
      "provider": "provider[\"registry.terraform.io/hashicorp/aws\"]",
      "instances": [
        {
          "schema_version": 0,
          "attributes": {
            "arn": "arn:aws:elasticloadbalancing:us-east-1:484375727565:targetgroup/bert-inference-tg/1d2a71a25b86047f",
            "arn_suffix": "targetgroup/bert-inference-tg/1d2a71a25b86047f",
            "connection_termination": null,
            "deregistration_delay": "30",
            "health_check": [
              {
                "enabled": true,
                "healthy_threshold": 2,
                "interval": 10,
                "matcher": "200",
                "path": "/health_check",
                "port": "80",
                "protocol": "HTTP",
                "timeout": 5,
                "unhealthy_threshold": 3
              }
            ],
            "id": "arn:aws:elasticloadbalancing:us-east-1:484375727565:targetgroup/bert-inference-tg/1d2a71a25b86047f",
            "lambda_multi_value_headers_enabled": null,
            "load_balancing_algorithm_type": "round_robin",
            "name": "bert-inference-tg",
            "name_prefix": null,
            "port": 80,
            "preserve_client_ip": null,
            "protocol": "HTTP",
            "protocol_version": "HTTP1",
            "proxy_protocol_v2": null,
            "slow_start": 0,
            "stickiness": [
              {
                "cookie_duration": 86400,
                "cookie_name": "",
                "enabled": false,
                "type": "lb_cookie"
              }
            ],
            "tags": {
              "Billing": "data",
              "Billing-Detail": "bert_nlp",
              "Description": "Target Group for Bert NLP",
              "ManagedBy": "Terraform",
              "Name": "bert_inference_tg"
            },
            "tags_all": {
              "Billing": "data",
              "Billing-Detail": "bert_nlp",
              "Description": "Target Group for Bert NLP",
              "ManagedBy": "Terraform",
              "Name": "bert_inference_tg"
            },
            "target_type": "ip",
            "vpc_id": "vpc-8e992de8"
          },
          "sensitive_attributes": [],
          "private": "eyJzY2hlbWFfdmVyc2lvbiI6MH0="
        }
      ]
    },
    {
      "mode": "managed",
      "type": "aws_alb_target_group",
      "name": "bert_inference_tg_v1_gpu",
      "provider": "provider[\"registry.terraform.io/hashicorp/aws\"]",
      "instances": [
        {
          "schema_version": 0,
          "attributes": {
            "arn": "arn:aws:elasticloadbalancing:us-east-1:484375727565:targetgroup/bert-inference-tg-v1-gpu/fea9ebc47289dd07",
            "arn_suffix": "targetgroup/bert-inference-tg-v1-gpu/fea9ebc47289dd07",
            "connection_termination": null,
            "deregistration_delay": "30",
            "health_check": [
              {
                "enabled": true,
                "healthy_threshold": 2,
                "interval": 10,
                "matcher": "200",
                "path": "/health_check",
                "port": "80",
                "protocol": "HTTP",
                "timeout": 5,
                "unhealthy_threshold": 3
              }
            ],
            "id": "arn:aws:elasticloadbalancing:us-east-1:484375727565:targetgroup/bert-inference-tg-v1-gpu/fea9ebc47289dd07",
            "lambda_multi_value_headers_enabled": null,
            "load_balancing_algorithm_type": "round_robin",
            "name": "bert-inference-tg-v1-gpu",
            "name_prefix": null,
            "port": 80,
            "preserve_client_ip": null,
            "protocol": "HTTP",
            "protocol_version": "HTTP1",
            "proxy_protocol_v2": null,
            "slow_start": 0,
            "stickiness": [
              {
                "cookie_duration": 86400,
                "cookie_name": "",
                "enabled": false,
                "type": "lb_cookie"
              }
            ],
            "tags": {
              "Billing": "data",
              "Billing-Detail": "bert_nlp",
              "Description": "Target Group for Bert NLP",
              "ManagedBy": "Terraform",
              "Name": "bert_inference_tg_v1-gpu"
            },
            "tags_all": {
              "Billing": "data",
              "Billing-Detail": "bert_nlp",
              "Description": "Target Group for Bert NLP",
              "ManagedBy": "Terraform",
              "Name": "bert_inference_tg_v1-gpu"
            },
            "target_type": "ip",
            "vpc_id": "vpc-8e992de8"
          },
          "sensitive_attributes": [],
          "private": "eyJzY2hlbWFfdmVyc2lvbiI6MH0="
        }
      ]
    },
    {
      "mode": "managed",
      "type": "aws_alb_target_group",
      "name": "bert_inference_tg_v2",
      "provider": "provider[\"registry.terraform.io/hashicorp/aws\"]",
      "instances": [
        {
          "schema_version": 0,
          "attributes": {
            "arn": "arn:aws:elasticloadbalancing:us-east-1:484375727565:targetgroup/bert-inference-tg-v2/83f27bc8be0cd73e",
            "arn_suffix": "targetgroup/bert-inference-tg-v2/83f27bc8be0cd73e",
            "connection_termination": null,
            "deregistration_delay": "30",
            "health_check": [
              {
                "enabled": true,
                "healthy_threshold": 2,
                "interval": 10,
                "matcher": "200",
                "path": "/health_check",
                "port": "80",
                "protocol": "HTTP",
                "timeout": 5,
                "unhealthy_threshold": 3
              }
            ],
            "id": "arn:aws:elasticloadbalancing:us-east-1:484375727565:targetgroup/bert-inference-tg-v2/83f27bc8be0cd73e",
            "lambda_multi_value_headers_enabled": null,
            "load_balancing_algorithm_type": "round_robin",
            "name": "bert-inference-tg-v2",
            "name_prefix": null,
            "port": 80,
            "preserve_client_ip": null,
            "protocol": "HTTP",
            "protocol_version": "HTTP1",
            "proxy_protocol_v2": null,
            "slow_start": 0,
            "stickiness": [
              {
                "cookie_duration": 86400,
                "cookie_name": "",
                "enabled": false,
                "type": "lb_cookie"
              }
            ],
            "tags": {
              "Billing": "data",
              "Billing-Detail": "bert_nlp",
              "Description": "Target Group for Bert NLP",
              "ManagedBy": "Terraform",
              "Name": "bert_inference_tg_v2"
            },
            "tags_all": {
              "Billing": "data",
              "Billing-Detail": "bert_nlp",
              "Description": "Target Group for Bert NLP",
              "ManagedBy": "Terraform",
              "Name": "bert_inference_tg_v2"
            },
            "target_type": "ip",
            "vpc_id": "vpc-8e992de8"
          },
          "sensitive_attributes": [],
          "private": "eyJzY2hlbWFfdmVyc2lvbiI6MH0="
        }
      ]
    },
    {
      "mode": "managed",
      "type": "aws_alb_target_group",
      "name": "nlp_services_2_production",
      "provider": "provider[\"registry.terraform.io/hashicorp/aws\"]",
      "instances": [
        {
          "schema_version": 0,
          "attributes": {
            "arn": "arn:aws:elasticloadbalancing:us-east-1:484375727565:targetgroup/nlp-services-2-production/5c8b974aad1d7291",
            "arn_suffix": "targetgroup/nlp-services-2-production/5c8b974aad1d7291",
            "connection_termination": null,
            "deregistration_delay": "300",
            "health_check": [
              {
                "enabled": true,
                "healthy_threshold": 5,
                "interval": 60,
                "matcher": "200",
                "path": "/ping",
                "port": "traffic-port",
                "protocol": "HTTP",
                "timeout": 5,
                "unhealthy_threshold": 10
              }
            ],
            "id": "arn:aws:elasticloadbalancing:us-east-1:484375727565:targetgroup/nlp-services-2-production/5c8b974aad1d7291",
            "lambda_multi_value_headers_enabled": null,
            "load_balancing_algorithm_type": "round_robin",
            "name": "nlp-services-2-production",
            "name_prefix": null,
            "port": 80,
            "preserve_client_ip": null,
            "protocol": "HTTP",
            "protocol_version": "HTTP1",
            "proxy_protocol_v2": null,
            "slow_start": 0,
            "stickiness": [
              {
                "cookie_duration": 86400,
                "cookie_name": "",
                "enabled": false,
                "type": "lb_cookie"
              }
            ],
            "tags": {
              "Billing": "Crawler",
              "Billing-Detail": "crawler-nlp",
              "ECSCluster": "nlp-services-2",
              "Name": "nlp-services-2-production"
            },
            "tags_all": {
              "Billing": "Crawler",
              "Billing-Detail": "crawler-nlp",
              "ECSCluster": "nlp-services-2",
              "Name": "nlp-services-2-production"
            },
            "target_type": "instance",
            "vpc_id": "vpc-8e992de8"
          },
          "sensitive_attributes": [],
          "private": "eyJzY2hlbWFfdmVyc2lvbiI6MH0="
        }
      ]
    },
    {
      "mode": "managed",
      "type": "aws_alb_target_group",
      "name": "nlp_services_2_staging",
      "provider": "provider[\"registry.terraform.io/hashicorp/aws\"]",
      "instances": [
        {
          "schema_version": 0,
          "attributes": {
            "arn": "arn:aws:elasticloadbalancing:us-east-1:484375727565:targetgroup/nlp-services-2-staging/0e3d83fd9196a709",
            "arn_suffix": "targetgroup/nlp-services-2-staging/0e3d83fd9196a709",
            "connection_termination": null,
            "deregistration_delay": "300",
            "health_check": [
              {
                "enabled": true,
                "healthy_threshold": 5,
                "interval": 60,
                "matcher": "200",
                "path": "/ping",
                "port": "traffic-port",
                "protocol": "HTTP",
                "timeout": 5,
                "unhealthy_threshold": 10
              }
            ],
            "id": "arn:aws:elasticloadbalancing:us-east-1:484375727565:targetgroup/nlp-services-2-staging/0e3d83fd9196a709",
            "lambda_multi_value_headers_enabled": null,
            "load_balancing_algorithm_type": "round_robin",
            "name": "nlp-services-2-staging",
            "name_prefix": null,
            "port": 5000,
            "preserve_client_ip": null,
            "protocol": "HTTP",
            "protocol_version": "HTTP1",
            "proxy_protocol_v2": null,
            "slow_start": 0,
            "stickiness": [
              {
                "cookie_duration": 86400,
                "cookie_name": "",
                "enabled": false,
                "type": "lb_cookie"
              }
            ],
            "tags": {
              "Billing": "Crawler",
              "Billing-Detail": "crawler-nlp",
              "ECSCluster": "nlp-services-2",
              "Name": "nlp-services-2-staging"
            },
            "tags_all": {
              "Billing": "Crawler",
              "Billing-Detail": "crawler-nlp",
              "ECSCluster": "nlp-services-2",
              "Name": "nlp-services-2-staging"
            },
            "target_type": "instance",
            "vpc_id": "vpc-8e992de8"
          },
          "sensitive_attributes": [],
          "private": "eyJzY2hlbWFfdmVyc2lvbiI6MH0="
        }
      ]
    },
    {
      "mode": "managed",
      "type": "aws_alb_target_group",
      "name": "nlp_services_production",
      "provider": "provider[\"registry.terraform.io/hashicorp/aws\"]",
      "instances": [
        {
          "schema_version": 0,
          "attributes": {
            "arn": "arn:aws:elasticloadbalancing:us-east-1:484375727565:targetgroup/nlp-services-production/23d87c30ef9926a3",
            "arn_suffix": "targetgroup/nlp-services-production/23d87c30ef9926a3",
            "connection_termination": null,
            "deregistration_delay": "300",
            "health_check": [
              {
                "enabled": true,
                "healthy_threshold": 5,
                "interval": 60,
                "matcher": "200",
                "path": "/ping",
                "port": "traffic-port",
                "protocol": "HTTP",
                "timeout": 5,
                "unhealthy_threshold": 10
              }
            ],
            "id": "arn:aws:elasticloadbalancing:us-east-1:484375727565:targetgroup/nlp-services-production/23d87c30ef9926a3",
            "lambda_multi_value_headers_enabled": null,
            "load_balancing_algorithm_type": "round_robin",
            "name": "nlp-services-production",
            "name_prefix": null,
            "port": 80,
            "preserve_client_ip": null,
            "protocol": "HTTP",
            "protocol_version": "HTTP1",
            "proxy_protocol_v2": null,
            "slow_start": 0,
            "stickiness": [
              {
                "cookie_duration": 86400,
                "cookie_name": "",
                "enabled": false,
                "type": "lb_cookie"
              }
            ],
            "tags": {
              "Billing": "Crawler",
              "Billing-Detail": "Crawler-NLP",
              "ECSCluster": "nlp-services",
              "Name": "nlp-services-production"
            },
            "tags_all": {
              "Billing": "Crawler",
              "Billing-Detail": "Crawler-NLP",
              "ECSCluster": "nlp-services",
              "Name": "nlp-services-production"
            },
            "target_type": "instance",
            "vpc_id": "vpc-8e992de8"
          },
          "sensitive_attributes": [],
          "private": "eyJzY2hlbWFfdmVyc2lvbiI6MH0="
        }
      ]
    },
    {
      "mode": "managed",
      "type": "aws_alb_target_group",
      "name": "nlp_services_staging",
      "provider": "provider[\"registry.terraform.io/hashicorp/aws\"]",
      "instances": [
        {
          "schema_version": 0,
          "attributes": {
            "arn": "arn:aws:elasticloadbalancing:us-east-1:484375727565:targetgroup/nlp-services-staging/5be94e4e868f3bbf",
            "arn_suffix": "targetgroup/nlp-services-staging/5be94e4e868f3bbf",
            "connection_termination": null,
            "deregistration_delay": "300",
            "health_check": [
              {
                "enabled": true,
                "healthy_threshold": 5,
                "interval": 60,
                "matcher": "200",
                "path": "/ping",
                "port": "traffic-port",
                "protocol": "HTTP",
                "timeout": 5,
                "unhealthy_threshold": 10
              }
            ],
            "id": "arn:aws:elasticloadbalancing:us-east-1:484375727565:targetgroup/nlp-services-staging/5be94e4e868f3bbf",
            "lambda_multi_value_headers_enabled": null,
            "load_balancing_algorithm_type": "round_robin",
            "name": "nlp-services-staging",
            "name_prefix": null,
            "port": 5000,
            "preserve_client_ip": null,
            "protocol": "HTTP",
            "protocol_version": "HTTP1",
            "proxy_protocol_v2": null,
            "slow_start": 0,
            "stickiness": [
              {
                "cookie_duration": 86400,
                "cookie_name": "",
                "enabled": false,
                "type": "lb_cookie"
              }
            ],
            "tags": {
              "Billing": "Crawler",
              "Billing-Detail": "Crawler-NLP",
              "ECSCluster": "nlp-services",
              "Name": "nlp-services-staging"
            },
            "tags_all": {
              "Billing": "Crawler",
              "Billing-Detail": "Crawler-NLP",
              "ECSCluster": "nlp-services",
              "Name": "nlp-services-staging"
            },
            "target_type": "instance",
            "vpc_id": "vpc-8e992de8"
          },
          "sensitive_attributes": [],
          "private": "eyJzY2hlbWFfdmVyc2lvbiI6MH0="
        }
      ]
    },
    {
      "mode": "managed",
      "type": "aws_alb_target_group",
      "name": "onclusive_data_streaming",
      "provider": "provider[\"registry.terraform.io/hashicorp/aws\"]",
      "instances": [
        {
          "schema_version": 0,
          "attributes": {
            "arn": "arn:aws:elasticloadbalancing:us-east-1:484375727565:targetgroup/onclusive-data-streaming/ab6d874de70b1e88",
            "arn_suffix": "targetgroup/onclusive-data-streaming/ab6d874de70b1e88",
            "connection_termination": false,
            "deregistration_delay": "300",
            "health_check": [
              {
                "enabled": true,
                "healthy_threshold": 3,
                "interval": 30,
                "matcher": "",
                "path": "",
                "port": "traffic-port",
                "protocol": "TCP",
                "timeout": 10,
                "unhealthy_threshold": 3
              }
            ],
            "id": "arn:aws:elasticloadbalancing:us-east-1:484375727565:targetgroup/onclusive-data-streaming/ab6d874de70b1e88",
            "lambda_multi_value_headers_enabled": null,
            "load_balancing_algorithm_type": null,
            "name": "onclusive-data-streaming",
            "name_prefix": null,
            "port": 9092,
            "preserve_client_ip": "true",
            "protocol": "TCP",
            "protocol_version": null,
            "proxy_protocol_v2": false,
            "slow_start": null,
            "stickiness": [
              {
                "cookie_duration": 0,
                "cookie_name": "",
                "enabled": false,
                "type": "source_ip"
              }
            ],
            "tags": {
              "Billing": "CRAWLER",
              "Billing Detail": "Critical Mention to MSK integration",
              "Name": "onclusive-data-streaming"
            },
            "tags_all": {
              "Billing": "CRAWLER",
              "Billing Detail": "Critical Mention to MSK integration",
              "Name": "onclusive-data-streaming"
            },
            "target_type": "instance",
            "vpc_id": "vpc-0324ee1c5ba324c3d"
          },
          "sensitive_attributes": [],
          "private": "eyJzY2hlbWFfdmVyc2lvbiI6MH0="
        }
      ]
    },
    {
      "mode": "managed",
      "type": "aws_alb_target_group",
      "name": "r_server",
      "provider": "provider[\"registry.terraform.io/hashicorp/aws\"]",
      "instances": [
        {
          "schema_version": 0,
          "attributes": {
            "arn": "arn:aws:elasticloadbalancing:us-east-1:484375727565:targetgroup/r-server/f4231eb1864102ba",
            "arn_suffix": "targetgroup/r-server/f4231eb1864102ba",
            "connection_termination": false,
            "deregistration_delay": "300",
            "health_check": [
              {
                "enabled": true,
                "healthy_threshold": 5,
                "interval": 30,
                "matcher": "",
                "path": "",
                "port": "traffic-port",
                "protocol": "TCP",
                "timeout": 10,
                "unhealthy_threshold": 5
              }
            ],
            "id": "arn:aws:elasticloadbalancing:us-east-1:484375727565:targetgroup/r-server/f4231eb1864102ba",
            "lambda_multi_value_headers_enabled": null,
            "load_balancing_algorithm_type": null,
            "name": "r-server",
            "name_prefix": null,
            "port": 6311,
            "preserve_client_ip": "true",
            "protocol": "TCP",
            "protocol_version": null,
            "proxy_protocol_v2": false,
            "slow_start": null,
            "stickiness": [
              {
                "cookie_duration": 0,
                "cookie_name": "",
                "enabled": false,
                "type": "source_ip"
              }
            ],
            "tags": {
              "Billing": "Extractor",
              "Billing-Detail": "R-Server",
              "Name": "r-server",
              "ServiceName": "r-server"
            },
            "tags_all": {
              "Billing": "Extractor",
              "Billing-Detail": "R-Server",
              "Name": "r-server",
              "ServiceName": "r-server"
            },
            "target_type": "instance",
            "vpc_id": "vpc-8e992de8"
          },
          "sensitive_attributes": [],
          "private": "eyJzY2hlbWFfdmVyc2lvbiI6MH0="
        }
      ]
    },
    {
      "mode": "managed",
      "type": "aws_alb_target_group",
      "name": "splash_internal_splash_tg",
      "provider": "provider[\"registry.terraform.io/hashicorp/aws\"]",
      "instances": [
        {
          "schema_version": 0,
          "attributes": {
            "arn": "arn:aws:elasticloadbalancing:us-east-1:484375727565:targetgroup/splash-internal-splash/3b2c1d97e784d88a",
            "arn_suffix": "targetgroup/splash-internal-splash/3b2c1d97e784d88a",
            "connection_termination": null,
            "deregistration_delay": "300",
            "health_check": [
              {
                "enabled": true,
                "healthy_threshold": 2,
                "interval": 30,
                "matcher": "200",
                "path": "/",
                "port": "8050",
                "protocol": "HTTP",
                "timeout": 25,
                "unhealthy_threshold": 10
              }
            ],
            "id": "arn:aws:elasticloadbalancing:us-east-1:484375727565:targetgroup/splash-internal-splash/3b2c1d97e784d88a",
            "lambda_multi_value_headers_enabled": null,
            "load_balancing_algorithm_type": "round_robin",
            "name": "splash-internal-splash",
            "name_prefix": null,
            "port": 443,
            "preserve_client_ip": null,
            "protocol": "HTTP",
            "protocol_version": "HTTP1",
            "proxy_protocol_v2": null,
            "slow_start": 0,
            "stickiness": [
              {
                "cookie_duration": 86400,
                "cookie_name": "",
                "enabled": false,
                "type": "lb_cookie"
              }
            ],
            "tags": {
              "Billing": "Crawler",
              "Name": "splash-internal-splash-tg",
              "ServiceName": "splash-internal"
            },
            "tags_all": {
              "Billing": "Crawler",
              "Name": "splash-internal-splash-tg",
              "ServiceName": "splash-internal"
            },
            "target_type": "instance",
            "vpc_id": "vpc-8e992de8"
          },
          "sensitive_attributes": [],
          "private": "eyJzY2hlbWFfdmVyc2lvbiI6MH0="
        }
      ]
    }
  ]
}
