{
  "version": 4,
  "terraform_version": "1.1.9",
  "serial": 0,
  "lineage": "9f92350c-bf42-95ae-cead-47a92b41de3e",
  "outputs": {},
  "resources": [
    {
      "mode": "managed",
      "type": "aws_lb",
      "name": "arn_aws_elasticloadbalancing_us_east_1_484375727565_loadbalancer_app_ac126a33_argocd_dev3argocd_a687_4cf2c3f1d9c523fc",
      "provider": "provider[\"registry.terraform.io/hashicorp/aws\"]",
      "instances": [
        {
          "schema_version": 0,
          "attributes": {
            "access_logs": [
              {
                "bucket": "",
                "enabled": false,
                "prefix": ""
              }
            ],
            "arn": "arn:aws:elasticloadbalancing:us-east-1:484375727565:loadbalancer/app/ac126a33-argocd-dev3argocd-a687/4cf2c3f1d9c523fc",
            "arn_suffix": "app/ac126a33-argocd-dev3argocd-a687/4cf2c3f1d9c523fc",
            "customer_owned_ipv4_pool": "",
            "desync_mitigation_mode": "defensive",
            "dns_name": "internal-ac126a33-argocd-dev3argocd-a687-1425507057.us-east-1.elb.amazonaws.com",
            "drop_invalid_header_fields": false,
            "enable_cross_zone_load_balancing": true,
            "enable_deletion_protection": false,
            "enable_http2": true,
            "enable_waf_fail_open": false,
            "id": "arn:aws:elasticloadbalancing:us-east-1:484375727565:loadbalancer/app/ac126a33-argocd-dev3argocd-a687/4cf2c3f1d9c523fc",
            "idle_timeout": 60,
            "internal": true,
            "ip_address_type": "ipv4",
            "load_balancer_type": "application",
            "name": "ac126a33-argocd-dev3argocd-a687",
            "name_prefix": null,
            "security_groups": [
              "sg-0204f0bfde482f49c"
            ],
            "subnet_mapping": [
              {
                "allocation_id": "",
                "ipv6_address": "",
                "outpost_id": "",
                "private_ipv4_address": "",
                "subnet_id": "subnet-00405c02874c638ff"
              },
              {
                "allocation_id": "",
                "ipv6_address": "",
                "outpost_id": "",
                "private_ipv4_address": "",
                "subnet_id": "subnet-0070fcef3eafcc62a"
              },
              {
                "allocation_id": "",
                "ipv6_address": "",
                "outpost_id": "",
                "private_ipv4_address": "",
                "subnet_id": "subnet-0246184c24bfa6c9d"
              },
              {
                "allocation_id": "",
                "ipv6_address": "",
                "outpost_id": "",
                "private_ipv4_address": "",
                "subnet_id": "subnet-0b6ef8616d2b30de5"
              }
            ],
            "subnets": [
              "subnet-00405c02874c638ff",
              "subnet-0070fcef3eafcc62a",
              "subnet-0246184c24bfa6c9d",
              "subnet-0b6ef8616d2b30de5"
            ],
            "tags": {
              "ingress.k8s.aws/cluster": "eks-data-dev-3",
              "ingress.k8s.aws/resource": "LoadBalancer",
              "ingress.k8s.aws/stack": "argocd/dev3-argocd-ingress",
              "kubernetes.io/cluster/eks-data-dev-3": "owned",
              "kubernetes.io/ingress-name": "dev3-argocd-ingress",
              "kubernetes.io/namespace": "argocd"
            },
            "tags_all": {
              "ingress.k8s.aws/cluster": "eks-data-dev-3",
              "ingress.k8s.aws/resource": "LoadBalancer",
              "ingress.k8s.aws/stack": "argocd/dev3-argocd-ingress",
              "kubernetes.io/cluster/eks-data-dev-3": "owned",
              "kubernetes.io/ingress-name": "dev3-argocd-ingress",
              "kubernetes.io/namespace": "argocd"
            },
            "timeouts": {
              "create": null,
              "delete": null,
              "update": null
            },
            "vpc_id": "vpc-8e992de8",
            "zone_id": "Z35SXDOTRQ7X7K"
          },
          "sensitive_attributes": [],
          "private": "eyJzY2hlbWFfdmVyc2lvbiI6MH0="
        }
      ]
    },
    {
      "mode": "managed",
      "type": "aws_lb",
      "name": "arn_aws_elasticloadbalancing_us_east_1_484375727565_loadbalancer_app_ac126a33_default_dev3ingre_dd09_84c4412c7a5c5bb9",
      "provider": "provider[\"registry.terraform.io/hashicorp/aws\"]",
      "instances": [
        {
          "schema_version": 0,
          "attributes": {
            "access_logs": [
              {
                "bucket": "",
                "enabled": false,
                "prefix": ""
              }
            ],
            "arn": "arn:aws:elasticloadbalancing:us-east-1:484375727565:loadbalancer/app/ac126a33-default-dev3ingre-dd09/84c4412c7a5c5bb9",
            "arn_suffix": "app/ac126a33-default-dev3ingre-dd09/84c4412c7a5c5bb9",
            "customer_owned_ipv4_pool": "",
            "desync_mitigation_mode": "defensive",
            "dns_name": "internal-ac126a33-default-dev3ingre-dd09-413142511.us-east-1.elb.amazonaws.com",
            "drop_invalid_header_fields": false,
            "enable_cross_zone_load_balancing": true,
            "enable_deletion_protection": false,
            "enable_http2": true,
            "enable_waf_fail_open": false,
            "id": "arn:aws:elasticloadbalancing:us-east-1:484375727565:loadbalancer/app/ac126a33-default-dev3ingre-dd09/84c4412c7a5c5bb9",
            "idle_timeout": 60,
            "internal": true,
            "ip_address_type": "ipv4",
            "load_balancer_type": "application",
            "name": "ac126a33-default-dev3ingre-dd09",
            "name_prefix": null,
            "security_groups": [
              "sg-0204f0bfde482f49c"
            ],
            "subnet_mapping": [
              {
                "allocation_id": "",
                "ipv6_address": "",
                "outpost_id": "",
                "private_ipv4_address": "",
                "subnet_id": "subnet-00405c02874c638ff"
              },
              {
                "allocation_id": "",
                "ipv6_address": "",
                "outpost_id": "",
                "private_ipv4_address": "",
                "subnet_id": "subnet-0070fcef3eafcc62a"
              },
              {
                "allocation_id": "",
                "ipv6_address": "",
                "outpost_id": "",
                "private_ipv4_address": "",
                "subnet_id": "subnet-009464f3dc58611e1"
              },
              {
                "allocation_id": "",
                "ipv6_address": "",
                "outpost_id": "",
                "private_ipv4_address": "",
                "subnet_id": "subnet-0246184c24bfa6c9d"
              },
              {
                "allocation_id": "",
                "ipv6_address": "",
                "outpost_id": "",
                "private_ipv4_address": "",
                "subnet_id": "subnet-09db383fa8ed9a1ed"
              },
              {
                "allocation_id": "",
                "ipv6_address": "",
                "outpost_id": "",
                "private_ipv4_address": "",
                "subnet_id": "subnet-0b6ef8616d2b30de5"
              }
            ],
            "subnets": [
              "subnet-00405c02874c638ff",
              "subnet-0070fcef3eafcc62a",
              "subnet-009464f3dc58611e1",
              "subnet-0246184c24bfa6c9d",
              "subnet-09db383fa8ed9a1ed",
              "subnet-0b6ef8616d2b30de5"
            ],
            "tags": {
              "ingress.k8s.aws/cluster": "eks-data-dev-3",
              "ingress.k8s.aws/resource": "LoadBalancer",
              "ingress.k8s.aws/stack": "default/dev-3-ingress",
              "kubernetes.io/cluster/eks-data-dev-3": "owned",
              "kubernetes.io/ingress-name": "dev-3-ingress",
              "kubernetes.io/namespace": "default"
            },
            "tags_all": {
              "ingress.k8s.aws/cluster": "eks-data-dev-3",
              "ingress.k8s.aws/resource": "LoadBalancer",
              "ingress.k8s.aws/stack": "default/dev-3-ingress",
              "kubernetes.io/cluster/eks-data-dev-3": "owned",
              "kubernetes.io/ingress-name": "dev-3-ingress",
              "kubernetes.io/namespace": "default"
            },
            "timeouts": {
              "create": null,
              "delete": null,
              "update": null
            },
            "vpc_id": "vpc-8e992de8",
            "zone_id": "Z35SXDOTRQ7X7K"
          },
          "sensitive_attributes": [],
          "private": "eyJzY2hlbWFfdmVyc2lvbiI6MH0="
        }
      ]
    },
    {
      "mode": "managed",
      "type": "aws_lb",
      "name": "arn_aws_elasticloadbalancing_us_east_1_484375727565_loadbalancer_app_ac126a33_istiosystem_dev3i_f8f0_9e5fcac98f550afb",
      "provider": "provider[\"registry.terraform.io/hashicorp/aws\"]",
      "instances": [
        {
          "schema_version": 0,
          "attributes": {
            "access_logs": [
              {
                "bucket": "",
                "enabled": false,
                "prefix": ""
              }
            ],
            "arn": "arn:aws:elasticloadbalancing:us-east-1:484375727565:loadbalancer/app/ac126a33-istiosystem-dev3i-f8f0/9e5fcac98f550afb",
            "arn_suffix": "app/ac126a33-istiosystem-dev3i-f8f0/9e5fcac98f550afb",
            "customer_owned_ipv4_pool": "",
            "desync_mitigation_mode": "defensive",
            "dns_name": "internal-ac126a33-istiosystem-dev3i-f8f0-1770321453.us-east-1.elb.amazonaws.com",
            "drop_invalid_header_fields": false,
            "enable_cross_zone_load_balancing": true,
            "enable_deletion_protection": false,
            "enable_http2": true,
            "enable_waf_fail_open": false,
            "id": "arn:aws:elasticloadbalancing:us-east-1:484375727565:loadbalancer/app/ac126a33-istiosystem-dev3i-f8f0/9e5fcac98f550afb",
            "idle_timeout": 60,
            "internal": true,
            "ip_address_type": "ipv4",
            "load_balancer_type": "application",
            "name": "ac126a33-istiosystem-dev3i-f8f0",
            "name_prefix": null,
            "security_groups": [
              "sg-0204f0bfde482f49c"
            ],
            "subnet_mapping": [
              {
                "allocation_id": "",
                "ipv6_address": "",
                "outpost_id": "",
                "private_ipv4_address": "",
                "subnet_id": "subnet-00405c02874c638ff"
              },
              {
                "allocation_id": "",
                "ipv6_address": "",
                "outpost_id": "",
                "private_ipv4_address": "",
                "subnet_id": "subnet-0246184c24bfa6c9d"
              },
              {
                "allocation_id": "",
                "ipv6_address": "",
                "outpost_id": "",
                "private_ipv4_address": "",
                "subnet_id": "subnet-0b6ef8616d2b30de5"
              }
            ],
            "subnets": [
              "subnet-00405c02874c638ff",
              "subnet-0246184c24bfa6c9d",
              "subnet-0b6ef8616d2b30de5"
            ],
            "tags": {
              "ingress.k8s.aws/cluster": "eks-data-dev-3",
              "ingress.k8s.aws/resource": "LoadBalancer",
              "ingress.k8s.aws/stack": "istio-system/dev3-istio-ingress",
              "kubernetes.io/cluster/eks-data-dev-3": "owned",
              "kubernetes.io/ingress-name": "dev3-istio-ingress",
              "kubernetes.io/namespace": "istio-system"
            },
            "tags_all": {
              "ingress.k8s.aws/cluster": "eks-data-dev-3",
              "ingress.k8s.aws/resource": "LoadBalancer",
              "ingress.k8s.aws/stack": "istio-system/dev3-istio-ingress",
              "kubernetes.io/cluster/eks-data-dev-3": "owned",
              "kubernetes.io/ingress-name": "dev3-istio-ingress",
              "kubernetes.io/namespace": "istio-system"
            },
            "timeouts": {
              "create": null,
              "delete": null,
              "update": null
            },
            "vpc_id": "vpc-8e992de8",
            "zone_id": "Z35SXDOTRQ7X7K"
          },
          "sensitive_attributes": [],
          "private": "eyJzY2hlbWFfdmVyc2lvbiI6MH0="
        }
      ]
    },
    {
      "mode": "managed",
      "type": "aws_lb",
      "name": "arn_aws_elasticloadbalancing_us_east_1_484375727565_loadbalancer_app_airpr_extractor_light4j_external_0b44b4a16dcc459a",
      "provider": "provider[\"registry.terraform.io/hashicorp/aws\"]",
      "instances": [
        {
          "schema_version": 0,
          "attributes": {
            "access_logs": [
              {
                "bucket": "",
                "enabled": false,
                "prefix": ""
              }
            ],
            "arn": "arn:aws:elasticloadbalancing:us-east-1:484375727565:loadbalancer/app/airpr-extractor-light4j-external/0b44b4a16dcc459a",
            "arn_suffix": "app/airpr-extractor-light4j-external/0b44b4a16dcc459a",
            "customer_owned_ipv4_pool": "",
            "desync_mitigation_mode": "defensive",
            "dns_name": "airpr-extractor-light4j-external-643988304.us-east-1.elb.amazonaws.com",
            "drop_invalid_header_fields": false,
            "enable_cross_zone_load_balancing": true,
            "enable_deletion_protection": false,
            "enable_http2": true,
            "enable_waf_fail_open": false,
            "id": "arn:aws:elasticloadbalancing:us-east-1:484375727565:loadbalancer/app/airpr-extractor-light4j-external/0b44b4a16dcc459a",
            "idle_timeout": 60,
            "internal": false,
            "ip_address_type": "ipv4",
            "load_balancer_type": "application",
            "name": "airpr-extractor-light4j-external",
            "name_prefix": null,
            "security_groups": [
              "sg-052d9b0f438a6ee14"
            ],
            "subnet_mapping": [
              {
                "allocation_id": "",
                "ipv6_address": "",
                "outpost_id": "",
                "private_ipv4_address": "",
                "subnet_id": "subnet-0518a439"
              },
              {
                "allocation_id": "",
                "ipv6_address": "",
                "outpost_id": "",
                "private_ipv4_address": "",
                "subnet_id": "subnet-29d0a404"
              },
              {
                "allocation_id": "",
                "ipv6_address": "",
                "outpost_id": "",
                "private_ipv4_address": "",
                "subnet_id": "subnet-893a1fc0"
              },
              {
                "allocation_id": "",
                "ipv6_address": "",
                "outpost_id": "",
                "private_ipv4_address": "",
                "subnet_id": "subnet-af1f38a3"
              },
              {
                "allocation_id": "",
                "ipv6_address": "",
                "outpost_id": "",
                "private_ipv4_address": "",
                "subnet_id": "subnet-e45d30bf"
              }
            ],
            "subnets": [
              "subnet-0518a439",
              "subnet-29d0a404",
              "subnet-893a1fc0",
              "subnet-af1f38a3",
              "subnet-e45d30bf"
            ],
            "tags": {
              "Billing": "Extractor",
              "Billing-Detail": "Content-Extractor",
              "ServiceName": "airpr-extractor-light4j-external"
            },
            "tags_all": {
              "Billing": "Extractor",
              "Billing-Detail": "Content-Extractor",
              "ServiceName": "airpr-extractor-light4j-external"
            },
            "timeouts": {
              "create": null,
              "delete": null,
              "update": null
            },
            "vpc_id": "vpc-8e992de8",
            "zone_id": "Z35SXDOTRQ7X7K"
          },
          "sensitive_attributes": [],
          "private": "eyJzY2hlbWFfdmVyc2lvbiI6MH0="
        }
      ]
    },
    {
      "mode": "managed",
      "type": "aws_lb",
      "name": "arn_aws_elasticloadbalancing_us_east_1_484375727565_loadbalancer_app_airpr_extractor_light4j_f1dff3cee26ff8cd",
      "provider": "provider[\"registry.terraform.io/hashicorp/aws\"]",
      "instances": [
        {
          "schema_version": 0,
          "attributes": {
            "access_logs": [
              {
                "bucket": "",
                "enabled": false,
                "prefix": ""
              }
            ],
            "arn": "arn:aws:elasticloadbalancing:us-east-1:484375727565:loadbalancer/app/airpr-extractor-light4j/f1dff3cee26ff8cd",
            "arn_suffix": "app/airpr-extractor-light4j/f1dff3cee26ff8cd",
            "customer_owned_ipv4_pool": "",
            "desync_mitigation_mode": "defensive",
            "dns_name": "airpr-extractor-light4j-1818913296.us-east-1.elb.amazonaws.com",
            "drop_invalid_header_fields": false,
            "enable_cross_zone_load_balancing": true,
            "enable_deletion_protection": false,
            "enable_http2": true,
            "enable_waf_fail_open": false,
            "id": "arn:aws:elasticloadbalancing:us-east-1:484375727565:loadbalancer/app/airpr-extractor-light4j/f1dff3cee26ff8cd",
            "idle_timeout": 60,
            "internal": false,
            "ip_address_type": "ipv4",
            "load_balancer_type": "application",
            "name": "airpr-extractor-light4j",
            "name_prefix": null,
            "security_groups": [
              "sg-052d9b0f438a6ee14"
            ],
            "subnet_mapping": [
              {
                "allocation_id": "",
                "ipv6_address": "",
                "outpost_id": "",
                "private_ipv4_address": "",
                "subnet_id": "subnet-0518a439"
              },
              {
                "allocation_id": "",
                "ipv6_address": "",
                "outpost_id": "",
                "private_ipv4_address": "",
                "subnet_id": "subnet-29d0a404"
              },
              {
                "allocation_id": "",
                "ipv6_address": "",
                "outpost_id": "",
                "private_ipv4_address": "",
                "subnet_id": "subnet-893a1fc0"
              },
              {
                "allocation_id": "",
                "ipv6_address": "",
                "outpost_id": "",
                "private_ipv4_address": "",
                "subnet_id": "subnet-af1f38a3"
              },
              {
                "allocation_id": "",
                "ipv6_address": "",
                "outpost_id": "",
                "private_ipv4_address": "",
                "subnet_id": "subnet-e45d30bf"
              }
            ],
            "subnets": [
              "subnet-0518a439",
              "subnet-29d0a404",
              "subnet-893a1fc0",
              "subnet-af1f38a3",
              "subnet-e45d30bf"
            ],
            "tags": {
              "Billing": "Extractor",
              "Billing-Detail": "Content-Extractor",
              "ServiceName": "airpr-extractor-light4j"
            },
            "tags_all": {
              "Billing": "Extractor",
              "Billing-Detail": "Content-Extractor",
              "ServiceName": "airpr-extractor-light4j"
            },
            "timeouts": {
              "create": null,
              "delete": null,
              "update": null
            },
            "vpc_id": "vpc-8e992de8",
            "zone_id": "Z35SXDOTRQ7X7K"
          },
          "sensitive_attributes": [],
          "private": "eyJzY2hlbWFfdmVyc2lvbiI6MH0="
        }
      ]
    },
    {
      "mode": "managed",
      "type": "aws_lb",
      "name": "arn_aws_elasticloadbalancing_us_east_1_484375727565_loadbalancer_app_airpr_extractor_light4j_internal_9cc8bb0e474d54b2",
      "provider": "provider[\"registry.terraform.io/hashicorp/aws\"]",
      "instances": [
        {
          "schema_version": 0,
          "attributes": {
            "access_logs": [
              {
                "bucket": "",
                "enabled": false,
                "prefix": ""
              }
            ],
            "arn": "arn:aws:elasticloadbalancing:us-east-1:484375727565:loadbalancer/app/airpr-extractor-light4j-internal/9cc8bb0e474d54b2",
            "arn_suffix": "app/airpr-extractor-light4j-internal/9cc8bb0e474d54b2",
            "customer_owned_ipv4_pool": "",
            "desync_mitigation_mode": "defensive",
            "dns_name": "internal-airpr-extractor-light4j-internal-1256963405.us-east-1.elb.amazonaws.com",
            "drop_invalid_header_fields": false,
            "enable_cross_zone_load_balancing": true,
            "enable_deletion_protection": false,
            "enable_http2": true,
            "enable_waf_fail_open": false,
            "id": "arn:aws:elasticloadbalancing:us-east-1:484375727565:loadbalancer/app/airpr-extractor-light4j-internal/9cc8bb0e474d54b2",
            "idle_timeout": 60,
            "internal": true,
            "ip_address_type": "ipv4",
            "load_balancer_type": "application",
            "name": "airpr-extractor-light4j-internal",
            "name_prefix": null,
            "security_groups": [
              "sg-052d9b0f438a6ee14"
            ],
            "subnet_mapping": [
              {
                "allocation_id": "",
                "ipv6_address": "",
                "outpost_id": "",
                "private_ipv4_address": "",
                "subnet_id": "subnet-5a19a566"
              },
              {
                "allocation_id": "",
                "ipv6_address": "",
                "outpost_id": "",
                "private_ipv4_address": "",
                "subnet_id": "subnet-c62f09ca"
              },
              {
                "allocation_id": "",
                "ipv6_address": "",
                "outpost_id": "",
                "private_ipv4_address": "",
                "subnet_id": "subnet-d45f328f"
              },
              {
                "allocation_id": "",
                "ipv6_address": "",
                "outpost_id": "",
                "private_ipv4_address": "",
                "subnet_id": "subnet-d6d1a5fb"
              },
              {
                "allocation_id": "",
                "ipv6_address": "",
                "outpost_id": "",
                "private_ipv4_address": "",
                "subnet_id": "subnet-ef0421a6"
              }
            ],
            "subnets": [
              "subnet-5a19a566",
              "subnet-c62f09ca",
              "subnet-d45f328f",
              "subnet-d6d1a5fb",
              "subnet-ef0421a6"
            ],
            "tags": {
              "Billing": "Extractor",
              "Billing-Detail": "Content-Extractor",
              "ServiceName": "airpr-extractor-light4j-internal"
            },
            "tags_all": {
              "Billing": "Extractor",
              "Billing-Detail": "Content-Extractor",
              "ServiceName": "airpr-extractor-light4j-internal"
            },
            "timeouts": {
              "create": null,
              "delete": null,
              "update": null
            },
            "vpc_id": "vpc-8e992de8",
            "zone_id": "Z35SXDOTRQ7X7K"
          },
          "sensitive_attributes": [],
          "private": "eyJzY2hlbWFfdmVyc2lvbiI6MH0="
        }
      ]
    },
    {
      "mode": "managed",
      "type": "aws_lb",
      "name": "arn_aws_elasticloadbalancing_us_east_1_484375727565_loadbalancer_app_airpr_extractor_light4j_sl_54cdc2d5db7b9f6d",
      "provider": "provider[\"registry.terraform.io/hashicorp/aws\"]",
      "instances": [
        {
          "schema_version": 0,
          "attributes": {
            "access_logs": [
              {
                "bucket": "",
                "enabled": false,
                "prefix": ""
              }
            ],
            "arn": "arn:aws:elasticloadbalancing:us-east-1:484375727565:loadbalancer/app/airpr-extractor-light4j-sl/54cdc2d5db7b9f6d",
            "arn_suffix": "app/airpr-extractor-light4j-sl/54cdc2d5db7b9f6d",
            "customer_owned_ipv4_pool": "",
            "desync_mitigation_mode": "defensive",
            "dns_name": "airpr-extractor-light4j-sl-204041548.us-east-1.elb.amazonaws.com",
            "drop_invalid_header_fields": false,
            "enable_cross_zone_load_balancing": true,
            "enable_deletion_protection": false,
            "enable_http2": true,
            "enable_waf_fail_open": false,
            "id": "arn:aws:elasticloadbalancing:us-east-1:484375727565:loadbalancer/app/airpr-extractor-light4j-sl/54cdc2d5db7b9f6d",
            "idle_timeout": 60,
            "internal": false,
            "ip_address_type": "ipv4",
            "load_balancer_type": "application",
            "name": "airpr-extractor-light4j-sl",
            "name_prefix": null,
            "security_groups": [
              "sg-0d677f3e3a7f6f6dc",
              "sg-149f7c68"
            ],
            "subnet_mapping": [
              {
                "allocation_id": "",
                "ipv6_address": "",
                "outpost_id": "",
                "private_ipv4_address": "",
                "subnet_id": "subnet-893a1fc0"
              },
              {
                "allocation_id": "",
                "ipv6_address": "",
                "outpost_id": "",
                "private_ipv4_address": "",
                "subnet_id": "subnet-8dd2a6a0"
              }
            ],
            "subnets": [
              "subnet-893a1fc0",
              "subnet-8dd2a6a0"
            ],
            "tags": {},
            "tags_all": {},
            "timeouts": {
              "create": null,
              "delete": null,
              "update": null
            },
            "vpc_id": "vpc-8e992de8",
            "zone_id": "Z35SXDOTRQ7X7K"
          },
          "sensitive_attributes": [],
          "private": "eyJzY2hlbWFfdmVyc2lvbiI6MH0="
        }
      ]
    },
    {
      "mode": "managed",
      "type": "aws_lb",
      "name": "arn_aws_elasticloadbalancing_us_east_1_484375727565_loadbalancer_app_airpr_visitor_estimation_0e46e8ae62a2052d",
      "provider": "provider[\"registry.terraform.io/hashicorp/aws\"]",
      "instances": [
        {
          "schema_version": 0,
          "attributes": {
            "access_logs": [
              {
                "bucket": "",
                "enabled": false,
                "prefix": ""
              }
            ],
            "arn": "arn:aws:elasticloadbalancing:us-east-1:484375727565:loadbalancer/app/airpr-visitor-estimation/0e46e8ae62a2052d",
            "arn_suffix": "app/airpr-visitor-estimation/0e46e8ae62a2052d",
            "customer_owned_ipv4_pool": "",
            "desync_mitigation_mode": "defensive",
            "dns_name": "airpr-visitor-estimation-407951390.us-east-1.elb.amazonaws.com",
            "drop_invalid_header_fields": false,
            "enable_cross_zone_load_balancing": true,
            "enable_deletion_protection": true,
            "enable_http2": true,
            "enable_waf_fail_open": false,
            "id": "arn:aws:elasticloadbalancing:us-east-1:484375727565:loadbalancer/app/airpr-visitor-estimation/0e46e8ae62a2052d",
            "idle_timeout": 60,
            "internal": false,
            "ip_address_type": "ipv4",
            "load_balancer_type": "application",
            "name": "airpr-visitor-estimation",
            "name_prefix": null,
            "security_groups": [
              "sg-149f7c68",
              "sg-f396c780"
            ],
            "subnet_mapping": [
              {
                "allocation_id": "",
                "ipv6_address": "",
                "outpost_id": "",
                "private_ipv4_address": "",
                "subnet_id": "subnet-40072209"
              },
              {
                "allocation_id": "",
                "ipv6_address": "",
                "outpost_id": "",
                "private_ipv4_address": "",
                "subnet_id": "subnet-9d19a5a1"
              },
              {
                "allocation_id": "",
                "ipv6_address": "",
                "outpost_id": "",
                "private_ipv4_address": "",
                "subnet_id": "subnet-ab5f32f0"
              }
            ],
            "subnets": [
              "subnet-40072209",
              "subnet-9d19a5a1",
              "subnet-ab5f32f0"
            ],
            "tags": {
              "Billing": "Crawler",
              "Billing-Detail": "Visitor-Estimation"
            },
            "tags_all": {
              "Billing": "Crawler",
              "Billing-Detail": "Visitor-Estimation"
            },
            "timeouts": {
              "create": null,
              "delete": null,
              "update": null
            },
            "vpc_id": "vpc-8e992de8",
            "zone_id": "Z35SXDOTRQ7X7K"
          },
          "sensitive_attributes": [],
          "private": "eyJzY2hlbWFfdmVyc2lvbiI6MH0="
        }
      ]
    },
    {
      "mode": "managed",
      "type": "aws_lb",
      "name": "arn_aws_elasticloadbalancing_us_east_1_484375727565_loadbalancer_app_analyst_es_5x_7575abbee24bce0d",
      "provider": "provider[\"registry.terraform.io/hashicorp/aws\"]",
      "instances": [
        {
          "schema_version": 0,
          "attributes": {
            "access_logs": [
              {
                "bucket": "",
                "enabled": false,
                "prefix": ""
              }
            ],
            "arn": "arn:aws:elasticloadbalancing:us-east-1:484375727565:loadbalancer/app/analyst-es-5x/7575abbee24bce0d",
            "arn_suffix": "app/analyst-es-5x/7575abbee24bce0d",
            "customer_owned_ipv4_pool": "",
            "desync_mitigation_mode": "defensive",
            "dns_name": "analyst-es-5x-596749087.us-east-1.elb.amazonaws.com",
            "drop_invalid_header_fields": false,
            "enable_cross_zone_load_balancing": true,
            "enable_deletion_protection": false,
            "enable_http2": true,
            "enable_waf_fail_open": false,
            "id": "arn:aws:elasticloadbalancing:us-east-1:484375727565:loadbalancer/app/analyst-es-5x/7575abbee24bce0d",
            "idle_timeout": 60,
            "internal": false,
            "ip_address_type": "ipv4",
            "load_balancer_type": "application",
            "name": "analyst-es-5x",
            "name_prefix": null,
            "security_groups": [
              "sg-0cc3e526f44dccbaa"
            ],
            "subnet_mapping": [
              {
                "allocation_id": "",
                "ipv6_address": "",
                "outpost_id": "",
                "private_ipv4_address": "",
                "subnet_id": "subnet-0518a439"
              },
              {
                "allocation_id": "",
                "ipv6_address": "",
                "outpost_id": "",
                "private_ipv4_address": "",
                "subnet_id": "subnet-29d0a404"
              },
              {
                "allocation_id": "",
                "ipv6_address": "",
                "outpost_id": "",
                "private_ipv4_address": "",
                "subnet_id": "subnet-514c3d34"
              },
              {
                "allocation_id": "",
                "ipv6_address": "",
                "outpost_id": "",
                "private_ipv4_address": "",
                "subnet_id": "subnet-893a1fc0"
              },
              {
                "allocation_id": "",
                "ipv6_address": "",
                "outpost_id": "",
                "private_ipv4_address": "",
                "subnet_id": "subnet-af1f38a3"
              },
              {
                "allocation_id": "",
                "ipv6_address": "",
                "outpost_id": "",
                "private_ipv4_address": "",
                "subnet_id": "subnet-e45d30bf"
              }
            ],
            "subnets": [
              "subnet-0518a439",
              "subnet-29d0a404",
              "subnet-514c3d34",
              "subnet-893a1fc0",
              "subnet-af1f38a3",
              "subnet-e45d30bf"
            ],
            "tags": {
              "Billing": "Analyst",
              "Billing-Detail": "Analyst-Elasticsearch-5x"
            },
            "tags_all": {
              "Billing": "Analyst",
              "Billing-Detail": "Analyst-Elasticsearch-5x"
            },
            "timeouts": {
              "create": null,
              "delete": null,
              "update": null
            },
            "vpc_id": "vpc-8e992de8",
            "zone_id": "Z35SXDOTRQ7X7K"
          },
          "sensitive_attributes": [],
          "private": "eyJzY2hlbWFfdmVyc2lvbiI6MH0="
        }
      ]
    },
    {
      "mode": "managed",
      "type": "aws_lb",
      "name": "arn_aws_elasticloadbalancing_us_east_1_484375727565_loadbalancer_app_analytics_es_5x_7af6b8bcd507e73b",
      "provider": "provider[\"registry.terraform.io/hashicorp/aws\"]",
      "instances": [
        {
          "schema_version": 0,
          "attributes": {
            "access_logs": [
              {
                "bucket": "",
                "enabled": false,
                "prefix": ""
              }
            ],
            "arn": "arn:aws:elasticloadbalancing:us-east-1:484375727565:loadbalancer/app/analytics-es-5x/7af6b8bcd507e73b",
            "arn_suffix": "app/analytics-es-5x/7af6b8bcd507e73b",
            "customer_owned_ipv4_pool": "",
            "desync_mitigation_mode": "defensive",
            "dns_name": "analytics-es-5x-1452969015.us-east-1.elb.amazonaws.com",
            "drop_invalid_header_fields": false,
            "enable_cross_zone_load_balancing": true,
            "enable_deletion_protection": false,
            "enable_http2": true,
            "enable_waf_fail_open": false,
            "id": "arn:aws:elasticloadbalancing:us-east-1:484375727565:loadbalancer/app/analytics-es-5x/7af6b8bcd507e73b",
            "idle_timeout": 60,
            "internal": false,
            "ip_address_type": "ipv4",
            "load_balancer_type": "application",
            "name": "analytics-es-5x",
            "name_prefix": null,
            "security_groups": [
              "sg-04a264e8afe1cb921"
            ],
            "subnet_mapping": [
              {
                "allocation_id": "",
                "ipv6_address": "",
                "outpost_id": "",
                "private_ipv4_address": "",
                "subnet_id": "subnet-0518a439"
              },
              {
                "allocation_id": "",
                "ipv6_address": "",
                "outpost_id": "",
                "private_ipv4_address": "",
                "subnet_id": "subnet-29d0a404"
              },
              {
                "allocation_id": "",
                "ipv6_address": "",
                "outpost_id": "",
                "private_ipv4_address": "",
                "subnet_id": "subnet-514c3d34"
              },
              {
                "allocation_id": "",
                "ipv6_address": "",
                "outpost_id": "",
                "private_ipv4_address": "",
                "subnet_id": "subnet-893a1fc0"
              },
              {
                "allocation_id": "",
                "ipv6_address": "",
                "outpost_id": "",
                "private_ipv4_address": "",
                "subnet_id": "subnet-af1f38a3"
              },
              {
                "allocation_id": "",
                "ipv6_address": "",
                "outpost_id": "",
                "private_ipv4_address": "",
                "subnet_id": "subnet-e45d30bf"
              }
            ],
            "subnets": [
              "subnet-0518a439",
              "subnet-29d0a404",
              "subnet-514c3d34",
              "subnet-893a1fc0",
              "subnet-af1f38a3",
              "subnet-e45d30bf"
            ],
            "tags": {
              "Billing": "Analyst",
              "Billing-Detail": "Analytics-Elasticsearch-5x"
            },
            "tags_all": {
              "Billing": "Analyst",
              "Billing-Detail": "Analytics-Elasticsearch-5x"
            },
            "timeouts": {
              "create": null,
              "delete": null,
              "update": null
            },
            "vpc_id": "vpc-8e992de8",
            "zone_id": "Z35SXDOTRQ7X7K"
          },
          "sensitive_attributes": [],
          "private": "eyJzY2hlbWFfdmVyc2lvbiI6MH0="
        }
      ]
    },
    {
      "mode": "managed",
      "type": "aws_lb",
      "name": "arn_aws_elasticloadbalancing_us_east_1_484375727565_loadbalancer_app_analytics_es_6x_1627caec887b817e",
      "provider": "provider[\"registry.terraform.io/hashicorp/aws\"]",
      "instances": [
        {
          "schema_version": 0,
          "attributes": {
            "access_logs": [
              {
                "bucket": "",
                "enabled": false,
                "prefix": ""
              }
            ],
            "arn": "arn:aws:elasticloadbalancing:us-east-1:484375727565:loadbalancer/app/analytics-es-6x/1627caec887b817e",
            "arn_suffix": "app/analytics-es-6x/1627caec887b817e",
            "customer_owned_ipv4_pool": "",
            "desync_mitigation_mode": "defensive",
            "dns_name": "analytics-es-6x-901094015.us-east-1.elb.amazonaws.com",
            "drop_invalid_header_fields": false,
            "enable_cross_zone_load_balancing": true,
            "enable_deletion_protection": false,
            "enable_http2": true,
            "enable_waf_fail_open": false,
            "id": "arn:aws:elasticloadbalancing:us-east-1:484375727565:loadbalancer/app/analytics-es-6x/1627caec887b817e",
            "idle_timeout": 60,
            "internal": false,
            "ip_address_type": "ipv4",
            "load_balancer_type": "application",
            "name": "analytics-es-6x",
            "name_prefix": null,
            "security_groups": [
              "sg-03ced1334c9b01d48"
            ],
            "subnet_mapping": [
              {
                "allocation_id": "",
                "ipv6_address": "",
                "outpost_id": "",
                "private_ipv4_address": "",
                "subnet_id": "subnet-0518a439"
              },
              {
                "allocation_id": "",
                "ipv6_address": "",
                "outpost_id": "",
                "private_ipv4_address": "",
                "subnet_id": "subnet-29d0a404"
              },
              {
                "allocation_id": "",
                "ipv6_address": "",
                "outpost_id": "",
                "private_ipv4_address": "",
                "subnet_id": "subnet-514c3d34"
              },
              {
                "allocation_id": "",
                "ipv6_address": "",
                "outpost_id": "",
                "private_ipv4_address": "",
                "subnet_id": "subnet-893a1fc0"
              },
              {
                "allocation_id": "",
                "ipv6_address": "",
                "outpost_id": "",
                "private_ipv4_address": "",
                "subnet_id": "subnet-af1f38a3"
              },
              {
                "allocation_id": "",
                "ipv6_address": "",
                "outpost_id": "",
                "private_ipv4_address": "",
                "subnet_id": "subnet-e45d30bf"
              }
            ],
            "subnets": [
              "subnet-0518a439",
              "subnet-29d0a404",
              "subnet-514c3d34",
              "subnet-893a1fc0",
              "subnet-af1f38a3",
              "subnet-e45d30bf"
            ],
            "tags": {
              "Billing": "Analyst",
              "Billing-Detail": "Analytics-Elasticsearch-6x"
            },
            "tags_all": {
              "Billing": "Analyst",
              "Billing-Detail": "Analytics-Elasticsearch-6x"
            },
            "timeouts": {
              "create": null,
              "delete": null,
              "update": null
            },
            "vpc_id": "vpc-8e992de8",
            "zone_id": "Z35SXDOTRQ7X7K"
          },
          "sensitive_attributes": [],
          "private": "eyJzY2hlbWFfdmVyc2lvbiI6MH0="
        }
      ]
    },
    {
      "mode": "managed",
      "type": "aws_lb",
      "name": "arn_aws_elasticloadbalancing_us_east_1_484375727565_loadbalancer_app_crawler_es_6x_4d921cbee6fc5ad5",
      "provider": "provider[\"registry.terraform.io/hashicorp/aws\"]",
      "instances": [
        {
          "schema_version": 0,
          "attributes": {
            "access_logs": [
              {
                "bucket": "",
                "enabled": false,
                "prefix": ""
              }
            ],
            "arn": "arn:aws:elasticloadbalancing:us-east-1:484375727565:loadbalancer/app/crawler-es-6x/4d921cbee6fc5ad5",
            "arn_suffix": "app/crawler-es-6x/4d921cbee6fc5ad5",
            "customer_owned_ipv4_pool": "",
            "desync_mitigation_mode": "defensive",
            "dns_name": "crawler-es-6x-2113685044.us-east-1.elb.amazonaws.com",
            "drop_invalid_header_fields": false,
            "enable_cross_zone_load_balancing": true,
            "enable_deletion_protection": false,
            "enable_http2": true,
            "enable_waf_fail_open": false,
            "id": "arn:aws:elasticloadbalancing:us-east-1:484375727565:loadbalancer/app/crawler-es-6x/4d921cbee6fc5ad5",
            "idle_timeout": 60,
            "internal": false,
            "ip_address_type": "ipv4",
            "load_balancer_type": "application",
            "name": "crawler-es-6x",
            "name_prefix": null,
            "security_groups": [
              "sg-093a3bb9a7261bcfe"
            ],
            "subnet_mapping": [
              {
                "allocation_id": "",
                "ipv6_address": "",
                "outpost_id": "",
                "private_ipv4_address": "",
                "subnet_id": "subnet-0518a439"
              },
              {
                "allocation_id": "",
                "ipv6_address": "",
                "outpost_id": "",
                "private_ipv4_address": "",
                "subnet_id": "subnet-29d0a404"
              },
              {
                "allocation_id": "",
                "ipv6_address": "",
                "outpost_id": "",
                "private_ipv4_address": "",
                "subnet_id": "subnet-514c3d34"
              },
              {
                "allocation_id": "",
                "ipv6_address": "",
                "outpost_id": "",
                "private_ipv4_address": "",
                "subnet_id": "subnet-893a1fc0"
              },
              {
                "allocation_id": "",
                "ipv6_address": "",
                "outpost_id": "",
                "private_ipv4_address": "",
                "subnet_id": "subnet-af1f38a3"
              },
              {
                "allocation_id": "",
                "ipv6_address": "",
                "outpost_id": "",
                "private_ipv4_address": "",
                "subnet_id": "subnet-e45d30bf"
              }
            ],
            "subnets": [
              "subnet-0518a439",
              "subnet-29d0a404",
              "subnet-514c3d34",
              "subnet-893a1fc0",
              "subnet-af1f38a3",
              "subnet-e45d30bf"
            ],
            "tags": {
              "Billing": "Crawler",
              "Billing-Detail": "Crawler-Elasticsearch-6x"
            },
            "tags_all": {
              "Billing": "Crawler",
              "Billing-Detail": "Crawler-Elasticsearch-6x"
            },
            "timeouts": {
              "create": null,
              "delete": null,
              "update": null
            },
            "vpc_id": "vpc-8e992de8",
            "zone_id": "Z35SXDOTRQ7X7K"
          },
          "sensitive_attributes": [],
          "private": "eyJzY2hlbWFfdmVyc2lvbiI6MH0="
        }
      ]
    },
    {
      "mode": "managed",
      "type": "aws_lb",
      "name": "arn_aws_elasticloadbalancing_us_east_1_484375727565_loadbalancer_app_crawler_es_client_6b792cfb976f9e9b",
      "provider": "provider[\"registry.terraform.io/hashicorp/aws\"]",
      "instances": [
        {
          "schema_version": 0,
          "attributes": {
            "access_logs": [
              {
                "bucket": "",
                "enabled": false,
                "prefix": ""
              }
            ],
            "arn": "arn:aws:elasticloadbalancing:us-east-1:484375727565:loadbalancer/app/crawler-es-client/6b792cfb976f9e9b",
            "arn_suffix": "app/crawler-es-client/6b792cfb976f9e9b",
            "customer_owned_ipv4_pool": "",
            "desync_mitigation_mode": "defensive",
            "dns_name": "crawler-es-client-1926126532.us-east-1.elb.amazonaws.com",
            "drop_invalid_header_fields": false,
            "enable_cross_zone_load_balancing": true,
            "enable_deletion_protection": false,
            "enable_http2": true,
            "enable_waf_fail_open": false,
            "id": "arn:aws:elasticloadbalancing:us-east-1:484375727565:loadbalancer/app/crawler-es-client/6b792cfb976f9e9b",
            "idle_timeout": 60,
            "internal": false,
            "ip_address_type": "ipv4",
            "load_balancer_type": "application",
            "name": "crawler-es-client",
            "name_prefix": null,
            "security_groups": [
              "sg-0c0f9e68",
              "sg-234a9258",
              "sg-9a7ca3fd",
              "sg-e086e784"
            ],
            "subnet_mapping": [
              {
                "allocation_id": "",
                "ipv6_address": "",
                "outpost_id": "",
                "private_ipv4_address": "",
                "subnet_id": "subnet-1a2bae43"
              },
              {
                "allocation_id": "",
                "ipv6_address": "",
                "outpost_id": "",
                "private_ipv4_address": "",
                "subnet_id": "subnet-2c21465b"
              },
              {
                "allocation_id": "",
                "ipv6_address": "",
                "outpost_id": "",
                "private_ipv4_address": "",
                "subnet_id": "subnet-daa409f1"
              },
              {
                "allocation_id": "",
                "ipv6_address": "",
                "outpost_id": "",
                "private_ipv4_address": "",
                "subnet_id": "subnet-f0f3bbca"
              }
            ],
            "subnets": [
              "subnet-1a2bae43",
              "subnet-2c21465b",
              "subnet-daa409f1",
              "subnet-f0f3bbca"
            ],
            "tags": {
              "Billing": "Crawler",
              "Billing-Detail": "Crawler-Elasticsearch"
            },
            "tags_all": {
              "Billing": "Crawler",
              "Billing-Detail": "Crawler-Elasticsearch"
            },
            "timeouts": {
              "create": null,
              "delete": null,
              "update": null
            },
            "vpc_id": "vpc-a2450ec7",
            "zone_id": "Z35SXDOTRQ7X7K"
          },
          "sensitive_attributes": [],
          "private": "eyJzY2hlbWFfdmVyc2lvbiI6MH0="
        }
      ]
    },
    {
      "mode": "managed",
      "type": "aws_lb",
      "name": "arn_aws_elasticloadbalancing_us_east_1_484375727565_loadbalancer_app_crawler_es_util_6fd6b370b0d0c38a",
      "provider": "provider[\"registry.terraform.io/hashicorp/aws\"]",
      "instances": [
        {
          "schema_version": 0,
          "attributes": {
            "access_logs": [
              {
                "bucket": "",
                "enabled": false,
                "prefix": ""
              }
            ],
            "arn": "arn:aws:elasticloadbalancing:us-east-1:484375727565:loadbalancer/app/crawler-es-util/6fd6b370b0d0c38a",
            "arn_suffix": "app/crawler-es-util/6fd6b370b0d0c38a",
            "customer_owned_ipv4_pool": "",
            "desync_mitigation_mode": "defensive",
            "dns_name": "crawler-es-util-1827057506.us-east-1.elb.amazonaws.com",
            "drop_invalid_header_fields": false,
            "enable_cross_zone_load_balancing": true,
            "enable_deletion_protection": true,
            "enable_http2": true,
            "enable_waf_fail_open": false,
            "id": "arn:aws:elasticloadbalancing:us-east-1:484375727565:loadbalancer/app/crawler-es-util/6fd6b370b0d0c38a",
            "idle_timeout": 60,
            "internal": false,
            "ip_address_type": "ipv4",
            "load_balancer_type": "application",
            "name": "crawler-es-util",
            "name_prefix": null,
            "security_groups": [
              "sg-8f2f9dc7"
            ],
            "subnet_mapping": [
              {
                "allocation_id": "",
                "ipv6_address": "",
                "outpost_id": "",
                "private_ipv4_address": "",
                "subnet_id": "subnet-1a2bae43"
              },
              {
                "allocation_id": "",
                "ipv6_address": "",
                "outpost_id": "",
                "private_ipv4_address": "",
                "subnet_id": "subnet-2c21465b"
              },
              {
                "allocation_id": "",
                "ipv6_address": "",
                "outpost_id": "",
                "private_ipv4_address": "",
                "subnet_id": "subnet-daa409f1"
              },
              {
                "allocation_id": "",
                "ipv6_address": "",
                "outpost_id": "",
                "private_ipv4_address": "",
                "subnet_id": "subnet-f0f3bbca"
              }
            ],
            "subnets": [
              "subnet-1a2bae43",
              "subnet-2c21465b",
              "subnet-daa409f1",
              "subnet-f0f3bbca"
            ],
            "tags": {
              "Billing": "Crawler",
              "Billing-Detail": "ES-Utils-Plugins"
            },
            "tags_all": {
              "Billing": "Crawler",
              "Billing-Detail": "ES-Utils-Plugins"
            },
            "timeouts": {
              "create": null,
              "delete": null,
              "update": null
            },
            "vpc_id": "vpc-a2450ec7",
            "zone_id": "Z35SXDOTRQ7X7K"
          },
          "sensitive_attributes": [],
          "private": "eyJzY2hlbWFfdmVyc2lvbiI6MH0="
        }
      ]
    },
    {
      "mode": "managed",
      "type": "aws_lb",
      "name": "arn_aws_elasticloadbalancing_us_east_1_484375727565_loadbalancer_app_crawler_percolates_5x_cc3a31f4746d1582",
      "provider": "provider[\"registry.terraform.io/hashicorp/aws\"]",
      "instances": [
        {
          "schema_version": 0,
          "attributes": {
            "access_logs": [
              {
                "bucket": "",
                "enabled": false,
                "prefix": ""
              }
            ],
            "arn": "arn:aws:elasticloadbalancing:us-east-1:484375727565:loadbalancer/app/crawler-percolates-5x/cc3a31f4746d1582",
            "arn_suffix": "app/crawler-percolates-5x/cc3a31f4746d1582",
            "customer_owned_ipv4_pool": "",
            "desync_mitigation_mode": "defensive",
            "dns_name": "crawler-percolates-5x-35500246.us-east-1.elb.amazonaws.com",
            "drop_invalid_header_fields": false,
            "enable_cross_zone_load_balancing": true,
            "enable_deletion_protection": true,
            "enable_http2": true,
            "enable_waf_fail_open": false,
            "id": "arn:aws:elasticloadbalancing:us-east-1:484375727565:loadbalancer/app/crawler-percolates-5x/cc3a31f4746d1582",
            "idle_timeout": 60,
            "internal": false,
            "ip_address_type": "ipv4",
            "load_balancer_type": "application",
            "name": "crawler-percolates-5x",
            "name_prefix": null,
            "security_groups": [
              "sg-a2a7f6d1"
            ],
            "subnet_mapping": [
              {
                "allocation_id": "",
                "ipv6_address": "",
                "outpost_id": "",
                "private_ipv4_address": "",
                "subnet_id": "subnet-3a505616"
              },
              {
                "allocation_id": "",
                "ipv6_address": "",
                "outpost_id": "",
                "private_ipv4_address": "",
                "subnet_id": "subnet-3f468900"
              },
              {
                "allocation_id": "",
                "ipv6_address": "",
                "outpost_id": "",
                "private_ipv4_address": "",
                "subnet_id": "subnet-56c2c15a"
              },
              {
                "allocation_id": "",
                "ipv6_address": "",
                "outpost_id": "",
                "private_ipv4_address": "",
                "subnet_id": "subnet-5a7b4000"
              },
              {
                "allocation_id": "",
                "ipv6_address": "",
                "outpost_id": "",
                "private_ipv4_address": "",
                "subnet_id": "subnet-8aa264c1"
              }
            ],
            "subnets": [
              "subnet-3a505616",
              "subnet-3f468900",
              "subnet-56c2c15a",
              "subnet-5a7b4000",
              "subnet-8aa264c1"
            ],
            "tags": {
              "Billing": "Crawler-5x",
              "Billing-Detail": "Crawler-Percolates-5x"
            },
            "tags_all": {
              "Billing": "Crawler-5x",
              "Billing-Detail": "Crawler-Percolates-5x"
            },
            "timeouts": {
              "create": null,
              "delete": null,
              "update": null
            },
            "vpc_id": "vpc-8e992de8",
            "zone_id": "Z35SXDOTRQ7X7K"
          },
          "sensitive_attributes": [],
          "private": "eyJzY2hlbWFfdmVyc2lvbiI6MH0="
        }
      ]
    },
    {
      "mode": "managed",
      "type": "aws_lb",
      "name": "arn_aws_elasticloadbalancing_us_east_1_484375727565_loadbalancer_app_crawler_percolates_fe_5x_60130645376ab7be",
      "provider": "provider[\"registry.terraform.io/hashicorp/aws\"]",
      "instances": [
        {
          "schema_version": 0,
          "attributes": {
            "access_logs": [
              {
                "bucket": "",
                "enabled": false,
                "prefix": ""
              }
            ],
            "arn": "arn:aws:elasticloadbalancing:us-east-1:484375727565:loadbalancer/app/crawler-percolates-fe-5x/60130645376ab7be",
            "arn_suffix": "app/crawler-percolates-fe-5x/60130645376ab7be",
            "customer_owned_ipv4_pool": "",
            "desync_mitigation_mode": "defensive",
            "dns_name": "crawler-percolates-fe-5x-1073353858.us-east-1.elb.amazonaws.com",
            "drop_invalid_header_fields": false,
            "enable_cross_zone_load_balancing": true,
            "enable_deletion_protection": false,
            "enable_http2": true,
            "enable_waf_fail_open": false,
            "id": "arn:aws:elasticloadbalancing:us-east-1:484375727565:loadbalancer/app/crawler-percolates-fe-5x/60130645376ab7be",
            "idle_timeout": 60,
            "internal": false,
            "ip_address_type": "ipv4",
            "load_balancer_type": "application",
            "name": "crawler-percolates-fe-5x",
            "name_prefix": null,
            "security_groups": [
              "sg-028fecc5f68b7b8a6"
            ],
            "subnet_mapping": [
              {
                "allocation_id": "",
                "ipv6_address": "",
                "outpost_id": "",
                "private_ipv4_address": "",
                "subnet_id": "subnet-3a505616"
              },
              {
                "allocation_id": "",
                "ipv6_address": "",
                "outpost_id": "",
                "private_ipv4_address": "",
                "subnet_id": "subnet-3f468900"
              },
              {
                "allocation_id": "",
                "ipv6_address": "",
                "outpost_id": "",
                "private_ipv4_address": "",
                "subnet_id": "subnet-56c2c15a"
              },
              {
                "allocation_id": "",
                "ipv6_address": "",
                "outpost_id": "",
                "private_ipv4_address": "",
                "subnet_id": "subnet-5a7b4000"
              },
              {
                "allocation_id": "",
                "ipv6_address": "",
                "outpost_id": "",
                "private_ipv4_address": "",
                "subnet_id": "subnet-8aa264c1"
              }
            ],
            "subnets": [
              "subnet-3a505616",
              "subnet-3f468900",
              "subnet-56c2c15a",
              "subnet-5a7b4000",
              "subnet-8aa264c1"
            ],
            "tags": {
              "Billing": "Crawler-5x",
              "Billing-Detail": "Crawler-Percolates-5x"
            },
            "tags_all": {
              "Billing": "Crawler-5x",
              "Billing-Detail": "Crawler-Percolates-5x"
            },
            "timeouts": {
              "create": null,
              "delete": null,
              "update": null
            },
            "vpc_id": "vpc-8e992de8",
            "zone_id": "Z35SXDOTRQ7X7K"
          },
          "sensitive_attributes": [],
          "private": "eyJzY2hlbWFfdmVyc2lvbiI6MH0="
        }
      ]
    },
    {
      "mode": "managed",
      "type": "aws_lb",
      "name": "arn_aws_elasticloadbalancing_us_east_1_484375727565_loadbalancer_app_crawler_prod_es_6x_712e6df24692bb95",
      "provider": "provider[\"registry.terraform.io/hashicorp/aws\"]",
      "instances": [
        {
          "schema_version": 0,
          "attributes": {
            "access_logs": [
              {
                "bucket": "",
                "enabled": false,
                "prefix": ""
              }
            ],
            "arn": "arn:aws:elasticloadbalancing:us-east-1:484375727565:loadbalancer/app/crawler-prod-es-6x/712e6df24692bb95",
            "arn_suffix": "app/crawler-prod-es-6x/712e6df24692bb95",
            "customer_owned_ipv4_pool": "",
            "desync_mitigation_mode": "defensive",
            "dns_name": "crawler-prod-es-6x-1537622757.us-east-1.elb.amazonaws.com",
            "drop_invalid_header_fields": false,
            "enable_cross_zone_load_balancing": true,
            "enable_deletion_protection": false,
            "enable_http2": true,
            "enable_waf_fail_open": false,
            "id": "arn:aws:elasticloadbalancing:us-east-1:484375727565:loadbalancer/app/crawler-prod-es-6x/712e6df24692bb95",
            "idle_timeout": 60,
            "internal": false,
            "ip_address_type": "ipv4",
            "load_balancer_type": "application",
            "name": "crawler-prod-es-6x",
            "name_prefix": null,
            "security_groups": [
              "sg-09b6125727b03e8f9"
            ],
            "subnet_mapping": [
              {
                "allocation_id": "",
                "ipv6_address": "",
                "outpost_id": "",
                "private_ipv4_address": "",
                "subnet_id": "subnet-0518a439"
              },
              {
                "allocation_id": "",
                "ipv6_address": "",
                "outpost_id": "",
                "private_ipv4_address": "",
                "subnet_id": "subnet-29d0a404"
              },
              {
                "allocation_id": "",
                "ipv6_address": "",
                "outpost_id": "",
                "private_ipv4_address": "",
                "subnet_id": "subnet-514c3d34"
              },
              {
                "allocation_id": "",
                "ipv6_address": "",
                "outpost_id": "",
                "private_ipv4_address": "",
                "subnet_id": "subnet-893a1fc0"
              },
              {
                "allocation_id": "",
                "ipv6_address": "",
                "outpost_id": "",
                "private_ipv4_address": "",
                "subnet_id": "subnet-af1f38a3"
              },
              {
                "allocation_id": "",
                "ipv6_address": "",
                "outpost_id": "",
                "private_ipv4_address": "",
                "subnet_id": "subnet-e45d30bf"
              }
            ],
            "subnets": [
              "subnet-0518a439",
              "subnet-29d0a404",
              "subnet-514c3d34",
              "subnet-893a1fc0",
              "subnet-af1f38a3",
              "subnet-e45d30bf"
            ],
            "tags": {
              "Billing": "Crawler",
              "Billing-Detail": "Crawler-Prod-Elasticsearch-6x"
            },
            "tags_all": {
              "Billing": "Crawler",
              "Billing-Detail": "Crawler-Prod-Elasticsearch-6x"
            },
            "timeouts": {
              "create": null,
              "delete": null,
              "update": null
            },
            "vpc_id": "vpc-8e992de8",
            "zone_id": "Z35SXDOTRQ7X7K"
          },
          "sensitive_attributes": [],
          "private": "eyJzY2hlbWFfdmVyc2lvbiI6MH0="
        }
      ]
    },
    {
      "mode": "managed",
      "type": "aws_lb",
      "name": "arn_aws_elasticloadbalancing_us_east_1_484375727565_loadbalancer_app_f03c0651_default_prod1ingr_7563_ff0bb38c663e7d18",
      "provider": "provider[\"registry.terraform.io/hashicorp/aws\"]",
      "instances": [
        {
          "schema_version": 0,
          "attributes": {
            "access_logs": [
              {
                "bucket": "airpr-elb-accesslogs",
                "enabled": true,
                "prefix": ""
              }
            ],
            "arn": "arn:aws:elasticloadbalancing:us-east-1:484375727565:loadbalancer/app/f03c0651-default-prod1ingr-7563/ff0bb38c663e7d18",
            "arn_suffix": "app/f03c0651-default-prod1ingr-7563/ff0bb38c663e7d18",
            "customer_owned_ipv4_pool": "",
            "desync_mitigation_mode": "defensive",
            "dns_name": "internal-f03c0651-default-prod1ingr-7563-142618185.us-east-1.elb.amazonaws.com",
            "drop_invalid_header_fields": false,
            "enable_cross_zone_load_balancing": true,
            "enable_deletion_protection": false,
            "enable_http2": true,
            "enable_waf_fail_open": false,
            "id": "arn:aws:elasticloadbalancing:us-east-1:484375727565:loadbalancer/app/f03c0651-default-prod1ingr-7563/ff0bb38c663e7d18",
            "idle_timeout": 60,
            "internal": true,
            "ip_address_type": "ipv4",
            "load_balancer_type": "application",
            "name": "f03c0651-default-prod1ingr-7563",
            "name_prefix": null,
            "security_groups": [
              "sg-05f3f1c8e7b767c8e"
            ],
            "subnet_mapping": [
              {
                "allocation_id": "",
                "ipv6_address": "",
                "outpost_id": "",
                "private_ipv4_address": "",
                "subnet_id": "subnet-00405c02874c638ff"
              },
              {
                "allocation_id": "",
                "ipv6_address": "",
                "outpost_id": "",
                "private_ipv4_address": "",
                "subnet_id": "subnet-0070fcef3eafcc62a"
              },
              {
                "allocation_id": "",
                "ipv6_address": "",
                "outpost_id": "",
                "private_ipv4_address": "",
                "subnet_id": "subnet-009464f3dc58611e1"
              },
              {
                "allocation_id": "",
                "ipv6_address": "",
                "outpost_id": "",
                "private_ipv4_address": "",
                "subnet_id": "subnet-0246184c24bfa6c9d"
              },
              {
                "allocation_id": "",
                "ipv6_address": "",
                "outpost_id": "",
                "private_ipv4_address": "",
                "subnet_id": "subnet-09db383fa8ed9a1ed"
              },
              {
                "allocation_id": "",
                "ipv6_address": "",
                "outpost_id": "",
                "private_ipv4_address": "",
                "subnet_id": "subnet-0b6ef8616d2b30de5"
              }
            ],
            "subnets": [
              "subnet-00405c02874c638ff",
              "subnet-0070fcef3eafcc62a",
              "subnet-009464f3dc58611e1",
              "subnet-0246184c24bfa6c9d",
              "subnet-09db383fa8ed9a1ed",
              "subnet-0b6ef8616d2b30de5"
            ],
            "tags": {
              "ingress.k8s.aws/cluster": "eks-data-prod-1",
              "ingress.k8s.aws/resource": "LoadBalancer",
              "ingress.k8s.aws/stack": "default/prod-1-ingress",
              "kubernetes.io/cluster/eks-data-prod-1": "owned",
              "kubernetes.io/ingress-name": "prod-1-ingress",
              "kubernetes.io/namespace": "default"
            },
            "tags_all": {
              "ingress.k8s.aws/cluster": "eks-data-prod-1",
              "ingress.k8s.aws/resource": "LoadBalancer",
              "ingress.k8s.aws/stack": "default/prod-1-ingress",
              "kubernetes.io/cluster/eks-data-prod-1": "owned",
              "kubernetes.io/ingress-name": "prod-1-ingress",
              "kubernetes.io/namespace": "default"
            },
            "timeouts": {
              "create": null,
              "delete": null,
              "update": null
            },
            "vpc_id": "vpc-8e992de8",
            "zone_id": "Z35SXDOTRQ7X7K"
          },
          "sensitive_attributes": [],
          "private": "eyJzY2hlbWFfdmVyc2lvbiI6MH0="
        }
      ]
    },
    {
      "mode": "managed",
      "type": "aws_lb",
      "name": "arn_aws_elasticloadbalancing_us_east_1_484375727565_loadbalancer_app_k8s_default_dev2ingr_7be0a1ceb0_89894bc1f0fe2c35",
      "provider": "provider[\"registry.terraform.io/hashicorp/aws\"]",
      "instances": [
        {
          "schema_version": 0,
          "attributes": {
            "access_logs": [
              {
                "bucket": "airpr-elb-accesslogs",
                "enabled": true,
                "prefix": ""
              }
            ],
            "arn": "arn:aws:elasticloadbalancing:us-east-1:484375727565:loadbalancer/app/k8s-default-dev2ingr-7be0a1ceb0/89894bc1f0fe2c35",
            "arn_suffix": "app/k8s-default-dev2ingr-7be0a1ceb0/89894bc1f0fe2c35",
            "customer_owned_ipv4_pool": "",
            "desync_mitigation_mode": "defensive",
            "dns_name": "internal-k8s-default-dev2ingr-7be0a1ceb0-646015202.us-east-1.elb.amazonaws.com",
            "drop_invalid_header_fields": false,
            "enable_cross_zone_load_balancing": true,
            "enable_deletion_protection": false,
            "enable_http2": true,
            "enable_waf_fail_open": true,
            "id": "arn:aws:elasticloadbalancing:us-east-1:484375727565:loadbalancer/app/k8s-default-dev2ingr-7be0a1ceb0/89894bc1f0fe2c35",
            "idle_timeout": 60,
            "internal": true,
            "ip_address_type": "ipv4",
            "load_balancer_type": "application",
            "name": "k8s-default-dev2ingr-7be0a1ceb0",
            "name_prefix": null,
            "security_groups": [
              "sg-0204f0bfde482f49c"
            ],
            "subnet_mapping": [
              {
                "allocation_id": "",
                "ipv6_address": "",
                "outpost_id": "",
                "private_ipv4_address": "",
                "subnet_id": "subnet-03238c4e79281bbf8"
              },
              {
                "allocation_id": "",
                "ipv6_address": "",
                "outpost_id": "",
                "private_ipv4_address": "",
                "subnet_id": "subnet-0d7dcdfb4bfb75ca1"
              }
            ],
            "subnets": [
              "subnet-03238c4e79281bbf8",
              "subnet-0d7dcdfb4bfb75ca1"
            ],
            "tags": {
              "elbv2.k8s.aws/cluster": "eks-data-dev-2",
              "ingress.k8s.aws/resource": "LoadBalancer",
              "ingress.k8s.aws/stack": "default/dev-2-ingress"
            },
            "tags_all": {
              "elbv2.k8s.aws/cluster": "eks-data-dev-2",
              "ingress.k8s.aws/resource": "LoadBalancer",
              "ingress.k8s.aws/stack": "default/dev-2-ingress"
            },
            "timeouts": {
              "create": null,
              "delete": null,
              "update": null
            },
            "vpc_id": "vpc-8e992de8",
            "zone_id": "Z35SXDOTRQ7X7K"
          },
          "sensitive_attributes": [],
          "private": "eyJzY2hlbWFfdmVyc2lvbiI6MH0="
        }
      ]
    },
    {
      "mode": "managed",
      "type": "aws_lb",
      "name": "arn_aws_elasticloadbalancing_us_east_1_484375727565_loadbalancer_app_k8s_default_prod3ing_75a5f4c190_650a139e70c846e1",
      "provider": "provider[\"registry.terraform.io/hashicorp/aws\"]",
      "instances": [
        {
          "schema_version": 0,
          "attributes": {
            "access_logs": [
              {
                "bucket": "airpr-elb-accesslogs",
                "enabled": false,
                "prefix": ""
              }
            ],
            "arn": "arn:aws:elasticloadbalancing:us-east-1:484375727565:loadbalancer/app/k8s-default-prod3ing-75a5f4c190/650a139e70c846e1",
            "arn_suffix": "app/k8s-default-prod3ing-75a5f4c190/650a139e70c846e1",
            "customer_owned_ipv4_pool": "",
            "desync_mitigation_mode": "defensive",
            "dns_name": "internal-k8s-default-prod3ing-75a5f4c190-1761799365.us-east-1.elb.amazonaws.com",
            "drop_invalid_header_fields": false,
            "enable_cross_zone_load_balancing": true,
            "enable_deletion_protection": false,
            "enable_http2": true,
            "enable_waf_fail_open": false,
            "id": "arn:aws:elasticloadbalancing:us-east-1:484375727565:loadbalancer/app/k8s-default-prod3ing-75a5f4c190/650a139e70c846e1",
            "idle_timeout": 60,
            "internal": true,
            "ip_address_type": "ipv4",
            "load_balancer_type": "application",
            "name": "k8s-default-prod3ing-75a5f4c190",
            "name_prefix": null,
            "security_groups": [
              "sg-0204f0bfde482f49c"
            ],
            "subnet_mapping": [
              {
                "allocation_id": "",
                "ipv6_address": "",
                "outpost_id": "",
                "private_ipv4_address": "",
                "subnet_id": "subnet-00405c02874c638ff"
              },
              {
                "allocation_id": "",
                "ipv6_address": "",
                "outpost_id": "",
                "private_ipv4_address": "",
                "subnet_id": "subnet-009464f3dc58611e1"
              },
              {
                "allocation_id": "",
                "ipv6_address": "",
                "outpost_id": "",
                "private_ipv4_address": "",
                "subnet_id": "subnet-03238c4e79281bbf8"
              },
              {
                "allocation_id": "",
                "ipv6_address": "",
                "outpost_id": "",
                "private_ipv4_address": "",
                "subnet_id": "subnet-0470c4405b2b5d1c8"
              },
              {
                "allocation_id": "",
                "ipv6_address": "",
                "outpost_id": "",
                "private_ipv4_address": "",
                "subnet_id": "subnet-0d7dcdfb4bfb75ca1"
              }
            ],
            "subnets": [
              "subnet-00405c02874c638ff",
              "subnet-009464f3dc58611e1",
              "subnet-03238c4e79281bbf8",
              "subnet-0470c4405b2b5d1c8",
              "subnet-0d7dcdfb4bfb75ca1"
            ],
            "tags": {
              "elbv2.k8s.aws/cluster": "eks-data-prod-3",
              "ingress.k8s.aws/resource": "LoadBalancer",
              "ingress.k8s.aws/stack": "default/prod-3-ingress"
            },
            "tags_all": {
              "elbv2.k8s.aws/cluster": "eks-data-prod-3",
              "ingress.k8s.aws/resource": "LoadBalancer",
              "ingress.k8s.aws/stack": "default/prod-3-ingress"
            },
            "timeouts": {
              "create": null,
              "delete": null,
              "update": null
            },
            "vpc_id": "vpc-8e992de8",
            "zone_id": "Z35SXDOTRQ7X7K"
          },
          "sensitive_attributes": [],
          "private": "eyJzY2hlbWFfdmVyc2lvbiI6MH0="
        }
      ]
    },
    {
      "mode": "managed",
      "type": "aws_lb",
      "name": "arn_aws_elasticloadbalancing_us_east_1_484375727565_loadbalancer_app_k8s_istiosys_istioing_527dc2303c_ac7b79eb7e63bd31",
      "provider": "provider[\"registry.terraform.io/hashicorp/aws\"]",
      "instances": [
        {
          "schema_version": 0,
          "attributes": {
            "access_logs": [
              {
                "bucket": "",
                "enabled": false,
                "prefix": ""
              }
            ],
            "arn": "arn:aws:elasticloadbalancing:us-east-1:484375727565:loadbalancer/app/k8s-istiosys-istioing-527dc2303c/ac7b79eb7e63bd31",
            "arn_suffix": "app/k8s-istiosys-istioing-527dc2303c/ac7b79eb7e63bd31",
            "customer_owned_ipv4_pool": "",
            "desync_mitigation_mode": "defensive",
            "dns_name": "internal-k8s-istiosys-istioing-527dc2303c-34497524.us-east-1.elb.amazonaws.com",
            "drop_invalid_header_fields": true,
            "enable_cross_zone_load_balancing": true,
            "enable_deletion_protection": false,
            "enable_http2": true,
            "enable_waf_fail_open": false,
            "id": "arn:aws:elasticloadbalancing:us-east-1:484375727565:loadbalancer/app/k8s-istiosys-istioing-527dc2303c/ac7b79eb7e63bd31",
            "idle_timeout": 60,
            "internal": true,
            "ip_address_type": "ipv4",
            "load_balancer_type": "application",
            "name": "k8s-istiosys-istioing-527dc2303c",
            "name_prefix": null,
            "security_groups": [
              "sg-03d11ea75ef379476",
              "sg-0f4b3d55361b26656"
            ],
            "subnet_mapping": [
              {
                "allocation_id": "",
                "ipv6_address": "",
                "outpost_id": "",
                "private_ipv4_address": "",
                "subnet_id": "subnet-0070fcef3eafcc62a"
              },
              {
                "allocation_id": "",
                "ipv6_address": "",
                "outpost_id": "",
                "private_ipv4_address": "",
                "subnet_id": "subnet-009464f3dc58611e1"
              },
              {
                "allocation_id": "",
                "ipv6_address": "",
                "outpost_id": "",
                "private_ipv4_address": "",
                "subnet_id": "subnet-09db383fa8ed9a1ed"
              }
            ],
            "subnets": [
              "subnet-0070fcef3eafcc62a",
              "subnet-009464f3dc58611e1",
              "subnet-09db383fa8ed9a1ed"
            ],
            "tags": {
              "elbv2.k8s.aws/cluster": "eks-ml-ops",
              "ingress.k8s.aws/resource": "LoadBalancer",
              "ingress.k8s.aws/stack": "istio-system/istio-ingress"
            },
            "tags_all": {
              "elbv2.k8s.aws/cluster": "eks-ml-ops",
              "ingress.k8s.aws/resource": "LoadBalancer",
              "ingress.k8s.aws/stack": "istio-system/istio-ingress"
            },
            "timeouts": {
              "create": null,
              "delete": null,
              "update": null
            },
            "vpc_id": "vpc-8e992de8",
            "zone_id": "Z35SXDOTRQ7X7K"
          },
          "sensitive_attributes": [],
          "private": "eyJzY2hlbWFfdmVyc2lvbiI6MH0="
        }
      ]
    },
    {
      "mode": "managed",
      "type": "aws_lb",
      "name": "arn_aws_elasticloadbalancing_us_east_1_484375727565_loadbalancer_app_luminati_proxy_manager_elb_d390b92366998397",
      "provider": "provider[\"registry.terraform.io/hashicorp/aws\"]",
      "instances": [
        {
          "schema_version": 0,
          "attributes": {
            "access_logs": [
              {
                "bucket": "",
                "enabled": false,
                "prefix": ""
              }
            ],
            "arn": "arn:aws:elasticloadbalancing:us-east-1:484375727565:loadbalancer/app/luminati-proxy-manager-elb/d390b92366998397",
            "arn_suffix": "app/luminati-proxy-manager-elb/d390b92366998397",
            "customer_owned_ipv4_pool": "",
            "desync_mitigation_mode": "defensive",
            "dns_name": "internal-luminati-proxy-manager-elb-1291546436.us-east-1.elb.amazonaws.com",
            "drop_invalid_header_fields": false,
            "enable_cross_zone_load_balancing": true,
            "enable_deletion_protection": false,
            "enable_http2": true,
            "enable_waf_fail_open": false,
            "id": "arn:aws:elasticloadbalancing:us-east-1:484375727565:loadbalancer/app/luminati-proxy-manager-elb/d390b92366998397",
            "idle_timeout": 60,
            "internal": true,
            "ip_address_type": "ipv4",
            "load_balancer_type": "application",
            "name": "luminati-proxy-manager-elb",
            "name_prefix": null,
            "security_groups": [
              "sg-5d2b0717"
            ],
            "subnet_mapping": [
              {
                "allocation_id": "",
                "ipv6_address": "",
                "outpost_id": "",
                "private_ipv4_address": "",
                "subnet_id": "subnet-5496757b"
              },
              {
                "allocation_id": "",
                "ipv6_address": "",
                "outpost_id": "",
                "private_ipv4_address": "",
                "subnet_id": "subnet-5c8d6901"
              },
              {
                "allocation_id": "",
                "ipv6_address": "",
                "outpost_id": "",
                "private_ipv4_address": "",
                "subnet_id": "subnet-5fef4b60"
              },
              {
                "allocation_id": "",
                "ipv6_address": "",
                "outpost_id": "",
                "private_ipv4_address": "",
                "subnet_id": "subnet-878bbd8b"
              },
              {
                "allocation_id": "",
                "ipv6_address": "",
                "outpost_id": "",
                "private_ipv4_address": "",
                "subnet_id": "subnet-c903a182"
              }
            ],
            "subnets": [
              "subnet-5496757b",
              "subnet-5c8d6901",
              "subnet-5fef4b60",
              "subnet-878bbd8b",
              "subnet-c903a182"
            ],
            "tags": {
              "Billing": "Crawler",
              "Billing-Detail": "Crawler-Luminatti-Proxy-Manager",
              "ServiceName": "luminati-proxy-manager"
            },
            "tags_all": {
              "Billing": "Crawler",
              "Billing-Detail": "Crawler-Luminatti-Proxy-Manager",
              "ServiceName": "luminati-proxy-manager"
            },
            "timeouts": {
              "create": null,
              "delete": null,
              "update": null
            },
            "vpc_id": "vpc-8e992de8",
            "zone_id": "Z35SXDOTRQ7X7K"
          },
          "sensitive_attributes": [],
          "private": "eyJzY2hlbWFfdmVyc2lvbiI6MH0="
        }
      ]
    },
    {
      "mode": "managed",
      "type": "aws_lb",
      "name": "arn_aws_elasticloadbalancing_us_east_1_484375727565_loadbalancer_app_monitoring_es_5x_5a52e7ef4851c4c9",
      "provider": "provider[\"registry.terraform.io/hashicorp/aws\"]",
      "instances": [
        {
          "schema_version": 0,
          "attributes": {
            "access_logs": [
              {
                "bucket": "",
                "enabled": false,
                "prefix": ""
              }
            ],
            "arn": "arn:aws:elasticloadbalancing:us-east-1:484375727565:loadbalancer/app/monitoring-es-5x/5a52e7ef4851c4c9",
            "arn_suffix": "app/monitoring-es-5x/5a52e7ef4851c4c9",
            "customer_owned_ipv4_pool": "",
            "desync_mitigation_mode": "defensive",
            "dns_name": "monitoring-es-5x-1704448960.us-east-1.elb.amazonaws.com",
            "drop_invalid_header_fields": false,
            "enable_cross_zone_load_balancing": true,
            "enable_deletion_protection": false,
            "enable_http2": true,
            "enable_waf_fail_open": false,
            "id": "arn:aws:elasticloadbalancing:us-east-1:484375727565:loadbalancer/app/monitoring-es-5x/5a52e7ef4851c4c9",
            "idle_timeout": 60,
            "internal": false,
            "ip_address_type": "ipv4",
            "load_balancer_type": "application",
            "name": "monitoring-es-5x",
            "name_prefix": null,
            "security_groups": [
              "sg-014ef6816108bff75"
            ],
            "subnet_mapping": [
              {
                "allocation_id": "",
                "ipv6_address": "",
                "outpost_id": "",
                "private_ipv4_address": "",
                "subnet_id": "subnet-0518a439"
              },
              {
                "allocation_id": "",
                "ipv6_address": "",
                "outpost_id": "",
                "private_ipv4_address": "",
                "subnet_id": "subnet-29d0a404"
              },
              {
                "allocation_id": "",
                "ipv6_address": "",
                "outpost_id": "",
                "private_ipv4_address": "",
                "subnet_id": "subnet-514c3d34"
              },
              {
                "allocation_id": "",
                "ipv6_address": "",
                "outpost_id": "",
                "private_ipv4_address": "",
                "subnet_id": "subnet-893a1fc0"
              },
              {
                "allocation_id": "",
                "ipv6_address": "",
                "outpost_id": "",
                "private_ipv4_address": "",
                "subnet_id": "subnet-af1f38a3"
              },
              {
                "allocation_id": "",
                "ipv6_address": "",
                "outpost_id": "",
                "private_ipv4_address": "",
                "subnet_id": "subnet-e45d30bf"
              }
            ],
            "subnets": [
              "subnet-0518a439",
              "subnet-29d0a404",
              "subnet-514c3d34",
              "subnet-893a1fc0",
              "subnet-af1f38a3",
              "subnet-e45d30bf"
            ],
            "tags": {
              "Billing": "Crawler",
              "Billing-Detail": "Monitoring-Elasticsearch-5x"
            },
            "tags_all": {
              "Billing": "Crawler",
              "Billing-Detail": "Monitoring-Elasticsearch-5x"
            },
            "timeouts": {
              "create": null,
              "delete": null,
              "update": null
            },
            "vpc_id": "vpc-8e992de8",
            "zone_id": "Z35SXDOTRQ7X7K"
          },
          "sensitive_attributes": [],
          "private": "eyJzY2hlbWFfdmVyc2lvbiI6MH0="
        }
      ]
    },
    {
      "mode": "managed",
      "type": "aws_lb",
      "name": "arn_aws_elasticloadbalancing_us_east_1_484375727565_loadbalancer_app_nlp_services_2_aca9adc3123f9c84",
      "provider": "provider[\"registry.terraform.io/hashicorp/aws\"]",
      "instances": [
        {
          "schema_version": 0,
          "attributes": {
            "access_logs": [
              {
                "bucket": "",
                "enabled": false,
                "prefix": ""
              }
            ],
            "arn": "arn:aws:elasticloadbalancing:us-east-1:484375727565:loadbalancer/app/nlp-services-2/aca9adc3123f9c84",
            "arn_suffix": "app/nlp-services-2/aca9adc3123f9c84",
            "customer_owned_ipv4_pool": "",
            "desync_mitigation_mode": "defensive",
            "dns_name": "internal-nlp-services-2-386308591.us-east-1.elb.amazonaws.com",
            "drop_invalid_header_fields": false,
            "enable_cross_zone_load_balancing": true,
            "enable_deletion_protection": false,
            "enable_http2": true,
            "enable_waf_fail_open": false,
            "id": "arn:aws:elasticloadbalancing:us-east-1:484375727565:loadbalancer/app/nlp-services-2/aca9adc3123f9c84",
            "idle_timeout": 60,
            "internal": true,
            "ip_address_type": "ipv4",
            "load_balancer_type": "application",
            "name": "nlp-services-2",
            "name_prefix": null,
            "security_groups": [
              "sg-02df5db3e8ce7db4e"
            ],
            "subnet_mapping": [
              {
                "allocation_id": "",
                "ipv6_address": "",
                "outpost_id": "",
                "private_ipv4_address": "",
                "subnet_id": "subnet-5a19a566"
              },
              {
                "allocation_id": "",
                "ipv6_address": "",
                "outpost_id": "",
                "private_ipv4_address": "",
                "subnet_id": "subnet-c62f09ca"
              },
              {
                "allocation_id": "",
                "ipv6_address": "",
                "outpost_id": "",
                "private_ipv4_address": "",
                "subnet_id": "subnet-d45f328f"
              },
              {
                "allocation_id": "",
                "ipv6_address": "",
                "outpost_id": "",
                "private_ipv4_address": "",
                "subnet_id": "subnet-d6d1a5fb"
              },
              {
                "allocation_id": "",
                "ipv6_address": "",
                "outpost_id": "",
                "private_ipv4_address": "",
                "subnet_id": "subnet-ef0421a6"
              }
            ],
            "subnets": [
              "subnet-5a19a566",
              "subnet-c62f09ca",
              "subnet-d45f328f",
              "subnet-d6d1a5fb",
              "subnet-ef0421a6"
            ],
            "tags": {
              "Billing": "Crawler",
              "Billing-Detail": "crawler-nlp",
              "ECSCluster": "nlp-services-2"
            },
            "tags_all": {
              "Billing": "Crawler",
              "Billing-Detail": "crawler-nlp",
              "ECSCluster": "nlp-services-2"
            },
            "timeouts": {
              "create": null,
              "delete": null,
              "update": null
            },
            "vpc_id": "vpc-8e992de8",
            "zone_id": "Z35SXDOTRQ7X7K"
          },
          "sensitive_attributes": [],
          "private": "eyJzY2hlbWFfdmVyc2lvbiI6MH0="
        }
      ]
    },
    {
      "mode": "managed",
      "type": "aws_lb",
      "name": "arn_aws_elasticloadbalancing_us_east_1_484375727565_loadbalancer_app_pixel_alb_af955ca7e396cd5c",
      "provider": "provider[\"registry.terraform.io/hashicorp/aws\"]",
      "instances": [
        {
          "schema_version": 0,
          "attributes": {
            "access_logs": [
              {
                "bucket": "airpr-pixel",
                "enabled": true,
                "prefix": "alb"
              }
            ],
            "arn": "arn:aws:elasticloadbalancing:us-east-1:484375727565:loadbalancer/app/pixel-alb/af955ca7e396cd5c",
            "arn_suffix": "app/pixel-alb/af955ca7e396cd5c",
            "customer_owned_ipv4_pool": "",
            "desync_mitigation_mode": "defensive",
            "dns_name": "pixel-alb-1383083310.us-east-1.elb.amazonaws.com",
            "drop_invalid_header_fields": false,
            "enable_cross_zone_load_balancing": true,
            "enable_deletion_protection": true,
            "enable_http2": true,
            "enable_waf_fail_open": false,
            "id": "arn:aws:elasticloadbalancing:us-east-1:484375727565:loadbalancer/app/pixel-alb/af955ca7e396cd5c",
            "idle_timeout": 60,
            "internal": false,
            "ip_address_type": "ipv4",
            "load_balancer_type": "application",
            "name": "pixel-alb",
            "name_prefix": null,
            "security_groups": [
              "sg-cfb281b7"
            ],
            "subnet_mapping": [
              {
                "allocation_id": "",
                "ipv6_address": "",
                "outpost_id": "",
                "private_ipv4_address": "",
                "subnet_id": "subnet-0c215a7a"
              },
              {
                "allocation_id": "",
                "ipv6_address": "",
                "outpost_id": "",
                "private_ipv4_address": "",
                "subnet_id": "subnet-7926af53"
              },
              {
                "allocation_id": "",
                "ipv6_address": "",
                "outpost_id": "",
                "private_ipv4_address": "",
                "subnet_id": "subnet-fe46cda6"
              }
            ],
            "subnets": [
              "subnet-0c215a7a",
              "subnet-7926af53",
              "subnet-fe46cda6"
            ],
            "tags": {
              "Billing": "Pixel",
              "Billing-Detail": "Pixel-ALB"
            },
            "tags_all": {
              "Billing": "Pixel",
              "Billing-Detail": "Pixel-ALB"
            },
            "timeouts": {
              "create": null,
              "delete": null,
              "update": null
            },
            "vpc_id": "vpc-661e0802",
            "zone_id": "Z35SXDOTRQ7X7K"
          },
          "sensitive_attributes": [],
          "private": "eyJzY2hlbWFfdmVyc2lvbiI6MH0="
        }
      ]
    },
    {
      "mode": "managed",
      "type": "aws_lb",
      "name": "arn_aws_elasticloadbalancing_us_east_1_484375727565_loadbalancer_app_prod_crawler_master_a826f6d7b758bcb1",
      "provider": "provider[\"registry.terraform.io/hashicorp/aws\"]",
      "instances": [
        {
          "schema_version": 0,
          "attributes": {
            "access_logs": [
              {
                "bucket": "",
                "enabled": false,
                "prefix": ""
              }
            ],
            "arn": "arn:aws:elasticloadbalancing:us-east-1:484375727565:loadbalancer/app/prod-crawler-master/a826f6d7b758bcb1",
            "arn_suffix": "app/prod-crawler-master/a826f6d7b758bcb1",
            "customer_owned_ipv4_pool": "",
            "desync_mitigation_mode": "defensive",
            "dns_name": "prod-crawler-master-764100901.us-east-1.elb.amazonaws.com",
            "drop_invalid_header_fields": false,
            "enable_cross_zone_load_balancing": true,
            "enable_deletion_protection": false,
            "enable_http2": true,
            "enable_waf_fail_open": false,
            "id": "arn:aws:elasticloadbalancing:us-east-1:484375727565:loadbalancer/app/prod-crawler-master/a826f6d7b758bcb1",
            "idle_timeout": 60,
            "internal": false,
            "ip_address_type": "ipv4",
            "load_balancer_type": "application",
            "name": "prod-crawler-master",
            "name_prefix": null,
            "security_groups": [
              "sg-0faf98a01399fe0aa",
              "sg-149f7c68"
            ],
            "subnet_mapping": [
              {
                "allocation_id": "",
                "ipv6_address": "",
                "outpost_id": "",
                "private_ipv4_address": "",
                "subnet_id": "subnet-0518a439"
              },
              {
                "allocation_id": "",
                "ipv6_address": "",
                "outpost_id": "",
                "private_ipv4_address": "",
                "subnet_id": "subnet-514c3d34"
              },
              {
                "allocation_id": "",
                "ipv6_address": "",
                "outpost_id": "",
                "private_ipv4_address": "",
                "subnet_id": "subnet-893a1fc0"
              },
              {
                "allocation_id": "",
                "ipv6_address": "",
                "outpost_id": "",
                "private_ipv4_address": "",
                "subnet_id": "subnet-af1f38a3"
              },
              {
                "allocation_id": "",
                "ipv6_address": "",
                "outpost_id": "",
                "private_ipv4_address": "",
                "subnet_id": "subnet-d3d2a6fe"
              },
              {
                "allocation_id": "",
                "ipv6_address": "",
                "outpost_id": "",
                "private_ipv4_address": "",
                "subnet_id": "subnet-e45d30bf"
              }
            ],
            "subnets": [
              "subnet-0518a439",
              "subnet-514c3d34",
              "subnet-893a1fc0",
              "subnet-af1f38a3",
              "subnet-d3d2a6fe",
              "subnet-e45d30bf"
            ],
            "tags": {
              "Billing": "Crawler Master",
              "Billing-Detail": "Crawler Master",
              "ServiceName": "prod-crawler-master"
            },
            "tags_all": {
              "Billing": "Crawler Master",
              "Billing-Detail": "Crawler Master",
              "ServiceName": "prod-crawler-master"
            },
            "timeouts": {
              "create": null,
              "delete": null,
              "update": null
            },
            "vpc_id": "vpc-8e992de8",
            "zone_id": "Z35SXDOTRQ7X7K"
          },
          "sensitive_attributes": [],
          "private": "eyJzY2hlbWFfdmVyc2lvbiI6MH0="
        }
      ]
    },
    {
      "mode": "managed",
      "type": "aws_lb",
      "name": "arn_aws_elasticloadbalancing_us_east_1_484375727565_loadbalancer_app_splash_internal_84c86d80f6b76cf3",
      "provider": "provider[\"registry.terraform.io/hashicorp/aws\"]",
      "instances": [
        {
          "schema_version": 0,
          "attributes": {
            "access_logs": [
              {
                "bucket": "",
                "enabled": false,
                "prefix": ""
              }
            ],
            "arn": "arn:aws:elasticloadbalancing:us-east-1:484375727565:loadbalancer/app/splash-internal/84c86d80f6b76cf3",
            "arn_suffix": "app/splash-internal/84c86d80f6b76cf3",
            "customer_owned_ipv4_pool": "",
            "desync_mitigation_mode": "defensive",
            "dns_name": "internal-splash-internal-144046987.us-east-1.elb.amazonaws.com",
            "drop_invalid_header_fields": false,
            "enable_cross_zone_load_balancing": true,
            "enable_deletion_protection": false,
            "enable_http2": true,
            "enable_waf_fail_open": false,
            "id": "arn:aws:elasticloadbalancing:us-east-1:484375727565:loadbalancer/app/splash-internal/84c86d80f6b76cf3",
            "idle_timeout": 60,
            "internal": true,
            "ip_address_type": "ipv4",
            "load_balancer_type": "application",
            "name": "splash-internal",
            "name_prefix": null,
            "security_groups": [
              "sg-0164db70a6c536f51"
            ],
            "subnet_mapping": [
              {
                "allocation_id": "",
                "ipv6_address": "",
                "outpost_id": "",
                "private_ipv4_address": "",
                "subnet_id": "subnet-0518a439"
              },
              {
                "allocation_id": "",
                "ipv6_address": "",
                "outpost_id": "",
                "private_ipv4_address": "",
                "subnet_id": "subnet-29d0a404"
              },
              {
                "allocation_id": "",
                "ipv6_address": "",
                "outpost_id": "",
                "private_ipv4_address": "",
                "subnet_id": "subnet-893a1fc0"
              },
              {
                "allocation_id": "",
                "ipv6_address": "",
                "outpost_id": "",
                "private_ipv4_address": "",
                "subnet_id": "subnet-af1f38a3"
              },
              {
                "allocation_id": "",
                "ipv6_address": "",
                "outpost_id": "",
                "private_ipv4_address": "",
                "subnet_id": "subnet-e45d30bf"
              }
            ],
            "subnets": [
              "subnet-0518a439",
              "subnet-29d0a404",
              "subnet-893a1fc0",
              "subnet-af1f38a3",
              "subnet-e45d30bf"
            ],
            "tags": {
              "Billing": "Crawler",
              "Billing-Detail": "Splash",
              "ServiceName": "splash-internal"
            },
            "tags_all": {
              "Billing": "Crawler",
              "Billing-Detail": "Splash",
              "ServiceName": "splash-internal"
            },
            "timeouts": {
              "create": null,
              "delete": null,
              "update": null
            },
            "vpc_id": "vpc-8e992de8",
            "zone_id": "Z35SXDOTRQ7X7K"
          },
          "sensitive_attributes": [],
          "private": "eyJzY2hlbWFfdmVyc2lvbiI6MH0="
        }
      ]
    },
    {
      "mode": "managed",
      "type": "aws_lb",
      "name": "arn_aws_elasticloadbalancing_us_east_1_484375727565_loadbalancer_app_staging_es_5x_48401b361793827e",
      "provider": "provider[\"registry.terraform.io/hashicorp/aws\"]",
      "instances": [
        {
          "schema_version": 0,
          "attributes": {
            "access_logs": [
              {
                "bucket": "",
                "enabled": false,
                "prefix": ""
              }
            ],
            "arn": "arn:aws:elasticloadbalancing:us-east-1:484375727565:loadbalancer/app/staging-es-5x/48401b361793827e",
            "arn_suffix": "app/staging-es-5x/48401b361793827e",
            "customer_owned_ipv4_pool": "",
            "desync_mitigation_mode": "defensive",
            "dns_name": "staging-es-5x-1940659834.us-east-1.elb.amazonaws.com",
            "drop_invalid_header_fields": false,
            "enable_cross_zone_load_balancing": true,
            "enable_deletion_protection": false,
            "enable_http2": true,
            "enable_waf_fail_open": false,
            "id": "arn:aws:elasticloadbalancing:us-east-1:484375727565:loadbalancer/app/staging-es-5x/48401b361793827e",
            "idle_timeout": 60,
            "internal": false,
            "ip_address_type": "ipv4",
            "load_balancer_type": "application",
            "name": "staging-es-5x",
            "name_prefix": null,
            "security_groups": [
              "sg-0c2489873536cb86c"
            ],
            "subnet_mapping": [
              {
                "allocation_id": "",
                "ipv6_address": "",
                "outpost_id": "",
                "private_ipv4_address": "",
                "subnet_id": "subnet-0518a439"
              },
              {
                "allocation_id": "",
                "ipv6_address": "",
                "outpost_id": "",
                "private_ipv4_address": "",
                "subnet_id": "subnet-29d0a404"
              },
              {
                "allocation_id": "",
                "ipv6_address": "",
                "outpost_id": "",
                "private_ipv4_address": "",
                "subnet_id": "subnet-514c3d34"
              },
              {
                "allocation_id": "",
                "ipv6_address": "",
                "outpost_id": "",
                "private_ipv4_address": "",
                "subnet_id": "subnet-893a1fc0"
              },
              {
                "allocation_id": "",
                "ipv6_address": "",
                "outpost_id": "",
                "private_ipv4_address": "",
                "subnet_id": "subnet-af1f38a3"
              },
              {
                "allocation_id": "",
                "ipv6_address": "",
                "outpost_id": "",
                "private_ipv4_address": "",
                "subnet_id": "subnet-e45d30bf"
              }
            ],
            "subnets": [
              "subnet-0518a439",
              "subnet-29d0a404",
              "subnet-514c3d34",
              "subnet-893a1fc0",
              "subnet-af1f38a3",
              "subnet-e45d30bf"
            ],
            "tags": {
              "Billing": "Crawler",
              "Billing-Detail": "CrawlerStaging-Elasticsearch-5x"
            },
            "tags_all": {
              "Billing": "Crawler",
              "Billing-Detail": "CrawlerStaging-Elasticsearch-5x"
            },
            "timeouts": {
              "create": null,
              "delete": null,
              "update": null
            },
            "vpc_id": "vpc-8e992de8",
            "zone_id": "Z35SXDOTRQ7X7K"
          },
          "sensitive_attributes": [],
          "private": "eyJzY2hlbWFfdmVyc2lvbiI6MH0="
        }
      ]
    },
    {
      "mode": "managed",
      "type": "aws_lb",
      "name": "arn_aws_elasticloadbalancing_us_east_1_484375727565_loadbalancer_app_twitter_search_dev_47a97607e59a1bd4",
      "provider": "provider[\"registry.terraform.io/hashicorp/aws\"]",
      "instances": [
        {
          "schema_version": 0,
          "attributes": {
            "access_logs": [
              {
                "bucket": "",
                "enabled": false,
                "prefix": ""
              }
            ],
            "arn": "arn:aws:elasticloadbalancing:us-east-1:484375727565:loadbalancer/app/twitter-search-dev/47a97607e59a1bd4",
            "arn_suffix": "app/twitter-search-dev/47a97607e59a1bd4",
            "customer_owned_ipv4_pool": "",
            "desync_mitigation_mode": "defensive",
            "dns_name": "twitter-search-dev-829436834.us-east-1.elb.amazonaws.com",
            "drop_invalid_header_fields": false,
            "enable_cross_zone_load_balancing": true,
            "enable_deletion_protection": false,
            "enable_http2": true,
            "enable_waf_fail_open": false,
            "id": "arn:aws:elasticloadbalancing:us-east-1:484375727565:loadbalancer/app/twitter-search-dev/47a97607e59a1bd4",
            "idle_timeout": 300,
            "internal": false,
            "ip_address_type": "ipv4",
            "load_balancer_type": "application",
            "name": "twitter-search-dev",
            "name_prefix": null,
            "security_groups": [
              "sg-75380507"
            ],
            "subnet_mapping": [
              {
                "allocation_id": "",
                "ipv6_address": "",
                "outpost_id": "",
                "private_ipv4_address": "",
                "subnet_id": "subnet-0518a439"
              },
              {
                "allocation_id": "",
                "ipv6_address": "",
                "outpost_id": "",
                "private_ipv4_address": "",
                "subnet_id": "subnet-29d0a404"
              },
              {
                "allocation_id": "",
                "ipv6_address": "",
                "outpost_id": "",
                "private_ipv4_address": "",
                "subnet_id": "subnet-514c3d34"
              },
              {
                "allocation_id": "",
                "ipv6_address": "",
                "outpost_id": "",
                "private_ipv4_address": "",
                "subnet_id": "subnet-893a1fc0"
              },
              {
                "allocation_id": "",
                "ipv6_address": "",
                "outpost_id": "",
                "private_ipv4_address": "",
                "subnet_id": "subnet-af1f38a3"
              },
              {
                "allocation_id": "",
                "ipv6_address": "",
                "outpost_id": "",
                "private_ipv4_address": "",
                "subnet_id": "subnet-e45d30bf"
              }
            ],
            "subnets": [
              "subnet-0518a439",
              "subnet-29d0a404",
              "subnet-514c3d34",
              "subnet-893a1fc0",
              "subnet-af1f38a3",
              "subnet-e45d30bf"
            ],
            "tags": {
              "Billing": "Crawler",
              "Billing-Detail": "Twitter-Search"
            },
            "tags_all": {
              "Billing": "Crawler",
              "Billing-Detail": "Twitter-Search"
            },
            "timeouts": {
              "create": null,
              "delete": null,
              "update": null
            },
            "vpc_id": "vpc-8e992de8",
            "zone_id": "Z35SXDOTRQ7X7K"
          },
          "sensitive_attributes": [],
          "private": "eyJzY2hlbWFfdmVyc2lvbiI6MH0="
        }
      ]
    },
    {
      "mode": "managed",
      "type": "aws_lb",
      "name": "arn_aws_elasticloadbalancing_us_east_1_484375727565_loadbalancer_app_twitter_search_f8e973a8125006d8",
      "provider": "provider[\"registry.terraform.io/hashicorp/aws\"]",
      "instances": [
        {
          "schema_version": 0,
          "attributes": {
            "access_logs": [
              {
                "bucket": "",
                "enabled": false,
                "prefix": ""
              }
            ],
            "arn": "arn:aws:elasticloadbalancing:us-east-1:484375727565:loadbalancer/app/twitter-search/f8e973a8125006d8",
            "arn_suffix": "app/twitter-search/f8e973a8125006d8",
            "customer_owned_ipv4_pool": "",
            "desync_mitigation_mode": "defensive",
            "dns_name": "twitter-search-1768444169.us-east-1.elb.amazonaws.com",
            "drop_invalid_header_fields": false,
            "enable_cross_zone_load_balancing": true,
            "enable_deletion_protection": true,
            "enable_http2": true,
            "enable_waf_fail_open": false,
            "id": "arn:aws:elasticloadbalancing:us-east-1:484375727565:loadbalancer/app/twitter-search/f8e973a8125006d8",
            "idle_timeout": 300,
            "internal": false,
            "ip_address_type": "ipv4",
            "load_balancer_type": "application",
            "name": "twitter-search",
            "name_prefix": null,
            "security_groups": [
              "sg-75380507"
            ],
            "subnet_mapping": [
              {
                "allocation_id": "",
                "ipv6_address": "",
                "outpost_id": "",
                "private_ipv4_address": "",
                "subnet_id": "subnet-0518a439"
              },
              {
                "allocation_id": "",
                "ipv6_address": "",
                "outpost_id": "",
                "private_ipv4_address": "",
                "subnet_id": "subnet-29d0a404"
              },
              {
                "allocation_id": "",
                "ipv6_address": "",
                "outpost_id": "",
                "private_ipv4_address": "",
                "subnet_id": "subnet-514c3d34"
              },
              {
                "allocation_id": "",
                "ipv6_address": "",
                "outpost_id": "",
                "private_ipv4_address": "",
                "subnet_id": "subnet-893a1fc0"
              },
              {
                "allocation_id": "",
                "ipv6_address": "",
                "outpost_id": "",
                "private_ipv4_address": "",
                "subnet_id": "subnet-af1f38a3"
              },
              {
                "allocation_id": "",
                "ipv6_address": "",
                "outpost_id": "",
                "private_ipv4_address": "",
                "subnet_id": "subnet-e45d30bf"
              }
            ],
            "subnets": [
              "subnet-0518a439",
              "subnet-29d0a404",
              "subnet-514c3d34",
              "subnet-893a1fc0",
              "subnet-af1f38a3",
              "subnet-e45d30bf"
            ],
            "tags": {
              "Billing": "Crawler",
              "Billing-Detail": "Twitter-Search"
            },
            "tags_all": {
              "Billing": "Crawler",
              "Billing-Detail": "Twitter-Search"
            },
            "timeouts": {
              "create": null,
              "delete": null,
              "update": null
            },
            "vpc_id": "vpc-8e992de8",
            "zone_id": "Z35SXDOTRQ7X7K"
          },
          "sensitive_attributes": [],
          "private": "eyJzY2hlbWFfdmVyc2lvbiI6MH0="
        }
      ]
    },
    {
      "mode": "managed",
      "type": "aws_lb",
      "name": "arn_aws_elasticloadbalancing_us_east_1_484375727565_loadbalancer_net_ad9177437a8aa4954aabe013705ffd8d_d4c8ae7671f7ba6f",
      "provider": "provider[\"registry.terraform.io/hashicorp/aws\"]",
      "instances": [
        {
          "schema_version": 0,
          "attributes": {
            "access_logs": [
              {
                "bucket": "",
                "enabled": false,
                "prefix": ""
              }
            ],
            "arn": "arn:aws:elasticloadbalancing:us-east-1:484375727565:loadbalancer/net/ad9177437a8aa4954aabe013705ffd8d/d4c8ae7671f7ba6f",
            "arn_suffix": "net/ad9177437a8aa4954aabe013705ffd8d/d4c8ae7671f7ba6f",
            "customer_owned_ipv4_pool": "",
            "desync_mitigation_mode": null,
            "dns_name": "ad9177437a8aa4954aabe013705ffd8d-d4c8ae7671f7ba6f.elb.us-east-1.amazonaws.com",
            "drop_invalid_header_fields": null,
            "enable_cross_zone_load_balancing": false,
            "enable_deletion_protection": false,
            "enable_http2": null,
            "enable_waf_fail_open": null,
            "id": "arn:aws:elasticloadbalancing:us-east-1:484375727565:loadbalancer/net/ad9177437a8aa4954aabe013705ffd8d/d4c8ae7671f7ba6f",
            "idle_timeout": null,
            "internal": true,
            "ip_address_type": "ipv4",
            "load_balancer_type": "network",
            "name": "ad9177437a8aa4954aabe013705ffd8d",
            "name_prefix": null,
            "security_groups": [],
            "subnet_mapping": [
              {
                "allocation_id": "",
                "ipv6_address": "",
                "outpost_id": "",
                "private_ipv4_address": "",
                "subnet_id": "subnet-0070fcef3eafcc62a"
              },
              {
                "allocation_id": "",
                "ipv6_address": "",
                "outpost_id": "",
                "private_ipv4_address": "",
                "subnet_id": "subnet-009464f3dc58611e1"
              },
              {
                "allocation_id": "",
                "ipv6_address": "",
                "outpost_id": "",
                "private_ipv4_address": "",
                "subnet_id": "subnet-09db383fa8ed9a1ed"
              },
              {
                "allocation_id": "",
                "ipv6_address": "",
                "outpost_id": "",
                "private_ipv4_address": "",
                "subnet_id": "subnet-0b6ef8616d2b30de5"
              }
            ],
            "subnets": [
              "subnet-0070fcef3eafcc62a",
              "subnet-009464f3dc58611e1",
              "subnet-09db383fa8ed9a1ed",
              "subnet-0b6ef8616d2b30de5"
            ],
            "tags": {
              "kubernetes.io/cluster/eks-data-prod-main": "owned",
              "kubernetes.io/service-name": "prod/ingress-gw"
            },
            "tags_all": {
              "kubernetes.io/cluster/eks-data-prod-main": "owned",
              "kubernetes.io/service-name": "prod/ingress-gw"
            },
            "timeouts": {
              "create": null,
              "delete": null,
              "update": null
            },
            "vpc_id": "vpc-8e992de8",
            "zone_id": "Z26RNL4JYFTOTI"
          },
          "sensitive_attributes": [],
          "private": "eyJzY2hlbWFfdmVyc2lvbiI6MH0="
        }
      ]
    },
    {
      "mode": "managed",
      "type": "aws_lb",
      "name": "arn_aws_elasticloadbalancing_us_east_1_484375727565_loadbalancer_net_eks_data_prod_external_9a1b7bb4459ec04a",
      "provider": "provider[\"registry.terraform.io/hashicorp/aws\"]",
      "instances": [
        {
          "schema_version": 0,
          "attributes": {
            "access_logs": [
              {
                "bucket": "",
                "enabled": false,
                "prefix": ""
              }
            ],
            "arn": "arn:aws:elasticloadbalancing:us-east-1:484375727565:loadbalancer/net/eks-data-prod-external/9a1b7bb4459ec04a",
            "arn_suffix": "net/eks-data-prod-external/9a1b7bb4459ec04a",
            "customer_owned_ipv4_pool": "",
            "desync_mitigation_mode": null,
            "dns_name": "eks-data-prod-external-9a1b7bb4459ec04a.elb.us-east-1.amazonaws.com",
            "drop_invalid_header_fields": null,
            "enable_cross_zone_load_balancing": false,
            "enable_deletion_protection": false,
            "enable_http2": null,
            "enable_waf_fail_open": null,
            "id": "arn:aws:elasticloadbalancing:us-east-1:484375727565:loadbalancer/net/eks-data-prod-external/9a1b7bb4459ec04a",
            "idle_timeout": null,
            "internal": false,
            "ip_address_type": "ipv4",
            "load_balancer_type": "network",
            "name": "eks-data-prod-external",
            "name_prefix": null,
            "security_groups": [],
            "subnet_mapping": [
              {
                "allocation_id": "",
                "ipv6_address": "",
                "outpost_id": "",
                "private_ipv4_address": "",
                "subnet_id": "subnet-19072250"
              },
              {
                "allocation_id": "",
                "ipv6_address": "",
                "outpost_id": "",
                "private_ipv4_address": "",
                "subnet_id": "subnet-514c3d34"
              },
              {
                "allocation_id": "",
                "ipv6_address": "",
                "outpost_id": "",
                "private_ipv4_address": "",
                "subnet_id": "subnet-635e3338"
              },
              {
                "allocation_id": "",
                "ipv6_address": "",
                "outpost_id": "",
                "private_ipv4_address": "",
                "subnet_id": "subnet-8dd2a6a0"
              },
              {
                "allocation_id": "",
                "ipv6_address": "",
                "outpost_id": "",
                "private_ipv4_address": "",
                "subnet_id": "subnet-af1f38a3"
              }
            ],
            "subnets": [
              "subnet-19072250",
              "subnet-514c3d34",
              "subnet-635e3338",
              "subnet-8dd2a6a0",
              "subnet-af1f38a3"
            ],
            "tags": {},
            "tags_all": {},
            "timeouts": {
              "create": null,
              "delete": null,
              "update": null
            },
            "vpc_id": "vpc-8e992de8",
            "zone_id": "Z26RNL4JYFTOTI"
          },
          "sensitive_attributes": [],
          "private": "eyJzY2hlbWFfdmVyc2lvbiI6MH0="
        }
      ]
    },
    {
      "mode": "managed",
      "type": "aws_lb",
      "name": "arn_aws_elasticloadbalancing_us_east_1_484375727565_loadbalancer_net_k8s_ingressn_nginxing_e912559390_f6fe4796770dd9a0",
      "provider": "provider[\"registry.terraform.io/hashicorp/aws\"]",
      "instances": [
        {
          "schema_version": 0,
          "attributes": {
            "access_logs": [
              {
                "bucket": "",
                "enabled": false,
                "prefix": ""
              }
            ],
            "arn": "arn:aws:elasticloadbalancing:us-east-1:484375727565:loadbalancer/net/k8s-ingressn-nginxing-e912559390/f6fe4796770dd9a0",
            "arn_suffix": "net/k8s-ingressn-nginxing-e912559390/f6fe4796770dd9a0",
            "customer_owned_ipv4_pool": "",
            "desync_mitigation_mode": null,
            "dns_name": "k8s-ingressn-nginxing-e912559390-f6fe4796770dd9a0.elb.us-east-1.amazonaws.com",
            "drop_invalid_header_fields": null,
            "enable_cross_zone_load_balancing": false,
            "enable_deletion_protection": false,
            "enable_http2": null,
            "enable_waf_fail_open": null,
            "id": "arn:aws:elasticloadbalancing:us-east-1:484375727565:loadbalancer/net/k8s-ingressn-nginxing-e912559390/f6fe4796770dd9a0",
            "idle_timeout": null,
            "internal": false,
            "ip_address_type": "ipv4",
            "load_balancer_type": "network",
            "name": "k8s-ingressn-nginxing-e912559390",
            "name_prefix": null,
            "security_groups": [],
            "subnet_mapping": [
              {
                "allocation_id": "",
                "ipv6_address": "",
                "outpost_id": "",
                "private_ipv4_address": "",
                "subnet_id": "subnet-06d3d672702915e80"
              },
              {
                "allocation_id": "",
                "ipv6_address": "",
                "outpost_id": "",
                "private_ipv4_address": "",
                "subnet_id": "subnet-0ad0e38053e2a27e5"
              },
              {
                "allocation_id": "",
                "ipv6_address": "",
                "outpost_id": "",
                "private_ipv4_address": "",
                "subnet_id": "subnet-0ebcfea07205edfb2"
              }
            ],
            "subnets": [
              "subnet-06d3d672702915e80",
              "subnet-0ad0e38053e2a27e5",
              "subnet-0ebcfea07205edfb2"
            ],
            "tags": {
              "elbv2.k8s.aws/cluster": "onclusive-production",
              "service.k8s.aws/resource": "LoadBalancer",
              "service.k8s.aws/stack": "ingress-nginx/nginx-ingress-ingress-nginx-controller"
            },
            "tags_all": {
              "elbv2.k8s.aws/cluster": "onclusive-production",
              "service.k8s.aws/resource": "LoadBalancer",
              "service.k8s.aws/stack": "ingress-nginx/nginx-ingress-ingress-nginx-controller"
            },
            "timeouts": {
              "create": null,
              "delete": null,
              "update": null
            },
            "vpc_id": "vpc-09b2e6e3b5c92678f",
            "zone_id": "Z26RNL4JYFTOTI"
          },
          "sensitive_attributes": [],
          "private": "eyJzY2hlbWFfdmVyc2lvbiI6MH0="
        }
      ]
    },
    {
      "mode": "managed",
      "type": "aws_lb",
      "name": "arn_aws_elasticloadbalancing_us_east_1_484375727565_loadbalancer_net_luminati_proxy_staging_elb_1d2362322db2ae72",
      "provider": "provider[\"registry.terraform.io/hashicorp/aws\"]",
      "instances": [
        {
          "schema_version": 0,
          "attributes": {
            "access_logs": [
              {
                "bucket": "",
                "enabled": false,
                "prefix": ""
              }
            ],
            "arn": "arn:aws:elasticloadbalancing:us-east-1:484375727565:loadbalancer/net/luminati-proxy-staging-elb/1d2362322db2ae72",
            "arn_suffix": "net/luminati-proxy-staging-elb/1d2362322db2ae72",
            "customer_owned_ipv4_pool": "",
            "desync_mitigation_mode": null,
            "dns_name": "luminati-proxy-staging-elb-1d2362322db2ae72.elb.us-east-1.amazonaws.com",
            "drop_invalid_header_fields": null,
            "enable_cross_zone_load_balancing": false,
            "enable_deletion_protection": false,
            "enable_http2": null,
            "enable_waf_fail_open": null,
            "id": "arn:aws:elasticloadbalancing:us-east-1:484375727565:loadbalancer/net/luminati-proxy-staging-elb/1d2362322db2ae72",
            "idle_timeout": null,
            "internal": true,
            "ip_address_type": "ipv4",
            "load_balancer_type": "network",
            "name": "luminati-proxy-staging-elb",
            "name_prefix": null,
            "security_groups": [],
            "subnet_mapping": [
              {
                "allocation_id": "",
                "ipv6_address": "",
                "outpost_id": "",
                "private_ipv4_address": "",
                "subnet_id": "subnet-5496757b"
              },
              {
                "allocation_id": "",
                "ipv6_address": "",
                "outpost_id": "",
                "private_ipv4_address": "",
                "subnet_id": "subnet-5c8d6901"
              },
              {
                "allocation_id": "",
                "ipv6_address": "",
                "outpost_id": "",
                "private_ipv4_address": "",
                "subnet_id": "subnet-5fef4b60"
              },
              {
                "allocation_id": "",
                "ipv6_address": "",
                "outpost_id": "",
                "private_ipv4_address": "",
                "subnet_id": "subnet-878bbd8b"
              },
              {
                "allocation_id": "",
                "ipv6_address": "",
                "outpost_id": "",
                "private_ipv4_address": "",
                "subnet_id": "subnet-c903a182"
              }
            ],
            "subnets": [
              "subnet-5496757b",
              "subnet-5c8d6901",
              "subnet-5fef4b60",
              "subnet-878bbd8b",
              "subnet-c903a182"
            ],
            "tags": {
              "Billing": "Crawler",
              "Billing-Detail": "Crawler-Luminatti-Proxy-Manager",
              "ServiceName": "luminati-proxy-staging"
            },
            "tags_all": {
              "Billing": "Crawler",
              "Billing-Detail": "Crawler-Luminatti-Proxy-Manager",
              "ServiceName": "luminati-proxy-staging"
            },
            "timeouts": {
              "create": null,
              "delete": null,
              "update": null
            },
            "vpc_id": "vpc-8e992de8",
            "zone_id": "Z26RNL4JYFTOTI"
          },
          "sensitive_attributes": [],
          "private": "eyJzY2hlbWFfdmVyc2lvbiI6MH0="
        }
      ]
    },
    {
      "mode": "managed",
      "type": "aws_lb",
      "name": "arn_aws_elasticloadbalancing_us_east_1_484375727565_loadbalancer_net_r_server_1c99945fe8b0ce33",
      "provider": "provider[\"registry.terraform.io/hashicorp/aws\"]",
      "instances": [
        {
          "schema_version": 0,
          "attributes": {
            "access_logs": [
              {
                "bucket": "",
                "enabled": false,
                "prefix": ""
              }
            ],
            "arn": "arn:aws:elasticloadbalancing:us-east-1:484375727565:loadbalancer/net/r-server/1c99945fe8b0ce33",
            "arn_suffix": "net/r-server/1c99945fe8b0ce33",
            "customer_owned_ipv4_pool": "",
            "desync_mitigation_mode": null,
            "dns_name": "r-server-1c99945fe8b0ce33.elb.us-east-1.amazonaws.com",
            "drop_invalid_header_fields": null,
            "enable_cross_zone_load_balancing": false,
            "enable_deletion_protection": false,
            "enable_http2": null,
            "enable_waf_fail_open": null,
            "id": "arn:aws:elasticloadbalancing:us-east-1:484375727565:loadbalancer/net/r-server/1c99945fe8b0ce33",
            "idle_timeout": null,
            "internal": false,
            "ip_address_type": "ipv4",
            "load_balancer_type": "network",
            "name": "r-server",
            "name_prefix": null,
            "security_groups": [],
            "subnet_mapping": [
              {
                "allocation_id": "",
                "ipv6_address": "",
                "outpost_id": "",
                "private_ipv4_address": "",
                "subnet_id": "subnet-0518a439"
              },
              {
                "allocation_id": "",
                "ipv6_address": "",
                "outpost_id": "",
                "private_ipv4_address": "",
                "subnet_id": "subnet-29d0a404"
              },
              {
                "allocation_id": "",
                "ipv6_address": "",
                "outpost_id": "",
                "private_ipv4_address": "",
                "subnet_id": "subnet-893a1fc0"
              },
              {
                "allocation_id": "",
                "ipv6_address": "",
                "outpost_id": "",
                "private_ipv4_address": "",
                "subnet_id": "subnet-af1f38a3"
              },
              {
                "allocation_id": "",
                "ipv6_address": "",
                "outpost_id": "",
                "private_ipv4_address": "",
                "subnet_id": "subnet-e45d30bf"
              }
            ],
            "subnets": [
              "subnet-0518a439",
              "subnet-29d0a404",
              "subnet-893a1fc0",
              "subnet-af1f38a3",
              "subnet-e45d30bf"
            ],
            "tags": {
              "Billing": "Extractor",
              "Billing-Detail": "R-Server",
              "ServiceName": "r-server"
            },
            "tags_all": {
              "Billing": "Extractor",
              "Billing-Detail": "R-Server",
              "ServiceName": "r-server"
            },
            "timeouts": {
              "create": null,
              "delete": null,
              "update": null
            },
            "vpc_id": "vpc-8e992de8",
            "zone_id": "Z26RNL4JYFTOTI"
          },
          "sensitive_attributes": [],
          "private": "eyJzY2hlbWFfdmVyc2lvbiI6MH0="
        }
      ]
    },
    {
      "mode": "managed",
      "type": "aws_lb",
      "name": "arn_aws_elasticloadbalancing_us_east_1_484375727565_loadbalancer_net_selenium_hub_elb_7308aef84138b0d6",
      "provider": "provider[\"registry.terraform.io/hashicorp/aws\"]",
      "instances": [
        {
          "schema_version": 0,
          "attributes": {
            "access_logs": [
              {
                "bucket": "",
                "enabled": false,
                "prefix": ""
              }
            ],
            "arn": "arn:aws:elasticloadbalancing:us-east-1:484375727565:loadbalancer/net/selenium-hub-elb/7308aef84138b0d6",
            "arn_suffix": "net/selenium-hub-elb/7308aef84138b0d6",
            "customer_owned_ipv4_pool": "",
            "desync_mitigation_mode": null,
            "dns_name": "selenium-hub-elb-7308aef84138b0d6.elb.us-east-1.amazonaws.com",
            "drop_invalid_header_fields": null,
            "enable_cross_zone_load_balancing": false,
            "enable_deletion_protection": false,
            "enable_http2": null,
            "enable_waf_fail_open": null,
            "id": "arn:aws:elasticloadbalancing:us-east-1:484375727565:loadbalancer/net/selenium-hub-elb/7308aef84138b0d6",
            "idle_timeout": null,
            "internal": true,
            "ip_address_type": "ipv4",
            "load_balancer_type": "network",
            "name": "selenium-hub-elb",
            "name_prefix": null,
            "security_groups": [],
            "subnet_mapping": [
              {
                "allocation_id": "",
                "ipv6_address": "",
                "outpost_id": "",
                "private_ipv4_address": "",
                "subnet_id": "subnet-5496757b"
              },
              {
                "allocation_id": "",
                "ipv6_address": "",
                "outpost_id": "",
                "private_ipv4_address": "",
                "subnet_id": "subnet-5c8d6901"
              },
              {
                "allocation_id": "",
                "ipv6_address": "",
                "outpost_id": "",
                "private_ipv4_address": "",
                "subnet_id": "subnet-5fef4b60"
              },
              {
                "allocation_id": "",
                "ipv6_address": "",
                "outpost_id": "",
                "private_ipv4_address": "",
                "subnet_id": "subnet-878bbd8b"
              },
              {
                "allocation_id": "",
                "ipv6_address": "",
                "outpost_id": "",
                "private_ipv4_address": "",
                "subnet_id": "subnet-c903a182"
              }
            ],
            "subnets": [
              "subnet-5496757b",
              "subnet-5c8d6901",
              "subnet-5fef4b60",
              "subnet-878bbd8b",
              "subnet-c903a182"
            ],
            "tags": {
              "Billing": "Crawler",
              "Billing-Detail": "Crawler-Selenium",
              "ServiceName": "selenium-hub"
            },
            "tags_all": {
              "Billing": "Crawler",
              "Billing-Detail": "Crawler-Selenium",
              "ServiceName": "selenium-hub"
            },
            "timeouts": {
              "create": null,
              "delete": null,
              "update": null
            },
            "vpc_id": "vpc-8e992de8",
            "zone_id": "Z26RNL4JYFTOTI"
          },
          "sensitive_attributes": [],
          "private": "eyJzY2hlbWFfdmVyc2lvbiI6MH0="
        }
      ]
    },
    {
      "mode": "managed",
      "type": "aws_lb",
      "name": "bert_inference_internal",
      "provider": "provider[\"registry.terraform.io/hashicorp/aws\"]",
      "instances": [
        {
          "schema_version": 0,
          "attributes": {
            "access_logs": [
              {
                "bucket": "airpr-elb-accesslogs",
                "enabled": true,
                "prefix": "bert-inference-internal"
              }
            ],
            "arn": "arn:aws:elasticloadbalancing:us-east-1:484375727565:loadbalancer/app/bert-inference-internal/becafa9570058757",
            "arn_suffix": "app/bert-inference-internal/becafa9570058757",
            "customer_owned_ipv4_pool": "",
            "desync_mitigation_mode": "defensive",
            "dns_name": "internal-bert-inference-internal-546800285.us-east-1.elb.amazonaws.com",
            "drop_invalid_header_fields": false,
            "enable_cross_zone_load_balancing": true,
            "enable_deletion_protection": true,
            "enable_http2": true,
            "enable_waf_fail_open": false,
            "id": "arn:aws:elasticloadbalancing:us-east-1:484375727565:loadbalancer/app/bert-inference-internal/becafa9570058757",
            "idle_timeout": 3600,
            "internal": true,
            "ip_address_type": "ipv4",
            "load_balancer_type": "application",
            "name": "bert-inference-internal",
            "name_prefix": null,
            "security_groups": [
              "sg-0204f0bfde482f49c"
            ],
            "subnet_mapping": [
              {
                "allocation_id": "",
                "ipv6_address": "",
                "outpost_id": "",
                "private_ipv4_address": "",
                "subnet_id": "subnet-29d0a404"
              },
              {
                "allocation_id": "",
                "ipv6_address": "",
                "outpost_id": "",
                "private_ipv4_address": "",
                "subnet_id": "subnet-514c3d34"
              },
              {
                "allocation_id": "",
                "ipv6_address": "",
                "outpost_id": "",
                "private_ipv4_address": "",
                "subnet_id": "subnet-893a1fc0"
              },
              {
                "allocation_id": "",
                "ipv6_address": "",
                "outpost_id": "",
                "private_ipv4_address": "",
                "subnet_id": "subnet-af1f38a3"
              },
              {
                "allocation_id": "",
                "ipv6_address": "",
                "outpost_id": "",
                "private_ipv4_address": "",
                "subnet_id": "subnet-e45d30bf"
              }
            ],
            "subnets": [
              "subnet-29d0a404",
              "subnet-514c3d34",
              "subnet-893a1fc0",
              "subnet-af1f38a3",
              "subnet-e45d30bf"
            ],
            "tags": {
              "Billing": "data",
              "Billing-Detail": "bert_nlp",
              "Description": "Application Load Balancer for Bert NLP",
              "ManagedBy": "Terraform",
              "Name": "bert_inference_internal"
            },
            "tags_all": {
              "Billing": "data",
              "Billing-Detail": "bert_nlp",
              "Description": "Application Load Balancer for Bert NLP",
              "ManagedBy": "Terraform",
              "Name": "bert_inference_internal"
            },
            "timeouts": {
              "create": null,
              "delete": null,
              "update": null
            },
            "vpc_id": "vpc-8e992de8",
            "zone_id": "Z35SXDOTRQ7X7K"
          },
          "sensitive_attributes": [],
          "private": "eyJzY2hlbWFfdmVyc2lvbiI6MH0="
        }
      ]
    },
    {
      "mode": "managed",
      "type": "aws_lb",
      "name": "visitorestimation_prod_2",
      "provider": "provider[\"registry.terraform.io/hashicorp/aws\"]",
      "instances": [
        {
          "schema_version": 0,
          "attributes": {
            "access_logs": [
              {
                "bucket": "",
                "enabled": false,
                "prefix": ""
              }
            ],
            "arn": "arn:aws:elasticloadbalancing:us-east-1:484375727565:loadbalancer/app/awseb-e-t-AWSEBLoa-1NBQQIYDFQ9FU/0c933861792d4cc3",
            "arn_suffix": "app/awseb-e-t-AWSEBLoa-1NBQQIYDFQ9FU/0c933861792d4cc3",
            "customer_owned_ipv4_pool": "",
            "desync_mitigation_mode": "defensive",
            "dns_name": "awseb-e-t-AWSEBLoa-1NBQQIYDFQ9FU-2122598540.us-east-1.elb.amazonaws.com",
            "drop_invalid_header_fields": false,
            "enable_cross_zone_load_balancing": true,
            "enable_deletion_protection": false,
            "enable_http2": true,
            "enable_waf_fail_open": false,
            "id": "arn:aws:elasticloadbalancing:us-east-1:484375727565:loadbalancer/app/awseb-e-t-AWSEBLoa-1NBQQIYDFQ9FU/0c933861792d4cc3",
            "idle_timeout": 60,
            "internal": false,
            "ip_address_type": "ipv4",
            "load_balancer_type": "application",
            "name": "awseb-e-t-AWSEBLoa-1NBQQIYDFQ9FU",
            "name_prefix": null,
            "security_groups": [
              "sg-0bb2ddb3bc1e972ad"
            ],
            "subnet_mapping": [
              {
                "allocation_id": "",
                "ipv6_address": "",
                "outpost_id": "",
                "private_ipv4_address": "",
                "subnet_id": "subnet-40072209"
              },
              {
                "allocation_id": "",
                "ipv6_address": "",
                "outpost_id": "",
                "private_ipv4_address": "",
                "subnet_id": "subnet-78d2a655"
              },
              {
                "allocation_id": "",
                "ipv6_address": "",
                "outpost_id": "",
                "private_ipv4_address": "",
                "subnet_id": "subnet-ab5f32f0"
              }
            ],
            "subnets": [
              "subnet-40072209",
              "subnet-78d2a655",
              "subnet-ab5f32f0"
            ],
            "tags": {
              "Billing": "Analyst",
              "Billing-Detail": "Analyst-VisitorEstimation",
              "Name": "visitorEstimation-prod-2",
              "elasticbeanstalk:environment-id": "e-t4hw5gcuek",
              "elasticbeanstalk:environment-name": "visitorEstimation-prod-2"
            },
            "tags_all": {
              "Billing": "Analyst",
              "Billing-Detail": "Analyst-VisitorEstimation",
              "Name": "visitorEstimation-prod-2",
              "elasticbeanstalk:environment-id": "e-t4hw5gcuek",
              "elasticbeanstalk:environment-name": "visitorEstimation-prod-2"
            },
            "timeouts": {
              "create": null,
              "delete": null,
              "update": null
            },
            "vpc_id": "vpc-8e992de8",
            "zone_id": "Z35SXDOTRQ7X7K"
          },
          "sensitive_attributes": [],
          "private": "eyJzY2hlbWFfdmVyc2lvbiI6MH0="
        }
      ]
    }
  ]
}
